{
  "version": 4,
  "terraform_version": "1.11.4",
  "serial": 423,
  "lineage": "b43130c9-4023-e638-94c6-aecf41e58c4c",
  "outputs": {},
  "resources": [
    {
      "module": "module.db",
      "mode": "managed",
      "type": "aws_db_instance",
      "name": "mariadb_primary",
      "provider": "provider[\"registry.terraform.io/hashicorp/aws\"]",
      "instances": [
        {
          "schema_version": 2,
          "attributes": {
            "address": "mariadb-primary.c3kkm2iwaeig.ap-northeast-2.rds.amazonaws.com",
            "allocated_storage": 20,
            "allow_major_version_upgrade": null,
            "apply_immediately": true,
            "arn": "arn:aws:rds:ap-northeast-2:390403881443:db:mariadb-primary",
            "auto_minor_version_upgrade": true,
            "availability_zone": "ap-northeast-2a",
            "backup_retention_period": 7,
            "backup_target": "region",
            "backup_window": "20:20-20:50",
            "blue_green_update": [],
            "ca_cert_identifier": "rds-ca-rsa2048-g1",
            "character_set_name": "",
            "copy_tags_to_snapshot": false,
            "custom_iam_instance_profile": "",
            "customer_owned_ip_enabled": false,
            "database_insights_mode": "standard",
            "db_name": "",
            "db_subnet_group_name": "rds-subnet-group",
            "dedicated_log_volume": false,
            "delete_automated_backups": true,
            "deletion_protection": false,
            "domain": "",
            "domain_auth_secret_arn": "",
            "domain_dns_ips": null,
            "domain_fqdn": "",
            "domain_iam_role_name": "",
            "domain_ou": "",
            "enabled_cloudwatch_logs_exports": null,
            "endpoint": "mariadb-primary.c3kkm2iwaeig.ap-northeast-2.rds.amazonaws.com:3306",
            "engine": "mariadb",
            "engine_lifecycle_support": "",
            "engine_version": "11.4.5",
            "engine_version_actual": "11.4.5",
            "final_snapshot_identifier": null,
            "hosted_zone_id": "ZLA2NUCOLGUUR",
            "iam_database_authentication_enabled": false,
            "id": "db-FGR63YMKAR5A2NADANVH4N7UCI",
            "identifier": "mariadb-primary",
            "identifier_prefix": "",
            "instance_class": "db.t3.micro",
            "iops": 0,
            "kms_key_id": "",
            "latest_restorable_time": "2025-08-25T07:50:15Z",
            "license_model": "general-public-license",
            "listener_endpoint": [],
            "maintenance_window": "mon:18:15-mon:18:45",
            "manage_master_user_password": null,
            "master_user_secret": [],
            "master_user_secret_kms_key_id": null,
            "max_allocated_storage": 0,
            "monitoring_interval": 0,
            "monitoring_role_arn": "",
            "multi_az": false,
            "nchar_character_set_name": "",
            "network_type": "IPV4",
            "option_group_name": "default:mariadb-11-4",
            "parameter_group_name": "default.mariadb11.4",
            "password": "admin1234!",
            "password_wo": null,
            "password_wo_version": null,
            "performance_insights_enabled": false,
            "performance_insights_kms_key_id": "",
            "performance_insights_retention_period": 0,
            "port": 3306,
            "publicly_accessible": false,
            "region": "ap-northeast-2",
            "replica_mode": "",
            "replicas": [],
            "replicate_source_db": "",
            "resource_id": "db-FGR63YMKAR5A2NADANVH4N7UCI",
            "restore_to_point_in_time": [],
            "s3_import": [],
            "skip_final_snapshot": true,
            "snapshot_identifier": null,
            "status": "available",
            "storage_encrypted": false,
            "storage_throughput": 0,
            "storage_type": "gp2",
            "tags": {
              "Environment": "prod",
              "Name": "RDS-MariaDB-primary"
            },
            "tags_all": {
              "Environment": "prod",
              "Name": "RDS-MariaDB-primary"
            },
            "timeouts": null,
            "timezone": "",
            "upgrade_storage_config": null,
            "username": "admin",
            "vpc_security_group_ids": [
              "sg-006c82588c233eba3"
            ]
          },
          "sensitive_attributes": [
            [
              {
                "type": "get_attr",
                "value": "password_wo"
              }
            ],
            [
              {
                "type": "get_attr",
                "value": "password"
              }
            ]
          ],
          "private": "eyJlMmJmYjczMC1lY2FhLTExZTYtOGY4OC0zNDM2M2JjN2M0YzAiOnsiY3JlYXRlIjozMDAwMDAwMDAwMDAwLCJkZWxldGUiOjM2MDAwMDAwMDAwMDAsInVwZGF0ZSI6NDgwMDAwMDAwMDAwMH0sInNjaGVtYV92ZXJzaW9uIjoiMiJ9",
          "dependencies": [
            "module.db.aws_db_subnet_group.rds_subnet_group",
            "module.sg.aws_security_group.rds_sg",
            "module.subnet.aws_subnet.private-db",
            "module.vpc.aws_vpc.project"
          ]
        }
      ]
    },
    {
      "module": "module.db",
      "mode": "managed",
      "type": "aws_db_instance",
      "name": "mariadb_secondary",
      "provider": "provider[\"registry.terraform.io/hashicorp/aws\"]",
      "instances": [
        {
          "schema_version": 2,
          "attributes": {
            "address": "mariadb-secondary.c3kkm2iwaeig.ap-northeast-2.rds.amazonaws.com",
            "allocated_storage": 20,
            "allow_major_version_upgrade": null,
            "apply_immediately": true,
            "arn": "arn:aws:rds:ap-northeast-2:390403881443:db:mariadb-secondary",
            "auto_minor_version_upgrade": true,
            "availability_zone": "ap-northeast-2c",
            "backup_retention_period": 0,
            "backup_target": "region",
            "backup_window": "20:20-20:50",
            "blue_green_update": [],
            "ca_cert_identifier": "rds-ca-rsa2048-g1",
            "character_set_name": "",
            "copy_tags_to_snapshot": false,
            "custom_iam_instance_profile": "",
            "customer_owned_ip_enabled": false,
            "database_insights_mode": "standard",
            "db_name": "",
            "db_subnet_group_name": "rds-subnet-group",
            "dedicated_log_volume": false,
            "delete_automated_backups": true,
            "deletion_protection": false,
            "domain": "",
            "domain_auth_secret_arn": "",
            "domain_dns_ips": null,
            "domain_fqdn": "",
            "domain_iam_role_name": "",
            "domain_ou": "",
            "enabled_cloudwatch_logs_exports": null,
            "endpoint": "mariadb-secondary.c3kkm2iwaeig.ap-northeast-2.rds.amazonaws.com:3306",
            "engine": "mariadb",
            "engine_lifecycle_support": "",
            "engine_version": "11.4.5",
            "engine_version_actual": "11.4.5",
            "final_snapshot_identifier": null,
            "hosted_zone_id": "ZLA2NUCOLGUUR",
            "iam_database_authentication_enabled": false,
            "id": "db-DK54ZFUNA4VB3G7CVFR6PO76VQ",
            "identifier": "mariadb-secondary",
            "identifier_prefix": "",
            "instance_class": "db.t3.micro",
            "iops": 0,
            "kms_key_id": "",
            "latest_restorable_time": "",
            "license_model": "general-public-license",
            "listener_endpoint": [],
            "maintenance_window": "mon:18:15-mon:18:45",
            "manage_master_user_password": null,
            "master_user_secret": [],
            "master_user_secret_kms_key_id": null,
            "max_allocated_storage": 0,
            "monitoring_interval": 0,
            "monitoring_role_arn": "",
            "multi_az": false,
            "nchar_character_set_name": "",
            "network_type": "IPV4",
            "option_group_name": "default:mariadb-11-4",
            "parameter_group_name": "default.mariadb11.4",
            "password": null,
            "password_wo": null,
            "password_wo_version": null,
            "performance_insights_enabled": false,
            "performance_insights_kms_key_id": "",
            "performance_insights_retention_period": 0,
            "port": 3306,
            "publicly_accessible": false,
            "region": "ap-northeast-2",
            "replica_mode": "",
            "replicas": [],
            "replicate_source_db": "arn:aws:rds:ap-northeast-2:390403881443:db:mariadb-primary",
            "resource_id": "db-DK54ZFUNA4VB3G7CVFR6PO76VQ",
            "restore_to_point_in_time": [],
            "s3_import": [],
            "skip_final_snapshot": true,
            "snapshot_identifier": null,
            "status": "available",
            "storage_encrypted": false,
            "storage_throughput": 0,
            "storage_type": "gp2",
            "tags": {
              "Environment": "prod",
              "Name": "RDS-MariaDB-secondary",
              "Role": "read-replica"
            },
            "tags_all": {
              "Environment": "prod",
              "Name": "RDS-MariaDB-secondary",
              "Role": "read-replica"
            },
            "timeouts": null,
            "timezone": "",
            "upgrade_storage_config": null,
            "username": "admin",
            "vpc_security_group_ids": [
              "sg-006c82588c233eba3"
            ]
          },
          "sensitive_attributes": [
            [
              {
                "type": "get_attr",
                "value": "password_wo"
              }
            ],
            [
              {
                "type": "get_attr",
                "value": "password"
              }
            ]
          ],
          "private": "eyJlMmJmYjczMC1lY2FhLTExZTYtOGY4OC0zNDM2M2JjN2M0YzAiOnsiY3JlYXRlIjozMDAwMDAwMDAwMDAwLCJkZWxldGUiOjM2MDAwMDAwMDAwMDAsInVwZGF0ZSI6NDgwMDAwMDAwMDAwMH0sInNjaGVtYV92ZXJzaW9uIjoiMiJ9",
          "dependencies": [
            "module.db.aws_db_instance.mariadb_primary",
            "module.db.aws_db_subnet_group.rds_subnet_group",
            "module.sg.aws_security_group.rds_sg",
            "module.subnet.aws_subnet.private-db",
            "module.vpc.aws_vpc.project"
          ]
        }
      ]
    },
    {
      "module": "module.db",
      "mode": "managed",
      "type": "aws_db_subnet_group",
      "name": "rds_subnet_group",
      "provider": "provider[\"registry.terraform.io/hashicorp/aws\"]",
      "instances": [
        {
          "schema_version": 0,
          "attributes": {
            "arn": "arn:aws:rds:ap-northeast-2:390403881443:subgrp:rds-subnet-group",
            "description": "Managed by Terraform",
            "id": "rds-subnet-group",
            "name": "rds-subnet-group",
            "name_prefix": "",
            "region": "ap-northeast-2",
            "subnet_ids": [
              "subnet-0dc4be3d0daf81436",
              "subnet-0e25bc76b609f7461"
            ],
            "supported_network_types": [
              "IPV4"
            ],
            "tags": {
              "Name": "RDS subnet group"
            },
            "tags_all": {
              "Name": "RDS subnet group"
            },
            "vpc_id": "vpc-09aebb216302ee663"
          },
          "sensitive_attributes": [],
          "private": "bnVsbA==",
          "dependencies": [
            "module.subnet.aws_subnet.private-db",
            "module.vpc.aws_vpc.project"
          ]
        }
      ]
    },
    {
      "module": "module.iam",
      "mode": "managed",
      "type": "aws_iam_instance_profile",
      "name": "bastion_profile",
      "provider": "provider[\"registry.terraform.io/hashicorp/aws\"]",
      "instances": [
        {
          "schema_version": 0,
          "attributes": {
            "arn": "arn:aws:iam::390403881443:instance-profile/bastion-instance-profile",
            "create_date": "2025-08-25T07:41:43Z",
            "id": "bastion-instance-profile",
            "name": "bastion-instance-profile",
            "name_prefix": "",
            "path": "/",
            "role": "bastion-role",
            "tags": {},
            "tags_all": {},
            "unique_id": "AIPAVVZPCPHR6FTGOFIST"
          },
          "sensitive_attributes": [],
          "private": "bnVsbA==",
          "dependencies": [
            "module.iam.aws_iam_role.bastion_role"
          ]
        }
      ]
    },
    {
      "module": "module.iam",
      "mode": "managed",
      "type": "aws_iam_role",
      "name": "bastion_role",
      "provider": "provider[\"registry.terraform.io/hashicorp/aws\"]",
      "instances": [
        {
          "schema_version": 0,
          "attributes": {
            "arn": "arn:aws:iam::390403881443:role/bastion-role",
            "assume_role_policy": "{\"Statement\":[{\"Action\":\"sts:AssumeRole\",\"Effect\":\"Allow\",\"Principal\":{\"Service\":\"ec2.amazonaws.com\"}}],\"Version\":\"2012-10-17\"}",
            "create_date": "2025-08-25T07:41:41Z",
            "description": "",
            "force_detach_policies": false,
            "id": "bastion-role",
            "inline_policy": [],
            "managed_policy_arns": [
              "arn:aws:iam::aws:policy/AmazonSSMManagedInstanceCore"
            ],
            "max_session_duration": 3600,
            "name": "bastion-role",
            "name_prefix": "",
            "path": "/",
            "permissions_boundary": "",
            "tags": {},
            "tags_all": {},
            "unique_id": "AROAVVZPCPHRVZFKRTQ6N"
          },
          "sensitive_attributes": [],
          "private": "bnVsbA=="
        }
      ]
    },
    {
      "module": "module.iam",
      "mode": "managed",
      "type": "aws_iam_role_policy_attachment",
      "name": "bastion_ssm_core",
      "provider": "provider[\"registry.terraform.io/hashicorp/aws\"]",
      "instances": [
        {
          "schema_version": 0,
          "attributes": {
            "id": "bastion-role/arn:aws:iam::aws:policy/AmazonSSMManagedInstanceCore",
            "policy_arn": "arn:aws:iam::aws:policy/AmazonSSMManagedInstanceCore",
            "role": "bastion-role"
          },
          "sensitive_attributes": [],
          "private": "bnVsbA==",
          "dependencies": [
            "module.iam.aws_iam_role.bastion_role"
          ]
        }
      ]
    },
    {
      "module": "module.igw",
      "mode": "managed",
      "type": "aws_internet_gateway",
      "name": "igw",
      "provider": "provider[\"registry.terraform.io/hashicorp/aws\"]",
      "instances": [
        {
          "schema_version": 0,
          "attributes": {
            "arn": "arn:aws:ec2:ap-northeast-2:390403881443:internet-gateway/igw-00b58325b21b561de",
            "id": "igw-00b58325b21b561de",
            "owner_id": "390403881443",
            "region": "ap-northeast-2",
            "tags": {
              "Name": "p-igw"
            },
            "tags_all": {
              "Name": "p-igw"
            },
            "timeouts": null,
            "vpc_id": "vpc-09aebb216302ee663"
          },
          "sensitive_attributes": [],
          "private": "eyJlMmJmYjczMC1lY2FhLTExZTYtOGY4OC0zNDM2M2JjN2M0YzAiOnsiY3JlYXRlIjoxMjAwMDAwMDAwMDAwLCJkZWxldGUiOjEyMDAwMDAwMDAwMDAsInVwZGF0ZSI6MTIwMDAwMDAwMDAwMH19",
          "dependencies": [
            "module.vpc.aws_vpc.project"
          ]
        }
      ]
    },
    {
      "module": "module.instance",
      "mode": "data",
      "type": "aws_ami",
      "name": "ubuntu_2204",
      "provider": "provider[\"registry.terraform.io/hashicorp/aws\"]",
      "instances": [
        {
          "schema_version": 0,
          "attributes": {
            "allow_unsafe_filter": null,
            "architecture": "x86_64",
            "arn": "arn:aws:ec2:ap-northeast-2::image/ami-02835aed2a5cb1d2a",
            "block_device_mappings": [
              {
                "device_name": "/dev/sda1",
                "ebs": {
                  "delete_on_termination": "true",
                  "encrypted": "false",
                  "iops": "0",
                  "snapshot_id": "snap-0a815be39bd468d6d",
                  "throughput": "0",
                  "volume_initialization_rate": "0",
                  "volume_size": "8",
                  "volume_type": "gp2"
                },
                "no_device": "",
                "virtual_name": ""
              },
              {
                "device_name": "/dev/sdb",
                "ebs": {},
                "no_device": "",
                "virtual_name": "ephemeral0"
              },
              {
                "device_name": "/dev/sdc",
                "ebs": {},
                "no_device": "",
                "virtual_name": "ephemeral1"
              }
            ],
            "boot_mode": "uefi-preferred",
            "creation_date": "2025-08-22T06:58:41.000Z",
            "deprecation_time": "2027-08-22T06:58:41.000Z",
            "description": "Canonical, Ubuntu, 22.04, amd64 jammy image",
            "ena_support": true,
            "executable_users": null,
            "filter": [
              {
                "name": "name",
                "values": [
                  "ubuntu/images/hvm-ssd/ubuntu-*-22.04-amd64-server-*"
                ]
              }
            ],
            "hypervisor": "xen",
            "id": "ami-02835aed2a5cb1d2a",
            "image_id": "ami-02835aed2a5cb1d2a",
            "image_location": "amazon/ubuntu/images/hvm-ssd/ubuntu-jammy-22.04-amd64-server-20250822",
            "image_owner_alias": "amazon",
            "image_type": "machine",
            "imds_support": "",
            "include_deprecated": false,
            "kernel_id": "",
            "last_launched_time": "",
            "most_recent": true,
            "name": "ubuntu/images/hvm-ssd/ubuntu-jammy-22.04-amd64-server-20250822",
            "name_regex": null,
            "owner_id": "099720109477",
            "owners": [
              "099720109477"
            ],
            "platform": "",
            "platform_details": "Linux/UNIX",
            "product_codes": [],
            "public": true,
            "ramdisk_id": "",
            "region": "ap-northeast-2",
            "root_device_name": "/dev/sda1",
            "root_device_type": "ebs",
            "root_snapshot_id": "snap-0a815be39bd468d6d",
            "sriov_net_support": "simple",
            "state": "available",
            "state_reason": {
              "code": "UNSET",
              "message": "UNSET"
            },
            "tags": {},
            "timeouts": null,
            "tpm_support": "",
            "uefi_data": null,
            "usage_operation": "RunInstances",
            "virtualization_type": "hvm"
          },
          "sensitive_attributes": []
        }
      ]
    },
    {
      "module": "module.instance",
      "mode": "managed",
      "type": "aws_instance",
      "name": "bastion",
      "provider": "provider[\"registry.terraform.io/hashicorp/aws\"]",
      "instances": [
        {
          "schema_version": 2,
          "attributes": {
            "ami": "ami-02835aed2a5cb1d2a",
            "arn": "arn:aws:ec2:ap-northeast-2:390403881443:instance/i-0c2320c489a02aa7b",
            "associate_public_ip_address": true,
            "availability_zone": "ap-northeast-2a",
            "capacity_reservation_specification": [
              {
                "capacity_reservation_preference": "open",
                "capacity_reservation_target": []
              }
            ],
            "cpu_options": [
              {
                "amd_sev_snp": "",
                "core_count": 1,
                "threads_per_core": 2
              }
            ],
            "credit_specification": [
              {
                "cpu_credits": "unlimited"
              }
            ],
            "disable_api_stop": false,
            "disable_api_termination": false,
            "ebs_block_device": [],
            "ebs_optimized": false,
            "enable_primary_ipv6": null,
            "enclave_options": [
              {
                "enabled": false
              }
            ],
            "ephemeral_block_device": [],
            "force_destroy": false,
            "get_password_data": false,
            "hibernation": false,
            "host_id": "",
            "host_resource_group_arn": null,
            "iam_instance_profile": "bastion-instance-profile",
            "id": "i-0c2320c489a02aa7b",
            "instance_initiated_shutdown_behavior": "stop",
            "instance_lifecycle": "",
            "instance_market_options": [],
            "instance_state": "running",
            "instance_type": "t3.micro",
            "ipv6_address_count": 0,
            "ipv6_addresses": [],
            "key_name": "",
            "launch_template": [],
            "maintenance_options": [
              {
                "auto_recovery": "default"
              }
            ],
            "metadata_options": [
              {
                "http_endpoint": "enabled",
                "http_protocol_ipv6": "disabled",
                "http_put_response_hop_limit": 1,
                "http_tokens": "optional",
                "instance_metadata_tags": "disabled"
              }
            ],
            "monitoring": false,
            "network_interface": [],
            "outpost_arn": "",
            "password_data": "",
            "placement_group": "",
            "placement_partition_number": 0,
            "primary_network_interface_id": "eni-00cda96af3a10d1c9",
            "private_dns": "ip-10-0-1-141.ap-northeast-2.compute.internal",
            "private_dns_name_options": [
              {
                "enable_resource_name_dns_a_record": false,
                "enable_resource_name_dns_aaaa_record": false,
                "hostname_type": "ip-name"
              }
            ],
            "private_ip": "10.0.1.141",
            "public_dns": "",
            "public_ip": "54.180.137.235",
            "region": "ap-northeast-2",
            "root_block_device": [
              {
                "delete_on_termination": true,
                "device_name": "/dev/sda1",
                "encrypted": false,
                "iops": 100,
                "kms_key_id": "",
                "tags": {},
                "tags_all": {},
                "throughput": 0,
                "volume_id": "vol-0115967749d08690e",
                "volume_size": 8,
                "volume_type": "gp2"
              }
            ],
            "secondary_private_ips": [],
            "security_groups": [],
            "source_dest_check": true,
            "spot_instance_request_id": "",
            "subnet_id": "subnet-0d543e1f037f948d4",
            "tags": {
              "Name": "bastion-host"
            },
            "tags_all": {
              "Name": "bastion-host"
            },
            "tenancy": "default",
            "timeouts": null,
            "user_data": null,
            "user_data_base64": null,
            "user_data_replace_on_change": false,
            "volume_tags": null,
            "vpc_security_group_ids": [
              "sg-0518779bbbc00ae68"
            ]
          },
          "sensitive_attributes": [],
          "private": "eyJlMmJmYjczMC1lY2FhLTExZTYtOGY4OC0zNDM2M2JjN2M0YzAiOnsiY3JlYXRlIjo2MDAwMDAwMDAwMDAsImRlbGV0ZSI6MTIwMDAwMDAwMDAwMCwicmVhZCI6OTAwMDAwMDAwMDAwLCJ1cGRhdGUiOjYwMDAwMDAwMDAwMH0sInNjaGVtYV92ZXJzaW9uIjoiMiJ9",
          "dependencies": [
            "module.iam.aws_iam_instance_profile.bastion_profile",
            "module.iam.aws_iam_role.bastion_role",
            "module.iam.aws_iam_role_policy_attachment.bastion_ssm_core",
            "module.instance.data.aws_ami.ubuntu_2204",
            "module.sg.aws_security_group.bastion_sg",
            "module.subnet.aws_subnet.public",
            "module.vpc.aws_vpc.project"
          ]
        }
      ]
    },
    {
      "module": "module.instance",
      "mode": "managed",
      "type": "aws_instance",
      "name": "kubernetes-master",
      "provider": "provider[\"registry.terraform.io/hashicorp/aws\"]",
      "instances": [
        {
          "schema_version": 2,
          "attributes": {
            "ami": "ami-02835aed2a5cb1d2a",
            "arn": "arn:aws:ec2:ap-northeast-2:390403881443:instance/i-0b0e64e661ce3d27e",
            "associate_public_ip_address": false,
            "availability_zone": "ap-northeast-2a",
            "capacity_reservation_specification": [
              {
                "capacity_reservation_preference": "open",
                "capacity_reservation_target": []
              }
            ],
            "cpu_options": [
              {
                "amd_sev_snp": "",
                "core_count": 1,
                "threads_per_core": 2
              }
            ],
            "credit_specification": [
              {
                "cpu_credits": "unlimited"
              }
            ],
            "disable_api_stop": false,
            "disable_api_termination": false,
            "ebs_block_device": [],
            "ebs_optimized": false,
            "enable_primary_ipv6": null,
            "enclave_options": [
              {
                "enabled": false
              }
            ],
            "ephemeral_block_device": [],
            "force_destroy": false,
            "get_password_data": false,
            "hibernation": false,
            "host_id": "",
            "host_resource_group_arn": null,
            "iam_instance_profile": "",
            "id": "i-0b0e64e661ce3d27e",
            "instance_initiated_shutdown_behavior": "stop",
            "instance_lifecycle": "",
            "instance_market_options": [],
            "instance_state": "running",
            "instance_type": "t3.micro",
            "ipv6_address_count": 0,
            "ipv6_addresses": [],
            "key_name": "",
            "launch_template": [],
            "maintenance_options": [
              {
                "auto_recovery": "default"
              }
            ],
            "metadata_options": [
              {
                "http_endpoint": "enabled",
                "http_protocol_ipv6": "disabled",
                "http_put_response_hop_limit": 1,
                "http_tokens": "optional",
                "instance_metadata_tags": "disabled"
              }
            ],
            "monitoring": false,
            "network_interface": [],
            "outpost_arn": "",
            "password_data": "",
            "placement_group": "",
            "placement_partition_number": 0,
            "primary_network_interface_id": "eni-0a9caf4e9fae2d18f",
            "private_dns": "ip-10-0-11-40.ap-northeast-2.compute.internal",
            "private_dns_name_options": [
              {
                "enable_resource_name_dns_a_record": false,
                "enable_resource_name_dns_aaaa_record": false,
                "hostname_type": "ip-name"
              }
            ],
            "private_ip": "10.0.11.40",
            "public_dns": "",
            "public_ip": "",
            "region": "ap-northeast-2",
            "root_block_device": [
              {
                "delete_on_termination": true,
                "device_name": "/dev/sda1",
                "encrypted": false,
                "iops": 100,
                "kms_key_id": "",
                "tags": {},
                "tags_all": {},
                "throughput": 0,
                "volume_id": "vol-060f5a5541c6a6f7d",
                "volume_size": 8,
                "volume_type": "gp2"
              }
            ],
            "secondary_private_ips": [],
            "security_groups": [],
            "source_dest_check": true,
            "spot_instance_request_id": "",
            "subnet_id": "subnet-0fd3ebfc1d0d8ac5d",
            "tags": {
              "Name": "kubernetes-master"
            },
            "tags_all": {
              "Name": "kubernetes-master"
            },
            "tenancy": "default",
            "timeouts": null,
            "user_data": null,
            "user_data_base64": null,
            "user_data_replace_on_change": false,
            "volume_tags": null,
            "vpc_security_group_ids": [
              "sg-03b428bf2b5eca43d"
            ]
          },
          "sensitive_attributes": [],
          "private": "eyJlMmJmYjczMC1lY2FhLTExZTYtOGY4OC0zNDM2M2JjN2M0YzAiOnsiY3JlYXRlIjo2MDAwMDAwMDAwMDAsImRlbGV0ZSI6MTIwMDAwMDAwMDAwMCwicmVhZCI6OTAwMDAwMDAwMDAwLCJ1cGRhdGUiOjYwMDAwMDAwMDAwMH0sInNjaGVtYV92ZXJzaW9uIjoiMiJ9",
          "dependencies": [
            "module.iam.aws_iam_instance_profile.bastion_profile",
            "module.iam.aws_iam_role.bastion_role",
            "module.iam.aws_iam_role_policy_attachment.bastion_ssm_core",
            "module.instance.data.aws_ami.ubuntu_2204",
            "module.sg.aws_security_group.master_node_sg",
            "module.subnet.aws_subnet.private",
            "module.vpc.aws_vpc.project"
          ]
        }
      ]
    },
    {
      "module": "module.key",
      "mode": "managed",
      "type": "aws_key_pair",
      "name": "bastion_key",
      "provider": "provider[\"registry.terraform.io/hashicorp/aws\"]",
      "instances": [
        {
          "schema_version": 1,
          "attributes": {
            "arn": "arn:aws:ec2:ap-northeast-2:390403881443:key-pair/bastion-key",
            "fingerprint": "6c:50:86:e8:c2:f5:e5:74:37:d1:c9:17:16:06:e8:8c",
            "id": "bastion-key",
            "key_name": "bastion-key",
            "key_name_prefix": "",
            "key_pair_id": "key-08eb16b3877756c7c",
            "key_type": "rsa",
            "public_key": "ssh-rsa AAAAB3NzaC1yc2EAAAADAQABAAACAQCmnT+mZxXyDJf0LRJ8k6HxntY5wG4gmyMOlJ2d5m6bXo0tm7l9TTCHTEhXxyTUeO5ouwjQmvJWmPTitLZE95Q6Qxudkoyok8iQah2W7Q24R1lyLwNdKxzFpLaLwIcFTa0jvcC8AW+PKkMPqbYtvyC3SHRS400tqcKIERH6aJTLIfXStkS0rxXNn+JFzLAQW/1vs7r50MsRzsJ5qRk8cnY98KzOub4FTuKKrHArxbGzi4CbnfD2qrMIQLwgA1G3jSTh5KGC13iQpkg/Cq8lwzxRN0z/nURQfFg1HDRP4VLC7gOSHT8U0TM0aryV4QMxBbXuRfqtk6mtiDFyR982d0y/F1JiDTld3z7SFNxkwqpMdCy328RILU51WQ9dAtbm2rsEBswhuPkeoiH9GktIUQ5YDlwGv29QSiDUIrG5xqTMaIWBNGj1Wfeuy511MX7FtV8NCeq54EJAN5ojf+xjkH3AQdn2hbjXq+jb7crKN4zS9qsxwX4bb1VnAWyzZvCrIJjneBdU1ifoauzqFwE/U0IfR5bSuawaUot1fGKpaW9DMBAtvT1Wynux/pAOwjul07wPse+DD629mOnTWAYZHtoLAGU3cJ/5g3GLRobNraRhsBQOCrxvodtulhncdZYE9Aei82+aL9Y5OiHljIeGNtXj8KdvIamWYUWvEqNFCllFWw==",
            "region": "ap-northeast-2",
            "tags": {},
            "tags_all": {}
          },
          "sensitive_attributes": [],
          "private": "eyJzY2hlbWFfdmVyc2lvbiI6IjEifQ==",
          "dependencies": [
            "module.key.tls_private_key.bastion_key"
          ]
        }
      ]
    },
    {
      "module": "module.key",
      "mode": "managed",
      "type": "tls_private_key",
      "name": "bastion_key",
      "provider": "provider[\"registry.terraform.io/hashicorp/tls\"]",
      "instances": [
        {
          "schema_version": 1,
          "attributes": {
            "algorithm": "RSA",
            "ecdsa_curve": "P224",
            "id": "8add5dcd0482784a29fc1b67b741b20a3c1baf96",
            "private_key_openssh": "-----BEGIN OPENSSH PRIVATE KEY-----\nb3BlbnNzaC1rZXktdjEAAAAABG5vbmUAAAAEbm9uZQAAAAAAAAABAAACFwAAAAdz\nc2gtcnNhAAAAAwEAAQAAAgEApp0/pmcV8gyX9C0SfJOh8Z7WOcBuIJsjDpSdneZu\nm16NLZu5fU0wh0xIV8ck1HjuaLsI0JryVpj04rS2RPeUOkMbnZKMqJPIkGodlu0N\nuEdZci8DXSscxaS2i8CHBU2tI73AvAFvjypDD6m2Lb8gt0h0UuNNLanCiBER+miU\nyyH10rZEtK8VzZ/iRcywEFv9b7O6+dDLEc7CeakZPHJ2PfCszrm+BU7iiqxwK8Wx\ns4uAm53w9qqzCEC8IANRt40k4eShgtd4kKZIPwqvJcM8UTdM/51EUHxYNRw0T+FS\nwu4Dkh0/FNEzNGq8leEDMQW17kX6rZOprYgxckffNndMvxdSYg05Xd8+0hTcZMKq\nTHQst9vESC1OdVkPXQLW5tq7BAbMIbj5HqIh/RpLSFEOWA5cBr9vUEog1CKxucak\nzGiFgTRo9Vn3rsuddTF+xbVfDQnqueBCQDeaI3/sY5B9wEHZ9oW416vo2+3KyjeM\n0varMcF+G29VZwFss2bwqyCY53gXVNYn6Grs6hcBP1NCH0eW0rmsGlKLdXxiqWlv\nQzAQLb09Vsp7sf6QDsI7pdO8D7Hvgw+tvZjp01gGGR7aCwBlN3Cf+YNxi0aGza2k\nYbAUDgq8b6HbbpYZ3HWWBPQHovNvmi/WOToh5YyHhjbV4/CnbyGplmFFrxKjRQpZ\nRVsAAAc4BMm83ATJvNwAAAAHc3NoLXJzYQAAAgEApp0/pmcV8gyX9C0SfJOh8Z7W\nOcBuIJsjDpSdneZum16NLZu5fU0wh0xIV8ck1HjuaLsI0JryVpj04rS2RPeUOkMb\nnZKMqJPIkGodlu0NuEdZci8DXSscxaS2i8CHBU2tI73AvAFvjypDD6m2Lb8gt0h0\nUuNNLanCiBER+miUyyH10rZEtK8VzZ/iRcywEFv9b7O6+dDLEc7CeakZPHJ2PfCs\nzrm+BU7iiqxwK8Wxs4uAm53w9qqzCEC8IANRt40k4eShgtd4kKZIPwqvJcM8UTdM\n/51EUHxYNRw0T+FSwu4Dkh0/FNEzNGq8leEDMQW17kX6rZOprYgxckffNndMvxdS\nYg05Xd8+0hTcZMKqTHQst9vESC1OdVkPXQLW5tq7BAbMIbj5HqIh/RpLSFEOWA5c\nBr9vUEog1CKxucakzGiFgTRo9Vn3rsuddTF+xbVfDQnqueBCQDeaI3/sY5B9wEHZ\n9oW416vo2+3KyjeM0varMcF+G29VZwFss2bwqyCY53gXVNYn6Grs6hcBP1NCH0eW\n0rmsGlKLdXxiqWlvQzAQLb09Vsp7sf6QDsI7pdO8D7Hvgw+tvZjp01gGGR7aCwBl\nN3Cf+YNxi0aGza2kYbAUDgq8b6HbbpYZ3HWWBPQHovNvmi/WOToh5YyHhjbV4/Cn\nbyGplmFFrxKjRQpZRVsAAAADAQABAAACAAJLQ0zA5JjK5ZizZNVu7u7gYftfk+SX\ns47dgEy5QdKaev/NbMC15wd7Mbp2VSJ7xm84trFbQMpCcYoMNOo+171JnpVifCn3\nXEPowh7e2q6BL6Zr0Um0xeukDe4J/jyWH4kmHAOP/X+PdGbrI5qo+VlXV7VVyIKV\ncMaQ0u+LWxPE6Zk3cJC69xDitP8tsfWNCVtCspNX9ZkkK0yjhbkYVlpvTYx3GuUA\ne2FaEx1MgTAt/oel+rhat1D+Gy5RqAwKlx8TwnQxD/Q7OzQVqz2uMiQSyoObywyp\n+Z5EP3rOE7v4Ak0+YSz3MxOeA0Szrr3mYeU1n3LzsoVfd6wmzdhLzN8Fp5pzKCcf\n25mCUddXrp6AuiAT6mIpqmVMEYZBm0IEYvtueQauhOWCCKdJ0wtMWSdAUvjGY2K7\nJeIiMtmzvdSA7J3Sds8QgMkcwqs/8plJ4RhtdYpgwM6yRX90FlHZi+KAzaKfWuiV\nOuGOa5r60QkYOzmjbcvOIHpXXS0rqtQsFTor55181XaYQ5gz4vc333fT7QUXm302\ntH5/4PTWZMCCW1terCLlc5GEuiWciQpG4xzdaHVkfKf0dUFLe79c0YWD/RJ582zB\ntwYfv5brAXXHn4x1e0EIlHlayRpN6gA1QTZsMoCDXaCjCSKhY67sFMvr1WQ2YoTT\nbXVr19GAwkWpAAABAQCYi/3mac/t9wdEVZ70Xr7X7exz4b1pzKKpAhJP7ACGW5BW\nAbqBo9KhvR+cU5dL4QoO2d2uawuxYAhS4gVCQvzMgqUKXNzj2n90I8knpjj+xDaK\n76d15Z9oJaIt2RRSw6UBsWMZP11HfuYu8cS1I441gujKBRJXA9RYTL8xKrxa5If6\nLyBuTxx8QpoZA510zeEhGZcFBVaBo0PkU7C67504NRdDFq6xy3I2fVvGJ04rxuKc\nFCnbrxOgFM3pGaPSZZuuxkVO81YDYHOpWNDE9xB/DjIgIJUybjZvbrJXbBiPObml\nsOwAK2rUtzHEjOzRaiDy0tLyskftNOx5dgiWaq1zAAABAQDN7oo4GR2Mw161JIyh\nopGSm2fykbESMSP1zx5MwzEaDPO3ManyvJSfKEqmuS3zbyY5qCbKlg6gdLs7hEn2\nNiculB0YyeRURX2zS1szWLWYgltvaqO+JplzZhEM29lSqGmL3sgyjUTprt32Djyq\neP5PG57zYH5X2iBKTVnXJ+N6UkiNsxTDoLcmOhPtBFvn3cSec3HmgO2ZkHMSAdj6\ncqAJrLJ7ual99akhSCQutbrF5hTyxSxVJKCQygaJAutibyVJf/aWj3O4/APFl4eV\nVc2rDOL6cWBlpk5ndyXdCBn4kt2ni/MN2yOnUQywT/2xpVyprgX2pqgIWdiW1XL8\nOmN9AAABAQDPH4i+65c6ijGrv1EHmhJCgy6cXuvTjlbV64NU5xXXeK723J9u+Urb\n31C4UrTgMGDKhTlRMpdJOd8xOuTRaoJmW0lSYyYF1UqpvH1OGl0lW+W+Qbd6820m\nsJqO7rOzdW5Y4qlEpRziuK5xl0YIA37N3YkpoWCWyVo91PYGL4ctlhTmq1mSx0ic\nHyzv39NjcUzuT9IhZuYeWPQf0pFBnYcgX8a204WB6wslD0SB7/vodwHhfzltcpM2\nHrw9FFbnAbxWXMCDp+rAZwLjFatOAoKwlCXyxjtyQH4cWTUH3u3vnDQECahOGtvj\nE1RokFcgjX1bmKcssgOkBftf7ronh3O3AAAAAAEC\n-----END OPENSSH PRIVATE KEY-----\n",
            "private_key_pem": "-----BEGIN RSA PRIVATE KEY-----\nMIIJKAIBAAKCAgEApp0/pmcV8gyX9C0SfJOh8Z7WOcBuIJsjDpSdneZum16NLZu5\nfU0wh0xIV8ck1HjuaLsI0JryVpj04rS2RPeUOkMbnZKMqJPIkGodlu0NuEdZci8D\nXSscxaS2i8CHBU2tI73AvAFvjypDD6m2Lb8gt0h0UuNNLanCiBER+miUyyH10rZE\ntK8VzZ/iRcywEFv9b7O6+dDLEc7CeakZPHJ2PfCszrm+BU7iiqxwK8Wxs4uAm53w\n9qqzCEC8IANRt40k4eShgtd4kKZIPwqvJcM8UTdM/51EUHxYNRw0T+FSwu4Dkh0/\nFNEzNGq8leEDMQW17kX6rZOprYgxckffNndMvxdSYg05Xd8+0hTcZMKqTHQst9vE\nSC1OdVkPXQLW5tq7BAbMIbj5HqIh/RpLSFEOWA5cBr9vUEog1CKxucakzGiFgTRo\n9Vn3rsuddTF+xbVfDQnqueBCQDeaI3/sY5B9wEHZ9oW416vo2+3KyjeM0varMcF+\nG29VZwFss2bwqyCY53gXVNYn6Grs6hcBP1NCH0eW0rmsGlKLdXxiqWlvQzAQLb09\nVsp7sf6QDsI7pdO8D7Hvgw+tvZjp01gGGR7aCwBlN3Cf+YNxi0aGza2kYbAUDgq8\nb6HbbpYZ3HWWBPQHovNvmi/WOToh5YyHhjbV4/CnbyGplmFFrxKjRQpZRVsCAwEA\nAQKCAgACS0NMwOSYyuWYs2TVbu7u4GH7X5Pkl7OO3YBMuUHSmnr/zWzAtecHezG6\ndlUie8ZvOLaxW0DKQnGKDDTqPte9SZ6VYnwp91xD6MIe3tqugS+ma9FJtMXrpA3u\nCf48lh+JJhwDj/1/j3Rm6yOaqPlZV1e1VciClXDGkNLvi1sTxOmZN3CQuvcQ4rT/\nLbH1jQlbQrKTV/WZJCtMo4W5GFZab02MdxrlAHthWhMdTIEwLf6Hpfq4WrdQ/hsu\nUagMCpcfE8J0MQ/0Ozs0Fas9rjIkEsqDm8sMqfmeRD96zhO7+AJNPmEs9zMTngNE\ns6695mHlNZ9y87KFX3esJs3YS8zfBaeacygnH9uZglHXV66egLogE+piKaplTBGG\nQZtCBGL7bnkGroTlgginSdMLTFknQFL4xmNiuyXiIjLZs73UgOyd0nbPEIDJHMKr\nP/KZSeEYbXWKYMDOskV/dBZR2YvigM2in1rolTrhjmua+tEJGDs5o23LziB6V10t\nK6rULBU6K+edfNV2mEOYM+L3N9930+0FF5t9NrR+f+D01mTAgltbXqwi5XORhLol\nnIkKRuMc3Wh1ZHyn9HVBS3u/XNGFg/0SefNswbcGH7+W6wF1x5+MdXtBCJR5Wska\nTeoANUE2bDKAg12gowkioWOu7BTL69VkNmKE0211a9fRgMJFqQKCAQEAze6KOBkd\njMNetSSMoaKRkptn8pGxEjEj9c8eTMMxGgzztzGp8ryUnyhKprkt828mOagmypYO\noHS7O4RJ9jYnLpQdGMnkVEV9s0tbM1i1mIJbb2qjviaZc2YRDNvZUqhpi97IMo1E\n6a7d9g48qnj+Txue82B+V9ogSk1Z1yfjelJIjbMUw6C3JjoT7QRb593EnnNx5oDt\nmZBzEgHY+nKgCayye7mpffWpIUgkLrW6xeYU8sUsVSSgkMoGiQLrYm8lSX/2lo9z\nuPwDxZeHlVXNqwzi+nFgZaZOZ3cl3QgZ+JLdp4vzDdsjp1EMsE/9saVcqa4F9qao\nCFnYltVy/DpjfQKCAQEAzx+IvuuXOooxq79RB5oSQoMunF7r045W1euDVOcV13iu\n9tyfbvlK299QuFK04DBgyoU5UTKXSTnfMTrk0WqCZltJUmMmBdVKqbx9ThpdJVvl\nvkG3evNtJrCaju6zs3VuWOKpRKUc4riucZdGCAN+zd2JKaFglslaPdT2Bi+HLZYU\n5qtZksdInB8s79/TY3FM7k/SIWbmHlj0H9KRQZ2HIF/GttOFgesLJQ9Ege/76HcB\n4X85bXKTNh68PRRW5wG8VlzAg6fqwGcC4xWrTgKCsJQl8sY7ckB+HFk1B97t75w0\nBAmoThrb4xNUaJBXII19W5inLLIDpAX7X+66J4dztwKCAQAfj3tndZHtzNNq95sF\n+qBM07xulJ2KqDVWqtN9+DxCPdHsNZRSO0ybx9UJEEBWmqZFF9w6GB1NwhYf3Ppo\n3YvLu69p6ScxMyU8oUPs7p+GLBRPUwydS9UgtnfOfLMl0+G5Kf+Mn9H77mzeFPh/\nN+Phw93sdtFmLWvdd1VZgCeAy7OK4/M+uBbZqPT80jozou1LS24dYY0Ih/bav6W9\nXGvij7Ea/S1YvJmbHC9PaVKimcyEGGve8KobBptRzDy+7UHNrerg0ENwCk+ZrMt+\nu5O1r1fqAg5ABejmOoB3C5LPYdLOpsgtS3R/ZBCJxPigjTNSXfVUA96kyQBEvZnN\nxjURAoIBAEjUCb04EaDf3r9JMjC+GBWTEtyg88MblaT6ft9nseJl6P+ca+MVfSD6\n0OM/EaKS4DXVymWmqFNzKeuhjbuk+90J1CpH+qKqcOpmAJlp476zJYFUkjOFTKgC\nCRahEEbVz8spR+N/OzztO0ltq449zGSOtSASQmhCvJxpOWjLZXi+APNq5MAbmohq\n3d4qkaWxvR8+qeBc0iVxmcVmwPSVc2IKy1CV56fbAbwyNiCKRcVjsyGbHpJBa0no\nXMANWtE3ZwXm7zpb3MtybS1z/Rwc/d8g+Ib49QYjbzSAmYj+9iL+hbu1uZxdDVw2\n+8MYncowdhezAXVR0r3l7JG623HyytkCggEBAJiL/eZpz+33B0RVnvRevtft7HPh\nvWnMoqkCEk/sAIZbkFYBuoGj0qG9H5xTl0vhCg7Z3a5rC7FgCFLiBUJC/MyCpQpc\n3OPaf3QjySemOP7ENorvp3Xln2gloi3ZFFLDpQGxYxk/XUd+5i7xxLUjjjWC6MoF\nElcD1FhMvzEqvFrkh/ovIG5PHHxCmhkDnXTN4SEZlwUFVoGjQ+RTsLrvnTg1F0MW\nrrHLcjZ9W8YnTivG4pwUKduvE6AUzekZo9Jlm67GRU7zVgNgc6lY0MT3EH8OMiAg\nlTJuNm9usldsGI85uaWw7AAratS3McSM7NFqIPLS0vKyR+007Hl2CJZqrXM=\n-----END RSA PRIVATE KEY-----\n",
            "private_key_pem_pkcs8": "-----BEGIN PRIVATE KEY-----\nMIIJQgIBADANBgkqhkiG9w0BAQEFAASCCSwwggkoAgEAAoICAQCmnT+mZxXyDJf0\nLRJ8k6HxntY5wG4gmyMOlJ2d5m6bXo0tm7l9TTCHTEhXxyTUeO5ouwjQmvJWmPTi\ntLZE95Q6Qxudkoyok8iQah2W7Q24R1lyLwNdKxzFpLaLwIcFTa0jvcC8AW+PKkMP\nqbYtvyC3SHRS400tqcKIERH6aJTLIfXStkS0rxXNn+JFzLAQW/1vs7r50MsRzsJ5\nqRk8cnY98KzOub4FTuKKrHArxbGzi4CbnfD2qrMIQLwgA1G3jSTh5KGC13iQpkg/\nCq8lwzxRN0z/nURQfFg1HDRP4VLC7gOSHT8U0TM0aryV4QMxBbXuRfqtk6mtiDFy\nR982d0y/F1JiDTld3z7SFNxkwqpMdCy328RILU51WQ9dAtbm2rsEBswhuPkeoiH9\nGktIUQ5YDlwGv29QSiDUIrG5xqTMaIWBNGj1Wfeuy511MX7FtV8NCeq54EJAN5oj\nf+xjkH3AQdn2hbjXq+jb7crKN4zS9qsxwX4bb1VnAWyzZvCrIJjneBdU1ifoauzq\nFwE/U0IfR5bSuawaUot1fGKpaW9DMBAtvT1Wynux/pAOwjul07wPse+DD629mOnT\nWAYZHtoLAGU3cJ/5g3GLRobNraRhsBQOCrxvodtulhncdZYE9Aei82+aL9Y5OiHl\njIeGNtXj8KdvIamWYUWvEqNFCllFWwIDAQABAoICAAJLQ0zA5JjK5ZizZNVu7u7g\nYftfk+SXs47dgEy5QdKaev/NbMC15wd7Mbp2VSJ7xm84trFbQMpCcYoMNOo+171J\nnpVifCn3XEPowh7e2q6BL6Zr0Um0xeukDe4J/jyWH4kmHAOP/X+PdGbrI5qo+VlX\nV7VVyIKVcMaQ0u+LWxPE6Zk3cJC69xDitP8tsfWNCVtCspNX9ZkkK0yjhbkYVlpv\nTYx3GuUAe2FaEx1MgTAt/oel+rhat1D+Gy5RqAwKlx8TwnQxD/Q7OzQVqz2uMiQS\nyoObywyp+Z5EP3rOE7v4Ak0+YSz3MxOeA0Szrr3mYeU1n3LzsoVfd6wmzdhLzN8F\np5pzKCcf25mCUddXrp6AuiAT6mIpqmVMEYZBm0IEYvtueQauhOWCCKdJ0wtMWSdA\nUvjGY2K7JeIiMtmzvdSA7J3Sds8QgMkcwqs/8plJ4RhtdYpgwM6yRX90FlHZi+KA\nzaKfWuiVOuGOa5r60QkYOzmjbcvOIHpXXS0rqtQsFTor55181XaYQ5gz4vc333fT\n7QUXm302tH5/4PTWZMCCW1terCLlc5GEuiWciQpG4xzdaHVkfKf0dUFLe79c0YWD\n/RJ582zBtwYfv5brAXXHn4x1e0EIlHlayRpN6gA1QTZsMoCDXaCjCSKhY67sFMvr\n1WQ2YoTTbXVr19GAwkWpAoIBAQDN7oo4GR2Mw161JIyhopGSm2fykbESMSP1zx5M\nwzEaDPO3ManyvJSfKEqmuS3zbyY5qCbKlg6gdLs7hEn2NiculB0YyeRURX2zS1sz\nWLWYgltvaqO+JplzZhEM29lSqGmL3sgyjUTprt32DjyqeP5PG57zYH5X2iBKTVnX\nJ+N6UkiNsxTDoLcmOhPtBFvn3cSec3HmgO2ZkHMSAdj6cqAJrLJ7ual99akhSCQu\ntbrF5hTyxSxVJKCQygaJAutibyVJf/aWj3O4/APFl4eVVc2rDOL6cWBlpk5ndyXd\nCBn4kt2ni/MN2yOnUQywT/2xpVyprgX2pqgIWdiW1XL8OmN9AoIBAQDPH4i+65c6\nijGrv1EHmhJCgy6cXuvTjlbV64NU5xXXeK723J9u+Urb31C4UrTgMGDKhTlRMpdJ\nOd8xOuTRaoJmW0lSYyYF1UqpvH1OGl0lW+W+Qbd6820msJqO7rOzdW5Y4qlEpRzi\nuK5xl0YIA37N3YkpoWCWyVo91PYGL4ctlhTmq1mSx0icHyzv39NjcUzuT9IhZuYe\nWPQf0pFBnYcgX8a204WB6wslD0SB7/vodwHhfzltcpM2Hrw9FFbnAbxWXMCDp+rA\nZwLjFatOAoKwlCXyxjtyQH4cWTUH3u3vnDQECahOGtvjE1RokFcgjX1bmKcssgOk\nBftf7ronh3O3AoIBAB+Pe2d1ke3M02r3mwX6oEzTvG6UnYqoNVaq0334PEI90ew1\nlFI7TJvH1QkQQFaapkUX3DoYHU3CFh/c+mjdi8u7r2npJzEzJTyhQ+zun4YsFE9T\nDJ1L1SC2d858syXT4bkp/4yf0fvubN4U+H834+HD3ex20WYta913VVmAJ4DLs4rj\n8z64Ftmo9PzSOjOi7UtLbh1hjQiH9tq/pb1ca+KPsRr9LVi8mZscL09pUqKZzIQY\na97wqhsGm1HMPL7tQc2t6uDQQ3AKT5msy367k7WvV+oCDkAF6OY6gHcLks9h0s6m\nyC1LdH9kEInE+KCNM1Jd9VQD3qTJAES9mc3GNRECggEASNQJvTgRoN/ev0kyML4Y\nFZMS3KDzwxuVpPp+32ex4mXo/5xr4xV9IPrQ4z8RopLgNdXKZaaoU3Mp66GNu6T7\n3QnUKkf6oqpw6mYAmWnjvrMlgVSSM4VMqAIJFqEQRtXPyylH4387PO07SW2rjj3M\nZI61IBJCaEK8nGk5aMtleL4A82rkwBuaiGrd3iqRpbG9Hz6p4FzSJXGZxWbA9JVz\nYgrLUJXnp9sBvDI2IIpFxWOzIZsekkFrSehcwA1a0TdnBebvOlvcy3JtLXP9HBz9\n3yD4hvj1BiNvNICZiP72Iv6Fu7W5nF0NXDb7wxidyjB2F7MBdVHSveXskbrbcfLK\n2QKCAQEAmIv95mnP7fcHRFWe9F6+1+3sc+G9acyiqQIST+wAhluQVgG6gaPSob0f\nnFOXS+EKDtndrmsLsWAIUuIFQkL8zIKlClzc49p/dCPJJ6Y4/sQ2iu+ndeWfaCWi\nLdkUUsOlAbFjGT9dR37mLvHEtSOONYLoygUSVwPUWEy/MSq8WuSH+i8gbk8cfEKa\nGQOddM3hIRmXBQVWgaND5FOwuu+dODUXQxausctyNn1bxidOK8binBQp268ToBTN\n6Rmj0mWbrsZFTvNWA2BzqVjQxPcQfw4yICCVMm42b26yV2wYjzm5pbDsACtq1Lcx\nxIzs0Wog8tLS8rJH7TTseXYIlmqtcw==\n-----END PRIVATE KEY-----\n",
            "public_key_fingerprint_md5": "8c:f1:63:82:e6:32:de:5d:65:0e:c1:9f:df:a2:8b:91",
            "public_key_fingerprint_sha256": "SHA256:6eigpPIlKdNr6bD7Zg13vODPdMcsgsFr6XlgySbYwQY",
            "public_key_openssh": "ssh-rsa AAAAB3NzaC1yc2EAAAADAQABAAACAQCmnT+mZxXyDJf0LRJ8k6HxntY5wG4gmyMOlJ2d5m6bXo0tm7l9TTCHTEhXxyTUeO5ouwjQmvJWmPTitLZE95Q6Qxudkoyok8iQah2W7Q24R1lyLwNdKxzFpLaLwIcFTa0jvcC8AW+PKkMPqbYtvyC3SHRS400tqcKIERH6aJTLIfXStkS0rxXNn+JFzLAQW/1vs7r50MsRzsJ5qRk8cnY98KzOub4FTuKKrHArxbGzi4CbnfD2qrMIQLwgA1G3jSTh5KGC13iQpkg/Cq8lwzxRN0z/nURQfFg1HDRP4VLC7gOSHT8U0TM0aryV4QMxBbXuRfqtk6mtiDFyR982d0y/F1JiDTld3z7SFNxkwqpMdCy328RILU51WQ9dAtbm2rsEBswhuPkeoiH9GktIUQ5YDlwGv29QSiDUIrG5xqTMaIWBNGj1Wfeuy511MX7FtV8NCeq54EJAN5ojf+xjkH3AQdn2hbjXq+jb7crKN4zS9qsxwX4bb1VnAWyzZvCrIJjneBdU1ifoauzqFwE/U0IfR5bSuawaUot1fGKpaW9DMBAtvT1Wynux/pAOwjul07wPse+DD629mOnTWAYZHtoLAGU3cJ/5g3GLRobNraRhsBQOCrxvodtulhncdZYE9Aei82+aL9Y5OiHljIeGNtXj8KdvIamWYUWvEqNFCllFWw==\n",
            "public_key_pem": "-----BEGIN PUBLIC KEY-----\nMIICIjANBgkqhkiG9w0BAQEFAAOCAg8AMIICCgKCAgEApp0/pmcV8gyX9C0SfJOh\n8Z7WOcBuIJsjDpSdneZum16NLZu5fU0wh0xIV8ck1HjuaLsI0JryVpj04rS2RPeU\nOkMbnZKMqJPIkGodlu0NuEdZci8DXSscxaS2i8CHBU2tI73AvAFvjypDD6m2Lb8g\nt0h0UuNNLanCiBER+miUyyH10rZEtK8VzZ/iRcywEFv9b7O6+dDLEc7CeakZPHJ2\nPfCszrm+BU7iiqxwK8Wxs4uAm53w9qqzCEC8IANRt40k4eShgtd4kKZIPwqvJcM8\nUTdM/51EUHxYNRw0T+FSwu4Dkh0/FNEzNGq8leEDMQW17kX6rZOprYgxckffNndM\nvxdSYg05Xd8+0hTcZMKqTHQst9vESC1OdVkPXQLW5tq7BAbMIbj5HqIh/RpLSFEO\nWA5cBr9vUEog1CKxucakzGiFgTRo9Vn3rsuddTF+xbVfDQnqueBCQDeaI3/sY5B9\nwEHZ9oW416vo2+3KyjeM0varMcF+G29VZwFss2bwqyCY53gXVNYn6Grs6hcBP1NC\nH0eW0rmsGlKLdXxiqWlvQzAQLb09Vsp7sf6QDsI7pdO8D7Hvgw+tvZjp01gGGR7a\nCwBlN3Cf+YNxi0aGza2kYbAUDgq8b6HbbpYZ3HWWBPQHovNvmi/WOToh5YyHhjbV\n4/CnbyGplmFFrxKjRQpZRVsCAwEAAQ==\n-----END PUBLIC KEY-----\n",
            "rsa_bits": 4096
          },
          "sensitive_attributes": [
            [
              {
                "type": "get_attr",
                "value": "private_key_pem_pkcs8"
              }
            ],
            [
              {
                "type": "get_attr",
                "value": "private_key_openssh"
              }
            ],
            [
              {
                "type": "get_attr",
                "value": "private_key_pem"
              }
            ]
          ]
        }
      ]
    },
    {
      "module": "module.nat",
      "mode": "managed",
      "type": "aws_eip",
      "name": "nat_eip",
      "provider": "provider[\"registry.terraform.io/hashicorp/aws\"]",
      "instances": [
        {
          "schema_version": 0,
          "attributes": {
            "address": null,
            "allocation_id": "eipalloc-002744fb790c079af",
            "arn": "arn:aws:ec2:ap-northeast-2:390403881443:elastic-ip/eipalloc-002744fb790c079af",
            "associate_with_private_ip": null,
            "association_id": "eipassoc-07c99380af17533b5",
            "carrier_ip": "",
            "customer_owned_ip": "",
            "customer_owned_ipv4_pool": "",
            "domain": "vpc",
            "id": "eipalloc-002744fb790c079af",
            "instance": "i-0e123f11177ca57f6",
            "ipam_pool_id": null,
            "network_border_group": "ap-northeast-2",
            "network_interface": "eni-0782fa1e7e5c8bdc7",
            "private_dns": "ip-10-0-1-133.ap-northeast-2.compute.internal",
            "private_ip": "10.0.1.133",
            "ptr_record": "",
            "public_dns": "ec2-43-202-179-175.ap-northeast-2.compute.amazonaws.com",
            "public_ip": "43.202.179.175",
            "public_ipv4_pool": "amazon",
            "region": "ap-northeast-2",
            "tags": {},
            "tags_all": {},
            "timeouts": null
          },
          "sensitive_attributes": [],
          "private": "eyJlMmJmYjczMC1lY2FhLTExZTYtOGY4OC0zNDM2M2JjN2M0YzAiOnsiZGVsZXRlIjoxODAwMDAwMDAwMDAsInJlYWQiOjkwMDAwMDAwMDAwMCwidXBkYXRlIjozMDAwMDAwMDAwMDB9fQ==",
          "dependencies": [
            "module.nat.aws_instance.nat",
            "module.subnet.aws_subnet.public",
            "module.vpc.aws_vpc.project"
          ]
        }
      ]
    },
    {
      "module": "module.nat",
      "mode": "managed",
      "type": "aws_eip_association",
      "name": "nat_eip_assoc",
      "provider": "provider[\"registry.terraform.io/hashicorp/aws\"]",
      "instances": [
        {
          "schema_version": 0,
          "attributes": {
            "allocation_id": "eipalloc-002744fb790c079af",
            "allow_reassociation": null,
            "id": "eipassoc-07c99380af17533b5",
            "instance_id": "i-0e123f11177ca57f6",
            "network_interface_id": "eni-0782fa1e7e5c8bdc7",
            "private_ip_address": "10.0.1.133",
            "public_ip": "43.202.179.175",
            "region": "ap-northeast-2"
          },
          "sensitive_attributes": [],
          "private": "bnVsbA==",
          "dependencies": [
            "module.nat.aws_eip.nat_eip",
            "module.nat.aws_instance.nat",
            "module.subnet.aws_subnet.public",
            "module.vpc.aws_vpc.project"
          ]
        }
      ]
    },
    {
      "module": "module.nat",
      "mode": "managed",
      "type": "aws_instance",
      "name": "nat",
      "provider": "provider[\"registry.terraform.io/hashicorp/aws\"]",
      "instances": [
        {
          "schema_version": 2,
          "attributes": {
            "ami": "ami-01ad0c7a4930f0e43",
            "arn": "arn:aws:ec2:ap-northeast-2:390403881443:instance/i-0e123f11177ca57f6",
            "associate_public_ip_address": false,
            "availability_zone": "ap-northeast-2a",
            "capacity_reservation_specification": [
              {
                "capacity_reservation_preference": "open",
                "capacity_reservation_target": []
              }
            ],
            "cpu_options": [
              {
                "amd_sev_snp": "",
                "core_count": 1,
                "threads_per_core": 2
              }
            ],
            "credit_specification": [
              {
                "cpu_credits": "unlimited"
              }
            ],
            "disable_api_stop": false,
            "disable_api_termination": false,
            "ebs_block_device": [],
            "ebs_optimized": false,
            "enable_primary_ipv6": null,
            "enclave_options": [
              {
                "enabled": false
              }
            ],
            "ephemeral_block_device": [],
            "force_destroy": false,
            "get_password_data": false,
            "hibernation": false,
            "host_id": "",
            "host_resource_group_arn": null,
            "iam_instance_profile": "",
            "id": "i-0e123f11177ca57f6",
            "instance_initiated_shutdown_behavior": "stop",
            "instance_lifecycle": "",
            "instance_market_options": [],
            "instance_state": "running",
            "instance_type": "t3.micro",
            "ipv6_address_count": 0,
            "ipv6_addresses": [],
            "key_name": "",
            "launch_template": [],
            "maintenance_options": [
              {
                "auto_recovery": "default"
              }
            ],
            "metadata_options": [
              {
                "http_endpoint": "enabled",
                "http_protocol_ipv6": "disabled",
                "http_put_response_hop_limit": 1,
                "http_tokens": "optional",
                "instance_metadata_tags": "disabled"
              }
            ],
            "monitoring": false,
            "network_interface": [],
            "outpost_arn": "",
            "password_data": "",
            "placement_group": "",
            "placement_partition_number": 0,
            "primary_network_interface_id": "eni-0782fa1e7e5c8bdc7",
            "private_dns": "ip-10-0-1-133.ap-northeast-2.compute.internal",
            "private_dns_name_options": [
              {
                "enable_resource_name_dns_a_record": false,
                "enable_resource_name_dns_aaaa_record": false,
                "hostname_type": "ip-name"
              }
            ],
            "private_ip": "10.0.1.133",
            "public_dns": "",
            "public_ip": "",
            "region": "ap-northeast-2",
            "root_block_device": [
              {
                "delete_on_termination": true,
                "device_name": "/dev/xvda",
                "encrypted": false,
                "iops": 0,
                "kms_key_id": "",
                "tags": {},
                "tags_all": {},
                "throughput": 0,
                "volume_id": "vol-0c1289a2491f6e601",
                "volume_size": 8,
                "volume_type": "standard"
              }
            ],
            "secondary_private_ips": [],
            "security_groups": [],
            "source_dest_check": false,
            "spot_instance_request_id": "",
            "subnet_id": "subnet-0d543e1f037f948d4",
            "tags": {
              "Name": "nat-instance"
            },
            "tags_all": {
              "Name": "nat-instance"
            },
            "tenancy": "default",
            "timeouts": null,
            "user_data": null,
            "user_data_base64": null,
            "user_data_replace_on_change": false,
            "volume_tags": null,
            "vpc_security_group_ids": [
              "sg-00d4557e37227db24"
            ]
          },
          "sensitive_attributes": [],
          "private": "eyJlMmJmYjczMC1lY2FhLTExZTYtOGY4OC0zNDM2M2JjN2M0YzAiOnsiY3JlYXRlIjo2MDAwMDAwMDAwMDAsImRlbGV0ZSI6MTIwMDAwMDAwMDAwMCwicmVhZCI6OTAwMDAwMDAwMDAwLCJ1cGRhdGUiOjYwMDAwMDAwMDAwMH0sInNjaGVtYV92ZXJzaW9uIjoiMiJ9",
          "dependencies": [
            "module.subnet.aws_subnet.public",
            "module.vpc.aws_vpc.project"
          ]
        }
      ]
    },
    {
      "module": "module.route",
      "mode": "managed",
      "type": "aws_route",
      "name": "private_nat_route",
      "provider": "provider[\"registry.terraform.io/hashicorp/aws\"]",
      "instances": [
        {
          "schema_version": 0,
          "attributes": {
            "carrier_gateway_id": "",
            "core_network_arn": "",
            "destination_cidr_block": "0.0.0.0/0",
            "destination_ipv6_cidr_block": "",
            "destination_prefix_list_id": "",
            "egress_only_gateway_id": "",
            "gateway_id": "",
            "id": "r-rtb-00e039ab5687d89461080289494",
            "instance_id": "i-0e123f11177ca57f6",
            "instance_owner_id": "390403881443",
            "local_gateway_id": "",
            "nat_gateway_id": "",
            "network_interface_id": "eni-0782fa1e7e5c8bdc7",
            "origin": "CreateRoute",
            "region": "ap-northeast-2",
            "route_table_id": "rtb-00e039ab5687d8946",
            "state": "active",
            "timeouts": null,
            "transit_gateway_id": "",
            "vpc_endpoint_id": "",
            "vpc_peering_connection_id": ""
          },
          "sensitive_attributes": [],
          "private": "eyJlMmJmYjczMC1lY2FhLTExZTYtOGY4OC0zNDM2M2JjN2M0YzAiOnsiY3JlYXRlIjozMDAwMDAwMDAwMDAsImRlbGV0ZSI6MzAwMDAwMDAwMDAwLCJ1cGRhdGUiOjEyMDAwMDAwMDAwMH19",
          "dependencies": [
            "module.nat.aws_instance.nat",
            "module.route.aws_route_table.private_rt",
            "module.subnet.aws_subnet.public",
            "module.vpc.aws_vpc.project"
          ]
        }
      ]
    },
    {
      "module": "module.route",
      "mode": "managed",
      "type": "aws_route_table",
      "name": "private_rt",
      "provider": "provider[\"registry.terraform.io/hashicorp/aws\"]",
      "instances": [
        {
          "schema_version": 0,
          "attributes": {
            "arn": "arn:aws:ec2:ap-northeast-2:390403881443:route-table/rtb-00e039ab5687d8946",
            "id": "rtb-00e039ab5687d8946",
            "owner_id": "390403881443",
            "propagating_vgws": [],
            "region": "ap-northeast-2",
            "route": [
              {
                "carrier_gateway_id": "",
                "cidr_block": "0.0.0.0/0",
                "core_network_arn": "",
                "destination_prefix_list_id": "",
                "egress_only_gateway_id": "",
                "gateway_id": "",
                "ipv6_cidr_block": "",
                "local_gateway_id": "",
                "nat_gateway_id": "",
                "network_interface_id": "eni-0a297c58c71bce9e6",
                "transit_gateway_id": "",
                "vpc_endpoint_id": "",
                "vpc_peering_connection_id": ""
              }
            ],
            "tags": {
              "Name": "private-rt"
            },
            "tags_all": {
              "Name": "private-rt"
            },
            "timeouts": null,
            "vpc_id": "vpc-09aebb216302ee663"
          },
          "sensitive_attributes": [],
          "private": "eyJlMmJmYjczMC1lY2FhLTExZTYtOGY4OC0zNDM2M2JjN2M0YzAiOnsiY3JlYXRlIjozMDAwMDAwMDAwMDAsImRlbGV0ZSI6MzAwMDAwMDAwMDAwLCJ1cGRhdGUiOjEyMDAwMDAwMDAwMH19",
          "dependencies": [
            "module.vpc.aws_vpc.project"
          ]
        }
      ]
    },
    {
      "module": "module.route",
      "mode": "managed",
      "type": "aws_route_table",
      "name": "public_rt",
      "provider": "provider[\"registry.terraform.io/hashicorp/aws\"]",
      "instances": [
        {
          "schema_version": 0,
          "attributes": {
            "arn": "arn:aws:ec2:ap-northeast-2:390403881443:route-table/rtb-00fc2056cdd9a6c43",
            "id": "rtb-00fc2056cdd9a6c43",
            "owner_id": "390403881443",
            "propagating_vgws": [],
            "region": "ap-northeast-2",
            "route": [
              {
                "carrier_gateway_id": "",
                "cidr_block": "0.0.0.0/0",
                "core_network_arn": "",
                "destination_prefix_list_id": "",
                "egress_only_gateway_id": "",
                "gateway_id": "igw-00b58325b21b561de",
                "ipv6_cidr_block": "",
                "local_gateway_id": "",
                "nat_gateway_id": "",
                "network_interface_id": "",
                "transit_gateway_id": "",
                "vpc_endpoint_id": "",
                "vpc_peering_connection_id": ""
              }
            ],
            "tags": {
              "Name": "public-rt"
            },
            "tags_all": {
              "Name": "public-rt"
            },
            "timeouts": null,
            "vpc_id": "vpc-09aebb216302ee663"
          },
          "sensitive_attributes": [],
          "private": "eyJlMmJmYjczMC1lY2FhLTExZTYtOGY4OC0zNDM2M2JjN2M0YzAiOnsiY3JlYXRlIjozMDAwMDAwMDAwMDAsImRlbGV0ZSI6MzAwMDAwMDAwMDAwLCJ1cGRhdGUiOjEyMDAwMDAwMDAwMH19",
          "dependencies": [
            "module.igw.aws_internet_gateway.igw",
            "module.vpc.aws_vpc.project"
          ]
        }
      ]
    },
    {
      "module": "module.route",
      "mode": "managed",
      "type": "aws_route_table_association",
      "name": "private_assoc",
      "provider": "provider[\"registry.terraform.io/hashicorp/aws\"]",
      "instances": [
        {
          "index_key": "private-subnet-a",
          "schema_version": 0,
          "attributes": {
            "gateway_id": "",
            "id": "rtbassoc-05d03d782656df41d",
            "region": "ap-northeast-2",
            "route_table_id": "rtb-00e039ab5687d8946",
            "subnet_id": "subnet-0fd3ebfc1d0d8ac5d",
            "timeouts": null
          },
          "sensitive_attributes": [],
          "private": "eyJlMmJmYjczMC1lY2FhLTExZTYtOGY4OC0zNDM2M2JjN2M0YzAiOnsiY3JlYXRlIjozMDAwMDAwMDAwMDAsImRlbGV0ZSI6MzAwMDAwMDAwMDAwLCJ1cGRhdGUiOjEyMDAwMDAwMDAwMH19",
          "dependencies": [
            "module.route.aws_route_table.private_rt",
            "module.subnet.aws_subnet.private",
            "module.vpc.aws_vpc.project"
          ]
        },
        {
          "index_key": "private-subnet-c",
          "schema_version": 0,
          "attributes": {
            "gateway_id": "",
            "id": "rtbassoc-0af96b2998f644943",
            "region": "ap-northeast-2",
            "route_table_id": "rtb-00e039ab5687d8946",
            "subnet_id": "subnet-0a543e2309842ccd5",
            "timeouts": null
          },
          "sensitive_attributes": [],
          "private": "eyJlMmJmYjczMC1lY2FhLTExZTYtOGY4OC0zNDM2M2JjN2M0YzAiOnsiY3JlYXRlIjozMDAwMDAwMDAwMDAsImRlbGV0ZSI6MzAwMDAwMDAwMDAwLCJ1cGRhdGUiOjEyMDAwMDAwMDAwMH19",
          "dependencies": [
            "module.route.aws_route_table.private_rt",
            "module.subnet.aws_subnet.private",
            "module.vpc.aws_vpc.project"
          ]
        }
      ]
    },
    {
      "module": "module.route",
      "mode": "managed",
      "type": "aws_route_table_association",
      "name": "public_assoc",
      "provider": "provider[\"registry.terraform.io/hashicorp/aws\"]",
      "instances": [
        {
          "index_key": "public-subnet-a",
          "schema_version": 0,
          "attributes": {
            "gateway_id": "",
            "id": "rtbassoc-067e0f72f1a05c92c",
            "region": "ap-northeast-2",
            "route_table_id": "rtb-00fc2056cdd9a6c43",
            "subnet_id": "subnet-0d543e1f037f948d4",
            "timeouts": null
          },
          "sensitive_attributes": [],
          "private": "eyJlMmJmYjczMC1lY2FhLTExZTYtOGY4OC0zNDM2M2JjN2M0YzAiOnsiY3JlYXRlIjozMDAwMDAwMDAwMDAsImRlbGV0ZSI6MzAwMDAwMDAwMDAwLCJ1cGRhdGUiOjEyMDAwMDAwMDAwMH19",
          "dependencies": [
            "module.igw.aws_internet_gateway.igw",
            "module.route.aws_route_table.public_rt",
            "module.subnet.aws_subnet.public",
            "module.vpc.aws_vpc.project"
          ]
        },
        {
          "index_key": "public-subnet-c",
          "schema_version": 0,
          "attributes": {
            "gateway_id": "",
            "id": "rtbassoc-06d2976ba103e4202",
            "region": "ap-northeast-2",
            "route_table_id": "rtb-00fc2056cdd9a6c43",
            "subnet_id": "subnet-0f677d5a4d9c53686",
            "timeouts": null
          },
          "sensitive_attributes": [],
          "private": "eyJlMmJmYjczMC1lY2FhLTExZTYtOGY4OC0zNDM2M2JjN2M0YzAiOnsiY3JlYXRlIjozMDAwMDAwMDAwMDAsImRlbGV0ZSI6MzAwMDAwMDAwMDAwLCJ1cGRhdGUiOjEyMDAwMDAwMDAwMH19",
          "dependencies": [
            "module.igw.aws_internet_gateway.igw",
            "module.route.aws_route_table.public_rt",
            "module.subnet.aws_subnet.public",
            "module.vpc.aws_vpc.project"
          ]
        }
      ]
    },
    {
      "module": "module.s3",
      "mode": "managed",
      "type": "aws_s3_bucket",
      "name": "image_bucket",
      "provider": "provider[\"registry.terraform.io/hashicorp/aws\"]",
      "instances": [
        {
          "schema_version": 0,
          "attributes": {
            "acceleration_status": "",
            "acl": "private",
            "arn": "arn:aws:s3:::gachon-link-image-bucket",
            "bucket": "gachon-link-image-bucket",
            "bucket_domain_name": "gachon-link-image-bucket.s3.amazonaws.com",
            "bucket_prefix": "",
            "bucket_region": "ap-northeast-2",
            "bucket_regional_domain_name": "gachon-link-image-bucket.s3.ap-northeast-2.amazonaws.com",
            "cors_rule": [],
            "force_destroy": false,
            "grant": [
              {
                "id": "f4174f85a3654eeb6dafbecc1ce50192da5503b0bcb356eaeaca5f6c2ce6432c",
                "permissions": [
                  "FULL_CONTROL"
                ],
                "type": "CanonicalUser",
                "uri": ""
              }
            ],
            "hosted_zone_id": "Z3W03O7B5YMIYP",
            "id": "gachon-link-image-bucket",
            "lifecycle_rule": [],
            "logging": [],
            "object_lock_configuration": [],
            "object_lock_enabled": false,
            "policy": "",
            "region": "ap-northeast-2",
            "replication_configuration": [],
            "request_payer": "BucketOwner",
            "server_side_encryption_configuration": [
              {
                "rule": [
                  {
                    "apply_server_side_encryption_by_default": [
                      {
                        "kms_master_key_id": "",
                        "sse_algorithm": "AES256"
                      }
                    ],
                    "bucket_key_enabled": false
                  }
                ]
              }
            ],
            "tags": {
              "Environment": "Dev",
              "Name": "prioject image bucket"
            },
            "tags_all": {
              "Environment": "Dev",
              "Name": "prioject image bucket"
            },
            "timeouts": null,
            "versioning": [
              {
                "enabled": false,
                "mfa_delete": false
              }
            ],
            "website": [],
            "website_domain": null,
            "website_endpoint": null
          },
          "sensitive_attributes": [],
          "private": "eyJlMmJmYjczMC1lY2FhLTExZTYtOGY4OC0zNDM2M2JjN2M0YzAiOnsiY3JlYXRlIjoxMjAwMDAwMDAwMDAwLCJkZWxldGUiOjM2MDAwMDAwMDAwMDAsInJlYWQiOjEyMDAwMDAwMDAwMDAsInVwZGF0ZSI6MTIwMDAwMDAwMDAwMH19"
        }
      ]
    },
    {
      "module": "module.s3",
      "mode": "managed",
      "type": "aws_s3_bucket_public_access_block",
      "name": "access_block",
      "provider": "provider[\"registry.terraform.io/hashicorp/aws\"]",
      "instances": [
        {
          "schema_version": 0,
          "attributes": {
            "block_public_acls": true,
            "block_public_policy": true,
            "bucket": "gachon-link-image-bucket",
            "id": "gachon-link-image-bucket",
            "ignore_public_acls": true,
            "region": "ap-northeast-2",
            "restrict_public_buckets": true,
            "skip_destroy": null
          },
          "sensitive_attributes": [],
          "private": "bnVsbA==",
          "dependencies": [
            "module.s3.aws_s3_bucket.image_bucket"
          ]
        }
      ]
    },
    {
      "module": "module.s3",
      "mode": "managed",
      "type": "aws_s3_bucket_versioning",
      "name": "version",
      "provider": "provider[\"registry.terraform.io/hashicorp/aws\"]",
      "instances": [
        {
          "schema_version": 0,
          "attributes": {
            "bucket": "gachon-link-image-bucket",
            "expected_bucket_owner": "",
            "id": "gachon-link-image-bucket",
            "mfa": null,
            "region": "ap-northeast-2",
            "versioning_configuration": [
              {
                "mfa_delete": "",
                "status": "Enabled"
              }
            ]
          },
          "sensitive_attributes": [],
          "private": "bnVsbA==",
          "dependencies": [
            "module.s3.aws_s3_bucket.image_bucket"
          ]
        }
      ]
    },
    {
      "module": "module.sg",
      "mode": "managed",
      "type": "aws_security_group",
      "name": "bastion_sg",
      "provider": "provider[\"registry.terraform.io/hashicorp/aws\"]",
      "instances": [
        {
          "schema_version": 1,
          "attributes": {
            "arn": "arn:aws:ec2:ap-northeast-2:390403881443:security-group/sg-0518779bbbc00ae68",
            "description": "Managed by Terraform",
            "egress": [
              {
                "cidr_blocks": [
                  "0.0.0.0/0"
                ],
                "description": "Allow all outbound",
                "from_port": 0,
                "ipv6_cidr_blocks": [],
                "prefix_list_ids": [],
                "protocol": "-1",
                "security_groups": [],
                "self": false,
                "to_port": 0
              }
            ],
            "id": "sg-0518779bbbc00ae68",
            "ingress": [
              {
                "cidr_blocks": [
                  "0.0.0.0/0"
                ],
                "description": "SSH access",
                "from_port": 22,
                "ipv6_cidr_blocks": [],
                "prefix_list_ids": [],
                "protocol": "tcp",
                "security_groups": [],
                "self": false,
                "to_port": 22
              }
            ],
            "name": "bastion-sg",
            "name_prefix": "",
            "owner_id": "390403881443",
            "region": "ap-northeast-2",
            "revoke_rules_on_delete": false,
            "tags": {},
            "tags_all": {},
            "timeouts": null,
            "vpc_id": "vpc-09aebb216302ee663"
          },
          "sensitive_attributes": [],
          "private": "eyJlMmJmYjczMC1lY2FhLTExZTYtOGY4OC0zNDM2M2JjN2M0YzAiOnsiY3JlYXRlIjo2MDAwMDAwMDAwMDAsImRlbGV0ZSI6OTAwMDAwMDAwMDAwfSwic2NoZW1hX3ZlcnNpb24iOiIxIn0=",
          "dependencies": [
            "module.vpc.aws_vpc.project"
          ]
        }
      ]
    },
    {
      "module": "module.sg",
      "mode": "managed",
      "type": "aws_security_group",
      "name": "master_node_sg",
      "provider": "provider[\"registry.terraform.io/hashicorp/aws\"]",
      "instances": [
        {
          "schema_version": 1,
          "attributes": {
            "arn": "arn:aws:ec2:ap-northeast-2:390403881443:security-group/sg-03b428bf2b5eca43d",
            "description": "Managed by Terraform",
            "egress": [
              {
                "cidr_blocks": [
                  "0.0.0.0/0"
                ],
                "description": "",
                "from_port": 0,
                "ipv6_cidr_blocks": [],
                "prefix_list_ids": [],
                "protocol": "-1",
                "security_groups": [],
                "self": false,
                "to_port": 0
              }
            ],
            "id": "sg-03b428bf2b5eca43d",
            "ingress": [
              {
                "cidr_blocks": [],
                "description": "",
                "from_port": 10250,
                "ipv6_cidr_blocks": [],
                "prefix_list_ids": [],
                "protocol": "tcp",
                "security_groups": [],
                "self": true,
                "to_port": 10250
              },
              {
                "cidr_blocks": [],
                "description": "",
                "from_port": 10257,
                "ipv6_cidr_blocks": [],
                "prefix_list_ids": [],
                "protocol": "tcp",
                "security_groups": [],
                "self": true,
                "to_port": 10257
              },
              {
                "cidr_blocks": [],
                "description": "",
                "from_port": 10259,
                "ipv6_cidr_blocks": [],
                "prefix_list_ids": [],
                "protocol": "tcp",
                "security_groups": [],
                "self": true,
                "to_port": 10259
              },
              {
                "cidr_blocks": [],
                "description": "",
                "from_port": 22,
                "ipv6_cidr_blocks": [],
                "prefix_list_ids": [],
                "protocol": "tcp",
                "security_groups": [
                  "sg-0518779bbbc00ae68"
                ],
                "self": false,
                "to_port": 22
              },
              {
                "cidr_blocks": [],
                "description": "",
                "from_port": 2379,
                "ipv6_cidr_blocks": [],
                "prefix_list_ids": [],
                "protocol": "tcp",
                "security_groups": [],
                "self": true,
                "to_port": 2380
              }
            ],
            "name": "master-node-sg",
            "name_prefix": "",
            "owner_id": "390403881443",
            "region": "ap-northeast-2",
            "revoke_rules_on_delete": false,
            "tags": {
              "Name": "k8s-master-node-sg"
            },
            "tags_all": {
              "Name": "k8s-master-node-sg"
            },
            "timeouts": null,
            "vpc_id": "vpc-09aebb216302ee663"
          },
          "sensitive_attributes": [],
          "private": "eyJlMmJmYjczMC1lY2FhLTExZTYtOGY4OC0zNDM2M2JjN2M0YzAiOnsiY3JlYXRlIjo2MDAwMDAwMDAwMDAsImRlbGV0ZSI6OTAwMDAwMDAwMDAwfSwic2NoZW1hX3ZlcnNpb24iOiIxIn0=",
          "dependencies": [
            "module.vpc.aws_vpc.project"
          ]
        }
      ]
    },
    {
      "module": "module.sg",
      "mode": "managed",
      "type": "aws_security_group",
      "name": "rds_sg",
      "provider": "provider[\"registry.terraform.io/hashicorp/aws\"]",
      "instances": [
        {
          "schema_version": 1,
          "attributes": {
            "arn": "arn:aws:ec2:ap-northeast-2:390403881443:security-group/sg-006c82588c233eba3",
            "description": "Managed by Terraform",
            "egress": [
              {
                "cidr_blocks": [
                  "0.0.0.0/0"
                ],
                "description": "",
                "from_port": 0,
                "ipv6_cidr_blocks": [],
                "prefix_list_ids": [],
                "protocol": "-1",
                "security_groups": [],
                "self": false,
                "to_port": 0
              }
            ],
            "id": "sg-006c82588c233eba3",
            "ingress": [
              {
                "cidr_blocks": [
                  "10.0.0.0/16"
                ],
                "description": "Allow MySQL",
                "from_port": 3306,
                "ipv6_cidr_blocks": [],
                "prefix_list_ids": [],
                "protocol": "tcp",
                "security_groups": [],
                "self": false,
                "to_port": 3306
              }
            ],
            "name": "rds-sg",
            "name_prefix": "",
            "owner_id": "390403881443",
            "region": "ap-northeast-2",
            "revoke_rules_on_delete": false,
            "tags": {
              "Name": "rds-sg"
            },
            "tags_all": {
              "Name": "rds-sg"
            },
            "timeouts": null,
            "vpc_id": "vpc-09aebb216302ee663"
          },
          "sensitive_attributes": [],
          "private": "eyJlMmJmYjczMC1lY2FhLTExZTYtOGY4OC0zNDM2M2JjN2M0YzAiOnsiY3JlYXRlIjo2MDAwMDAwMDAwMDAsImRlbGV0ZSI6OTAwMDAwMDAwMDAwfSwic2NoZW1hX3ZlcnNpb24iOiIxIn0=",
          "dependencies": [
            "module.vpc.aws_vpc.project"
          ]
        }
      ]
    },
    {
      "module": "module.sg",
      "mode": "managed",
      "type": "aws_security_group_rule",
      "name": "cp_controller_mgr",
      "provider": "provider[\"registry.terraform.io/hashicorp/aws\"]",
      "instances": [
        {
          "schema_version": 2,
          "attributes": {
            "cidr_blocks": null,
            "description": null,
            "from_port": 10257,
            "id": "sgrule-3478342085",
            "ipv6_cidr_blocks": null,
            "prefix_list_ids": null,
            "protocol": "tcp",
            "region": "ap-northeast-2",
            "security_group_id": "sg-03b428bf2b5eca43d",
            "security_group_rule_id": "sgr-09b1e3f69973bee96",
            "self": false,
            "source_security_group_id": "sg-03b428bf2b5eca43d",
            "timeouts": null,
            "to_port": 10257,
            "type": "ingress"
          },
          "sensitive_attributes": [],
          "private": "eyJlMmJmYjczMC1lY2FhLTExZTYtOGY4OC0zNDM2M2JjN2M0YzAiOnsiY3JlYXRlIjozMDAwMDAwMDAwMDB9LCJzY2hlbWFfdmVyc2lvbiI6IjIifQ==",
          "dependencies": [
            "module.sg.aws_security_group.master_node_sg",
            "module.vpc.aws_vpc.project"
          ]
        }
      ]
    },
    {
      "module": "module.sg",
      "mode": "managed",
      "type": "aws_security_group_rule",
      "name": "cp_egress_all",
      "provider": "provider[\"registry.terraform.io/hashicorp/aws\"]",
      "instances": [
        {
          "schema_version": 2,
          "attributes": {
            "cidr_blocks": [
              "0.0.0.0/0"
            ],
            "description": null,
            "from_port": 0,
            "id": "sgrule-1863226017",
            "ipv6_cidr_blocks": null,
            "prefix_list_ids": null,
            "protocol": "-1",
            "region": "ap-northeast-2",
            "security_group_id": "sg-03b428bf2b5eca43d",
            "security_group_rule_id": "sgr-00a2e26c818eb5058",
            "self": false,
            "source_security_group_id": null,
            "timeouts": null,
            "to_port": 0,
            "type": "egress"
          },
          "sensitive_attributes": [],
          "private": "eyJlMmJmYjczMC1lY2FhLTExZTYtOGY4OC0zNDM2M2JjN2M0YzAiOnsiY3JlYXRlIjozMDAwMDAwMDAwMDB9LCJzY2hlbWFfdmVyc2lvbiI6IjIifQ==",
          "dependencies": [
            "module.sg.aws_security_group.master_node_sg",
            "module.vpc.aws_vpc.project"
          ]
        }
      ]
    },
    {
      "module": "module.sg",
      "mode": "managed",
      "type": "aws_security_group_rule",
      "name": "cp_etcd_peer",
      "provider": "provider[\"registry.terraform.io/hashicorp/aws\"]",
      "instances": [
        {
          "schema_version": 2,
          "attributes": {
            "cidr_blocks": null,
            "description": null,
            "from_port": 2379,
            "id": "sgrule-668896007",
            "ipv6_cidr_blocks": null,
            "prefix_list_ids": null,
            "protocol": "tcp",
            "region": "ap-northeast-2",
            "security_group_id": "sg-03b428bf2b5eca43d",
            "security_group_rule_id": "sgr-0eaa4293a7d8615b2",
            "self": false,
            "source_security_group_id": "sg-03b428bf2b5eca43d",
            "timeouts": null,
            "to_port": 2380,
            "type": "ingress"
          },
          "sensitive_attributes": [],
          "private": "eyJlMmJmYjczMC1lY2FhLTExZTYtOGY4OC0zNDM2M2JjN2M0YzAiOnsiY3JlYXRlIjozMDAwMDAwMDAwMDB9LCJzY2hlbWFfdmVyc2lvbiI6IjIifQ==",
          "dependencies": [
            "module.sg.aws_security_group.master_node_sg",
            "module.vpc.aws_vpc.project"
          ]
        }
      ]
    },
    {
      "module": "module.sg",
      "mode": "managed",
      "type": "aws_security_group_rule",
      "name": "cp_kubelet_self",
      "provider": "provider[\"registry.terraform.io/hashicorp/aws\"]",
      "instances": [
        {
          "schema_version": 2,
          "attributes": {
            "cidr_blocks": null,
            "description": null,
            "from_port": 10250,
            "id": "sgrule-1118697636",
            "ipv6_cidr_blocks": null,
            "prefix_list_ids": null,
            "protocol": "tcp",
            "region": "ap-northeast-2",
            "security_group_id": "sg-03b428bf2b5eca43d",
            "security_group_rule_id": "sgr-05e59b9d0507bbba7",
            "self": false,
            "source_security_group_id": "sg-03b428bf2b5eca43d",
            "timeouts": null,
            "to_port": 10250,
            "type": "ingress"
          },
          "sensitive_attributes": [],
          "private": "eyJlMmJmYjczMC1lY2FhLTExZTYtOGY4OC0zNDM2M2JjN2M0YzAiOnsiY3JlYXRlIjozMDAwMDAwMDAwMDB9LCJzY2hlbWFfdmVyc2lvbiI6IjIifQ==",
          "dependencies": [
            "module.sg.aws_security_group.master_node_sg",
            "module.vpc.aws_vpc.project"
          ]
        }
      ]
    },
    {
      "module": "module.sg",
      "mode": "managed",
      "type": "aws_security_group_rule",
      "name": "cp_scheduler",
      "provider": "provider[\"registry.terraform.io/hashicorp/aws\"]",
      "instances": [
        {
          "schema_version": 2,
          "attributes": {
            "cidr_blocks": null,
            "description": null,
            "from_port": 10259,
            "id": "sgrule-266284358",
            "ipv6_cidr_blocks": null,
            "prefix_list_ids": null,
            "protocol": "tcp",
            "region": "ap-northeast-2",
            "security_group_id": "sg-03b428bf2b5eca43d",
            "security_group_rule_id": "sgr-0b55d65895207bda2",
            "self": false,
            "source_security_group_id": "sg-03b428bf2b5eca43d",
            "timeouts": null,
            "to_port": 10259,
            "type": "ingress"
          },
          "sensitive_attributes": [],
          "private": "eyJlMmJmYjczMC1lY2FhLTExZTYtOGY4OC0zNDM2M2JjN2M0YzAiOnsiY3JlYXRlIjozMDAwMDAwMDAwMDB9LCJzY2hlbWFfdmVyc2lvbiI6IjIifQ==",
          "dependencies": [
            "module.sg.aws_security_group.master_node_sg",
            "module.vpc.aws_vpc.project"
          ]
        }
      ]
    },
    {
      "module": "module.sg",
      "mode": "managed",
      "type": "aws_security_group_rule",
      "name": "cp_ssh_from_bastion",
      "provider": "provider[\"registry.terraform.io/hashicorp/aws\"]",
      "instances": [
        {
          "schema_version": 2,
          "attributes": {
            "cidr_blocks": null,
            "description": null,
            "from_port": 22,
            "id": "sgrule-3337366483",
            "ipv6_cidr_blocks": null,
            "prefix_list_ids": null,
            "protocol": "tcp",
            "region": "ap-northeast-2",
            "security_group_id": "sg-03b428bf2b5eca43d",
            "security_group_rule_id": "sgr-05d6e69176cd8d604",
            "self": false,
            "source_security_group_id": "sg-0518779bbbc00ae68",
            "timeouts": null,
            "to_port": 22,
            "type": "ingress"
          },
          "sensitive_attributes": [],
          "private": "eyJlMmJmYjczMC1lY2FhLTExZTYtOGY4OC0zNDM2M2JjN2M0YzAiOnsiY3JlYXRlIjozMDAwMDAwMDAwMDB9LCJzY2hlbWFfdmVyc2lvbiI6IjIifQ==",
          "dependencies": [
            "module.sg.aws_security_group.bastion_sg",
            "module.sg.aws_security_group.master_node_sg",
            "module.vpc.aws_vpc.project"
          ]
        }
      ]
    },
    {
      "module": "module.subnet",
      "mode": "managed",
      "type": "aws_subnet",
      "name": "private",
      "provider": "provider[\"registry.terraform.io/hashicorp/aws\"]",
      "instances": [
        {
          "index_key": "private-subnet-a",
          "schema_version": 1,
          "attributes": {
            "arn": "arn:aws:ec2:ap-northeast-2:390403881443:subnet/subnet-0fd3ebfc1d0d8ac5d",
            "assign_ipv6_address_on_creation": false,
            "availability_zone": "ap-northeast-2a",
            "availability_zone_id": "apne2-az1",
            "cidr_block": "10.0.11.0/24",
            "customer_owned_ipv4_pool": "",
            "enable_dns64": false,
            "enable_lni_at_device_index": 0,
            "enable_resource_name_dns_a_record_on_launch": false,
            "enable_resource_name_dns_aaaa_record_on_launch": false,
            "id": "subnet-0fd3ebfc1d0d8ac5d",
            "ipv6_cidr_block": "",
            "ipv6_cidr_block_association_id": "",
            "ipv6_native": false,
            "map_customer_owned_ip_on_launch": false,
            "map_public_ip_on_launch": false,
            "outpost_arn": "",
            "owner_id": "390403881443",
            "private_dns_hostname_type_on_launch": "ip-name",
            "region": "ap-northeast-2",
            "tags": {
              "Name": "private-subnet-a"
            },
            "tags_all": {
              "Name": "private-subnet-a"
            },
            "timeouts": null,
            "vpc_id": "vpc-09aebb216302ee663"
          },
          "sensitive_attributes": [],
          "private": "eyJlMmJmYjczMC1lY2FhLTExZTYtOGY4OC0zNDM2M2JjN2M0YzAiOnsiY3JlYXRlIjo2MDAwMDAwMDAwMDAsImRlbGV0ZSI6MTIwMDAwMDAwMDAwMH0sInNjaGVtYV92ZXJzaW9uIjoiMSJ9",
          "dependencies": [
            "module.vpc.aws_vpc.project"
          ]
        },
        {
          "index_key": "private-subnet-c",
          "schema_version": 1,
          "attributes": {
            "arn": "arn:aws:ec2:ap-northeast-2:390403881443:subnet/subnet-0a543e2309842ccd5",
            "assign_ipv6_address_on_creation": false,
            "availability_zone": "ap-northeast-2c",
            "availability_zone_id": "apne2-az3",
            "cidr_block": "10.0.12.0/24",
            "customer_owned_ipv4_pool": "",
            "enable_dns64": false,
            "enable_lni_at_device_index": 0,
            "enable_resource_name_dns_a_record_on_launch": false,
            "enable_resource_name_dns_aaaa_record_on_launch": false,
            "id": "subnet-0a543e2309842ccd5",
            "ipv6_cidr_block": "",
            "ipv6_cidr_block_association_id": "",
            "ipv6_native": false,
            "map_customer_owned_ip_on_launch": false,
            "map_public_ip_on_launch": false,
            "outpost_arn": "",
            "owner_id": "390403881443",
            "private_dns_hostname_type_on_launch": "ip-name",
            "region": "ap-northeast-2",
            "tags": {
              "Name": "private-subnet-c"
            },
            "tags_all": {
              "Name": "private-subnet-c"
            },
            "timeouts": null,
            "vpc_id": "vpc-09aebb216302ee663"
          },
          "sensitive_attributes": [],
          "private": "eyJlMmJmYjczMC1lY2FhLTExZTYtOGY4OC0zNDM2M2JjN2M0YzAiOnsiY3JlYXRlIjo2MDAwMDAwMDAwMDAsImRlbGV0ZSI6MTIwMDAwMDAwMDAwMH0sInNjaGVtYV92ZXJzaW9uIjoiMSJ9",
          "dependencies": [
            "module.vpc.aws_vpc.project"
          ]
        }
      ]
    },
    {
      "module": "module.subnet",
      "mode": "managed",
      "type": "aws_subnet",
      "name": "private-db",
      "provider": "provider[\"registry.terraform.io/hashicorp/aws\"]",
      "instances": [
        {
          "index_key": "db-subnet-a",
          "schema_version": 1,
          "attributes": {
            "arn": "arn:aws:ec2:ap-northeast-2:390403881443:subnet/subnet-0dc4be3d0daf81436",
            "assign_ipv6_address_on_creation": false,
            "availability_zone": "ap-northeast-2a",
            "availability_zone_id": "apne2-az1",
            "cidr_block": "10.0.21.0/24",
            "customer_owned_ipv4_pool": "",
            "enable_dns64": false,
            "enable_lni_at_device_index": 0,
            "enable_resource_name_dns_a_record_on_launch": false,
            "enable_resource_name_dns_aaaa_record_on_launch": false,
            "id": "subnet-0dc4be3d0daf81436",
            "ipv6_cidr_block": "",
            "ipv6_cidr_block_association_id": "",
            "ipv6_native": false,
            "map_customer_owned_ip_on_launch": false,
            "map_public_ip_on_launch": false,
            "outpost_arn": "",
            "owner_id": "390403881443",
            "private_dns_hostname_type_on_launch": "ip-name",
            "region": "ap-northeast-2",
            "tags": {
              "Name": "db-subnet-a"
            },
            "tags_all": {
              "Name": "db-subnet-a"
            },
            "timeouts": null,
            "vpc_id": "vpc-09aebb216302ee663"
          },
          "sensitive_attributes": [],
          "private": "eyJlMmJmYjczMC1lY2FhLTExZTYtOGY4OC0zNDM2M2JjN2M0YzAiOnsiY3JlYXRlIjo2MDAwMDAwMDAwMDAsImRlbGV0ZSI6MTIwMDAwMDAwMDAwMH0sInNjaGVtYV92ZXJzaW9uIjoiMSJ9",
          "dependencies": [
            "module.vpc.aws_vpc.project"
          ]
        },
        {
          "index_key": "db-subnet-c",
          "schema_version": 1,
          "attributes": {
            "arn": "arn:aws:ec2:ap-northeast-2:390403881443:subnet/subnet-0e25bc76b609f7461",
            "assign_ipv6_address_on_creation": false,
            "availability_zone": "ap-northeast-2c",
            "availability_zone_id": "apne2-az3",
            "cidr_block": "10.0.22.0/24",
            "customer_owned_ipv4_pool": "",
            "enable_dns64": false,
            "enable_lni_at_device_index": 0,
            "enable_resource_name_dns_a_record_on_launch": false,
            "enable_resource_name_dns_aaaa_record_on_launch": false,
            "id": "subnet-0e25bc76b609f7461",
            "ipv6_cidr_block": "",
            "ipv6_cidr_block_association_id": "",
            "ipv6_native": false,
            "map_customer_owned_ip_on_launch": false,
            "map_public_ip_on_launch": false,
            "outpost_arn": "",
            "owner_id": "390403881443",
            "private_dns_hostname_type_on_launch": "ip-name",
            "region": "ap-northeast-2",
            "tags": {
              "Name": "db-subnet-c"
            },
            "tags_all": {
              "Name": "db-subnet-c"
            },
            "timeouts": null,
            "vpc_id": "vpc-09aebb216302ee663"
          },
          "sensitive_attributes": [],
          "private": "eyJlMmJmYjczMC1lY2FhLTExZTYtOGY4OC0zNDM2M2JjN2M0YzAiOnsiY3JlYXRlIjo2MDAwMDAwMDAwMDAsImRlbGV0ZSI6MTIwMDAwMDAwMDAwMH0sInNjaGVtYV92ZXJzaW9uIjoiMSJ9",
          "dependencies": [
            "module.vpc.aws_vpc.project"
          ]
        }
      ]
    },
    {
      "module": "module.subnet",
      "mode": "managed",
      "type": "aws_subnet",
      "name": "public",
      "provider": "provider[\"registry.terraform.io/hashicorp/aws\"]",
      "instances": [
        {
          "index_key": "public-subnet-a",
          "schema_version": 1,
          "attributes": {
            "arn": "arn:aws:ec2:ap-northeast-2:390403881443:subnet/subnet-0d543e1f037f948d4",
            "assign_ipv6_address_on_creation": false,
            "availability_zone": "ap-northeast-2a",
            "availability_zone_id": "apne2-az1",
            "cidr_block": "10.0.1.0/24",
            "customer_owned_ipv4_pool": "",
            "enable_dns64": false,
            "enable_lni_at_device_index": 0,
            "enable_resource_name_dns_a_record_on_launch": false,
            "enable_resource_name_dns_aaaa_record_on_launch": false,
            "id": "subnet-0d543e1f037f948d4",
            "ipv6_cidr_block": "",
            "ipv6_cidr_block_association_id": "",
            "ipv6_native": false,
            "map_customer_owned_ip_on_launch": false,
            "map_public_ip_on_launch": true,
            "outpost_arn": "",
            "owner_id": "390403881443",
            "private_dns_hostname_type_on_launch": "ip-name",
            "region": "ap-northeast-2",
            "tags": {
              "Name": "public-subnet-a"
            },
            "tags_all": {
              "Name": "public-subnet-a"
            },
            "timeouts": null,
            "vpc_id": "vpc-09aebb216302ee663"
          },
          "sensitive_attributes": [],
          "private": "eyJlMmJmYjczMC1lY2FhLTExZTYtOGY4OC0zNDM2M2JjN2M0YzAiOnsiY3JlYXRlIjo2MDAwMDAwMDAwMDAsImRlbGV0ZSI6MTIwMDAwMDAwMDAwMH0sInNjaGVtYV92ZXJzaW9uIjoiMSJ9",
          "dependencies": [
            "module.vpc.aws_vpc.project"
          ]
        },
        {
          "index_key": "public-subnet-c",
          "schema_version": 1,
          "attributes": {
            "arn": "arn:aws:ec2:ap-northeast-2:390403881443:subnet/subnet-0f677d5a4d9c53686",
            "assign_ipv6_address_on_creation": false,
            "availability_zone": "ap-northeast-2c",
            "availability_zone_id": "apne2-az3",
            "cidr_block": "10.0.2.0/24",
            "customer_owned_ipv4_pool": "",
            "enable_dns64": false,
            "enable_lni_at_device_index": 0,
            "enable_resource_name_dns_a_record_on_launch": false,
            "enable_resource_name_dns_aaaa_record_on_launch": false,
            "id": "subnet-0f677d5a4d9c53686",
            "ipv6_cidr_block": "",
            "ipv6_cidr_block_association_id": "",
            "ipv6_native": false,
            "map_customer_owned_ip_on_launch": false,
            "map_public_ip_on_launch": true,
            "outpost_arn": "",
            "owner_id": "390403881443",
            "private_dns_hostname_type_on_launch": "ip-name",
            "region": "ap-northeast-2",
            "tags": {
              "Name": "public-subnet-c"
            },
            "tags_all": {
              "Name": "public-subnet-c"
            },
            "timeouts": null,
            "vpc_id": "vpc-09aebb216302ee663"
          },
          "sensitive_attributes": [],
          "private": "eyJlMmJmYjczMC1lY2FhLTExZTYtOGY4OC0zNDM2M2JjN2M0YzAiOnsiY3JlYXRlIjo2MDAwMDAwMDAwMDAsImRlbGV0ZSI6MTIwMDAwMDAwMDAwMH0sInNjaGVtYV92ZXJzaW9uIjoiMSJ9",
          "dependencies": [
            "module.vpc.aws_vpc.project"
          ]
        }
      ]
    },
    {
      "module": "module.vpc",
      "mode": "managed",
      "type": "aws_vpc",
      "name": "project",
      "provider": "provider[\"registry.terraform.io/hashicorp/aws\"]",
      "instances": [
        {
          "schema_version": 1,
          "attributes": {
            "arn": "arn:aws:ec2:ap-northeast-2:390403881443:vpc/vpc-09aebb216302ee663",
            "assign_generated_ipv6_cidr_block": false,
            "cidr_block": "10.0.0.0/16",
            "default_network_acl_id": "acl-0c9d448be6792c1bf",
            "default_route_table_id": "rtb-0a24951693c38bf11",
            "default_security_group_id": "sg-00d4557e37227db24",
            "dhcp_options_id": "dopt-0bb6bf2626d3217a9",
            "enable_dns_hostnames": false,
            "enable_dns_support": true,
            "enable_network_address_usage_metrics": false,
            "id": "vpc-09aebb216302ee663",
            "instance_tenancy": "default",
            "ipv4_ipam_pool_id": null,
            "ipv4_netmask_length": null,
            "ipv6_association_id": "",
            "ipv6_cidr_block": "",
            "ipv6_cidr_block_network_border_group": "",
            "ipv6_ipam_pool_id": "",
            "ipv6_netmask_length": 0,
            "main_route_table_id": "rtb-0a24951693c38bf11",
            "owner_id": "390403881443",
            "region": "ap-northeast-2",
            "tags": {
              "Name": "project-vpc"
            },
            "tags_all": {
              "Name": "project-vpc"
            }
          },
          "sensitive_attributes": [],
          "private": "eyJzY2hlbWFfdmVyc2lvbiI6IjEifQ=="
        }
      ]
    }
  ],
  "check_results": null
}
