{
  "version": 4,
  "terraform_version": "1.11.4",
  "serial": 1890,
  "lineage": "b43130c9-4023-e638-94c6-aecf41e58c4c",
  "outputs": {},
  "resources": [
    {
      "module": "module.eks",
      "mode": "managed",
      "type": "aws_eks_cluster",
      "name": "gachonlink_eks",
      "provider": "provider[\"registry.terraform.io/hashicorp/aws\"]",
      "instances": [
        {
          "schema_version": 1,
          "attributes": {
            "access_config": [
              {
                "authentication_mode": "CONFIG_MAP",
                "bootstrap_cluster_creator_admin_permissions": true
              }
            ],
            "arn": "arn:aws:eks:ap-northeast-2:390403881443:cluster/gachonlink-eks",
            "bootstrap_self_managed_addons": true,
            "certificate_authority": [
              {
                "data": "LS0tLS1CRUdJTiBDRVJUSUZJQ0FURS0tLS0tCk1JSURCVENDQWUyZ0F3SUJBZ0lJWVJyaTB1VEs1QUF3RFFZSktvWklodmNOQVFFTEJRQXdGVEVUTUJFR0ExVUUKQXhNS2EzVmlaWEp1WlhSbGN6QWVGdzB5TlRBNU1EUXhOalExTWpoYUZ3MHpOVEE1TURJeE5qVXdNamhhTUJVeApFekFSQmdOVkJBTVRDbXQxWW1WeWJtVjBaWE13Z2dFaU1BMEdDU3FHU0liM0RRRUJBUVVBQTRJQkR3QXdnZ0VLCkFvSUJBUURmakJNcEVwekR1WGlRbzFiWlV2dFFtSHMvdWdQMUU5WTQ5ZXcvd1cyUTFleVpQOER1T2o5cnVFTjAKTDUzUkl1aFZubGI2cHNZUTJWQno1OURjemJYT3VZMzJyMzlQdGIvV0laVDVzMFcxNkN2NWxrbUloVWFOVlR5ZQpWVi9zZkU3Y0JtWTl5TUx1MHlwR1ptTVM3SGhLQlY3S1JLVGdmNWRHVXk5Ym0zOFBDVVNoQzVHSisxWjlpMXhMCnhzc3NXRFpCQWxQajBxak82TDhEU0lKLzB3L0pERmhEU2JTTnI3UFNwZlJCdUoxZk1WVGlrc1hNdVVYaEZsVm8KVVZzb0FyUytLKzhnSm9OZHR6U3VsanFNL3BzZjJVOGVGdTZhZnM2MEkwZ2ZiZm11VFpKSit4bnNGdDZJK2x2RgpzK3R4ZCtuMjNualdONU1GV01OcjJzaGlEZHdYQWdNQkFBR2pXVEJYTUE0R0ExVWREd0VCL3dRRUF3SUNwREFQCkJnTlZIUk1CQWY4RUJUQURBUUgvTUIwR0ExVWREZ1FXQkJUYjFMaGxJcGc3bFh2cVYraFlPS29OQkNOV1dqQVYKQmdOVkhSRUVEakFNZ2dwcmRXSmxjbTVsZEdWek1BMEdDU3FHU0liM0RRRUJDd1VBQTRJQkFRQ0trQTEzdDVrbQpqL0ovdXdaaVpEUk9nMXhEK3g5K2VKYjlrWlBYamtpcDZHSFZaR09UZzJ1ZGgvdDgyTzlkSHdCVWhYRnZVdmdHCjdyOWx4SEphUnJXZGtDN01OUFRuVjU4cytLbWFuSXNTSUtnSTBmazhpWkNaMGUzdHNOcnVxWGdRdnBvNTIrNTIKY3dyU3AzMk5LSGFtZmhpSnVsQWpDMzIreTNqZnlaSmt3VFg0alcxNi9WYjM2L0NxYVJjclhZK29uTE5ZVUV4eQo1aUtaSlFwWXlLWENldWljbEFuNld4Wno1a1dwYTJnU3ZVaDZvbkpxZkUxVjBGYUVXV3NYYUIxYkZsTURiZkFsCnBYanpiQTI0dEdZY3VpYzl5eUlGQTM5L1doMUExVEg5N1hrV25ZU2RzU25id1NhSEFPb054Tks5RnU3S05EcTgKNXRLN0FMSWpTRnRBCi0tLS0tRU5EIENFUlRJRklDQVRFLS0tLS0K"
              }
            ],
            "cluster_id": null,
            "compute_config": [],
            "created_at": "2025-09-04T16:45:50Z",
            "deletion_protection": false,
            "enabled_cluster_log_types": [],
            "encryption_config": [],
            "endpoint": "https://809350E219BD4B67D9A917A9A13C7E7E.gr7.ap-northeast-2.eks.amazonaws.com",
            "force_update_version": null,
            "id": "gachonlink-eks",
            "identity": [
              {
                "oidc": [
                  {
                    "issuer": "https://oidc.eks.ap-northeast-2.amazonaws.com/id/809350E219BD4B67D9A917A9A13C7E7E"
                  }
                ]
              }
            ],
            "kubernetes_network_config": [
              {
                "elastic_load_balancing": [
                  {
                    "enabled": false
                  }
                ],
                "ip_family": "ipv4",
                "service_ipv4_cidr": "172.20.0.0/16",
                "service_ipv6_cidr": ""
              }
            ],
            "name": "gachonlink-eks",
            "outpost_config": [],
            "platform_version": "eks.12",
            "region": "ap-northeast-2",
            "remote_network_config": [],
            "role_arn": "arn:aws:iam::390403881443:role/eks-cluster-role",
            "status": "ACTIVE",
            "storage_config": [],
            "tags": {},
            "tags_all": {},
            "timeouts": null,
            "upgrade_policy": [
              {
                "support_type": "EXTENDED"
              }
            ],
            "version": "1.33",
            "vpc_config": [
              {
                "cluster_security_group_id": "sg-0cbe57f0b2acfbaa9",
                "endpoint_private_access": true,
                "endpoint_public_access": true,
                "public_access_cidrs": [
                  "0.0.0.0/0"
                ],
                "security_group_ids": [
                  "sg-051e911dc01d3d128"
                ],
                "subnet_ids": [
                  "subnet-0069f2e895adb7666",
                  "subnet-09c2683748918d531"
                ],
                "vpc_id": "vpc-0a96b89f5a16c3d11"
              }
            ],
            "zonal_shift_config": []
          },
          "sensitive_attributes": [],
          "private": "eyJlMmJmYjczMC1lY2FhLTExZTYtOGY4OC0zNDM2M2JjN2M0YzAiOnsiY3JlYXRlIjoxODAwMDAwMDAwMDAwLCJkZWxldGUiOjkwMDAwMDAwMDAwMCwidXBkYXRlIjozNjAwMDAwMDAwMDAwfSwic2NoZW1hX3ZlcnNpb24iOiIxIn0=",
          "dependencies": [
            "module.iam.aws_iam_role.eks_cluster_role",
            "module.sg.aws_security_group.eks_control_sg",
            "module.subnet.aws_subnet.private",
            "module.vpc.aws_vpc.project"
          ]
        }
      ]
    },
    {
      "module": "module.eks",
      "mode": "managed",
      "type": "aws_eks_node_group",
      "name": "eks_node",
      "provider": "provider[\"registry.terraform.io/hashicorp/aws\"]",
      "instances": [
        {
          "schema_version": 0,
          "attributes": {
            "ami_type": "AL2023_x86_64_STANDARD",
            "arn": "arn:aws:eks:ap-northeast-2:390403881443:nodegroup/gachonlink-eks/eks-node-group/82cc8ad3-1e63-9978-df02-2470ff5459cf",
            "capacity_type": "ON_DEMAND",
            "cluster_name": "gachonlink-eks",
            "disk_size": 20,
            "force_update_version": null,
            "id": "gachonlink-eks:eks-node-group",
            "instance_types": [
              "t3.small"
            ],
            "labels": {},
            "launch_template": [],
            "node_group_name": "eks-node-group",
            "node_group_name_prefix": "",
            "node_repair_config": [],
            "node_role_arn": "arn:aws:iam::390403881443:role/eks-node-role",
            "region": "ap-northeast-2",
            "release_version": "1.33.3-20250829",
            "remote_access": [],
            "resources": [
              {
                "autoscaling_groups": [
                  {
                    "name": "eks-eks-node-group-82cc8ad3-1e63-9978-df02-2470ff5459cf"
                  }
                ],
                "remote_access_security_group_id": ""
              }
            ],
            "scaling_config": [
              {
                "desired_size": 2,
                "max_size": 3,
                "min_size": 1
              }
            ],
            "status": "DELETING",
            "subnet_ids": [
              "subnet-0069f2e895adb7666",
              "subnet-09c2683748918d531"
            ],
            "tags": {
              "Name": "eks-node"
            },
            "tags_all": {
              "Name": "eks-node"
            },
            "taint": [],
            "timeouts": null,
            "update_config": [
              {
                "max_unavailable": 1,
                "max_unavailable_percentage": 0
              }
            ],
            "version": "1.33"
          },
          "sensitive_attributes": [],
          "private": "eyJlMmJmYjczMC1lY2FhLTExZTYtOGY4OC0zNDM2M2JjN2M0YzAiOnsiY3JlYXRlIjozNjAwMDAwMDAwMDAwLCJkZWxldGUiOjM2MDAwMDAwMDAwMDAsInVwZGF0ZSI6MzYwMDAwMDAwMDAwMH19",
          "dependencies": [
            "module.eks.aws_eks_cluster.gachonlink_eks",
            "module.iam.aws_iam_role.eks_cluster_role",
            "module.iam.aws_iam_role.eks_node_role",
            "module.sg.aws_security_group.eks_control_sg",
            "module.subnet.aws_subnet.private",
            "module.vpc.aws_vpc.project"
          ]
        }
      ]
    },
    {
      "module": "module.iam",
      "mode": "managed",
      "type": "aws_iam_role",
      "name": "eks_cluster_role",
      "provider": "provider[\"registry.terraform.io/hashicorp/aws\"]",
      "instances": [
        {
          "schema_version": 0,
          "attributes": {
            "arn": "arn:aws:iam::390403881443:role/eks-cluster-role",
            "assume_role_policy": "{\"Statement\":[{\"Action\":\"sts:AssumeRole\",\"Effect\":\"Allow\",\"Principal\":{\"Service\":\"eks.amazonaws.com\"}}],\"Version\":\"2012-10-17\"}",
            "create_date": "2025-09-04T16:45:45Z",
            "description": "",
            "force_detach_policies": false,
            "id": "eks-cluster-role",
            "inline_policy": [],
            "managed_policy_arns": [],
            "max_session_duration": 3600,
            "name": "eks-cluster-role",
            "name_prefix": "",
            "path": "/",
            "permissions_boundary": "",
            "tags": {},
            "tags_all": {},
            "unique_id": "AROAVVZPCPHR5OCU3DDRC"
          },
          "sensitive_attributes": [],
          "private": "bnVsbA=="
        }
      ]
    },
    {
      "module": "module.iam",
      "mode": "managed",
      "type": "aws_iam_role",
      "name": "eks_node_role",
      "provider": "provider[\"registry.terraform.io/hashicorp/aws\"]",
      "instances": [
        {
          "schema_version": 0,
          "attributes": {
            "arn": "arn:aws:iam::390403881443:role/eks-node-role",
            "assume_role_policy": "{\"Statement\":[{\"Action\":\"sts:AssumeRole\",\"Effect\":\"Allow\",\"Principal\":{\"Service\":\"ec2.amazonaws.com\"}}],\"Version\":\"2012-10-17\"}",
            "create_date": "2025-09-04T16:45:45Z",
            "description": "",
            "force_detach_policies": false,
            "id": "eks-node-role",
            "inline_policy": [],
            "managed_policy_arns": [],
            "max_session_duration": 3600,
            "name": "eks-node-role",
            "name_prefix": "",
            "path": "/",
            "permissions_boundary": "",
            "tags": {},
            "tags_all": {},
            "unique_id": "AROAVVZPCPHRRXOAER2UE"
          },
          "sensitive_attributes": [],
          "private": "bnVsbA=="
        }
      ]
    },
    {
      "module": "module.sg",
      "mode": "managed",
      "type": "aws_security_group",
      "name": "eks_control_sg",
      "provider": "provider[\"registry.terraform.io/hashicorp/aws\"]",
      "instances": [
        {
          "schema_version": 1,
          "attributes": {
            "arn": "arn:aws:ec2:ap-northeast-2:390403881443:security-group/sg-051e911dc01d3d128",
            "description": "Security group for EKS control plane",
            "egress": [],
            "id": "sg-051e911dc01d3d128",
            "ingress": [],
            "name": "eks-control-sg",
            "name_prefix": "",
            "owner_id": "390403881443",
            "region": "ap-northeast-2",
            "revoke_rules_on_delete": false,
            "tags": {
              "Name": "eks-control-sg"
            },
            "tags_all": {
              "Name": "eks-control-sg"
            },
            "timeouts": null,
            "vpc_id": "vpc-0a96b89f5a16c3d11"
          },
          "sensitive_attributes": [],
          "private": "eyJlMmJmYjczMC1lY2FhLTExZTYtOGY4OC0zNDM2M2JjN2M0YzAiOnsiY3JlYXRlIjo2MDAwMDAwMDAwMDAsImRlbGV0ZSI6OTAwMDAwMDAwMDAwfSwic2NoZW1hX3ZlcnNpb24iOiIxIn0=",
          "dependencies": [
            "module.vpc.aws_vpc.project"
          ]
        }
      ]
    },
    {
      "module": "module.subnet",
      "mode": "managed",
      "type": "aws_subnet",
      "name": "private",
      "provider": "provider[\"registry.terraform.io/hashicorp/aws\"]",
      "instances": [
        {
          "index_key": "private-subnet-a",
          "schema_version": 1,
          "attributes": {
            "arn": "arn:aws:ec2:ap-northeast-2:390403881443:subnet/subnet-0069f2e895adb7666",
            "assign_ipv6_address_on_creation": false,
            "availability_zone": "ap-northeast-2a",
            "availability_zone_id": "apne2-az1",
            "cidr_block": "10.0.11.0/24",
            "customer_owned_ipv4_pool": "",
            "enable_dns64": false,
            "enable_lni_at_device_index": 0,
            "enable_resource_name_dns_a_record_on_launch": false,
            "enable_resource_name_dns_aaaa_record_on_launch": false,
            "id": "subnet-0069f2e895adb7666",
            "ipv6_cidr_block": "",
            "ipv6_cidr_block_association_id": "",
            "ipv6_native": false,
            "map_customer_owned_ip_on_launch": false,
            "map_public_ip_on_launch": false,
            "outpost_arn": "",
            "owner_id": "390403881443",
            "private_dns_hostname_type_on_launch": "ip-name",
            "region": "ap-northeast-2",
            "tags": {
              "Name": "private-subnet-a"
            },
            "tags_all": {
              "Name": "private-subnet-a"
            },
            "timeouts": null,
            "vpc_id": "vpc-0a96b89f5a16c3d11"
          },
          "sensitive_attributes": [],
          "private": "eyJlMmJmYjczMC1lY2FhLTExZTYtOGY4OC0zNDM2M2JjN2M0YzAiOnsiY3JlYXRlIjo2MDAwMDAwMDAwMDAsImRlbGV0ZSI6MTIwMDAwMDAwMDAwMH0sInNjaGVtYV92ZXJzaW9uIjoiMSJ9",
          "dependencies": [
            "module.vpc.aws_vpc.project"
          ]
        },
        {
          "index_key": "private-subnet-c",
          "schema_version": 1,
          "attributes": {
            "arn": "arn:aws:ec2:ap-northeast-2:390403881443:subnet/subnet-09c2683748918d531",
            "assign_ipv6_address_on_creation": false,
            "availability_zone": "ap-northeast-2c",
            "availability_zone_id": "apne2-az3",
            "cidr_block": "10.0.12.0/24",
            "customer_owned_ipv4_pool": "",
            "enable_dns64": false,
            "enable_lni_at_device_index": 0,
            "enable_resource_name_dns_a_record_on_launch": false,
            "enable_resource_name_dns_aaaa_record_on_launch": false,
            "id": "subnet-09c2683748918d531",
            "ipv6_cidr_block": "",
            "ipv6_cidr_block_association_id": "",
            "ipv6_native": false,
            "map_customer_owned_ip_on_launch": false,
            "map_public_ip_on_launch": false,
            "outpost_arn": "",
            "owner_id": "390403881443",
            "private_dns_hostname_type_on_launch": "ip-name",
            "region": "ap-northeast-2",
            "tags": {
              "Name": "private-subnet-c"
            },
            "tags_all": {
              "Name": "private-subnet-c"
            },
            "timeouts": null,
            "vpc_id": "vpc-0a96b89f5a16c3d11"
          },
          "sensitive_attributes": [],
          "private": "eyJlMmJmYjczMC1lY2FhLTExZTYtOGY4OC0zNDM2M2JjN2M0YzAiOnsiY3JlYXRlIjo2MDAwMDAwMDAwMDAsImRlbGV0ZSI6MTIwMDAwMDAwMDAwMH0sInNjaGVtYV92ZXJzaW9uIjoiMSJ9",
          "dependencies": [
            "module.vpc.aws_vpc.project"
          ]
        }
      ]
    },
    {
      "module": "module.vpc",
      "mode": "managed",
      "type": "aws_vpc",
      "name": "project",
      "provider": "provider[\"registry.terraform.io/hashicorp/aws\"]",
      "instances": [
        {
          "schema_version": 1,
          "attributes": {
            "arn": "arn:aws:ec2:ap-northeast-2:390403881443:vpc/vpc-0a96b89f5a16c3d11",
            "assign_generated_ipv6_cidr_block": false,
            "cidr_block": "10.0.0.0/16",
            "default_network_acl_id": "acl-04863668faa0f0962",
            "default_route_table_id": "rtb-04991597c92867720",
            "default_security_group_id": "sg-0a6bb2582889884fe",
            "dhcp_options_id": "dopt-0bb6bf2626d3217a9",
            "enable_dns_hostnames": false,
            "enable_dns_support": true,
            "enable_network_address_usage_metrics": false,
            "id": "vpc-0a96b89f5a16c3d11",
            "instance_tenancy": "default",
            "ipv4_ipam_pool_id": null,
            "ipv4_netmask_length": null,
            "ipv6_association_id": "",
            "ipv6_cidr_block": "",
            "ipv6_cidr_block_network_border_group": "",
            "ipv6_ipam_pool_id": "",
            "ipv6_netmask_length": 0,
            "main_route_table_id": "rtb-04991597c92867720",
            "owner_id": "390403881443",
            "region": "ap-northeast-2",
            "tags": {
              "Name": "project-vpc"
            },
            "tags_all": {
              "Name": "project-vpc"
            }
          },
          "sensitive_attributes": [],
          "private": "eyJzY2hlbWFfdmVyc2lvbiI6IjEifQ=="
        }
      ]
    }
  ],
  "check_results": null
}
