{
  "version": 4,
  "terraform_version": "1.11.4",
  "serial": 6197,
  "lineage": "b43130c9-4023-e638-94c6-aecf41e58c4c",
  "outputs": {},
  "resources": [
    {
      "module": "module.iam",
      "mode": "managed",
      "type": "aws_iam_instance_profile",
      "name": "bastion_profile",
      "provider": "provider[\"registry.terraform.io/hashicorp/aws\"]",
      "instances": [
        {
          "schema_version": 0,
          "attributes": {
            "arn": "arn:aws:iam::390403881443:instance-profile/bastion-instance-profile",
            "create_date": "2025-12-01T13:46:32Z",
            "id": "bastion-instance-profile",
            "name": "bastion-instance-profile",
            "name_prefix": "",
            "path": "/",
            "role": "bastion-role",
            "tags": null,
            "tags_all": {},
            "unique_id": "AIPAVVZPCPHRSIFIRXL3M"
          },
          "sensitive_attributes": [],
          "private": "bnVsbA==",
          "dependencies": [
            "module.iam.aws_iam_role.bastion_role"
          ]
        }
      ]
    },
    {
      "module": "module.iam",
      "mode": "managed",
      "type": "aws_iam_instance_profile",
      "name": "k3s_nodes_instance_profile",
      "provider": "provider[\"registry.terraform.io/hashicorp/aws\"]",
      "instances": [
        {
          "schema_version": 0,
          "attributes": {
            "arn": "arn:aws:iam::390403881443:instance-profile/k3s-nodes-instance-profile",
            "create_date": "2025-12-01T13:46:32Z",
            "id": "k3s-nodes-instance-profile",
            "name": "k3s-nodes-instance-profile",
            "name_prefix": "",
            "path": "/",
            "role": "k3s-nodes-role",
            "tags": null,
            "tags_all": {},
            "unique_id": "AIPAVVZPCPHR2GW3EX4CC"
          },
          "sensitive_attributes": [],
          "private": "bnVsbA==",
          "dependencies": [
            "module.iam.aws_iam_role.k3s_nodes_role"
          ]
        }
      ]
    },
    {
      "module": "module.iam",
      "mode": "managed",
      "type": "aws_iam_policy",
      "name": "alb_controller",
      "provider": "provider[\"registry.terraform.io/hashicorp/aws\"]",
      "instances": [
        {
          "schema_version": 0,
          "attributes": {
            "arn": "arn:aws:iam::390403881443:policy/AWSLoadBalancerControllerIAMPolicy-k3s",
            "attachment_count": 0,
            "description": "Policy for AWS Load Balancer Controller on k3s",
            "id": "arn:aws:iam::390403881443:policy/AWSLoadBalancerControllerIAMPolicy-k3s",
            "name": "AWSLoadBalancerControllerIAMPolicy-k3s",
            "name_prefix": "",
            "path": "/",
            "policy": "{\"Statement\":[{\"Action\":[\"iam:CreateServiceLinkedRole\"],\"Condition\":{\"StringEquals\":{\"iam:AWSServiceName\":\"elasticloadbalancing.amazonaws.com\"}},\"Effect\":\"Allow\",\"Resource\":\"*\"},{\"Action\":[\"ec2:DescribeAccountAttributes\",\"ec2:DescribeAddresses\",\"ec2:DescribeAvailabilityZones\",\"ec2:DescribeInternetGateways\",\"ec2:DescribeVpcs\",\"ec2:DescribeVpcPeeringConnections\",\"ec2:DescribeSubnets\",\"ec2:DescribeSecurityGroups\",\"ec2:DescribeInstances\",\"ec2:DescribeNetworkInterfaces\",\"ec2:DescribeTags\",\"ec2:GetCoipPoolUsage\",\"ec2:DescribeCoipPools\",\"ec2:GetSecurityGroupsForVpc\",\"ec2:DescribeIpamPools\",\"ec2:DescribeRouteTables\",\"elasticloadbalancing:DescribeLoadBalancers\",\"elasticloadbalancing:DescribeLoadBalancerAttributes\",\"elasticloadbalancing:DescribeListeners\",\"elasticloadbalancing:DescribeListenerCertificates\",\"elasticloadbalancing:DescribeSSLPolicies\",\"elasticloadbalancing:DescribeRules\",\"elasticloadbalancing:DescribeTargetGroups\",\"elasticloadbalancing:DescribeTargetGroupAttributes\",\"elasticloadbalancing:DescribeTargetHealth\",\"elasticloadbalancing:DescribeTags\",\"elasticloadbalancing:DescribeTrustStores\",\"elasticloadbalancing:DescribeListenerAttributes\",\"elasticloadbalancing:DescribeCapacityReservation\"],\"Effect\":\"Allow\",\"Resource\":\"*\"},{\"Action\":[\"cognito-idp:DescribeUserPoolClient\",\"acm:ListCertificates\",\"acm:DescribeCertificate\",\"iam:ListServerCertificates\",\"iam:GetServerCertificate\",\"waf-regional:GetWebACL\",\"waf-regional:GetWebACLForResource\",\"waf-regional:AssociateWebACL\",\"waf-regional:DisassociateWebACL\",\"wafv2:GetWebACL\",\"wafv2:GetWebACLForResource\",\"wafv2:AssociateWebACL\",\"wafv2:DisassociateWebACL\",\"shield:GetSubscriptionState\",\"shield:DescribeProtection\",\"shield:CreateProtection\",\"shield:DeleteProtection\"],\"Effect\":\"Allow\",\"Resource\":\"*\"},{\"Action\":[\"ec2:AuthorizeSecurityGroupIngress\",\"ec2:RevokeSecurityGroupIngress\"],\"Effect\":\"Allow\",\"Resource\":\"*\"},{\"Action\":[\"ec2:CreateSecurityGroup\"],\"Effect\":\"Allow\",\"Resource\":\"*\"},{\"Action\":[\"ec2:CreateTags\"],\"Condition\":{\"Null\":{\"aws:RequestTag/elbv2.k8s.aws/cluster\":\"false\"},\"StringEquals\":{\"ec2:CreateAction\":\"CreateSecurityGroup\"}},\"Effect\":\"Allow\",\"Resource\":\"arn:aws:ec2:*:*:security-group/*\"},{\"Action\":[\"ec2:CreateTags\",\"ec2:DeleteTags\"],\"Condition\":{\"Null\":{\"aws:RequestTag/elbv2.k8s.aws/cluster\":\"true\",\"aws:ResourceTag/elbv2.k8s.aws/cluster\":\"false\"}},\"Effect\":\"Allow\",\"Resource\":\"arn:aws:ec2:*:*:security-group/*\"},{\"Action\":[\"ec2:AuthorizeSecurityGroupIngress\",\"ec2:RevokeSecurityGroupIngress\",\"ec2:DeleteSecurityGroup\"],\"Condition\":{\"Null\":{\"aws:ResourceTag/elbv2.k8s.aws/cluster\":\"false\"}},\"Effect\":\"Allow\",\"Resource\":\"*\"},{\"Action\":[\"elasticloadbalancing:CreateLoadBalancer\",\"elasticloadbalancing:CreateTargetGroup\"],\"Condition\":{\"Null\":{\"aws:RequestTag/elbv2.k8s.aws/cluster\":\"false\"}},\"Effect\":\"Allow\",\"Resource\":\"*\"},{\"Action\":[\"elasticloadbalancing:CreateListener\",\"elasticloadbalancing:DeleteListener\",\"elasticloadbalancing:CreateRule\",\"elasticloadbalancing:DeleteRule\"],\"Effect\":\"Allow\",\"Resource\":\"*\"},{\"Action\":[\"elasticloadbalancing:AddTags\",\"elasticloadbalancing:RemoveTags\"],\"Condition\":{\"Null\":{\"aws:RequestTag/elbv2.k8s.aws/cluster\":\"true\",\"aws:ResourceTag/elbv2.k8s.aws/cluster\":\"false\"}},\"Effect\":\"Allow\",\"Resource\":[\"arn:aws:elasticloadbalancing:*:*:targetgroup/*/*\",\"arn:aws:elasticloadbalancing:*:*:loadbalancer/net/*/*\",\"arn:aws:elasticloadbalancing:*:*:loadbalancer/app/*/*\"]},{\"Action\":[\"elasticloadbalancing:AddTags\",\"elasticloadbalancing:RemoveTags\"],\"Effect\":\"Allow\",\"Resource\":[\"arn:aws:elasticloadbalancing:*:*:listener/net/*/*/*\",\"arn:aws:elasticloadbalancing:*:*:listener/app/*/*/*\",\"arn:aws:elasticloadbalancing:*:*:listener-rule/net/*/*/*\",\"arn:aws:elasticloadbalancing:*:*:listener-rule/app/*/*/*\"]},{\"Action\":[\"elasticloadbalancing:ModifyLoadBalancerAttributes\",\"elasticloadbalancing:SetIpAddressType\",\"elasticloadbalancing:SetSecurityGroups\",\"elasticloadbalancing:SetSubnets\",\"elasticloadbalancing:DeleteLoadBalancer\",\"elasticloadbalancing:ModifyTargetGroup\",\"elasticloadbalancing:ModifyTargetGroupAttributes\",\"elasticloadbalancing:DeleteTargetGroup\",\"elasticloadbalancing:ModifyListenerAttributes\",\"elasticloadbalancing:ModifyCapacityReservation\",\"elasticloadbalancing:ModifyIpPools\"],\"Condition\":{\"Null\":{\"aws:ResourceTag/elbv2.k8s.aws/cluster\":\"false\"}},\"Effect\":\"Allow\",\"Resource\":\"*\"},{\"Action\":[\"elasticloadbalancing:AddTags\"],\"Condition\":{\"Null\":{\"aws:RequestTag/elbv2.k8s.aws/cluster\":\"false\"},\"StringEquals\":{\"elasticloadbalancing:CreateAction\":[\"CreateTargetGroup\",\"CreateLoadBalancer\"]}},\"Effect\":\"Allow\",\"Resource\":[\"arn:aws:elasticloadbalancing:*:*:targetgroup/*/*\",\"arn:aws:elasticloadbalancing:*:*:loadbalancer/net/*/*\",\"arn:aws:elasticloadbalancing:*:*:loadbalancer/app/*/*\"]},{\"Action\":[\"elasticloadbalancing:RegisterTargets\",\"elasticloadbalancing:DeregisterTargets\"],\"Effect\":\"Allow\",\"Resource\":\"arn:aws:elasticloadbalancing:*:*:targetgroup/*/*\"},{\"Action\":[\"elasticloadbalancing:SetWebAcl\",\"elasticloadbalancing:ModifyListener\",\"elasticloadbalancing:AddListenerCertificates\",\"elasticloadbalancing:RemoveListenerCertificates\",\"elasticloadbalancing:ModifyRule\",\"elasticloadbalancing:SetRulePriorities\"],\"Effect\":\"Allow\",\"Resource\":\"*\"}],\"Version\":\"2012-10-17\"}",
            "policy_id": "ANPAVVZPCPHRUMVJHNAPB",
            "tags": null,
            "tags_all": {}
          },
          "sensitive_attributes": [],
          "private": "bnVsbA=="
        }
      ]
    },
    {
      "module": "module.iam",
      "mode": "managed",
      "type": "aws_iam_policy",
      "name": "bastion_inline_policy",
      "provider": "provider[\"registry.terraform.io/hashicorp/aws\"]",
      "instances": [
        {
          "schema_version": 0,
          "attributes": {
            "arn": "arn:aws:iam::390403881443:policy/bastion-inline-policy",
            "attachment_count": 0,
            "description": "Access to EKS and private Helm S3 repo",
            "id": "arn:aws:iam::390403881443:policy/bastion-inline-policy",
            "name": "bastion-inline-policy",
            "name_prefix": "",
            "path": "/",
            "policy": "{\"Statement\":[{\"Action\":[\"eks:DescribeCluster\",\"eks:ListClusters\",\"eks:AccessKubernetesApi\"],\"Effect\":\"Allow\",\"Resource\":\"*\"},{\"Action\":[\"sts:GetCallerIdentity\"],\"Effect\":\"Allow\",\"Resource\":\"*\"},{\"Action\":[\"s3:GetObject\",\"s3:ListBucket\"],\"Effect\":\"Allow\",\"Resource\":[\"arn:aws:s3:::lovebridge-helm-chart-bucket\",\"arn:aws:s3:::lovebridge-helm-chart-bucket/*\"]}],\"Version\":\"2012-10-17\"}",
            "policy_id": "ANPAVVZPCPHRYJHDELOOL",
            "tags": null,
            "tags_all": {}
          },
          "sensitive_attributes": [],
          "private": "bnVsbA=="
        }
      ]
    },
    {
      "module": "module.iam",
      "mode": "managed",
      "type": "aws_iam_role",
      "name": "bastion_role",
      "provider": "provider[\"registry.terraform.io/hashicorp/aws\"]",
      "instances": [
        {
          "schema_version": 0,
          "attributes": {
            "arn": "arn:aws:iam::390403881443:role/bastion-role",
            "assume_role_policy": "{\"Statement\":[{\"Action\":\"sts:AssumeRole\",\"Effect\":\"Allow\",\"Principal\":{\"Service\":\"ec2.amazonaws.com\"}}],\"Version\":\"2012-10-17\"}",
            "create_date": "2025-12-01T13:46:31Z",
            "description": "",
            "force_detach_policies": false,
            "id": "bastion-role",
            "inline_policy": [],
            "managed_policy_arns": [],
            "max_session_duration": 3600,
            "name": "bastion-role",
            "name_prefix": "",
            "path": "/",
            "permissions_boundary": "",
            "tags": null,
            "tags_all": {},
            "unique_id": "AROAVVZPCPHRWK3CV5S4A"
          },
          "sensitive_attributes": [],
          "private": "bnVsbA=="
        }
      ]
    },
    {
      "module": "module.iam",
      "mode": "managed",
      "type": "aws_iam_role",
      "name": "k3s_nodes_role",
      "provider": "provider[\"registry.terraform.io/hashicorp/aws\"]",
      "instances": [
        {
          "schema_version": 0,
          "attributes": {
            "arn": "arn:aws:iam::390403881443:role/k3s-nodes-role",
            "assume_role_policy": "{\"Statement\":[{\"Action\":\"sts:AssumeRole\",\"Effect\":\"Allow\",\"Principal\":{\"Service\":\"ec2.amazonaws.com\"}}],\"Version\":\"2012-10-17\"}",
            "create_date": "2025-12-01T13:46:31Z",
            "description": "",
            "force_detach_policies": false,
            "id": "k3s-nodes-role",
            "inline_policy": [],
            "managed_policy_arns": [],
            "max_session_duration": 3600,
            "name": "k3s-nodes-role",
            "name_prefix": "",
            "path": "/",
            "permissions_boundary": "",
            "tags": null,
            "tags_all": {},
            "unique_id": "AROAVVZPCPHRVMSLLUXWO"
          },
          "sensitive_attributes": [],
          "private": "bnVsbA=="
        }
      ]
    },
    {
      "module": "module.iam",
      "mode": "managed",
      "type": "aws_iam_role_policy_attachment",
      "name": "alb_to_nodes",
      "provider": "provider[\"registry.terraform.io/hashicorp/aws\"]",
      "instances": [
        {
          "schema_version": 0,
          "attributes": {
            "id": "k3s-nodes-role/arn:aws:iam::390403881443:policy/AWSLoadBalancerControllerIAMPolicy-k3s",
            "policy_arn": "arn:aws:iam::390403881443:policy/AWSLoadBalancerControllerIAMPolicy-k3s",
            "role": "k3s-nodes-role"
          },
          "sensitive_attributes": [],
          "private": "bnVsbA==",
          "dependencies": [
            "module.iam.aws_iam_policy.alb_controller",
            "module.iam.aws_iam_role.k3s_nodes_role"
          ]
        }
      ]
    },
    {
      "module": "module.iam",
      "mode": "managed",
      "type": "aws_iam_role_policy_attachment",
      "name": "bastion_policy_attach",
      "provider": "provider[\"registry.terraform.io/hashicorp/aws\"]",
      "instances": [
        {
          "schema_version": 0,
          "attributes": {
            "id": "bastion-role/arn:aws:iam::390403881443:policy/bastion-inline-policy",
            "policy_arn": "arn:aws:iam::390403881443:policy/bastion-inline-policy",
            "role": "bastion-role"
          },
          "sensitive_attributes": [],
          "private": "bnVsbA==",
          "dependencies": [
            "module.iam.aws_iam_policy.bastion_inline_policy",
            "module.iam.aws_iam_role.bastion_role"
          ]
        }
      ]
    },
    {
      "module": "module.iam",
      "mode": "managed",
      "type": "aws_iam_role_policy_attachment",
      "name": "bastion_ssm_core",
      "provider": "provider[\"registry.terraform.io/hashicorp/aws\"]",
      "instances": [
        {
          "schema_version": 0,
          "attributes": {
            "id": "bastion-role/arn:aws:iam::aws:policy/AmazonSSMManagedInstanceCore",
            "policy_arn": "arn:aws:iam::aws:policy/AmazonSSMManagedInstanceCore",
            "role": "bastion-role"
          },
          "sensitive_attributes": [],
          "private": "bnVsbA==",
          "dependencies": [
            "module.iam.aws_iam_role.bastion_role"
          ]
        }
      ]
    },
    {
      "module": "module.igw",
      "mode": "managed",
      "type": "aws_internet_gateway",
      "name": "igw",
      "provider": "provider[\"registry.terraform.io/hashicorp/aws\"]",
      "instances": [
        {
          "schema_version": 0,
          "attributes": {
            "arn": "arn:aws:ec2:ap-northeast-2:390403881443:internet-gateway/igw-0436b4eaff8820f35",
            "id": "igw-0436b4eaff8820f35",
            "owner_id": "390403881443",
            "region": "ap-northeast-2",
            "tags": {
              "Name": "p-igw"
            },
            "tags_all": {
              "Name": "p-igw"
            },
            "timeouts": null,
            "vpc_id": "vpc-0a3df384489793f2f"
          },
          "sensitive_attributes": [],
          "private": "eyJlMmJmYjczMC1lY2FhLTExZTYtOGY4OC0zNDM2M2JjN2M0YzAiOnsiY3JlYXRlIjoxMjAwMDAwMDAwMDAwLCJkZWxldGUiOjEyMDAwMDAwMDAwMDAsInVwZGF0ZSI6MTIwMDAwMDAwMDAwMH19",
          "dependencies": [
            "module.vpc.aws_vpc.project"
          ]
        }
      ]
    },
    {
      "module": "module.instance",
      "mode": "managed",
      "type": "aws_instance",
      "name": "bastion",
      "provider": "provider[\"registry.terraform.io/hashicorp/aws\"]",
      "instances": [
        {
          "schema_version": 2,
          "attributes": {
            "ami": "ami-087cb4927748e0457",
            "arn": "arn:aws:ec2:ap-northeast-2:390403881443:instance/i-0052beed5ab90cf0f",
            "associate_public_ip_address": true,
            "availability_zone": "ap-northeast-2a",
            "capacity_reservation_specification": [
              {
                "capacity_reservation_preference": "open",
                "capacity_reservation_target": []
              }
            ],
            "cpu_options": [
              {
                "amd_sev_snp": "",
                "core_count": 1,
                "threads_per_core": 1
              }
            ],
            "credit_specification": [
              {
                "cpu_credits": "standard"
              }
            ],
            "disable_api_stop": false,
            "disable_api_termination": false,
            "ebs_block_device": [],
            "ebs_optimized": false,
            "enable_primary_ipv6": null,
            "enclave_options": [
              {
                "enabled": false
              }
            ],
            "ephemeral_block_device": [],
            "force_destroy": false,
            "get_password_data": false,
            "hibernation": false,
            "host_id": "",
            "host_resource_group_arn": null,
            "iam_instance_profile": "bastion-instance-profile",
            "id": "i-0052beed5ab90cf0f",
            "instance_initiated_shutdown_behavior": "stop",
            "instance_lifecycle": "",
            "instance_market_options": [],
            "instance_state": "running",
            "instance_type": "t2.micro",
            "ipv6_address_count": 0,
            "ipv6_addresses": [],
            "key_name": "bastion_key.pem",
            "launch_template": [],
            "maintenance_options": [
              {
                "auto_recovery": "default"
              }
            ],
            "metadata_options": [
              {
                "http_endpoint": "enabled",
                "http_protocol_ipv6": "disabled",
                "http_put_response_hop_limit": 1,
                "http_tokens": "optional",
                "instance_metadata_tags": "disabled"
              }
            ],
            "monitoring": false,
            "network_interface": [],
            "outpost_arn": "",
            "password_data": "",
            "placement_group": "",
            "placement_partition_number": 0,
            "primary_network_interface_id": "eni-0557c0f4ecec916da",
            "private_dns": "ip-10-0-1-214.ap-northeast-2.compute.internal",
            "private_dns_name_options": [
              {
                "enable_resource_name_dns_a_record": false,
                "enable_resource_name_dns_aaaa_record": false,
                "hostname_type": "ip-name"
              }
            ],
            "private_ip": "10.0.1.214",
            "public_dns": "",
            "public_ip": "52.79.146.26",
            "region": "ap-northeast-2",
            "root_block_device": [
              {
                "delete_on_termination": true,
                "device_name": "/dev/sda1",
                "encrypted": false,
                "iops": 3000,
                "kms_key_id": "",
                "tags": {},
                "tags_all": {},
                "throughput": 125,
                "volume_id": "vol-04bc3c3b094e33335",
                "volume_size": 15,
                "volume_type": "gp3"
              }
            ],
            "secondary_private_ips": [],
            "security_groups": [],
            "source_dest_check": true,
            "spot_instance_request_id": "",
            "subnet_id": "subnet-0233733ed00ee4a87",
            "tags": {
              "Name": "bastion-host"
            },
            "tags_all": {
              "Name": "bastion-host"
            },
            "tenancy": "default",
            "timeouts": null,
            "user_data": "#!/bin/bash\nset -e\n\n# 로그 남기기\nexec \u003e /var/log/user-data.log 2\u003e\u00261\n\nSOURCE_AUTH_KEYS=\"/home/ubuntu/.ssh/authorized_keys\"\nUSERS=\"hansu minji hoju jisu\"\n\n# ubuntu 계정의 authorized_keys가 존재하는지 확인\nif [ ! -f \"$SOURCE_AUTH_KEYS\" ]; then\n  echo \"[$(date)] $SOURCE_AUTH_KEYS not found, skipping copy\"\n  exit 0\nfi\n\nfor u in $USERS; do\n  echo \"[$(date)] Setting up SSH for user: $u\"\n\n  # 유저 없으면 생성\n  if ! id -u \"$u\" \u003e/dev/null 2\u003e\u00261; then\n    useradd -m -s /bin/bash \"$u\"\n  fi\n\n  HOME_DIR=$(getent passwd \"$u\" | cut -d: -f6)\n  SSH_DIR=\"$HOME_DIR/.ssh\"\n  AUTH_KEYS=\"$SSH_DIR/authorized_keys\"\n\n  mkdir -p \"$SSH_DIR\"\n\n  # ubuntu의 authorized_keys를 그대로 복제\n  cat \"$SOURCE_AUTH_KEYS\" \u003e \"$AUTH_KEYS\"\n\n  chown -R \"$u:$u\" \"$SSH_DIR\"\n  chmod 700 \"$SSH_DIR\"\n  chmod 600 \"$AUTH_KEYS\"\ndone\n",
            "user_data_base64": null,
            "user_data_replace_on_change": false,
            "volume_tags": null,
            "vpc_security_group_ids": [
              "sg-0afbe50d6bf74526e"
            ]
          },
          "sensitive_attributes": [],
          "private": "eyJlMmJmYjczMC1lY2FhLTExZTYtOGY4OC0zNDM2M2JjN2M0YzAiOnsiY3JlYXRlIjo2MDAwMDAwMDAwMDAsImRlbGV0ZSI6MTIwMDAwMDAwMDAwMCwicmVhZCI6OTAwMDAwMDAwMDAwLCJ1cGRhdGUiOjYwMDAwMDAwMDAwMH0sInNjaGVtYV92ZXJzaW9uIjoiMiJ9",
          "dependencies": [
            "module.iam.aws_iam_instance_profile.bastion_profile",
            "module.iam.aws_iam_instance_profile.k3s_nodes_instance_profile",
            "module.iam.aws_iam_policy.alb_controller",
            "module.iam.aws_iam_policy.bastion_inline_policy",
            "module.iam.aws_iam_role.bastion_role",
            "module.iam.aws_iam_role.k3s_nodes_role",
            "module.iam.aws_iam_role_policy_attachment.alb_to_nodes",
            "module.iam.aws_iam_role_policy_attachment.bastion_policy_attach",
            "module.iam.aws_iam_role_policy_attachment.bastion_ssm_core",
            "module.key.aws_key_pair.bastion_key",
            "module.key.tls_private_key.bastion_key",
            "module.sg.aws_security_group.bastion_sg",
            "module.subnet.aws_subnet.public",
            "module.vpc.aws_vpc.project"
          ]
        }
      ]
    },
    {
      "module": "module.instance",
      "mode": "managed",
      "type": "aws_instance",
      "name": "kubernetes-master",
      "provider": "provider[\"registry.terraform.io/hashicorp/aws\"]",
      "instances": [
        {
          "schema_version": 2,
          "attributes": {
            "ami": "ami-07dc583b21318d8fc",
            "arn": "arn:aws:ec2:ap-northeast-2:390403881443:instance/i-0b32d1b57e96fba8c",
            "associate_public_ip_address": false,
            "availability_zone": "ap-northeast-2a",
            "capacity_reservation_specification": [
              {
                "capacity_reservation_preference": "open",
                "capacity_reservation_target": []
              }
            ],
            "cpu_options": [
              {
                "amd_sev_snp": "",
                "core_count": 1,
                "threads_per_core": 2
              }
            ],
            "credit_specification": [
              {
                "cpu_credits": "unlimited"
              }
            ],
            "disable_api_stop": false,
            "disable_api_termination": false,
            "ebs_block_device": [],
            "ebs_optimized": false,
            "enable_primary_ipv6": null,
            "enclave_options": [
              {
                "enabled": false
              }
            ],
            "ephemeral_block_device": [],
            "force_destroy": false,
            "get_password_data": false,
            "hibernation": false,
            "host_id": "",
            "host_resource_group_arn": null,
            "iam_instance_profile": "k3s-nodes-instance-profile",
            "id": "i-0b32d1b57e96fba8c",
            "instance_initiated_shutdown_behavior": "stop",
            "instance_lifecycle": "",
            "instance_market_options": [],
            "instance_state": "running",
            "instance_type": "t3.small",
            "ipv6_address_count": 0,
            "ipv6_addresses": [],
            "key_name": "ec2_key.pem",
            "launch_template": [],
            "maintenance_options": [
              {
                "auto_recovery": "default"
              }
            ],
            "metadata_options": [
              {
                "http_endpoint": "enabled",
                "http_protocol_ipv6": "disabled",
                "http_put_response_hop_limit": 2,
                "http_tokens": "required",
                "instance_metadata_tags": "disabled"
              }
            ],
            "monitoring": false,
            "network_interface": [],
            "outpost_arn": "",
            "password_data": "",
            "placement_group": "",
            "placement_partition_number": 0,
            "primary_network_interface_id": "eni-0dd992926410cd8b0",
            "private_dns": "ip-10-0-11-111.ap-northeast-2.compute.internal",
            "private_dns_name_options": [
              {
                "enable_resource_name_dns_a_record": false,
                "enable_resource_name_dns_aaaa_record": false,
                "hostname_type": "ip-name"
              }
            ],
            "private_ip": "10.0.11.111",
            "public_dns": "",
            "public_ip": "",
            "region": "ap-northeast-2",
            "root_block_device": [
              {
                "delete_on_termination": true,
                "device_name": "/dev/sda1",
                "encrypted": false,
                "iops": 100,
                "kms_key_id": "",
                "tags": {},
                "tags_all": {},
                "throughput": 0,
                "volume_id": "vol-0dbb17a2b5d18301b",
                "volume_size": 30,
                "volume_type": "gp2"
              }
            ],
            "secondary_private_ips": [],
            "security_groups": [],
            "source_dest_check": true,
            "spot_instance_request_id": "",
            "subnet_id": "subnet-087b6b9a2fc245c9b",
            "tags": {
              "Name": "kubernetes-master"
            },
            "tags_all": {
              "Name": "kubernetes-master"
            },
            "tenancy": "default",
            "timeouts": null,
            "user_data": null,
            "user_data_base64": null,
            "user_data_replace_on_change": false,
            "volume_tags": null,
            "vpc_security_group_ids": [
              "sg-0f56bf022a96fb80c"
            ]
          },
          "sensitive_attributes": [],
          "private": "eyJlMmJmYjczMC1lY2FhLTExZTYtOGY4OC0zNDM2M2JjN2M0YzAiOnsiY3JlYXRlIjo2MDAwMDAwMDAwMDAsImRlbGV0ZSI6MTIwMDAwMDAwMDAwMCwicmVhZCI6OTAwMDAwMDAwMDAwLCJ1cGRhdGUiOjYwMDAwMDAwMDAwMH0sInNjaGVtYV92ZXJzaW9uIjoiMiJ9",
          "dependencies": [
            "module.iam.aws_iam_instance_profile.bastion_profile",
            "module.iam.aws_iam_instance_profile.k3s_nodes_instance_profile",
            "module.iam.aws_iam_policy.alb_controller",
            "module.iam.aws_iam_policy.bastion_inline_policy",
            "module.iam.aws_iam_role.bastion_role",
            "module.iam.aws_iam_role.k3s_nodes_role",
            "module.iam.aws_iam_role_policy_attachment.alb_to_nodes",
            "module.iam.aws_iam_role_policy_attachment.bastion_policy_attach",
            "module.iam.aws_iam_role_policy_attachment.bastion_ssm_core",
            "module.key.aws_key_pair.ec2_key",
            "module.key.tls_private_key.ec2_key",
            "module.sg.aws_security_group.bastion_sg",
            "module.sg.aws_security_group.k3s_master_sg",
            "module.subnet.aws_subnet.private",
            "module.vpc.aws_vpc.project"
          ]
        }
      ]
    },
    {
      "module": "module.instance",
      "mode": "managed",
      "type": "aws_instance",
      "name": "kubernetes-worker",
      "provider": "provider[\"registry.terraform.io/hashicorp/aws\"]",
      "instances": [
        {
          "schema_version": 2,
          "attributes": {
            "ami": "ami-0439aa53de3634d96",
            "arn": "arn:aws:ec2:ap-northeast-2:390403881443:instance/i-0fd506ae61bf7ce30",
            "associate_public_ip_address": false,
            "availability_zone": "ap-northeast-2a",
            "capacity_reservation_specification": [
              {
                "capacity_reservation_preference": "open",
                "capacity_reservation_target": []
              }
            ],
            "cpu_options": [
              {
                "amd_sev_snp": "",
                "core_count": 1,
                "threads_per_core": 2
              }
            ],
            "credit_specification": [
              {
                "cpu_credits": "unlimited"
              }
            ],
            "disable_api_stop": false,
            "disable_api_termination": false,
            "ebs_block_device": [],
            "ebs_optimized": false,
            "enable_primary_ipv6": null,
            "enclave_options": [
              {
                "enabled": false
              }
            ],
            "ephemeral_block_device": [],
            "force_destroy": false,
            "get_password_data": false,
            "hibernation": false,
            "host_id": "",
            "host_resource_group_arn": null,
            "iam_instance_profile": "k3s-nodes-instance-profile",
            "id": "i-0fd506ae61bf7ce30",
            "instance_initiated_shutdown_behavior": "stop",
            "instance_lifecycle": "",
            "instance_market_options": [],
            "instance_state": "running",
            "instance_type": "t3.large",
            "ipv6_address_count": 0,
            "ipv6_addresses": [],
            "key_name": "ec2_key.pem",
            "launch_template": [],
            "maintenance_options": [
              {
                "auto_recovery": "default"
              }
            ],
            "metadata_options": [
              {
                "http_endpoint": "enabled",
                "http_protocol_ipv6": "disabled",
                "http_put_response_hop_limit": 2,
                "http_tokens": "required",
                "instance_metadata_tags": "disabled"
              }
            ],
            "monitoring": false,
            "network_interface": [],
            "outpost_arn": "",
            "password_data": "",
            "placement_group": "",
            "placement_partition_number": 0,
            "primary_network_interface_id": "eni-04d79baf16d8123df",
            "private_dns": "ip-10-0-11-187.ap-northeast-2.compute.internal",
            "private_dns_name_options": [
              {
                "enable_resource_name_dns_a_record": false,
                "enable_resource_name_dns_aaaa_record": false,
                "hostname_type": "ip-name"
              }
            ],
            "private_ip": "10.0.11.187",
            "public_dns": "",
            "public_ip": "",
            "region": "ap-northeast-2",
            "root_block_device": [
              {
                "delete_on_termination": true,
                "device_name": "/dev/sda1",
                "encrypted": false,
                "iops": 180,
                "kms_key_id": "",
                "tags": {},
                "tags_all": {},
                "throughput": 0,
                "volume_id": "vol-095d470e10cddf7b7",
                "volume_size": 60,
                "volume_type": "gp2"
              }
            ],
            "secondary_private_ips": [],
            "security_groups": [],
            "source_dest_check": true,
            "spot_instance_request_id": "",
            "subnet_id": "subnet-087b6b9a2fc245c9b",
            "tags": {
              "Name": "kubernetes-worker"
            },
            "tags_all": {
              "Name": "kubernetes-worker"
            },
            "tenancy": "default",
            "timeouts": null,
            "user_data": null,
            "user_data_base64": null,
            "user_data_replace_on_change": false,
            "volume_tags": null,
            "vpc_security_group_ids": [
              "sg-08a30fc9ca9880fc4"
            ]
          },
          "sensitive_attributes": [],
          "private": "eyJlMmJmYjczMC1lY2FhLTExZTYtOGY4OC0zNDM2M2JjN2M0YzAiOnsiY3JlYXRlIjo2MDAwMDAwMDAwMDAsImRlbGV0ZSI6MTIwMDAwMDAwMDAwMCwicmVhZCI6OTAwMDAwMDAwMDAwLCJ1cGRhdGUiOjYwMDAwMDAwMDAwMH0sInNjaGVtYV92ZXJzaW9uIjoiMiJ9",
          "dependencies": [
            "module.iam.aws_iam_instance_profile.bastion_profile",
            "module.iam.aws_iam_instance_profile.k3s_nodes_instance_profile",
            "module.iam.aws_iam_policy.alb_controller",
            "module.iam.aws_iam_policy.bastion_inline_policy",
            "module.iam.aws_iam_role.bastion_role",
            "module.iam.aws_iam_role.k3s_nodes_role",
            "module.iam.aws_iam_role_policy_attachment.alb_to_nodes",
            "module.iam.aws_iam_role_policy_attachment.bastion_policy_attach",
            "module.iam.aws_iam_role_policy_attachment.bastion_ssm_core",
            "module.key.aws_key_pair.ec2_key",
            "module.key.tls_private_key.ec2_key",
            "module.sg.aws_security_group.bastion_sg",
            "module.sg.aws_security_group.k3s_worker_sg",
            "module.subnet.aws_subnet.private",
            "module.vpc.aws_vpc.project"
          ]
        }
      ]
    },
    {
      "module": "module.key",
      "mode": "managed",
      "type": "aws_key_pair",
      "name": "bastion_key",
      "provider": "provider[\"registry.terraform.io/hashicorp/aws\"]",
      "instances": [
        {
          "schema_version": 1,
          "attributes": {
            "arn": "arn:aws:ec2:ap-northeast-2:390403881443:key-pair/bastion_key.pem",
            "fingerprint": "e3:f3:6a:d8:3a:9b:a3:f7:c2:6d:8c:92:f9:c8:19:97",
            "id": "bastion_key.pem",
            "key_name": "bastion_key.pem",
            "key_name_prefix": "",
            "key_pair_id": "key-014c309ff2970cab6",
            "key_type": "rsa",
            "public_key": "ssh-rsa AAAAB3NzaC1yc2EAAAADAQABAAACAQDWM+3pIDgJVDJwywrv2dcFLreFiIvoYQr8ozREPonCVpVYjn6qKp5L6CbNrPl+KuWfFw8IYhSbVWSLgBbhIH2RZVwG087k2I8ZBX3LBndWu/Ach7Ld4OKtCBxlgB8oqvgdMZPP/MXA3Zz0Gwjj1dyKf52Mr4b+3VpOZIkkKsjmIELZIWBYOwtQFbXfx6ry3aWmhE8ucMMnY4WCJhkSBpjPu7zNfPLDfuFoNf174jRuRH/hd2y5eYZTlB3QFRWbBjoKeAEN9kRx4/qvbZi4rRpYjOTGVhdz2/BY07Flt/JWlsO8qVnsMElhdcPPdZagzXzT1aBnmUCbLCaqSD0NKgtPmLearSmAh0GpC5TY6aYvhITvU3JX+I5CiUpZvDhj/bZnt95YyJHiVvgehtH3om+X+mrHVjBkwRVvc/7iuc368+rWLh+9O8HI9qgjBsiVDZHOJl9UXo987EoZr4tJDnNlZIGQojHxTojUDzVssUb7QzELzE4gkDUDQvAMBbGg0bSy8C0Warl2Z+H9rThMYkxMRVQZ6qpXQ/Xv089IuXViS36lzh6tQm5XKF4O//wkpkr/UAsfwMf6/sMqz6BvL13356FM/NejI3ZLokQQPXibSTDWbDKqULbzKBMJw7DXXxSJuyfvhSTWKrFuLvq5jw5IgDVhfKI9hnadMYfL9l7myQ==",
            "region": "ap-northeast-2",
            "tags": null,
            "tags_all": {}
          },
          "sensitive_attributes": [],
          "private": "eyJzY2hlbWFfdmVyc2lvbiI6IjEifQ==",
          "dependencies": [
            "module.key.tls_private_key.bastion_key"
          ]
        }
      ]
    },
    {
      "module": "module.key",
      "mode": "managed",
      "type": "aws_key_pair",
      "name": "ec2_key",
      "provider": "provider[\"registry.terraform.io/hashicorp/aws\"]",
      "instances": [
        {
          "schema_version": 1,
          "attributes": {
            "arn": "arn:aws:ec2:ap-northeast-2:390403881443:key-pair/ec2_key.pem",
            "fingerprint": "cc:00:d1:8d:5a:3f:33:23:fb:04:17:97:ae:eb:32:66",
            "id": "ec2_key.pem",
            "key_name": "ec2_key.pem",
            "key_name_prefix": "",
            "key_pair_id": "key-09fa802940a359e8a",
            "key_type": "rsa",
            "public_key": "ssh-rsa AAAAB3NzaC1yc2EAAAADAQABAAACAQDX8IigAeymSsy5IP3YPr72zPAn7h1myLaoLR4RFSkvK9YS3GXZ+MkUSTk5zuHSXs54NPDEouY1bEx+Pop+DqjgAVnosliOhYvzMiuFaXsr+rxNAM/tkCqKDggYGaDBcywJc0ZCmWSa0xYfJ7JU73OEXGBhb3GNLUcRaAI0dQ4JyYJZ8RMO68+KPEyXjf/RJiti64coVAkibeNZZgt/KqcxTUqdUxNRTKm7a4juliMa8Lb+6DbjmIrttIJ9IYbooYgQEZB0cWO8VCPHCo5+H95M/Oj8GgDG18VZRsLIPSO0TM62Fylbg8e7/t/TkTD9z2tb104nAGnAAw9TWfuX7Q9yT6uIMvLG2ZMdC/kT7THmgk+EREcVStdEu8Dc0EZEBCMS5wdE7W42ngfIXHBzJZRKuWsIPO8jj5rHKY9imYK0+0US/Gd18KNXH8w2CnxgzZst1k6neOhHAQkoFQ73ka6+Dgshg2DpCjjyInZ9ze3bue2sJYPKmNuhUOY0UfZsFgexjyZpZCyH2gkvXJkrfi6N6S/a0y1BbJm3EHZWlEokplCQIHXl5BrU6LGLKUCo6yRVFP4j/a+ZZaCSJQT0L6cr56cwt7TNpR40Xvmnxj84ReRFGj+bMPAYq/HYpOjeTLxwhdkCVWrCsWtus/nnGq8x/s5IihlLTs+TiuSVQJdfXQ==",
            "region": "ap-northeast-2",
            "tags": null,
            "tags_all": {}
          },
          "sensitive_attributes": [],
          "private": "eyJzY2hlbWFfdmVyc2lvbiI6IjEifQ==",
          "dependencies": [
            "module.key.tls_private_key.ec2_key"
          ]
        }
      ]
    },
    {
      "module": "module.key",
      "mode": "managed",
      "type": "local_file",
      "name": "bastion_private_key",
      "provider": "provider[\"registry.terraform.io/hashicorp/local\"]",
      "instances": [
        {
          "schema_version": 0,
          "attributes": {
            "content": "-----BEGIN RSA PRIVATE KEY-----\nMIIJKAIBAAKCAgEA1jPt6SA4CVQycMsK79nXBS63hYiL6GEK/KM0RD6JwlaVWI5+\nqiqeS+gmzaz5firlnxcPCGIUm1Vki4AW4SB9kWVcBtPO5NiPGQV9ywZ3VrvwHIey\n3eDirQgcZYAfKKr4HTGTz/zFwN2c9BsI49Xcin+djK+G/t1aTmSJJCrI5iBC2SFg\nWDsLUBW138eq8t2lpoRPLnDDJ2OFgiYZEgaYz7u8zXzyw37haDX9e+I0bkR/4Xds\nuXmGU5Qd0BUVmwY6CngBDfZEceP6r22YuK0aWIzkxlYXc9vwWNOxZbfyVpbDvKlZ\n7DBJYXXDz3WWoM1809WgZ5lAmywmqkg9DSoLT5i3mq0pgIdBqQuU2OmmL4SE71Ny\nV/iOQolKWbw4Y/22Z7feWMiR4lb4HobR96Jvl/pqx1YwZMEVb3P+4rnN+vPq1i4f\nvTvByPaoIwbIlQ2RziZfVF6PfOxKGa+LSQ5zZWSBkKIx8U6I1A81bLFG+0MxC8xO\nIJA1A0LwDAWxoNG0svAtFmq5dmfh/a04TGJMTEVUGeqqV0P179PPSLl1Ykt+pc4e\nrUJuVyheDv/8JKZK/1ALH8DH+v7DKs+gby9d9+ehTPzXoyN2S6JEED14m0kw1mwy\nqlC28ygTCcOw118Uibsn74Uk1iqxbi76uY8OSIA1YXyiPYZ2nTGHy/Ze5skCAwEA\nAQKCAgABs1T7VRncyRjns8KrUxTVofvibYEVslZjIn5FKP+njL2P7Y9jTCq/Q4X7\nVuI1Uey4LcCvXuyJPgQFeKMjk4tQOi8zaz8Nhgu/ERs8jRlylWY7c8BWV75rzT4c\neCzHJrsthwLyQTBUJaUb6dwsfky5EC9w3sUCKYqQkMILrXWP+9onb7SurFlTgAHE\nMwlQG7U3hqKEk5SZCys4dG6wO/JQ6HISadc91FzlLOZERcu+ehMGZcbjehBc78jy\nhRhU0LwgFSaqtNoVroaDPpfIFB6WSDyjAL2uWhKk+L3WXb/EMxI1mFzf0kpQj3la\nMto2bAah9HbIrg1bQEvokirQxMvSv6fFC9vgujPtKSYKxRPByskCK86lf+nKJuLG\ncDlMnWkUjfv63hhnNC5jVyS3BQ9NwWDR7+BSXnYpT0npuOHkh2vU+BFak+7vP/hM\n3QKoG4QdEXStSAtMQRlgtuHxDUxDtBIXMWhZZ3QBYC1BiYXpsNaZqXudy5vyxr73\n8BjqxYgUpLlufyCSKDYGhBZrnbM3+OaOZ++xqJKOMADdNLLICwmyPOxNcH5w2Y62\nTA2MhRFLZUSj9mfGxSlBAmlb+K1DsDA8zn8KEtEvzP61pZ/Pn1Uaj0uesx3WiI59\nz4/R62vMmLsdJFHucTGljG6m4+JPi06OlEMsSJG4yZiqCw7HYQKCAQEA8Chd7uic\n9qmE3avmoN6Ua1MKyqZR33Jwm1LIJNeDnY99tesD7aqLPergdBNsGxg3lERucSJ7\nO79cGHtLIe/xidgT/QW1sh/TJO+m2oEhNx9jK4S/yrwRpakDX0sO8+M0/DvKxwJk\nFtpxGJuslIYc77wVv3WlbZV3Bh32aL+hkyu376MxBHt/pSisinmQl7ozJdEYIVRQ\n43JrumBaBef13zulVCqH72AZ6WcgsNz4EX/hCj3BzFZg7VvuUQJgVzftTNztpSl1\n9t2/Ey8mmERNVBUvZnDyZxQJrlCPS0mMexA8lfN1eo0JRKhK4HtJsPrdwIAIt9Lw\nESW9AZZtWfEnTQKCAQEA5FVA3LoQOvB1eBuYmsLR8JgwDB6++CPxFmuZrOBAvzHl\njCktUIILUVhEfUdASZtwXvpmnD7+yPn3Xv1CtkgvSY/TQGgoFOiDOLUfcmJ04JnG\nSfyFCjEuWV37DZLH505TY1Ad04nT4w9m81ZpaVwtPqXrLzi2j49U7ahqtAB4oIXx\nL+C8xv/lyYXJjxhKJEXsW/uvua6mgm3qBw/dxAG96KofqXxVAvuVZEs2DR+8X+Km\nFEyw8i6rLe34ehP1YZeXvK8ToSPYMVFkQ1aHoszI92v6VPTkiVqvOJZvnorVdNBq\n+BR8kboCMBQo5B580YkVmouCZlHqeYfg8ctPAK5XbQKCAQEAqOUauowo52fsoyDj\nvzsJ0jjCnCY/6g9HllSvoQlX7JUfabLwPlL0PgVS+Q83tg5f+AvwR+xiEnDPyf/b\npPBkQ/cMh6NeVvj+uzk3dO/fdi7CxbZEU8XT+1dToc7dozOk7cb3IuJRlajmZNIG\nmyV+cDMscEvCncDBxjGIO76ZWTEj2IpCTM61xGdIgNJhl/NBSVU1zSrJAExV6usc\nJI8vYWFHMlv+4aAKWRVH7lpYs6XllBg+lQAihotinOI48t3IK4gsMT1pUsY8PLeq\nQue2Im4LudWxBEEZVdgeDmqZO2r90M85TYimffyFPD44YxjqnxjsCKt2XfjWZalv\nGhP4+QKCAQBGMj+CnGEo/YvfpPxBd+t7AA6laz5iowoXTnUsRLUjEn/zmyUnPxOj\nqnND4IfPGU5upKSvHF7QAqkeNtYvm/mNr/3OKzdHVkQhRu2oCMTN1/ix/kQYYg5R\nwybPgXSbk+Tm/1ZsFk9h2vZXkRVPItt2CyRGnDTj5bjCZ6iGNi7fis4fXgQrWbiX\nP947c8g3ZpfHn5TijOL77jaofSQ8ghyUTtj1DhhElnvTHZw8ZKlRASj1zK4Jhndx\n41skjMY/fo9Tnq92NsLcRp2AZjXEwxh1mGiZfcBUyeBckUM3ho8hHoIESqgRVRIf\nHdOEbisJcA+IN6ObOUvQmQl6zHo5R1/xAoIBAFK6LQZo3CrOCUuu3eHNM6x9ZmG0\nuFoI7DhmtEOwqkWSYeXECYoygQHcCYkTNdk7hBHOUgydZ/JC3apifSpzoKYNz8Up\nu3PROjlc7ORgJT2fshCYX19Ue+h5WUe/uy3IiJ/Y1aJkGnu762A7DsoLAQ088zDC\nm5b0yrvsiUAD4E74Sszk9OrS5w1rNOXuMM4BnsgGfL9fKgGcMJ7HEF4mFEDeS+DG\nYoyVax5LO7ACnJ/1POA8lEiXeCPzHQwopvWZHDGEYao3g2ShGQjX4ZO0zDr8OrBY\nX7iZTUprYVU+h/CYjIeqGXX6Av3djfb8Kdov05rSCq8+mb2AulEGCWl29GA=\n-----END RSA PRIVATE KEY-----\n",
            "content_base64": null,
            "content_base64sha256": "4BW1R9HuVLYHfoiA5O/AXX6zm0+ATvOi7IVdcps2Ltc=",
            "content_base64sha512": "knKY3k9+AY/3fnfxQLDLHqL1AZ6gwjFwOYrLMXmntAQDCFijA0I4tGrWARUrnFeGH0T4kov7V5ZHUXOT/lsSJA==",
            "content_md5": "852406fc5009780714b88990f6e2d725",
            "content_sha1": "3fb6a0fe313ff70a5755a46e76120bb272ec99d4",
            "content_sha256": "e015b547d1ee54b6077e8880e4efc05d7eb39b4f804ef3a2ec855d729b362ed7",
            "content_sha512": "927298de4f7e018ff77e77f140b0cb1ea2f5019ea0c23170398acb3179a7b404030858a3034238b46ad601152b9c57861f44f8928bfb579647517393fe5b1224",
            "directory_permission": "0777",
            "file_permission": "0600",
            "filename": "C:\\Users\\victo\\.ssh\\bastion_key.pem",
            "id": "3fb6a0fe313ff70a5755a46e76120bb272ec99d4",
            "sensitive_content": null,
            "source": null
          },
          "sensitive_attributes": [
            [
              {
                "type": "get_attr",
                "value": "sensitive_content"
              }
            ],
            [
              {
                "type": "get_attr",
                "value": "content"
              }
            ]
          ],
          "dependencies": [
            "module.key.tls_private_key.bastion_key"
          ]
        }
      ]
    },
    {
      "module": "module.key",
      "mode": "managed",
      "type": "local_file",
      "name": "private_key",
      "provider": "provider[\"registry.terraform.io/hashicorp/local\"]",
      "instances": [
        {
          "schema_version": 0,
          "attributes": {
            "content": "-----BEGIN RSA PRIVATE KEY-----\nMIIJKQIBAAKCAgEA1/CIoAHspkrMuSD92D6+9szwJ+4dZsi2qC0eERUpLyvWEtxl\n2fjJFEk5Oc7h0l7OeDTwxKLmNWxMfj6Kfg6o4AFZ6LJYjoWL8zIrhWl7K/q8TQDP\n7ZAqig4IGBmgwXMsCXNGQplkmtMWHyeyVO9zhFxgYW9xjS1HEWgCNHUOCcmCWfET\nDuvPijxMl43/0SYrYuuHKFQJIm3jWWYLfyqnMU1KnVMTUUypu2uI7pYjGvC2/ug2\n45iK7bSCfSGG6KGIEBGQdHFjvFQjxwqOfh/eTPzo/BoAxtfFWUbCyD0jtEzOthcp\nW4PHu/7f05Ew/c9rW9dOJwBpwAMPU1n7l+0Pck+riDLyxtmTHQv5E+0x5oJPhERH\nFUrXRLvA3NBGRAQjEucHRO1uNp4HyFxwcyWUSrlrCDzvI4+axymPYpmCtPtFEvxn\ndfCjVx/MNgp8YM2bLdZOp3joRwEJKBUO95Guvg4LIYNg6Qo48iJ2fc3t27ntrCWD\nypjboVDmNFH2bBYHsY8maWQsh9oJL1yZK34ujekv2tMtQWyZtxB2VpRKJKZQkCB1\n5eQa1OixiylAqOskVRT+I/2vmWWgkiUE9C+nK+enMLe0zaUeNF75p8Y/OEXkRRo/\nmzDwGKvx2KTo3ky8cIXZAlVqwrFrbrP55xqvMf7OSIoZS07Pk4rklUCXX10CAwEA\nAQKCAgBLSLxRUKpxRXW/e12UxTdtswBtY2pTudlYo7YuTXrYy8csNzO5PS/ZhzfQ\nzCxV3CDOruJcI9Dvwiye/O3qyfCdfEscwgT2119178FVl3NOX3HDxOs5D0CNdhvj\nTxgJKb6qIsrVkEYPZlV5kiztyLe050Hg5monxqfWzTSrlj3JMrxj4BT9aEAomSI4\n2lRcVhrdN3EdIcM3gik3s0iB0tyMZz6CwAJlnz0zrueECsr9avvZvhrY2YdiHUM7\nHfO7agmWVJFQz3FuqMT6cVdBaJnnrGsL7YLk0DgpCm8BQbOPehG9UTDli3mYtODT\nEXULoAN1dwhzt4Sm4Uo4DJCXJJpz42cblZbOyuL5pabbqgQTBPMEdXBLMFrMwSvi\nvmfuKKlpRtDK/r/mVUZpg7nixhImO5gw2tP1W6psiTmTVQuY1DjVeRyFzR2KJDtc\n5A9FNscfikIabUjcqp+WhIqL6PetDld9RIoZZZafDEFQCLMx6IAfK7q+b8zz6xGG\ni9+sqF5N2x2dUn95j5lmRhKvlUwU5dfnPQmsIy4DcjbI/pxDaakkc7Bcybd+flMR\nEqDFuQksdCZlMArVOCYK1bX3UXWvKWVcoAaZFN5FnwbMUHZ8JzxVqAx/PirXqXA9\nee08jrvuz4Lo12Pn3DWGX8vrdNCU8FHuRHs/NEyCr8mmnj2evwKCAQEA9wXj6iXV\n5onx7PeOy9gxLgE4gwRICjGSL0lWddiDD52z4BOOEzHxDpZbebm8LdXmeVWGakHZ\n4wwpQA96GnZvOoAc8Tj46tEia25QaNwtB04lRDasa4VxAsgl47KD8R1qgjpLGU8Z\n0Z010dHLSGDsV2n3NDsqXgLwE6qYAS/JpKTTpFlhtqukH0unu9cXiAdPFoyA43lA\n0lp0I5dqhyhkGy78hnOortndwIQy0XTV+oK7c3MEIT2Cexetxh7fwQBxU1mA2fVM\nyI0X3LHxO0AUjMxlquqO5doJaEN5Uu46FcEeRiEDY+WlMbE6AFsye7MjYnQXr3uZ\nLPmZXWflczwhUwKCAQEA38l3qUrq2LJ/aL8exRBmCtKL0M3Sj8nbn646/vG1/aP0\nL8YcCwaEulSD4Xie72W9gwH9aquJsCUX1E+pf8V624X1HrR8hclXJ5Am+D/hyA5j\nFG/CGMh8pSkdK9Hmj2P/1WBuCQxH58wuYwDIH5Em+9Dsqx+sLE9o9G8XwPSzTgga\nvBReOT63eM3J35HME0m/JVD+YEAtNU/jGTbt1A34hUx58K/SLE3Ux13CfszETcSD\nPFk2HnjU33wDUz4zaDyhAqXri/z9sxckZLI9NwdbRtlxqaYHauktZ/7DgbN9OABc\n2UajfyfTcXikshIKBGB9L7v6/ZcBO8stMV2UR7n2jwKCAQEAzNWNkHOfU3O/sIf3\nWQEEhulsOvgp5IoGdj+R+lZ3F1Pl/EE65p/bDAWSBPYHHNrqKmLI+wNv8d37tqse\nzSK4SQJC/aQIhG624+6trsYkcJJURKQxhVc5xtzAzncRAbcqwqIj8/CrsC10m3Aj\n6Pi2AiZUXnNRRnOZMDWdph5CTsx+0yFq7VaW2XyasiBB2wJ0inYnyniZT9TByWGd\nbEYJ/KCRtcvibFssjp8QpK8FYJ1XYvxUyFuA/yE7b7XaROhhEIR/XD0UVpjo2JCV\nQFR6teYnx/qIVADhHBwXVrVEZRWmTPDDJuseeH5FYlY9HmYFSXaKzXDoK2styU6F\n7XBHEQKCAQAOO3nowmL9NRz1RHJohgp3VbyeovhpPKVDGomV/Tld0DePckIGUXvP\nfeCFTm6NOyM6Wb4MMqynDzTcw9Q71AtkOrjEIyZoO83XLkvMLgPl/UQ/4Huvp9CF\nkH/ScZ8AL5PtthxJZwaLr2ij00DnAQxBp5/lojYI+2PpZ8dS9j0REWLh40m6ykpQ\n3IWiOluIPoBxlx0Wcf5uDY6b4+psOhc8Iwj+TbBIMQr/Qu9DsTIq3/yYsfPHLFgd\nfn2XpbUPRAvZZ0P7uzNHWIlv/gX2ofkkIGAiMfT2z62bl5BHh2rHTP6asutjAt1n\nsgyHZq5MaPaNOp9T0W66pslRAmqTxTfxAoIBAQD1OdPkd8oQyKsXijQzYtSATC2j\nbP+T1fHgJkFcvSdtBLfDwOjSzP+zpYGPGwk3ALepnXiKmSIzN9z0Csv7TnWEm3OK\nQX36jya69IeEX3AvQJFtL7KZtyfNcjaeQfIy+bKl/u6Rs7rr+BmqH1aZsdhvAMDp\nyktI3lfW1jz323Myl7nuB5fD5y4PAw6B/03lD043S4qrg2mYIrpJ11XxQHXik/rQ\nFo2SNzooOtM+PL8ih9Unn8Suf9LiQ3CFmRkAdWlmTUaVtspCO4yaYj7Scyst/LkB\n+mpF965oFQd1UujbjR/u2Zrt8tNW+RDI57TBlMr7Yrr5N8pt+LuhzIjdtNBn\n-----END RSA PRIVATE KEY-----\n",
            "content_base64": null,
            "content_base64sha256": "qOgonAUSepUl4SZ1+HqorxYNa9+snOas2gZ4jqEzHLQ=",
            "content_base64sha512": "wZPNlc7HPhvFcGtqkFvf4HstCtbIELM/r1ZXbRIN0ATAxOMH0G2Iw0+ICRl2xkTsBBX/etD7nhxwy6MNi0zKgg==",
            "content_md5": "a30ea98722417d5a2d7f1b65e6be8c0a",
            "content_sha1": "aadf3127db7b94e34e84902c2b27ec13362dfa68",
            "content_sha256": "a8e8289c05127a9525e12675f87aa8af160d6bdfac9ce6acda06788ea1331cb4",
            "content_sha512": "c193cd95cec73e1bc5706b6a905bdfe07b2d0ad6c810b33faf56576d120dd004c0c4e307d06d88c34f88091976c644ec0415ff7ad0fb9e1c70cba30d8b4cca82",
            "directory_permission": "0777",
            "file_permission": "0600",
            "filename": "C:\\Users\\victo\\.ssh\\ec2_key.pem",
            "id": "aadf3127db7b94e34e84902c2b27ec13362dfa68",
            "sensitive_content": null,
            "source": null
          },
          "sensitive_attributes": [
            [
              {
                "type": "get_attr",
                "value": "content"
              }
            ],
            [
              {
                "type": "get_attr",
                "value": "sensitive_content"
              }
            ]
          ],
          "dependencies": [
            "module.key.tls_private_key.ec2_key"
          ]
        }
      ]
    },
    {
      "module": "module.key",
      "mode": "managed",
      "type": "tls_private_key",
      "name": "bastion_key",
      "provider": "provider[\"registry.terraform.io/hashicorp/tls\"]",
      "instances": [
        {
          "schema_version": 1,
          "attributes": {
            "algorithm": "RSA",
            "ecdsa_curve": "P224",
            "id": "da2d20e939f82868e8a87418f01c0760e9fa4ee3",
            "private_key_openssh": "-----BEGIN OPENSSH PRIVATE KEY-----\nb3BlbnNzaC1rZXktdjEAAAAABG5vbmUAAAAEbm9uZQAAAAAAAAABAAACFwAAAAdz\nc2gtcnNhAAAAAwEAAQAAAgEA1jPt6SA4CVQycMsK79nXBS63hYiL6GEK/KM0RD6J\nwlaVWI5+qiqeS+gmzaz5firlnxcPCGIUm1Vki4AW4SB9kWVcBtPO5NiPGQV9ywZ3\nVrvwHIey3eDirQgcZYAfKKr4HTGTz/zFwN2c9BsI49Xcin+djK+G/t1aTmSJJCrI\n5iBC2SFgWDsLUBW138eq8t2lpoRPLnDDJ2OFgiYZEgaYz7u8zXzyw37haDX9e+I0\nbkR/4XdsuXmGU5Qd0BUVmwY6CngBDfZEceP6r22YuK0aWIzkxlYXc9vwWNOxZbfy\nVpbDvKlZ7DBJYXXDz3WWoM1809WgZ5lAmywmqkg9DSoLT5i3mq0pgIdBqQuU2Omm\nL4SE71NyV/iOQolKWbw4Y/22Z7feWMiR4lb4HobR96Jvl/pqx1YwZMEVb3P+4rnN\n+vPq1i4fvTvByPaoIwbIlQ2RziZfVF6PfOxKGa+LSQ5zZWSBkKIx8U6I1A81bLFG\n+0MxC8xOIJA1A0LwDAWxoNG0svAtFmq5dmfh/a04TGJMTEVUGeqqV0P179PPSLl1\nYkt+pc4erUJuVyheDv/8JKZK/1ALH8DH+v7DKs+gby9d9+ehTPzXoyN2S6JEED14\nm0kw1mwyqlC28ygTCcOw118Uibsn74Uk1iqxbi76uY8OSIA1YXyiPYZ2nTGHy/Ze\n5skAAAc4mkhSX5pIUl8AAAAHc3NoLXJzYQAAAgEA1jPt6SA4CVQycMsK79nXBS63\nhYiL6GEK/KM0RD6JwlaVWI5+qiqeS+gmzaz5firlnxcPCGIUm1Vki4AW4SB9kWVc\nBtPO5NiPGQV9ywZ3VrvwHIey3eDirQgcZYAfKKr4HTGTz/zFwN2c9BsI49Xcin+d\njK+G/t1aTmSJJCrI5iBC2SFgWDsLUBW138eq8t2lpoRPLnDDJ2OFgiYZEgaYz7u8\nzXzyw37haDX9e+I0bkR/4XdsuXmGU5Qd0BUVmwY6CngBDfZEceP6r22YuK0aWIzk\nxlYXc9vwWNOxZbfyVpbDvKlZ7DBJYXXDz3WWoM1809WgZ5lAmywmqkg9DSoLT5i3\nmq0pgIdBqQuU2OmmL4SE71NyV/iOQolKWbw4Y/22Z7feWMiR4lb4HobR96Jvl/pq\nx1YwZMEVb3P+4rnN+vPq1i4fvTvByPaoIwbIlQ2RziZfVF6PfOxKGa+LSQ5zZWSB\nkKIx8U6I1A81bLFG+0MxC8xOIJA1A0LwDAWxoNG0svAtFmq5dmfh/a04TGJMTEVU\nGeqqV0P179PPSLl1Ykt+pc4erUJuVyheDv/8JKZK/1ALH8DH+v7DKs+gby9d9+eh\nTPzXoyN2S6JEED14m0kw1mwyqlC28ygTCcOw118Uibsn74Uk1iqxbi76uY8OSIA1\nYXyiPYZ2nTGHy/Ze5skAAAADAQABAAACAAGzVPtVGdzJGOezwqtTFNWh++JtgRWy\nVmMifkUo/6eMvY/tj2NMKr9DhftW4jVR7LgtwK9e7Ik+BAV4oyOTi1A6LzNrPw2G\nC78RGzyNGXKVZjtzwFZXvmvNPhx4LMcmuy2HAvJBMFQlpRvp3Cx+TLkQL3DexQIp\nipCQwgutdY/72idvtK6sWVOAAcQzCVAbtTeGooSTlJkLKzh0brA78lDochJp1z3U\nXOUs5kRFy756EwZlxuN6EFzvyPKFGFTQvCAVJqq02hWuhoM+l8gUHpZIPKMAva5a\nEqT4vdZdv8QzEjWYXN/SSlCPeVoy2jZsBqH0dsiuDVtAS+iSKtDEy9K/p8UL2+C6\nM+0pJgrFE8HKyQIrzqV/6com4sZwOUydaRSN+/reGGc0LmNXJLcFD03BYNHv4FJe\ndilPSem44eSHa9T4EVqT7u8/+EzdAqgbhB0RdK1IC0xBGWC24fENTEO0EhcxaFln\ndAFgLUGJhemw1pmpe53Lm/LGvvfwGOrFiBSkuW5/IJIoNgaEFmudszf45o5n77Go\nko4wAN00ssgLCbI87E1wfnDZjrZMDYyFEUtlRKP2Z8bFKUECaVv4rUOwMDzOfwoS\n0S/M/rWln8+fVRqPS56zHdaIjn3Pj9Hra8yYux0kUe5xMaWMbqbj4k+LTo6UQyxI\nkbjJmKoLDsdhAAABAFK6LQZo3CrOCUuu3eHNM6x9ZmG0uFoI7DhmtEOwqkWSYeXE\nCYoygQHcCYkTNdk7hBHOUgydZ/JC3apifSpzoKYNz8Upu3PROjlc7ORgJT2fshCY\nX19Ue+h5WUe/uy3IiJ/Y1aJkGnu762A7DsoLAQ088zDCm5b0yrvsiUAD4E74Sszk\n9OrS5w1rNOXuMM4BnsgGfL9fKgGcMJ7HEF4mFEDeS+DGYoyVax5LO7ACnJ/1POA8\nlEiXeCPzHQwopvWZHDGEYao3g2ShGQjX4ZO0zDr8OrBYX7iZTUprYVU+h/CYjIeq\nGXX6Av3djfb8Kdov05rSCq8+mb2AulEGCWl29GAAAAEBAPAoXe7onPaphN2r5qDe\nlGtTCsqmUd9ycJtSyCTXg52PfbXrA+2qiz3q4HQTbBsYN5REbnEiezu/XBh7SyHv\n8YnYE/0FtbIf0yTvptqBITcfYyuEv8q8EaWpA19LDvPjNPw7yscCZBbacRibrJSG\nHO+8Fb91pW2VdwYd9mi/oZMrt++jMQR7f6UorIp5kJe6MyXRGCFUUONya7pgWgXn\n9d87pVQqh+9gGelnILDc+BF/4Qo9wcxWYO1b7lECYFc37Uzc7aUpdfbdvxMvJphE\nTVQVL2Zw8mcUCa5Qj0tJjHsQPJXzdXqNCUSoSuB7SbD63cCACLfS8BElvQGWbVnx\nJ00AAAEBAORVQNy6EDrwdXgbmJrC0fCYMAwevvgj8RZrmazgQL8x5YwpLVCCC1FY\nRH1HQEmbcF76Zpw+/sj59179QrZIL0mP00BoKBTogzi1H3JidOCZxkn8hQoxLlld\n+w2Sx+dOU2NQHdOJ0+MPZvNWaWlcLT6l6y84to+PVO2oarQAeKCF8S/gvMb/5cmF\nyY8YSiRF7Fv7r7mupoJt6gcP3cQBveiqH6l8VQL7lWRLNg0fvF/iphRMsPIuqy3t\n+HoT9WGXl7yvE6Ej2DFRZENWh6LMyPdr+lT05IlarziWb56K1XTQavgUfJG6AjAU\nKOQefNGJFZqLgmZR6nmH4PHLTwCuV20AAAAAAQID\n-----END OPENSSH PRIVATE KEY-----\n",
            "private_key_pem": "-----BEGIN RSA PRIVATE KEY-----\nMIIJKAIBAAKCAgEA1jPt6SA4CVQycMsK79nXBS63hYiL6GEK/KM0RD6JwlaVWI5+\nqiqeS+gmzaz5firlnxcPCGIUm1Vki4AW4SB9kWVcBtPO5NiPGQV9ywZ3VrvwHIey\n3eDirQgcZYAfKKr4HTGTz/zFwN2c9BsI49Xcin+djK+G/t1aTmSJJCrI5iBC2SFg\nWDsLUBW138eq8t2lpoRPLnDDJ2OFgiYZEgaYz7u8zXzyw37haDX9e+I0bkR/4Xds\nuXmGU5Qd0BUVmwY6CngBDfZEceP6r22YuK0aWIzkxlYXc9vwWNOxZbfyVpbDvKlZ\n7DBJYXXDz3WWoM1809WgZ5lAmywmqkg9DSoLT5i3mq0pgIdBqQuU2OmmL4SE71Ny\nV/iOQolKWbw4Y/22Z7feWMiR4lb4HobR96Jvl/pqx1YwZMEVb3P+4rnN+vPq1i4f\nvTvByPaoIwbIlQ2RziZfVF6PfOxKGa+LSQ5zZWSBkKIx8U6I1A81bLFG+0MxC8xO\nIJA1A0LwDAWxoNG0svAtFmq5dmfh/a04TGJMTEVUGeqqV0P179PPSLl1Ykt+pc4e\nrUJuVyheDv/8JKZK/1ALH8DH+v7DKs+gby9d9+ehTPzXoyN2S6JEED14m0kw1mwy\nqlC28ygTCcOw118Uibsn74Uk1iqxbi76uY8OSIA1YXyiPYZ2nTGHy/Ze5skCAwEA\nAQKCAgABs1T7VRncyRjns8KrUxTVofvibYEVslZjIn5FKP+njL2P7Y9jTCq/Q4X7\nVuI1Uey4LcCvXuyJPgQFeKMjk4tQOi8zaz8Nhgu/ERs8jRlylWY7c8BWV75rzT4c\neCzHJrsthwLyQTBUJaUb6dwsfky5EC9w3sUCKYqQkMILrXWP+9onb7SurFlTgAHE\nMwlQG7U3hqKEk5SZCys4dG6wO/JQ6HISadc91FzlLOZERcu+ehMGZcbjehBc78jy\nhRhU0LwgFSaqtNoVroaDPpfIFB6WSDyjAL2uWhKk+L3WXb/EMxI1mFzf0kpQj3la\nMto2bAah9HbIrg1bQEvokirQxMvSv6fFC9vgujPtKSYKxRPByskCK86lf+nKJuLG\ncDlMnWkUjfv63hhnNC5jVyS3BQ9NwWDR7+BSXnYpT0npuOHkh2vU+BFak+7vP/hM\n3QKoG4QdEXStSAtMQRlgtuHxDUxDtBIXMWhZZ3QBYC1BiYXpsNaZqXudy5vyxr73\n8BjqxYgUpLlufyCSKDYGhBZrnbM3+OaOZ++xqJKOMADdNLLICwmyPOxNcH5w2Y62\nTA2MhRFLZUSj9mfGxSlBAmlb+K1DsDA8zn8KEtEvzP61pZ/Pn1Uaj0uesx3WiI59\nz4/R62vMmLsdJFHucTGljG6m4+JPi06OlEMsSJG4yZiqCw7HYQKCAQEA8Chd7uic\n9qmE3avmoN6Ua1MKyqZR33Jwm1LIJNeDnY99tesD7aqLPergdBNsGxg3lERucSJ7\nO79cGHtLIe/xidgT/QW1sh/TJO+m2oEhNx9jK4S/yrwRpakDX0sO8+M0/DvKxwJk\nFtpxGJuslIYc77wVv3WlbZV3Bh32aL+hkyu376MxBHt/pSisinmQl7ozJdEYIVRQ\n43JrumBaBef13zulVCqH72AZ6WcgsNz4EX/hCj3BzFZg7VvuUQJgVzftTNztpSl1\n9t2/Ey8mmERNVBUvZnDyZxQJrlCPS0mMexA8lfN1eo0JRKhK4HtJsPrdwIAIt9Lw\nESW9AZZtWfEnTQKCAQEA5FVA3LoQOvB1eBuYmsLR8JgwDB6++CPxFmuZrOBAvzHl\njCktUIILUVhEfUdASZtwXvpmnD7+yPn3Xv1CtkgvSY/TQGgoFOiDOLUfcmJ04JnG\nSfyFCjEuWV37DZLH505TY1Ad04nT4w9m81ZpaVwtPqXrLzi2j49U7ahqtAB4oIXx\nL+C8xv/lyYXJjxhKJEXsW/uvua6mgm3qBw/dxAG96KofqXxVAvuVZEs2DR+8X+Km\nFEyw8i6rLe34ehP1YZeXvK8ToSPYMVFkQ1aHoszI92v6VPTkiVqvOJZvnorVdNBq\n+BR8kboCMBQo5B580YkVmouCZlHqeYfg8ctPAK5XbQKCAQEAqOUauowo52fsoyDj\nvzsJ0jjCnCY/6g9HllSvoQlX7JUfabLwPlL0PgVS+Q83tg5f+AvwR+xiEnDPyf/b\npPBkQ/cMh6NeVvj+uzk3dO/fdi7CxbZEU8XT+1dToc7dozOk7cb3IuJRlajmZNIG\nmyV+cDMscEvCncDBxjGIO76ZWTEj2IpCTM61xGdIgNJhl/NBSVU1zSrJAExV6usc\nJI8vYWFHMlv+4aAKWRVH7lpYs6XllBg+lQAihotinOI48t3IK4gsMT1pUsY8PLeq\nQue2Im4LudWxBEEZVdgeDmqZO2r90M85TYimffyFPD44YxjqnxjsCKt2XfjWZalv\nGhP4+QKCAQBGMj+CnGEo/YvfpPxBd+t7AA6laz5iowoXTnUsRLUjEn/zmyUnPxOj\nqnND4IfPGU5upKSvHF7QAqkeNtYvm/mNr/3OKzdHVkQhRu2oCMTN1/ix/kQYYg5R\nwybPgXSbk+Tm/1ZsFk9h2vZXkRVPItt2CyRGnDTj5bjCZ6iGNi7fis4fXgQrWbiX\nP947c8g3ZpfHn5TijOL77jaofSQ8ghyUTtj1DhhElnvTHZw8ZKlRASj1zK4Jhndx\n41skjMY/fo9Tnq92NsLcRp2AZjXEwxh1mGiZfcBUyeBckUM3ho8hHoIESqgRVRIf\nHdOEbisJcA+IN6ObOUvQmQl6zHo5R1/xAoIBAFK6LQZo3CrOCUuu3eHNM6x9ZmG0\nuFoI7DhmtEOwqkWSYeXECYoygQHcCYkTNdk7hBHOUgydZ/JC3apifSpzoKYNz8Up\nu3PROjlc7ORgJT2fshCYX19Ue+h5WUe/uy3IiJ/Y1aJkGnu762A7DsoLAQ088zDC\nm5b0yrvsiUAD4E74Sszk9OrS5w1rNOXuMM4BnsgGfL9fKgGcMJ7HEF4mFEDeS+DG\nYoyVax5LO7ACnJ/1POA8lEiXeCPzHQwopvWZHDGEYao3g2ShGQjX4ZO0zDr8OrBY\nX7iZTUprYVU+h/CYjIeqGXX6Av3djfb8Kdov05rSCq8+mb2AulEGCWl29GA=\n-----END RSA PRIVATE KEY-----\n",
            "private_key_pem_pkcs8": "-----BEGIN PRIVATE KEY-----\nMIIJQgIBADANBgkqhkiG9w0BAQEFAASCCSwwggkoAgEAAoICAQDWM+3pIDgJVDJw\nywrv2dcFLreFiIvoYQr8ozREPonCVpVYjn6qKp5L6CbNrPl+KuWfFw8IYhSbVWSL\ngBbhIH2RZVwG087k2I8ZBX3LBndWu/Ach7Ld4OKtCBxlgB8oqvgdMZPP/MXA3Zz0\nGwjj1dyKf52Mr4b+3VpOZIkkKsjmIELZIWBYOwtQFbXfx6ry3aWmhE8ucMMnY4WC\nJhkSBpjPu7zNfPLDfuFoNf174jRuRH/hd2y5eYZTlB3QFRWbBjoKeAEN9kRx4/qv\nbZi4rRpYjOTGVhdz2/BY07Flt/JWlsO8qVnsMElhdcPPdZagzXzT1aBnmUCbLCaq\nSD0NKgtPmLearSmAh0GpC5TY6aYvhITvU3JX+I5CiUpZvDhj/bZnt95YyJHiVvge\nhtH3om+X+mrHVjBkwRVvc/7iuc368+rWLh+9O8HI9qgjBsiVDZHOJl9UXo987EoZ\nr4tJDnNlZIGQojHxTojUDzVssUb7QzELzE4gkDUDQvAMBbGg0bSy8C0Warl2Z+H9\nrThMYkxMRVQZ6qpXQ/Xv089IuXViS36lzh6tQm5XKF4O//wkpkr/UAsfwMf6/sMq\nz6BvL13356FM/NejI3ZLokQQPXibSTDWbDKqULbzKBMJw7DXXxSJuyfvhSTWKrFu\nLvq5jw5IgDVhfKI9hnadMYfL9l7myQIDAQABAoICAAGzVPtVGdzJGOezwqtTFNWh\n++JtgRWyVmMifkUo/6eMvY/tj2NMKr9DhftW4jVR7LgtwK9e7Ik+BAV4oyOTi1A6\nLzNrPw2GC78RGzyNGXKVZjtzwFZXvmvNPhx4LMcmuy2HAvJBMFQlpRvp3Cx+TLkQ\nL3DexQIpipCQwgutdY/72idvtK6sWVOAAcQzCVAbtTeGooSTlJkLKzh0brA78lDo\nchJp1z3UXOUs5kRFy756EwZlxuN6EFzvyPKFGFTQvCAVJqq02hWuhoM+l8gUHpZI\nPKMAva5aEqT4vdZdv8QzEjWYXN/SSlCPeVoy2jZsBqH0dsiuDVtAS+iSKtDEy9K/\np8UL2+C6M+0pJgrFE8HKyQIrzqV/6com4sZwOUydaRSN+/reGGc0LmNXJLcFD03B\nYNHv4FJedilPSem44eSHa9T4EVqT7u8/+EzdAqgbhB0RdK1IC0xBGWC24fENTEO0\nEhcxaFlndAFgLUGJhemw1pmpe53Lm/LGvvfwGOrFiBSkuW5/IJIoNgaEFmudszf4\n5o5n77Goko4wAN00ssgLCbI87E1wfnDZjrZMDYyFEUtlRKP2Z8bFKUECaVv4rUOw\nMDzOfwoS0S/M/rWln8+fVRqPS56zHdaIjn3Pj9Hra8yYux0kUe5xMaWMbqbj4k+L\nTo6UQyxIkbjJmKoLDsdhAoIBAQDwKF3u6Jz2qYTdq+ag3pRrUwrKplHfcnCbUsgk\n14Odj3216wPtqos96uB0E2wbGDeURG5xIns7v1wYe0sh7/GJ2BP9BbWyH9Mk76ba\ngSE3H2MrhL/KvBGlqQNfSw7z4zT8O8rHAmQW2nEYm6yUhhzvvBW/daVtlXcGHfZo\nv6GTK7fvozEEe3+lKKyKeZCXujMl0RghVFDjcmu6YFoF5/XfO6VUKofvYBnpZyCw\n3PgRf+EKPcHMVmDtW+5RAmBXN+1M3O2lKXX23b8TLyaYRE1UFS9mcPJnFAmuUI9L\nSYx7EDyV83V6jQlEqErge0mw+t3AgAi30vARJb0Blm1Z8SdNAoIBAQDkVUDcuhA6\n8HV4G5iawtHwmDAMHr74I/EWa5ms4EC/MeWMKS1QggtRWER9R0BJm3Be+macPv7I\n+fde/UK2SC9Jj9NAaCgU6IM4tR9yYnTgmcZJ/IUKMS5ZXfsNksfnTlNjUB3TidPj\nD2bzVmlpXC0+pesvOLaPj1TtqGq0AHighfEv4LzG/+XJhcmPGEokRexb+6+5rqaC\nbeoHD93EAb3oqh+pfFUC+5VkSzYNH7xf4qYUTLDyLqst7fh6E/Vhl5e8rxOhI9gx\nUWRDVoeizMj3a/pU9OSJWq84lm+eitV00Gr4FHyRugIwFCjkHnzRiRWai4JmUep5\nh+Dxy08ArldtAoIBAQCo5Rq6jCjnZ+yjIOO/OwnSOMKcJj/qD0eWVK+hCVfslR9p\nsvA+UvQ+BVL5Dze2Dl/4C/BH7GIScM/J/9uk8GRD9wyHo15W+P67OTd07992LsLF\ntkRTxdP7V1Ohzt2jM6Ttxvci4lGVqOZk0gabJX5wMyxwS8KdwMHGMYg7vplZMSPY\nikJMzrXEZ0iA0mGX80FJVTXNKskATFXq6xwkjy9hYUcyW/7hoApZFUfuWlizpeWU\nGD6VACKGi2Kc4jjy3cgriCwxPWlSxjw8t6pC57Yibgu51bEEQRlV2B4Oapk7av3Q\nzzlNiKZ9/IU8PjhjGOqfGOwIq3Zd+NZlqW8aE/j5AoIBAEYyP4KcYSj9i9+k/EF3\n63sADqVrPmKjChdOdSxEtSMSf/ObJSc/E6Oqc0Pgh88ZTm6kpK8cXtACqR421i+b\n+Y2v/c4rN0dWRCFG7agIxM3X+LH+RBhiDlHDJs+BdJuT5Ob/VmwWT2Ha9leRFU8i\n23YLJEacNOPluMJnqIY2Lt+Kzh9eBCtZuJc/3jtzyDdml8eflOKM4vvuNqh9JDyC\nHJRO2PUOGESWe9MdnDxkqVEBKPXMrgmGd3HjWySMxj9+j1Oer3Y2wtxGnYBmNcTD\nGHWYaJl9wFTJ4FyRQzeGjyEeggRKqBFVEh8d04RuKwlwD4g3o5s5S9CZCXrMejlH\nX/ECggEAUrotBmjcKs4JS67d4c0zrH1mYbS4WgjsOGa0Q7CqRZJh5cQJijKBAdwJ\niRM12TuEEc5SDJ1n8kLdqmJ9KnOgpg3PxSm7c9E6OVzs5GAlPZ+yEJhfX1R76HlZ\nR7+7LciIn9jVomQae7vrYDsOygsBDTzzMMKblvTKu+yJQAPgTvhKzOT06tLnDWs0\n5e4wzgGeyAZ8v18qAZwwnscQXiYUQN5L4MZijJVrHks7sAKcn/U84DyUSJd4I/Md\nDCim9ZkcMYRhqjeDZKEZCNfhk7TMOvw6sFhfuJlNSmthVT6H8JiMh6oZdfoC/d2N\n9vwp2i/TmtIKrz6ZvYC6UQYJaXb0YA==\n-----END PRIVATE KEY-----\n",
            "public_key_fingerprint_md5": "12:b7:1d:4f:c7:fa:2f:c4:f4:72:1a:e8:25:24:53:52",
            "public_key_fingerprint_sha256": "SHA256:bnsqvMsRWw4gioKHeZcEANKJNhM204+d7EMeL47X3mg",
            "public_key_openssh": "ssh-rsa AAAAB3NzaC1yc2EAAAADAQABAAACAQDWM+3pIDgJVDJwywrv2dcFLreFiIvoYQr8ozREPonCVpVYjn6qKp5L6CbNrPl+KuWfFw8IYhSbVWSLgBbhIH2RZVwG087k2I8ZBX3LBndWu/Ach7Ld4OKtCBxlgB8oqvgdMZPP/MXA3Zz0Gwjj1dyKf52Mr4b+3VpOZIkkKsjmIELZIWBYOwtQFbXfx6ry3aWmhE8ucMMnY4WCJhkSBpjPu7zNfPLDfuFoNf174jRuRH/hd2y5eYZTlB3QFRWbBjoKeAEN9kRx4/qvbZi4rRpYjOTGVhdz2/BY07Flt/JWlsO8qVnsMElhdcPPdZagzXzT1aBnmUCbLCaqSD0NKgtPmLearSmAh0GpC5TY6aYvhITvU3JX+I5CiUpZvDhj/bZnt95YyJHiVvgehtH3om+X+mrHVjBkwRVvc/7iuc368+rWLh+9O8HI9qgjBsiVDZHOJl9UXo987EoZr4tJDnNlZIGQojHxTojUDzVssUb7QzELzE4gkDUDQvAMBbGg0bSy8C0Warl2Z+H9rThMYkxMRVQZ6qpXQ/Xv089IuXViS36lzh6tQm5XKF4O//wkpkr/UAsfwMf6/sMqz6BvL13356FM/NejI3ZLokQQPXibSTDWbDKqULbzKBMJw7DXXxSJuyfvhSTWKrFuLvq5jw5IgDVhfKI9hnadMYfL9l7myQ==\n",
            "public_key_pem": "-----BEGIN PUBLIC KEY-----\nMIICIjANBgkqhkiG9w0BAQEFAAOCAg8AMIICCgKCAgEA1jPt6SA4CVQycMsK79nX\nBS63hYiL6GEK/KM0RD6JwlaVWI5+qiqeS+gmzaz5firlnxcPCGIUm1Vki4AW4SB9\nkWVcBtPO5NiPGQV9ywZ3VrvwHIey3eDirQgcZYAfKKr4HTGTz/zFwN2c9BsI49Xc\nin+djK+G/t1aTmSJJCrI5iBC2SFgWDsLUBW138eq8t2lpoRPLnDDJ2OFgiYZEgaY\nz7u8zXzyw37haDX9e+I0bkR/4XdsuXmGU5Qd0BUVmwY6CngBDfZEceP6r22YuK0a\nWIzkxlYXc9vwWNOxZbfyVpbDvKlZ7DBJYXXDz3WWoM1809WgZ5lAmywmqkg9DSoL\nT5i3mq0pgIdBqQuU2OmmL4SE71NyV/iOQolKWbw4Y/22Z7feWMiR4lb4HobR96Jv\nl/pqx1YwZMEVb3P+4rnN+vPq1i4fvTvByPaoIwbIlQ2RziZfVF6PfOxKGa+LSQ5z\nZWSBkKIx8U6I1A81bLFG+0MxC8xOIJA1A0LwDAWxoNG0svAtFmq5dmfh/a04TGJM\nTEVUGeqqV0P179PPSLl1Ykt+pc4erUJuVyheDv/8JKZK/1ALH8DH+v7DKs+gby9d\n9+ehTPzXoyN2S6JEED14m0kw1mwyqlC28ygTCcOw118Uibsn74Uk1iqxbi76uY8O\nSIA1YXyiPYZ2nTGHy/Ze5skCAwEAAQ==\n-----END PUBLIC KEY-----\n",
            "rsa_bits": 4096
          },
          "sensitive_attributes": [
            [
              {
                "type": "get_attr",
                "value": "private_key_pem"
              }
            ],
            [
              {
                "type": "get_attr",
                "value": "private_key_openssh"
              }
            ],
            [
              {
                "type": "get_attr",
                "value": "private_key_pem_pkcs8"
              }
            ]
          ]
        }
      ]
    },
    {
      "module": "module.key",
      "mode": "managed",
      "type": "tls_private_key",
      "name": "ec2_key",
      "provider": "provider[\"registry.terraform.io/hashicorp/tls\"]",
      "instances": [
        {
          "schema_version": 1,
          "attributes": {
            "algorithm": "RSA",
            "ecdsa_curve": "P224",
            "id": "72c7e4f65e73988f0777bbc4c68262b9c4a1d077",
            "private_key_openssh": "-----BEGIN OPENSSH PRIVATE KEY-----\nb3BlbnNzaC1rZXktdjEAAAAABG5vbmUAAAAEbm9uZQAAAAAAAAABAAACFwAAAAdz\nc2gtcnNhAAAAAwEAAQAAAgEA1/CIoAHspkrMuSD92D6+9szwJ+4dZsi2qC0eERUp\nLyvWEtxl2fjJFEk5Oc7h0l7OeDTwxKLmNWxMfj6Kfg6o4AFZ6LJYjoWL8zIrhWl7\nK/q8TQDP7ZAqig4IGBmgwXMsCXNGQplkmtMWHyeyVO9zhFxgYW9xjS1HEWgCNHUO\nCcmCWfETDuvPijxMl43/0SYrYuuHKFQJIm3jWWYLfyqnMU1KnVMTUUypu2uI7pYj\nGvC2/ug245iK7bSCfSGG6KGIEBGQdHFjvFQjxwqOfh/eTPzo/BoAxtfFWUbCyD0j\ntEzOthcpW4PHu/7f05Ew/c9rW9dOJwBpwAMPU1n7l+0Pck+riDLyxtmTHQv5E+0x\n5oJPhERHFUrXRLvA3NBGRAQjEucHRO1uNp4HyFxwcyWUSrlrCDzvI4+axymPYpmC\ntPtFEvxndfCjVx/MNgp8YM2bLdZOp3joRwEJKBUO95Guvg4LIYNg6Qo48iJ2fc3t\n27ntrCWDypjboVDmNFH2bBYHsY8maWQsh9oJL1yZK34ujekv2tMtQWyZtxB2VpRK\nJKZQkCB15eQa1OixiylAqOskVRT+I/2vmWWgkiUE9C+nK+enMLe0zaUeNF75p8Y/\nOEXkRRo/mzDwGKvx2KTo3ky8cIXZAlVqwrFrbrP55xqvMf7OSIoZS07Pk4rklUCX\nX10AAAc4xHPeQsRz3kIAAAAHc3NoLXJzYQAAAgEA1/CIoAHspkrMuSD92D6+9szw\nJ+4dZsi2qC0eERUpLyvWEtxl2fjJFEk5Oc7h0l7OeDTwxKLmNWxMfj6Kfg6o4AFZ\n6LJYjoWL8zIrhWl7K/q8TQDP7ZAqig4IGBmgwXMsCXNGQplkmtMWHyeyVO9zhFxg\nYW9xjS1HEWgCNHUOCcmCWfETDuvPijxMl43/0SYrYuuHKFQJIm3jWWYLfyqnMU1K\nnVMTUUypu2uI7pYjGvC2/ug245iK7bSCfSGG6KGIEBGQdHFjvFQjxwqOfh/eTPzo\n/BoAxtfFWUbCyD0jtEzOthcpW4PHu/7f05Ew/c9rW9dOJwBpwAMPU1n7l+0Pck+r\niDLyxtmTHQv5E+0x5oJPhERHFUrXRLvA3NBGRAQjEucHRO1uNp4HyFxwcyWUSrlr\nCDzvI4+axymPYpmCtPtFEvxndfCjVx/MNgp8YM2bLdZOp3joRwEJKBUO95Guvg4L\nIYNg6Qo48iJ2fc3t27ntrCWDypjboVDmNFH2bBYHsY8maWQsh9oJL1yZK34ujekv\n2tMtQWyZtxB2VpRKJKZQkCB15eQa1OixiylAqOskVRT+I/2vmWWgkiUE9C+nK+en\nMLe0zaUeNF75p8Y/OEXkRRo/mzDwGKvx2KTo3ky8cIXZAlVqwrFrbrP55xqvMf7O\nSIoZS07Pk4rklUCXX10AAAADAQABAAACAEtIvFFQqnFFdb97XZTFN22zAG1jalO5\n2Vijti5NetjLxyw3M7k9L9mHN9DMLFXcIM6u4lwj0O/CLJ787erJ8J18SxzCBPbX\nX3XvwVWXc05fccPE6zkPQI12G+NPGAkpvqoiytWQRg9mVXmSLO3It7TnQeDmaifG\np9bNNKuWPckyvGPgFP1oQCiZIjjaVFxWGt03cR0hwzeCKTezSIHS3IxnPoLAAmWf\nPTOu54QKyv1q+9m+GtjZh2IdQzsd87tqCZZUkVDPcW6oxPpxV0FomeesawvtguTQ\nOCkKbwFBs496Eb1RMOWLeZi04NMRdQugA3V3CHO3hKbhSjgMkJckmnPjZxuVls7K\n4vmlptuqBBME8wR1cEswWszBK+K+Z+4oqWlG0Mr+v+ZVRmmDueLGEiY7mDDa0/Vb\nqmyJOZNVC5jUONV5HIXNHYokO1zkD0U2xx+KQhptSNyqn5aEiovo960OV31Eihll\nlp8MQVAIszHogB8rur5vzPPrEYaL36yoXk3bHZ1Sf3mPmWZGEq+VTBTl1+c9Cawj\nLgNyNsj+nENpqSRzsFzJt35+UxESoMW5CSx0JmUwCtU4JgrVtfdRda8pZVygBpkU\n3kWfBsxQdnwnPFWoDH8+KtepcD157TyOu+7PgujXY+fcNYZfy+t00JTwUe5Eez80\nTIKvyaaePZ6/AAABAQD1OdPkd8oQyKsXijQzYtSATC2jbP+T1fHgJkFcvSdtBLfD\nwOjSzP+zpYGPGwk3ALepnXiKmSIzN9z0Csv7TnWEm3OKQX36jya69IeEX3AvQJFt\nL7KZtyfNcjaeQfIy+bKl/u6Rs7rr+BmqH1aZsdhvAMDpyktI3lfW1jz323Myl7nu\nB5fD5y4PAw6B/03lD043S4qrg2mYIrpJ11XxQHXik/rQFo2SNzooOtM+PL8ih9Un\nn8Suf9LiQ3CFmRkAdWlmTUaVtspCO4yaYj7Scyst/LkB+mpF965oFQd1UujbjR/u\n2Zrt8tNW+RDI57TBlMr7Yrr5N8pt+LuhzIjdtNBnAAABAQD3BePqJdXmifHs947L\n2DEuATiDBEgKMZIvSVZ12IMPnbPgE44TMfEOllt5ubwt1eZ5VYZqQdnjDClAD3oa\ndm86gBzxOPjq0SJrblBo3C0HTiVENqxrhXECyCXjsoPxHWqCOksZTxnRnTXR0ctI\nYOxXafc0OypeAvATqpgBL8mkpNOkWWG2q6QfS6e71xeIB08WjIDjeUDSWnQjl2qH\nKGQbLvyGc6iu2d3AhDLRdNX6grtzcwQhPYJ7F63GHt/BAHFTWYDZ9UzIjRfcsfE7\nQBSMzGWq6o7l2gloQ3lS7joVwR5GIQNj5aUxsToAWzJ7syNidBeve5ks+ZldZ+Vz\nPCFTAAABAQDfyXepSurYsn9ovx7FEGYK0ovQzdKPydufrjr+8bX9o/QvxhwLBoS6\nVIPheJ7vZb2DAf1qq4mwJRfUT6l/xXrbhfUetHyFyVcnkCb4P+HIDmMUb8IYyHyl\nKR0r0eaPY//VYG4JDEfnzC5jAMgfkSb70OyrH6wsT2j0bxfA9LNOCBq8FF45Prd4\nzcnfkcwTSb8lUP5gQC01T+MZNu3UDfiFTHnwr9IsTdTHXcJ+zMRNxIM8WTYeeNTf\nfANTPjNoPKECpeuL/P2zFyRksj03B1tG2XGppgdq6S1n/sOBs304AFzZRqN/J9Nx\neKSyEgoEYH0vu/r9lwE7yy0xXZRHufaPAAAAAAEC\n-----END OPENSSH PRIVATE KEY-----\n",
            "private_key_pem": "-----BEGIN RSA PRIVATE KEY-----\nMIIJKQIBAAKCAgEA1/CIoAHspkrMuSD92D6+9szwJ+4dZsi2qC0eERUpLyvWEtxl\n2fjJFEk5Oc7h0l7OeDTwxKLmNWxMfj6Kfg6o4AFZ6LJYjoWL8zIrhWl7K/q8TQDP\n7ZAqig4IGBmgwXMsCXNGQplkmtMWHyeyVO9zhFxgYW9xjS1HEWgCNHUOCcmCWfET\nDuvPijxMl43/0SYrYuuHKFQJIm3jWWYLfyqnMU1KnVMTUUypu2uI7pYjGvC2/ug2\n45iK7bSCfSGG6KGIEBGQdHFjvFQjxwqOfh/eTPzo/BoAxtfFWUbCyD0jtEzOthcp\nW4PHu/7f05Ew/c9rW9dOJwBpwAMPU1n7l+0Pck+riDLyxtmTHQv5E+0x5oJPhERH\nFUrXRLvA3NBGRAQjEucHRO1uNp4HyFxwcyWUSrlrCDzvI4+axymPYpmCtPtFEvxn\ndfCjVx/MNgp8YM2bLdZOp3joRwEJKBUO95Guvg4LIYNg6Qo48iJ2fc3t27ntrCWD\nypjboVDmNFH2bBYHsY8maWQsh9oJL1yZK34ujekv2tMtQWyZtxB2VpRKJKZQkCB1\n5eQa1OixiylAqOskVRT+I/2vmWWgkiUE9C+nK+enMLe0zaUeNF75p8Y/OEXkRRo/\nmzDwGKvx2KTo3ky8cIXZAlVqwrFrbrP55xqvMf7OSIoZS07Pk4rklUCXX10CAwEA\nAQKCAgBLSLxRUKpxRXW/e12UxTdtswBtY2pTudlYo7YuTXrYy8csNzO5PS/ZhzfQ\nzCxV3CDOruJcI9Dvwiye/O3qyfCdfEscwgT2119178FVl3NOX3HDxOs5D0CNdhvj\nTxgJKb6qIsrVkEYPZlV5kiztyLe050Hg5monxqfWzTSrlj3JMrxj4BT9aEAomSI4\n2lRcVhrdN3EdIcM3gik3s0iB0tyMZz6CwAJlnz0zrueECsr9avvZvhrY2YdiHUM7\nHfO7agmWVJFQz3FuqMT6cVdBaJnnrGsL7YLk0DgpCm8BQbOPehG9UTDli3mYtODT\nEXULoAN1dwhzt4Sm4Uo4DJCXJJpz42cblZbOyuL5pabbqgQTBPMEdXBLMFrMwSvi\nvmfuKKlpRtDK/r/mVUZpg7nixhImO5gw2tP1W6psiTmTVQuY1DjVeRyFzR2KJDtc\n5A9FNscfikIabUjcqp+WhIqL6PetDld9RIoZZZafDEFQCLMx6IAfK7q+b8zz6xGG\ni9+sqF5N2x2dUn95j5lmRhKvlUwU5dfnPQmsIy4DcjbI/pxDaakkc7Bcybd+flMR\nEqDFuQksdCZlMArVOCYK1bX3UXWvKWVcoAaZFN5FnwbMUHZ8JzxVqAx/PirXqXA9\nee08jrvuz4Lo12Pn3DWGX8vrdNCU8FHuRHs/NEyCr8mmnj2evwKCAQEA9wXj6iXV\n5onx7PeOy9gxLgE4gwRICjGSL0lWddiDD52z4BOOEzHxDpZbebm8LdXmeVWGakHZ\n4wwpQA96GnZvOoAc8Tj46tEia25QaNwtB04lRDasa4VxAsgl47KD8R1qgjpLGU8Z\n0Z010dHLSGDsV2n3NDsqXgLwE6qYAS/JpKTTpFlhtqukH0unu9cXiAdPFoyA43lA\n0lp0I5dqhyhkGy78hnOortndwIQy0XTV+oK7c3MEIT2Cexetxh7fwQBxU1mA2fVM\nyI0X3LHxO0AUjMxlquqO5doJaEN5Uu46FcEeRiEDY+WlMbE6AFsye7MjYnQXr3uZ\nLPmZXWflczwhUwKCAQEA38l3qUrq2LJ/aL8exRBmCtKL0M3Sj8nbn646/vG1/aP0\nL8YcCwaEulSD4Xie72W9gwH9aquJsCUX1E+pf8V624X1HrR8hclXJ5Am+D/hyA5j\nFG/CGMh8pSkdK9Hmj2P/1WBuCQxH58wuYwDIH5Em+9Dsqx+sLE9o9G8XwPSzTgga\nvBReOT63eM3J35HME0m/JVD+YEAtNU/jGTbt1A34hUx58K/SLE3Ux13CfszETcSD\nPFk2HnjU33wDUz4zaDyhAqXri/z9sxckZLI9NwdbRtlxqaYHauktZ/7DgbN9OABc\n2UajfyfTcXikshIKBGB9L7v6/ZcBO8stMV2UR7n2jwKCAQEAzNWNkHOfU3O/sIf3\nWQEEhulsOvgp5IoGdj+R+lZ3F1Pl/EE65p/bDAWSBPYHHNrqKmLI+wNv8d37tqse\nzSK4SQJC/aQIhG624+6trsYkcJJURKQxhVc5xtzAzncRAbcqwqIj8/CrsC10m3Aj\n6Pi2AiZUXnNRRnOZMDWdph5CTsx+0yFq7VaW2XyasiBB2wJ0inYnyniZT9TByWGd\nbEYJ/KCRtcvibFssjp8QpK8FYJ1XYvxUyFuA/yE7b7XaROhhEIR/XD0UVpjo2JCV\nQFR6teYnx/qIVADhHBwXVrVEZRWmTPDDJuseeH5FYlY9HmYFSXaKzXDoK2styU6F\n7XBHEQKCAQAOO3nowmL9NRz1RHJohgp3VbyeovhpPKVDGomV/Tld0DePckIGUXvP\nfeCFTm6NOyM6Wb4MMqynDzTcw9Q71AtkOrjEIyZoO83XLkvMLgPl/UQ/4Huvp9CF\nkH/ScZ8AL5PtthxJZwaLr2ij00DnAQxBp5/lojYI+2PpZ8dS9j0REWLh40m6ykpQ\n3IWiOluIPoBxlx0Wcf5uDY6b4+psOhc8Iwj+TbBIMQr/Qu9DsTIq3/yYsfPHLFgd\nfn2XpbUPRAvZZ0P7uzNHWIlv/gX2ofkkIGAiMfT2z62bl5BHh2rHTP6asutjAt1n\nsgyHZq5MaPaNOp9T0W66pslRAmqTxTfxAoIBAQD1OdPkd8oQyKsXijQzYtSATC2j\nbP+T1fHgJkFcvSdtBLfDwOjSzP+zpYGPGwk3ALepnXiKmSIzN9z0Csv7TnWEm3OK\nQX36jya69IeEX3AvQJFtL7KZtyfNcjaeQfIy+bKl/u6Rs7rr+BmqH1aZsdhvAMDp\nyktI3lfW1jz323Myl7nuB5fD5y4PAw6B/03lD043S4qrg2mYIrpJ11XxQHXik/rQ\nFo2SNzooOtM+PL8ih9Unn8Suf9LiQ3CFmRkAdWlmTUaVtspCO4yaYj7Scyst/LkB\n+mpF965oFQd1UujbjR/u2Zrt8tNW+RDI57TBlMr7Yrr5N8pt+LuhzIjdtNBn\n-----END RSA PRIVATE KEY-----\n",
            "private_key_pem_pkcs8": "-----BEGIN PRIVATE KEY-----\nMIIJQwIBADANBgkqhkiG9w0BAQEFAASCCS0wggkpAgEAAoICAQDX8IigAeymSsy5\nIP3YPr72zPAn7h1myLaoLR4RFSkvK9YS3GXZ+MkUSTk5zuHSXs54NPDEouY1bEx+\nPop+DqjgAVnosliOhYvzMiuFaXsr+rxNAM/tkCqKDggYGaDBcywJc0ZCmWSa0xYf\nJ7JU73OEXGBhb3GNLUcRaAI0dQ4JyYJZ8RMO68+KPEyXjf/RJiti64coVAkibeNZ\nZgt/KqcxTUqdUxNRTKm7a4juliMa8Lb+6DbjmIrttIJ9IYbooYgQEZB0cWO8VCPH\nCo5+H95M/Oj8GgDG18VZRsLIPSO0TM62Fylbg8e7/t/TkTD9z2tb104nAGnAAw9T\nWfuX7Q9yT6uIMvLG2ZMdC/kT7THmgk+EREcVStdEu8Dc0EZEBCMS5wdE7W42ngfI\nXHBzJZRKuWsIPO8jj5rHKY9imYK0+0US/Gd18KNXH8w2CnxgzZst1k6neOhHAQko\nFQ73ka6+Dgshg2DpCjjyInZ9ze3bue2sJYPKmNuhUOY0UfZsFgexjyZpZCyH2gkv\nXJkrfi6N6S/a0y1BbJm3EHZWlEokplCQIHXl5BrU6LGLKUCo6yRVFP4j/a+ZZaCS\nJQT0L6cr56cwt7TNpR40Xvmnxj84ReRFGj+bMPAYq/HYpOjeTLxwhdkCVWrCsWtu\ns/nnGq8x/s5IihlLTs+TiuSVQJdfXQIDAQABAoICAEtIvFFQqnFFdb97XZTFN22z\nAG1jalO52Vijti5NetjLxyw3M7k9L9mHN9DMLFXcIM6u4lwj0O/CLJ787erJ8J18\nSxzCBPbXX3XvwVWXc05fccPE6zkPQI12G+NPGAkpvqoiytWQRg9mVXmSLO3It7Tn\nQeDmaifGp9bNNKuWPckyvGPgFP1oQCiZIjjaVFxWGt03cR0hwzeCKTezSIHS3Ixn\nPoLAAmWfPTOu54QKyv1q+9m+GtjZh2IdQzsd87tqCZZUkVDPcW6oxPpxV0Fomees\nawvtguTQOCkKbwFBs496Eb1RMOWLeZi04NMRdQugA3V3CHO3hKbhSjgMkJckmnPj\nZxuVls7K4vmlptuqBBME8wR1cEswWszBK+K+Z+4oqWlG0Mr+v+ZVRmmDueLGEiY7\nmDDa0/VbqmyJOZNVC5jUONV5HIXNHYokO1zkD0U2xx+KQhptSNyqn5aEiovo960O\nV31Eihlllp8MQVAIszHogB8rur5vzPPrEYaL36yoXk3bHZ1Sf3mPmWZGEq+VTBTl\n1+c9CawjLgNyNsj+nENpqSRzsFzJt35+UxESoMW5CSx0JmUwCtU4JgrVtfdRda8p\nZVygBpkU3kWfBsxQdnwnPFWoDH8+KtepcD157TyOu+7PgujXY+fcNYZfy+t00JTw\nUe5Eez80TIKvyaaePZ6/AoIBAQD3BePqJdXmifHs947L2DEuATiDBEgKMZIvSVZ1\n2IMPnbPgE44TMfEOllt5ubwt1eZ5VYZqQdnjDClAD3oadm86gBzxOPjq0SJrblBo\n3C0HTiVENqxrhXECyCXjsoPxHWqCOksZTxnRnTXR0ctIYOxXafc0OypeAvATqpgB\nL8mkpNOkWWG2q6QfS6e71xeIB08WjIDjeUDSWnQjl2qHKGQbLvyGc6iu2d3AhDLR\ndNX6grtzcwQhPYJ7F63GHt/BAHFTWYDZ9UzIjRfcsfE7QBSMzGWq6o7l2gloQ3lS\n7joVwR5GIQNj5aUxsToAWzJ7syNidBeve5ks+ZldZ+VzPCFTAoIBAQDfyXepSurY\nsn9ovx7FEGYK0ovQzdKPydufrjr+8bX9o/QvxhwLBoS6VIPheJ7vZb2DAf1qq4mw\nJRfUT6l/xXrbhfUetHyFyVcnkCb4P+HIDmMUb8IYyHylKR0r0eaPY//VYG4JDEfn\nzC5jAMgfkSb70OyrH6wsT2j0bxfA9LNOCBq8FF45Prd4zcnfkcwTSb8lUP5gQC01\nT+MZNu3UDfiFTHnwr9IsTdTHXcJ+zMRNxIM8WTYeeNTffANTPjNoPKECpeuL/P2z\nFyRksj03B1tG2XGppgdq6S1n/sOBs304AFzZRqN/J9NxeKSyEgoEYH0vu/r9lwE7\nyy0xXZRHufaPAoIBAQDM1Y2Qc59Tc7+wh/dZAQSG6Ww6+CnkigZ2P5H6VncXU+X8\nQTrmn9sMBZIE9gcc2uoqYsj7A2/x3fu2qx7NIrhJAkL9pAiEbrbj7q2uxiRwklRE\npDGFVznG3MDOdxEBtyrCoiPz8KuwLXSbcCPo+LYCJlRec1FGc5kwNZ2mHkJOzH7T\nIWrtVpbZfJqyIEHbAnSKdifKeJlP1MHJYZ1sRgn8oJG1y+JsWyyOnxCkrwVgnVdi\n/FTIW4D/ITtvtdpE6GEQhH9cPRRWmOjYkJVAVHq15ifH+ohUAOEcHBdWtURlFaZM\n8MMm6x54fkViVj0eZgVJdorNcOgray3JToXtcEcRAoIBAA47eejCYv01HPVEcmiG\nCndVvJ6i+Gk8pUMaiZX9OV3QN49yQgZRe8994IVObo07IzpZvgwyrKcPNNzD1DvU\nC2Q6uMQjJmg7zdcuS8wuA+X9RD/ge6+n0IWQf9JxnwAvk+22HElnBouvaKPTQOcB\nDEGnn+WiNgj7Y+lnx1L2PRERYuHjSbrKSlDchaI6W4g+gHGXHRZx/m4Njpvj6mw6\nFzwjCP5NsEgxCv9C70OxMirf/Jix88csWB1+fZeltQ9EC9lnQ/u7M0dYiW/+Bfah\n+SQgYCIx9PbPrZuXkEeHasdM/pqy62MC3WeyDIdmrkxo9o06n1PRbrqmyVECapPF\nN/ECggEBAPU50+R3yhDIqxeKNDNi1IBMLaNs/5PV8eAmQVy9J20Et8PA6NLM/7Ol\ngY8bCTcAt6mdeIqZIjM33PQKy/tOdYSbc4pBffqPJrr0h4RfcC9AkW0vspm3J81y\nNp5B8jL5sqX+7pGzuuv4GaofVpmx2G8AwOnKS0jeV9bWPPfbczKXue4Hl8PnLg8D\nDoH/TeUPTjdLiquDaZgiuknXVfFAdeKT+tAWjZI3Oig60z48vyKH1SefxK5/0uJD\ncIWZGQB1aWZNRpW2ykI7jJpiPtJzKy38uQH6akX3rmgVB3VS6NuNH+7Zmu3y01b5\nEMjntMGUyvtiuvk3ym34u6HMiN200Gc=\n-----END PRIVATE KEY-----\n",
            "public_key_fingerprint_md5": "e5:7f:9f:d0:23:fd:e4:be:59:5b:ad:1a:42:09:46:91",
            "public_key_fingerprint_sha256": "SHA256:ohjg+0ZLinn1lih7bGbC4rRzSdwgWYGErITigBwpKWs",
            "public_key_openssh": "ssh-rsa AAAAB3NzaC1yc2EAAAADAQABAAACAQDX8IigAeymSsy5IP3YPr72zPAn7h1myLaoLR4RFSkvK9YS3GXZ+MkUSTk5zuHSXs54NPDEouY1bEx+Pop+DqjgAVnosliOhYvzMiuFaXsr+rxNAM/tkCqKDggYGaDBcywJc0ZCmWSa0xYfJ7JU73OEXGBhb3GNLUcRaAI0dQ4JyYJZ8RMO68+KPEyXjf/RJiti64coVAkibeNZZgt/KqcxTUqdUxNRTKm7a4juliMa8Lb+6DbjmIrttIJ9IYbooYgQEZB0cWO8VCPHCo5+H95M/Oj8GgDG18VZRsLIPSO0TM62Fylbg8e7/t/TkTD9z2tb104nAGnAAw9TWfuX7Q9yT6uIMvLG2ZMdC/kT7THmgk+EREcVStdEu8Dc0EZEBCMS5wdE7W42ngfIXHBzJZRKuWsIPO8jj5rHKY9imYK0+0US/Gd18KNXH8w2CnxgzZst1k6neOhHAQkoFQ73ka6+Dgshg2DpCjjyInZ9ze3bue2sJYPKmNuhUOY0UfZsFgexjyZpZCyH2gkvXJkrfi6N6S/a0y1BbJm3EHZWlEokplCQIHXl5BrU6LGLKUCo6yRVFP4j/a+ZZaCSJQT0L6cr56cwt7TNpR40Xvmnxj84ReRFGj+bMPAYq/HYpOjeTLxwhdkCVWrCsWtus/nnGq8x/s5IihlLTs+TiuSVQJdfXQ==\n",
            "public_key_pem": "-----BEGIN PUBLIC KEY-----\nMIICIjANBgkqhkiG9w0BAQEFAAOCAg8AMIICCgKCAgEA1/CIoAHspkrMuSD92D6+\n9szwJ+4dZsi2qC0eERUpLyvWEtxl2fjJFEk5Oc7h0l7OeDTwxKLmNWxMfj6Kfg6o\n4AFZ6LJYjoWL8zIrhWl7K/q8TQDP7ZAqig4IGBmgwXMsCXNGQplkmtMWHyeyVO9z\nhFxgYW9xjS1HEWgCNHUOCcmCWfETDuvPijxMl43/0SYrYuuHKFQJIm3jWWYLfyqn\nMU1KnVMTUUypu2uI7pYjGvC2/ug245iK7bSCfSGG6KGIEBGQdHFjvFQjxwqOfh/e\nTPzo/BoAxtfFWUbCyD0jtEzOthcpW4PHu/7f05Ew/c9rW9dOJwBpwAMPU1n7l+0P\nck+riDLyxtmTHQv5E+0x5oJPhERHFUrXRLvA3NBGRAQjEucHRO1uNp4HyFxwcyWU\nSrlrCDzvI4+axymPYpmCtPtFEvxndfCjVx/MNgp8YM2bLdZOp3joRwEJKBUO95Gu\nvg4LIYNg6Qo48iJ2fc3t27ntrCWDypjboVDmNFH2bBYHsY8maWQsh9oJL1yZK34u\njekv2tMtQWyZtxB2VpRKJKZQkCB15eQa1OixiylAqOskVRT+I/2vmWWgkiUE9C+n\nK+enMLe0zaUeNF75p8Y/OEXkRRo/mzDwGKvx2KTo3ky8cIXZAlVqwrFrbrP55xqv\nMf7OSIoZS07Pk4rklUCXX10CAwEAAQ==\n-----END PUBLIC KEY-----\n",
            "rsa_bits": 4096
          },
          "sensitive_attributes": [
            [
              {
                "type": "get_attr",
                "value": "private_key_pem"
              }
            ],
            [
              {
                "type": "get_attr",
                "value": "private_key_openssh"
              }
            ],
            [
              {
                "type": "get_attr",
                "value": "private_key_pem_pkcs8"
              }
            ]
          ]
        }
      ]
    },
    {
      "module": "module.nat",
      "mode": "managed",
      "type": "aws_eip",
      "name": "nat_eip",
      "provider": "provider[\"registry.terraform.io/hashicorp/aws\"]",
      "instances": [
        {
          "schema_version": 0,
          "attributes": {
            "address": null,
            "allocation_id": "eipalloc-0b84b4d5f70df661f",
            "arn": "arn:aws:ec2:ap-northeast-2:390403881443:elastic-ip/eipalloc-0b84b4d5f70df661f",
            "associate_with_private_ip": null,
            "association_id": "eipassoc-0dd1c4dcfea1ca6ed",
            "carrier_ip": "",
            "customer_owned_ip": "",
            "customer_owned_ipv4_pool": "",
            "domain": "vpc",
            "id": "eipalloc-0b84b4d5f70df661f",
            "instance": "i-027e1fdb44cdb19ba",
            "ipam_pool_id": null,
            "network_border_group": "ap-northeast-2",
            "network_interface": "eni-0ac480412d2bd6d00",
            "private_dns": "ip-10-0-1-69.ap-northeast-2.compute.internal",
            "private_ip": "10.0.1.69",
            "ptr_record": "",
            "public_dns": "ec2-3-39-95-149.ap-northeast-2.compute.amazonaws.com",
            "public_ip": "3.39.95.149",
            "public_ipv4_pool": "amazon",
            "region": "ap-northeast-2",
            "tags": null,
            "tags_all": {},
            "timeouts": null
          },
          "sensitive_attributes": [],
          "private": "eyJlMmJmYjczMC1lY2FhLTExZTYtOGY4OC0zNDM2M2JjN2M0YzAiOnsiZGVsZXRlIjoxODAwMDAwMDAwMDAsInJlYWQiOjkwMDAwMDAwMDAwMCwidXBkYXRlIjozMDAwMDAwMDAwMDB9fQ==",
          "dependencies": [
            "module.nat.aws_instance.nat",
            "module.sg.aws_security_group.nat_sg",
            "module.subnet.aws_subnet.public",
            "module.vpc.aws_vpc.project"
          ]
        }
      ]
    },
    {
      "module": "module.nat",
      "mode": "managed",
      "type": "aws_eip_association",
      "name": "nat_eip_assoc",
      "provider": "provider[\"registry.terraform.io/hashicorp/aws\"]",
      "instances": [
        {
          "schema_version": 0,
          "attributes": {
            "allocation_id": "eipalloc-0b84b4d5f70df661f",
            "allow_reassociation": null,
            "id": "eipassoc-0dd1c4dcfea1ca6ed",
            "instance_id": "i-027e1fdb44cdb19ba",
            "network_interface_id": "eni-0ac480412d2bd6d00",
            "private_ip_address": "10.0.1.69",
            "public_ip": "3.39.95.149",
            "region": "ap-northeast-2"
          },
          "sensitive_attributes": [],
          "private": "bnVsbA==",
          "dependencies": [
            "module.nat.aws_eip.nat_eip",
            "module.nat.aws_instance.nat",
            "module.sg.aws_security_group.nat_sg",
            "module.subnet.aws_subnet.public",
            "module.vpc.aws_vpc.project"
          ]
        }
      ]
    },
    {
      "module": "module.nat",
      "mode": "managed",
      "type": "aws_instance",
      "name": "nat",
      "provider": "provider[\"registry.terraform.io/hashicorp/aws\"]",
      "instances": [
        {
          "schema_version": 2,
          "attributes": {
            "ami": "ami-01ad0c7a4930f0e43",
            "arn": "arn:aws:ec2:ap-northeast-2:390403881443:instance/i-027e1fdb44cdb19ba",
            "associate_public_ip_address": false,
            "availability_zone": "ap-northeast-2a",
            "capacity_reservation_specification": [
              {
                "capacity_reservation_preference": "open",
                "capacity_reservation_target": []
              }
            ],
            "cpu_options": [
              {
                "amd_sev_snp": "",
                "core_count": 1,
                "threads_per_core": 2
              }
            ],
            "credit_specification": [
              {
                "cpu_credits": "unlimited"
              }
            ],
            "disable_api_stop": false,
            "disable_api_termination": false,
            "ebs_block_device": [],
            "ebs_optimized": false,
            "enable_primary_ipv6": null,
            "enclave_options": [
              {
                "enabled": false
              }
            ],
            "ephemeral_block_device": [],
            "force_destroy": false,
            "get_password_data": false,
            "hibernation": false,
            "host_id": "",
            "host_resource_group_arn": null,
            "iam_instance_profile": "",
            "id": "i-027e1fdb44cdb19ba",
            "instance_initiated_shutdown_behavior": "stop",
            "instance_lifecycle": "",
            "instance_market_options": [],
            "instance_state": "running",
            "instance_type": "t3.micro",
            "ipv6_address_count": 0,
            "ipv6_addresses": [],
            "key_name": "",
            "launch_template": [],
            "maintenance_options": [
              {
                "auto_recovery": "default"
              }
            ],
            "metadata_options": [
              {
                "http_endpoint": "enabled",
                "http_protocol_ipv6": "disabled",
                "http_put_response_hop_limit": 1,
                "http_tokens": "optional",
                "instance_metadata_tags": "disabled"
              }
            ],
            "monitoring": false,
            "network_interface": [],
            "outpost_arn": "",
            "password_data": "",
            "placement_group": "",
            "placement_partition_number": 0,
            "primary_network_interface_id": "eni-0ac480412d2bd6d00",
            "private_dns": "ip-10-0-1-69.ap-northeast-2.compute.internal",
            "private_dns_name_options": [
              {
                "enable_resource_name_dns_a_record": false,
                "enable_resource_name_dns_aaaa_record": false,
                "hostname_type": "ip-name"
              }
            ],
            "private_ip": "10.0.1.69",
            "public_dns": "",
            "public_ip": "",
            "region": "ap-northeast-2",
            "root_block_device": [
              {
                "delete_on_termination": true,
                "device_name": "/dev/xvda",
                "encrypted": false,
                "iops": 0,
                "kms_key_id": "",
                "tags": {},
                "tags_all": {},
                "throughput": 0,
                "volume_id": "vol-005ba098f64858349",
                "volume_size": 8,
                "volume_type": "standard"
              }
            ],
            "secondary_private_ips": [],
            "security_groups": [],
            "source_dest_check": false,
            "spot_instance_request_id": "",
            "subnet_id": "subnet-0233733ed00ee4a87",
            "tags": {
              "Name": "nat-instance"
            },
            "tags_all": {
              "Name": "nat-instance"
            },
            "tenancy": "default",
            "timeouts": null,
            "user_data": null,
            "user_data_base64": null,
            "user_data_replace_on_change": false,
            "volume_tags": null,
            "vpc_security_group_ids": [
              "sg-04b64d178d9309c35"
            ]
          },
          "sensitive_attributes": [],
          "private": "eyJlMmJmYjczMC1lY2FhLTExZTYtOGY4OC0zNDM2M2JjN2M0YzAiOnsiY3JlYXRlIjo2MDAwMDAwMDAwMDAsImRlbGV0ZSI6MTIwMDAwMDAwMDAwMCwicmVhZCI6OTAwMDAwMDAwMDAwLCJ1cGRhdGUiOjYwMDAwMDAwMDAwMH0sInNjaGVtYV92ZXJzaW9uIjoiMiJ9",
          "dependencies": [
            "module.sg.aws_security_group.nat_sg",
            "module.subnet.aws_subnet.public",
            "module.vpc.aws_vpc.project"
          ]
        }
      ]
    },
    {
      "module": "module.route",
      "mode": "managed",
      "type": "aws_route",
      "name": "private_nat_route",
      "provider": "provider[\"registry.terraform.io/hashicorp/aws\"]",
      "instances": [
        {
          "schema_version": 0,
          "attributes": {
            "carrier_gateway_id": "",
            "core_network_arn": "",
            "destination_cidr_block": "0.0.0.0/0",
            "destination_ipv6_cidr_block": "",
            "destination_prefix_list_id": "",
            "egress_only_gateway_id": "",
            "gateway_id": "",
            "id": "r-rtb-0941ee82ac8f436bd1080289494",
            "instance_id": "i-027e1fdb44cdb19ba",
            "instance_owner_id": "390403881443",
            "local_gateway_id": "",
            "nat_gateway_id": "",
            "network_interface_id": "eni-0ac480412d2bd6d00",
            "origin": "CreateRoute",
            "region": "ap-northeast-2",
            "route_table_id": "rtb-0941ee82ac8f436bd",
            "state": "active",
            "timeouts": null,
            "transit_gateway_id": "",
            "vpc_endpoint_id": "",
            "vpc_peering_connection_id": ""
          },
          "sensitive_attributes": [],
          "private": "eyJlMmJmYjczMC1lY2FhLTExZTYtOGY4OC0zNDM2M2JjN2M0YzAiOnsiY3JlYXRlIjozMDAwMDAwMDAwMDAsImRlbGV0ZSI6MzAwMDAwMDAwMDAwLCJ1cGRhdGUiOjEyMDAwMDAwMDAwMH19",
          "dependencies": [
            "module.nat.aws_instance.nat",
            "module.route.aws_route_table.private_rt",
            "module.sg.aws_security_group.nat_sg",
            "module.subnet.aws_subnet.public",
            "module.vpc.aws_vpc.project"
          ]
        }
      ]
    },
    {
      "module": "module.route",
      "mode": "managed",
      "type": "aws_route_table",
      "name": "private_rt",
      "provider": "provider[\"registry.terraform.io/hashicorp/aws\"]",
      "instances": [
        {
          "schema_version": 0,
          "attributes": {
            "arn": "arn:aws:ec2:ap-northeast-2:390403881443:route-table/rtb-0941ee82ac8f436bd",
            "id": "rtb-0941ee82ac8f436bd",
            "owner_id": "390403881443",
            "propagating_vgws": [],
            "region": "ap-northeast-2",
            "route": [],
            "tags": {
              "Name": "private-rt"
            },
            "tags_all": {
              "Name": "private-rt"
            },
            "timeouts": null,
            "vpc_id": "vpc-0a3df384489793f2f"
          },
          "sensitive_attributes": [],
          "private": "eyJlMmJmYjczMC1lY2FhLTExZTYtOGY4OC0zNDM2M2JjN2M0YzAiOnsiY3JlYXRlIjozMDAwMDAwMDAwMDAsImRlbGV0ZSI6MzAwMDAwMDAwMDAwLCJ1cGRhdGUiOjEyMDAwMDAwMDAwMH19",
          "dependencies": [
            "module.vpc.aws_vpc.project"
          ]
        }
      ]
    },
    {
      "module": "module.route",
      "mode": "managed",
      "type": "aws_route_table",
      "name": "public_rt",
      "provider": "provider[\"registry.terraform.io/hashicorp/aws\"]",
      "instances": [
        {
          "schema_version": 0,
          "attributes": {
            "arn": "arn:aws:ec2:ap-northeast-2:390403881443:route-table/rtb-0423100d08aa079ea",
            "id": "rtb-0423100d08aa079ea",
            "owner_id": "390403881443",
            "propagating_vgws": [],
            "region": "ap-northeast-2",
            "route": [
              {
                "carrier_gateway_id": "",
                "cidr_block": "0.0.0.0/0",
                "core_network_arn": "",
                "destination_prefix_list_id": "",
                "egress_only_gateway_id": "",
                "gateway_id": "igw-0436b4eaff8820f35",
                "ipv6_cidr_block": "",
                "local_gateway_id": "",
                "nat_gateway_id": "",
                "network_interface_id": "",
                "transit_gateway_id": "",
                "vpc_endpoint_id": "",
                "vpc_peering_connection_id": ""
              }
            ],
            "tags": {
              "Name": "public-rt"
            },
            "tags_all": {
              "Name": "public-rt"
            },
            "timeouts": null,
            "vpc_id": "vpc-0a3df384489793f2f"
          },
          "sensitive_attributes": [],
          "private": "eyJlMmJmYjczMC1lY2FhLTExZTYtOGY4OC0zNDM2M2JjN2M0YzAiOnsiY3JlYXRlIjozMDAwMDAwMDAwMDAsImRlbGV0ZSI6MzAwMDAwMDAwMDAwLCJ1cGRhdGUiOjEyMDAwMDAwMDAwMH19",
          "dependencies": [
            "module.igw.aws_internet_gateway.igw",
            "module.vpc.aws_vpc.project"
          ]
        }
      ]
    },
    {
      "module": "module.route",
      "mode": "managed",
      "type": "aws_route_table_association",
      "name": "private_assoc",
      "provider": "provider[\"registry.terraform.io/hashicorp/aws\"]",
      "instances": [
        {
          "index_key": "private-subnet-a",
          "schema_version": 0,
          "attributes": {
            "gateway_id": "",
            "id": "rtbassoc-090019c62653b4c24",
            "region": "ap-northeast-2",
            "route_table_id": "rtb-0941ee82ac8f436bd",
            "subnet_id": "subnet-087b6b9a2fc245c9b",
            "timeouts": null
          },
          "sensitive_attributes": [],
          "private": "eyJlMmJmYjczMC1lY2FhLTExZTYtOGY4OC0zNDM2M2JjN2M0YzAiOnsiY3JlYXRlIjozMDAwMDAwMDAwMDAsImRlbGV0ZSI6MzAwMDAwMDAwMDAwLCJ1cGRhdGUiOjEyMDAwMDAwMDAwMH19",
          "dependencies": [
            "module.route.aws_route_table.private_rt",
            "module.subnet.aws_subnet.private",
            "module.vpc.aws_vpc.project"
          ]
        },
        {
          "index_key": "private-subnet-c",
          "schema_version": 0,
          "attributes": {
            "gateway_id": "",
            "id": "rtbassoc-08eea510243e34c45",
            "region": "ap-northeast-2",
            "route_table_id": "rtb-0941ee82ac8f436bd",
            "subnet_id": "subnet-0dcbc51a381448170",
            "timeouts": null
          },
          "sensitive_attributes": [],
          "private": "eyJlMmJmYjczMC1lY2FhLTExZTYtOGY4OC0zNDM2M2JjN2M0YzAiOnsiY3JlYXRlIjozMDAwMDAwMDAwMDAsImRlbGV0ZSI6MzAwMDAwMDAwMDAwLCJ1cGRhdGUiOjEyMDAwMDAwMDAwMH19",
          "dependencies": [
            "module.route.aws_route_table.private_rt",
            "module.subnet.aws_subnet.private",
            "module.vpc.aws_vpc.project"
          ]
        }
      ]
    },
    {
      "module": "module.route",
      "mode": "managed",
      "type": "aws_route_table_association",
      "name": "public_assoc",
      "provider": "provider[\"registry.terraform.io/hashicorp/aws\"]",
      "instances": [
        {
          "index_key": "public-subnet-a",
          "schema_version": 0,
          "attributes": {
            "gateway_id": "",
            "id": "rtbassoc-0f9466af01f22cee5",
            "region": "ap-northeast-2",
            "route_table_id": "rtb-0423100d08aa079ea",
            "subnet_id": "subnet-0233733ed00ee4a87",
            "timeouts": null
          },
          "sensitive_attributes": [],
          "private": "eyJlMmJmYjczMC1lY2FhLTExZTYtOGY4OC0zNDM2M2JjN2M0YzAiOnsiY3JlYXRlIjozMDAwMDAwMDAwMDAsImRlbGV0ZSI6MzAwMDAwMDAwMDAwLCJ1cGRhdGUiOjEyMDAwMDAwMDAwMH19",
          "dependencies": [
            "module.igw.aws_internet_gateway.igw",
            "module.route.aws_route_table.public_rt",
            "module.subnet.aws_subnet.public",
            "module.vpc.aws_vpc.project"
          ]
        },
        {
          "index_key": "public-subnet-c",
          "schema_version": 0,
          "attributes": {
            "gateway_id": "",
            "id": "rtbassoc-0ee2827732524f942",
            "region": "ap-northeast-2",
            "route_table_id": "rtb-0423100d08aa079ea",
            "subnet_id": "subnet-0a8d0881c8a8a5d08",
            "timeouts": null
          },
          "sensitive_attributes": [],
          "private": "eyJlMmJmYjczMC1lY2FhLTExZTYtOGY4OC0zNDM2M2JjN2M0YzAiOnsiY3JlYXRlIjozMDAwMDAwMDAwMDAsImRlbGV0ZSI6MzAwMDAwMDAwMDAwLCJ1cGRhdGUiOjEyMDAwMDAwMDAwMH19",
          "dependencies": [
            "module.igw.aws_internet_gateway.igw",
            "module.route.aws_route_table.public_rt",
            "module.subnet.aws_subnet.public",
            "module.vpc.aws_vpc.project"
          ]
        }
      ]
    },
    {
      "module": "module.sg",
      "mode": "managed",
      "type": "aws_security_group",
      "name": "bastion_sg",
      "provider": "provider[\"registry.terraform.io/hashicorp/aws\"]",
      "instances": [
        {
          "schema_version": 1,
          "attributes": {
            "arn": "arn:aws:ec2:ap-northeast-2:390403881443:security-group/sg-0afbe50d6bf74526e",
            "description": "Bastion host security group",
            "egress": [
              {
                "cidr_blocks": [
                  "0.0.0.0/0"
                ],
                "description": "",
                "from_port": 0,
                "ipv6_cidr_blocks": [],
                "prefix_list_ids": [],
                "protocol": "-1",
                "security_groups": [],
                "self": false,
                "to_port": 0
              }
            ],
            "id": "sg-0afbe50d6bf74526e",
            "ingress": [
              {
                "cidr_blocks": [
                  "0.0.0.0/0"
                ],
                "description": "SSH access",
                "from_port": 22,
                "ipv6_cidr_blocks": [],
                "prefix_list_ids": [],
                "protocol": "tcp",
                "security_groups": [],
                "self": false,
                "to_port": 22
              }
            ],
            "name": "bastion-sg",
            "name_prefix": "",
            "owner_id": "390403881443",
            "region": "ap-northeast-2",
            "revoke_rules_on_delete": false,
            "tags": {
              "Name": "bastion-sg"
            },
            "tags_all": {
              "Name": "bastion-sg"
            },
            "timeouts": null,
            "vpc_id": "vpc-0a3df384489793f2f"
          },
          "sensitive_attributes": [],
          "private": "eyJlMmJmYjczMC1lY2FhLTExZTYtOGY4OC0zNDM2M2JjN2M0YzAiOnsiY3JlYXRlIjo2MDAwMDAwMDAwMDAsImRlbGV0ZSI6OTAwMDAwMDAwMDAwfSwic2NoZW1hX3ZlcnNpb24iOiIxIn0=",
          "dependencies": [
            "module.vpc.aws_vpc.project"
          ]
        }
      ]
    },
    {
      "module": "module.sg",
      "mode": "managed",
      "type": "aws_security_group",
      "name": "k3s_master_sg",
      "provider": "provider[\"registry.terraform.io/hashicorp/aws\"]",
      "instances": [
        {
          "schema_version": 1,
          "attributes": {
            "arn": "arn:aws:ec2:ap-northeast-2:390403881443:security-group/sg-0f56bf022a96fb80c",
            "description": "Security group for k3s master node",
            "egress": [
              {
                "cidr_blocks": [
                  "0.0.0.0/0"
                ],
                "description": "",
                "from_port": 0,
                "ipv6_cidr_blocks": [],
                "prefix_list_ids": [],
                "protocol": "-1",
                "security_groups": [],
                "self": false,
                "to_port": 0
              }
            ],
            "id": "sg-0f56bf022a96fb80c",
            "ingress": [
              {
                "cidr_blocks": [],
                "description": "SSH from bastion",
                "from_port": 22,
                "ipv6_cidr_blocks": [],
                "prefix_list_ids": [],
                "protocol": "tcp",
                "security_groups": [
                  "sg-0afbe50d6bf74526e"
                ],
                "self": false,
                "to_port": 22
              }
            ],
            "name": "k3s-master-sg",
            "name_prefix": "",
            "owner_id": "390403881443",
            "region": "ap-northeast-2",
            "revoke_rules_on_delete": false,
            "tags": {
              "Name": "k3s-master-sg"
            },
            "tags_all": {
              "Name": "k3s-master-sg"
            },
            "timeouts": null,
            "vpc_id": "vpc-0a3df384489793f2f"
          },
          "sensitive_attributes": [],
          "private": "eyJlMmJmYjczMC1lY2FhLTExZTYtOGY4OC0zNDM2M2JjN2M0YzAiOnsiY3JlYXRlIjo2MDAwMDAwMDAwMDAsImRlbGV0ZSI6OTAwMDAwMDAwMDAwfSwic2NoZW1hX3ZlcnNpb24iOiIxIn0=",
          "dependencies": [
            "module.sg.aws_security_group.bastion_sg",
            "module.vpc.aws_vpc.project"
          ]
        }
      ]
    },
    {
      "module": "module.sg",
      "mode": "managed",
      "type": "aws_security_group",
      "name": "k3s_worker_sg",
      "provider": "provider[\"registry.terraform.io/hashicorp/aws\"]",
      "instances": [
        {
          "schema_version": 1,
          "attributes": {
            "arn": "arn:aws:ec2:ap-northeast-2:390403881443:security-group/sg-08a30fc9ca9880fc4",
            "description": "Security group for k3s worker nodes",
            "egress": [
              {
                "cidr_blocks": [
                  "0.0.0.0/0"
                ],
                "description": "",
                "from_port": 0,
                "ipv6_cidr_blocks": [],
                "prefix_list_ids": [],
                "protocol": "-1",
                "security_groups": [],
                "self": false,
                "to_port": 0
              }
            ],
            "id": "sg-08a30fc9ca9880fc4",
            "ingress": [
              {
                "cidr_blocks": [],
                "description": "SSH from bastion",
                "from_port": 22,
                "ipv6_cidr_blocks": [],
                "prefix_list_ids": [],
                "protocol": "tcp",
                "security_groups": [
                  "sg-0afbe50d6bf74526e"
                ],
                "self": false,
                "to_port": 22
              }
            ],
            "name": "k3s-worker-sg",
            "name_prefix": "",
            "owner_id": "390403881443",
            "region": "ap-northeast-2",
            "revoke_rules_on_delete": false,
            "tags": {
              "Name": "k3s-worker-sg"
            },
            "tags_all": {
              "Name": "k3s-worker-sg"
            },
            "timeouts": null,
            "vpc_id": "vpc-0a3df384489793f2f"
          },
          "sensitive_attributes": [],
          "private": "eyJlMmJmYjczMC1lY2FhLTExZTYtOGY4OC0zNDM2M2JjN2M0YzAiOnsiY3JlYXRlIjo2MDAwMDAwMDAwMDAsImRlbGV0ZSI6OTAwMDAwMDAwMDAwfSwic2NoZW1hX3ZlcnNpb24iOiIxIn0=",
          "dependencies": [
            "module.sg.aws_security_group.bastion_sg",
            "module.vpc.aws_vpc.project"
          ]
        }
      ]
    },
    {
      "module": "module.sg",
      "mode": "managed",
      "type": "aws_security_group",
      "name": "nat_sg",
      "provider": "provider[\"registry.terraform.io/hashicorp/aws\"]",
      "instances": [
        {
          "schema_version": 1,
          "attributes": {
            "arn": "arn:aws:ec2:ap-northeast-2:390403881443:security-group/sg-04b64d178d9309c35",
            "description": "Managed by Terraform",
            "egress": [
              {
                "cidr_blocks": [
                  "0.0.0.0/0"
                ],
                "description": "Allow all outbound",
                "from_port": 0,
                "ipv6_cidr_blocks": [],
                "prefix_list_ids": [],
                "protocol": "-1",
                "security_groups": [],
                "self": false,
                "to_port": 0
              }
            ],
            "id": "sg-04b64d178d9309c35",
            "ingress": [
              {
                "cidr_blocks": [
                  "10.0.11.0/24",
                  "10.0.12.0/24"
                ],
                "description": "",
                "from_port": 0,
                "ipv6_cidr_blocks": [],
                "prefix_list_ids": [],
                "protocol": "tcp",
                "security_groups": [],
                "self": false,
                "to_port": 65535
              }
            ],
            "name": "nat-sg",
            "name_prefix": "",
            "owner_id": "390403881443",
            "region": "ap-northeast-2",
            "revoke_rules_on_delete": false,
            "tags": null,
            "tags_all": {},
            "timeouts": null,
            "vpc_id": "vpc-0a3df384489793f2f"
          },
          "sensitive_attributes": [],
          "private": "eyJlMmJmYjczMC1lY2FhLTExZTYtOGY4OC0zNDM2M2JjN2M0YzAiOnsiY3JlYXRlIjo2MDAwMDAwMDAwMDAsImRlbGV0ZSI6OTAwMDAwMDAwMDAwfSwic2NoZW1hX3ZlcnNpb24iOiIxIn0=",
          "dependencies": [
            "module.vpc.aws_vpc.project"
          ]
        }
      ]
    },
    {
      "module": "module.sg",
      "mode": "managed",
      "type": "aws_security_group",
      "name": "rds_sg",
      "provider": "provider[\"registry.terraform.io/hashicorp/aws\"]",
      "instances": [
        {
          "schema_version": 1,
          "attributes": {
            "arn": "arn:aws:ec2:ap-northeast-2:390403881443:security-group/sg-0beb9d5f9a082bf01",
            "description": "Security group for RDS (MySQL)",
            "egress": [
              {
                "cidr_blocks": [
                  "0.0.0.0/0"
                ],
                "description": "",
                "from_port": 0,
                "ipv6_cidr_blocks": [],
                "prefix_list_ids": [],
                "protocol": "-1",
                "security_groups": [],
                "self": false,
                "to_port": 0
              }
            ],
            "id": "sg-0beb9d5f9a082bf01",
            "ingress": [
              {
                "cidr_blocks": [
                  "0.0.0.0/0"
                ],
                "description": "Allow MySQL from anywhere (DEV ONLY)",
                "from_port": 3306,
                "ipv6_cidr_blocks": [],
                "prefix_list_ids": [],
                "protocol": "tcp",
                "security_groups": [],
                "self": false,
                "to_port": 3306
              }
            ],
            "name": "rds-sg",
            "name_prefix": "",
            "owner_id": "390403881443",
            "region": "ap-northeast-2",
            "revoke_rules_on_delete": false,
            "tags": {
              "Name": "rds-sg"
            },
            "tags_all": {
              "Name": "rds-sg"
            },
            "timeouts": null,
            "vpc_id": "vpc-0a3df384489793f2f"
          },
          "sensitive_attributes": [],
          "private": "eyJlMmJmYjczMC1lY2FhLTExZTYtOGY4OC0zNDM2M2JjN2M0YzAiOnsiY3JlYXRlIjo2MDAwMDAwMDAwMDAsImRlbGV0ZSI6OTAwMDAwMDAwMDAwfSwic2NoZW1hX3ZlcnNpb24iOiIxIn0=",
          "dependencies": [
            "module.vpc.aws_vpc.project"
          ]
        }
      ]
    },
    {
      "module": "module.sg",
      "mode": "managed",
      "type": "aws_security_group_rule",
      "name": "master_to_worker_all",
      "provider": "provider[\"registry.terraform.io/hashicorp/aws\"]",
      "instances": [
        {
          "schema_version": 2,
          "attributes": {
            "cidr_blocks": null,
            "description": "All traffic from master to worker nodes",
            "from_port": 0,
            "id": "sgrule-772025488",
            "ipv6_cidr_blocks": null,
            "prefix_list_ids": null,
            "protocol": "-1",
            "region": "ap-northeast-2",
            "security_group_id": "sg-08a30fc9ca9880fc4",
            "security_group_rule_id": "sgr-044a663c1250c80e0",
            "self": false,
            "source_security_group_id": "sg-0f56bf022a96fb80c",
            "timeouts": null,
            "to_port": 0,
            "type": "ingress"
          },
          "sensitive_attributes": [],
          "private": "eyJlMmJmYjczMC1lY2FhLTExZTYtOGY4OC0zNDM2M2JjN2M0YzAiOnsiY3JlYXRlIjozMDAwMDAwMDAwMDB9LCJzY2hlbWFfdmVyc2lvbiI6IjIifQ==",
          "dependencies": [
            "module.sg.aws_security_group.bastion_sg",
            "module.sg.aws_security_group.k3s_master_sg",
            "module.sg.aws_security_group.k3s_worker_sg",
            "module.vpc.aws_vpc.project"
          ]
        }
      ]
    },
    {
      "module": "module.sg",
      "mode": "managed",
      "type": "aws_security_group_rule",
      "name": "worker_to_master_all",
      "provider": "provider[\"registry.terraform.io/hashicorp/aws\"]",
      "instances": [
        {
          "schema_version": 2,
          "attributes": {
            "cidr_blocks": null,
            "description": "All traffic from worker nodes to master",
            "from_port": 0,
            "id": "sgrule-282421482",
            "ipv6_cidr_blocks": null,
            "prefix_list_ids": null,
            "protocol": "-1",
            "region": "ap-northeast-2",
            "security_group_id": "sg-0f56bf022a96fb80c",
            "security_group_rule_id": "sgr-08a9a2a1830990600",
            "self": false,
            "source_security_group_id": "sg-08a30fc9ca9880fc4",
            "timeouts": null,
            "to_port": 0,
            "type": "ingress"
          },
          "sensitive_attributes": [],
          "private": "eyJlMmJmYjczMC1lY2FhLTExZTYtOGY4OC0zNDM2M2JjN2M0YzAiOnsiY3JlYXRlIjozMDAwMDAwMDAwMDB9LCJzY2hlbWFfdmVyc2lvbiI6IjIifQ==",
          "dependencies": [
            "module.sg.aws_security_group.bastion_sg",
            "module.sg.aws_security_group.k3s_master_sg",
            "module.sg.aws_security_group.k3s_worker_sg",
            "module.vpc.aws_vpc.project"
          ]
        }
      ]
    },
    {
      "module": "module.subnet",
      "mode": "managed",
      "type": "aws_subnet",
      "name": "private",
      "provider": "provider[\"registry.terraform.io/hashicorp/aws\"]",
      "instances": [
        {
          "index_key": "private-subnet-a",
          "schema_version": 1,
          "attributes": {
            "arn": "arn:aws:ec2:ap-northeast-2:390403881443:subnet/subnet-087b6b9a2fc245c9b",
            "assign_ipv6_address_on_creation": false,
            "availability_zone": "ap-northeast-2a",
            "availability_zone_id": "apne2-az1",
            "cidr_block": "10.0.11.0/24",
            "customer_owned_ipv4_pool": "",
            "enable_dns64": false,
            "enable_lni_at_device_index": 0,
            "enable_resource_name_dns_a_record_on_launch": false,
            "enable_resource_name_dns_aaaa_record_on_launch": false,
            "id": "subnet-087b6b9a2fc245c9b",
            "ipv6_cidr_block": "",
            "ipv6_cidr_block_association_id": "",
            "ipv6_native": false,
            "map_customer_owned_ip_on_launch": false,
            "map_public_ip_on_launch": false,
            "outpost_arn": "",
            "owner_id": "390403881443",
            "private_dns_hostname_type_on_launch": "ip-name",
            "region": "ap-northeast-2",
            "tags": {
              "Name": "private-subnet-a",
              "kubernetes.io/cluster/k3s-studylinker": "shared",
              "kubernetes.io/role/internal-elb": "1"
            },
            "tags_all": {
              "Name": "private-subnet-a",
              "kubernetes.io/cluster/k3s-studylinker": "shared",
              "kubernetes.io/role/internal-elb": "1"
            },
            "timeouts": null,
            "vpc_id": "vpc-0a3df384489793f2f"
          },
          "sensitive_attributes": [],
          "private": "eyJlMmJmYjczMC1lY2FhLTExZTYtOGY4OC0zNDM2M2JjN2M0YzAiOnsiY3JlYXRlIjo2MDAwMDAwMDAwMDAsImRlbGV0ZSI6MTIwMDAwMDAwMDAwMH0sInNjaGVtYV92ZXJzaW9uIjoiMSJ9",
          "dependencies": [
            "module.vpc.aws_vpc.project"
          ]
        },
        {
          "index_key": "private-subnet-c",
          "schema_version": 1,
          "attributes": {
            "arn": "arn:aws:ec2:ap-northeast-2:390403881443:subnet/subnet-0dcbc51a381448170",
            "assign_ipv6_address_on_creation": false,
            "availability_zone": "ap-northeast-2c",
            "availability_zone_id": "apne2-az3",
            "cidr_block": "10.0.12.0/24",
            "customer_owned_ipv4_pool": "",
            "enable_dns64": false,
            "enable_lni_at_device_index": 0,
            "enable_resource_name_dns_a_record_on_launch": false,
            "enable_resource_name_dns_aaaa_record_on_launch": false,
            "id": "subnet-0dcbc51a381448170",
            "ipv6_cidr_block": "",
            "ipv6_cidr_block_association_id": "",
            "ipv6_native": false,
            "map_customer_owned_ip_on_launch": false,
            "map_public_ip_on_launch": false,
            "outpost_arn": "",
            "owner_id": "390403881443",
            "private_dns_hostname_type_on_launch": "ip-name",
            "region": "ap-northeast-2",
            "tags": {
              "Name": "private-subnet-c",
              "kubernetes.io/cluster/k3s-studylinker": "shared",
              "kubernetes.io/role/internal-elb": "1"
            },
            "tags_all": {
              "Name": "private-subnet-c",
              "kubernetes.io/cluster/k3s-studylinker": "shared",
              "kubernetes.io/role/internal-elb": "1"
            },
            "timeouts": null,
            "vpc_id": "vpc-0a3df384489793f2f"
          },
          "sensitive_attributes": [],
          "private": "eyJlMmJmYjczMC1lY2FhLTExZTYtOGY4OC0zNDM2M2JjN2M0YzAiOnsiY3JlYXRlIjo2MDAwMDAwMDAwMDAsImRlbGV0ZSI6MTIwMDAwMDAwMDAwMH0sInNjaGVtYV92ZXJzaW9uIjoiMSJ9",
          "dependencies": [
            "module.vpc.aws_vpc.project"
          ]
        }
      ]
    },
    {
      "module": "module.subnet",
      "mode": "managed",
      "type": "aws_subnet",
      "name": "private-db",
      "provider": "provider[\"registry.terraform.io/hashicorp/aws\"]",
      "instances": [
        {
          "index_key": "db-subnet-a",
          "schema_version": 1,
          "attributes": {
            "arn": "arn:aws:ec2:ap-northeast-2:390403881443:subnet/subnet-0293a631ceaf89eb4",
            "assign_ipv6_address_on_creation": false,
            "availability_zone": "ap-northeast-2a",
            "availability_zone_id": "apne2-az1",
            "cidr_block": "10.0.21.0/24",
            "customer_owned_ipv4_pool": "",
            "enable_dns64": false,
            "enable_lni_at_device_index": 0,
            "enable_resource_name_dns_a_record_on_launch": false,
            "enable_resource_name_dns_aaaa_record_on_launch": false,
            "id": "subnet-0293a631ceaf89eb4",
            "ipv6_cidr_block": "",
            "ipv6_cidr_block_association_id": "",
            "ipv6_native": false,
            "map_customer_owned_ip_on_launch": false,
            "map_public_ip_on_launch": false,
            "outpost_arn": "",
            "owner_id": "390403881443",
            "private_dns_hostname_type_on_launch": "ip-name",
            "region": "ap-northeast-2",
            "tags": {
              "Name": "db-subnet-a"
            },
            "tags_all": {
              "Name": "db-subnet-a"
            },
            "timeouts": null,
            "vpc_id": "vpc-0a3df384489793f2f"
          },
          "sensitive_attributes": [],
          "private": "eyJlMmJmYjczMC1lY2FhLTExZTYtOGY4OC0zNDM2M2JjN2M0YzAiOnsiY3JlYXRlIjo2MDAwMDAwMDAwMDAsImRlbGV0ZSI6MTIwMDAwMDAwMDAwMH0sInNjaGVtYV92ZXJzaW9uIjoiMSJ9",
          "dependencies": [
            "module.vpc.aws_vpc.project"
          ]
        },
        {
          "index_key": "db-subnet-c",
          "schema_version": 1,
          "attributes": {
            "arn": "arn:aws:ec2:ap-northeast-2:390403881443:subnet/subnet-0669ba3de97cc38c0",
            "assign_ipv6_address_on_creation": false,
            "availability_zone": "ap-northeast-2c",
            "availability_zone_id": "apne2-az3",
            "cidr_block": "10.0.22.0/24",
            "customer_owned_ipv4_pool": "",
            "enable_dns64": false,
            "enable_lni_at_device_index": 0,
            "enable_resource_name_dns_a_record_on_launch": false,
            "enable_resource_name_dns_aaaa_record_on_launch": false,
            "id": "subnet-0669ba3de97cc38c0",
            "ipv6_cidr_block": "",
            "ipv6_cidr_block_association_id": "",
            "ipv6_native": false,
            "map_customer_owned_ip_on_launch": false,
            "map_public_ip_on_launch": false,
            "outpost_arn": "",
            "owner_id": "390403881443",
            "private_dns_hostname_type_on_launch": "ip-name",
            "region": "ap-northeast-2",
            "tags": {
              "Name": "db-subnet-c"
            },
            "tags_all": {
              "Name": "db-subnet-c"
            },
            "timeouts": null,
            "vpc_id": "vpc-0a3df384489793f2f"
          },
          "sensitive_attributes": [],
          "private": "eyJlMmJmYjczMC1lY2FhLTExZTYtOGY4OC0zNDM2M2JjN2M0YzAiOnsiY3JlYXRlIjo2MDAwMDAwMDAwMDAsImRlbGV0ZSI6MTIwMDAwMDAwMDAwMH0sInNjaGVtYV92ZXJzaW9uIjoiMSJ9",
          "dependencies": [
            "module.vpc.aws_vpc.project"
          ]
        }
      ]
    },
    {
      "module": "module.subnet",
      "mode": "managed",
      "type": "aws_subnet",
      "name": "public",
      "provider": "provider[\"registry.terraform.io/hashicorp/aws\"]",
      "instances": [
        {
          "index_key": "public-subnet-a",
          "schema_version": 1,
          "attributes": {
            "arn": "arn:aws:ec2:ap-northeast-2:390403881443:subnet/subnet-0233733ed00ee4a87",
            "assign_ipv6_address_on_creation": false,
            "availability_zone": "ap-northeast-2a",
            "availability_zone_id": "apne2-az1",
            "cidr_block": "10.0.1.0/24",
            "customer_owned_ipv4_pool": "",
            "enable_dns64": false,
            "enable_lni_at_device_index": 0,
            "enable_resource_name_dns_a_record_on_launch": false,
            "enable_resource_name_dns_aaaa_record_on_launch": false,
            "id": "subnet-0233733ed00ee4a87",
            "ipv6_cidr_block": "",
            "ipv6_cidr_block_association_id": "",
            "ipv6_native": false,
            "map_customer_owned_ip_on_launch": false,
            "map_public_ip_on_launch": true,
            "outpost_arn": "",
            "owner_id": "390403881443",
            "private_dns_hostname_type_on_launch": "ip-name",
            "region": "ap-northeast-2",
            "tags": {
              "Name": "public-subnet-a",
              "kubernetes.io/cluster/k3s-studylinker": "shared",
              "kubernetes.io/role/elb": "1"
            },
            "tags_all": {
              "Name": "public-subnet-a",
              "kubernetes.io/cluster/k3s-studylinker": "shared",
              "kubernetes.io/role/elb": "1"
            },
            "timeouts": null,
            "vpc_id": "vpc-0a3df384489793f2f"
          },
          "sensitive_attributes": [],
          "private": "eyJlMmJmYjczMC1lY2FhLTExZTYtOGY4OC0zNDM2M2JjN2M0YzAiOnsiY3JlYXRlIjo2MDAwMDAwMDAwMDAsImRlbGV0ZSI6MTIwMDAwMDAwMDAwMH0sInNjaGVtYV92ZXJzaW9uIjoiMSJ9",
          "dependencies": [
            "module.vpc.aws_vpc.project"
          ]
        },
        {
          "index_key": "public-subnet-c",
          "schema_version": 1,
          "attributes": {
            "arn": "arn:aws:ec2:ap-northeast-2:390403881443:subnet/subnet-0a8d0881c8a8a5d08",
            "assign_ipv6_address_on_creation": false,
            "availability_zone": "ap-northeast-2c",
            "availability_zone_id": "apne2-az3",
            "cidr_block": "10.0.2.0/24",
            "customer_owned_ipv4_pool": "",
            "enable_dns64": false,
            "enable_lni_at_device_index": 0,
            "enable_resource_name_dns_a_record_on_launch": false,
            "enable_resource_name_dns_aaaa_record_on_launch": false,
            "id": "subnet-0a8d0881c8a8a5d08",
            "ipv6_cidr_block": "",
            "ipv6_cidr_block_association_id": "",
            "ipv6_native": false,
            "map_customer_owned_ip_on_launch": false,
            "map_public_ip_on_launch": true,
            "outpost_arn": "",
            "owner_id": "390403881443",
            "private_dns_hostname_type_on_launch": "ip-name",
            "region": "ap-northeast-2",
            "tags": {
              "Name": "public-subnet-c",
              "kubernetes.io/cluster/k3s-studylinker": "shared",
              "kubernetes.io/role/elb": "1"
            },
            "tags_all": {
              "Name": "public-subnet-c",
              "kubernetes.io/cluster/k3s-studylinker": "shared",
              "kubernetes.io/role/elb": "1"
            },
            "timeouts": null,
            "vpc_id": "vpc-0a3df384489793f2f"
          },
          "sensitive_attributes": [],
          "private": "eyJlMmJmYjczMC1lY2FhLTExZTYtOGY4OC0zNDM2M2JjN2M0YzAiOnsiY3JlYXRlIjo2MDAwMDAwMDAwMDAsImRlbGV0ZSI6MTIwMDAwMDAwMDAwMH0sInNjaGVtYV92ZXJzaW9uIjoiMSJ9",
          "dependencies": [
            "module.vpc.aws_vpc.project"
          ]
        }
      ]
    }
  ],
  "check_results": null
}
