{
  "version": 4,
  "terraform_version": "1.11.4",
  "serial": 535,
  "lineage": "b43130c9-4023-e638-94c6-aecf41e58c4c",
  "outputs": {},
  "resources": [
    {
      "module": "module.db",
      "mode": "managed",
      "type": "aws_db_instance",
      "name": "mariadb_primary",
      "provider": "provider[\"registry.terraform.io/hashicorp/aws\"]",
      "instances": [
        {
          "schema_version": 2,
          "attributes": {
            "address": "mariadb-primary.c3kkm2iwaeig.ap-northeast-2.rds.amazonaws.com",
            "allocated_storage": 20,
            "allow_major_version_upgrade": null,
            "apply_immediately": true,
            "arn": "arn:aws:rds:ap-northeast-2:390403881443:db:mariadb-primary",
            "auto_minor_version_upgrade": true,
            "availability_zone": "ap-northeast-2a",
            "backup_retention_period": 7,
            "backup_target": "region",
            "backup_window": "15:16-15:46",
            "blue_green_update": [],
            "ca_cert_identifier": "rds-ca-rsa2048-g1",
            "character_set_name": "",
            "copy_tags_to_snapshot": false,
            "custom_iam_instance_profile": "",
            "customer_owned_ip_enabled": false,
            "database_insights_mode": "standard",
            "db_name": "",
            "db_subnet_group_name": "rds-subnet-group",
            "dedicated_log_volume": false,
            "delete_automated_backups": true,
            "deletion_protection": false,
            "domain": "",
            "domain_auth_secret_arn": "",
            "domain_dns_ips": [],
            "domain_fqdn": "",
            "domain_iam_role_name": "",
            "domain_ou": "",
            "enabled_cloudwatch_logs_exports": [],
            "endpoint": "mariadb-primary.c3kkm2iwaeig.ap-northeast-2.rds.amazonaws.com:3306",
            "engine": "mariadb",
            "engine_lifecycle_support": "",
            "engine_version": "11.4.5",
            "engine_version_actual": "11.4.5",
            "final_snapshot_identifier": null,
            "hosted_zone_id": "ZLA2NUCOLGUUR",
            "iam_database_authentication_enabled": false,
            "id": "db-RM7Z4EW5AZQPDWNKCJTV2YTXMA",
            "identifier": "mariadb-primary",
            "identifier_prefix": "",
            "instance_class": "db.t3.micro",
            "iops": 0,
            "kms_key_id": "",
            "latest_restorable_time": "2025-08-31T17:20:00Z",
            "license_model": "general-public-license",
            "listener_endpoint": [],
            "maintenance_window": "thu:20:19-thu:20:49",
            "manage_master_user_password": null,
            "master_user_secret": [],
            "master_user_secret_kms_key_id": null,
            "max_allocated_storage": 0,
            "monitoring_interval": 0,
            "monitoring_role_arn": "",
            "multi_az": false,
            "nchar_character_set_name": "",
            "network_type": "IPV4",
            "option_group_name": "default:mariadb-11-4",
            "parameter_group_name": "default.mariadb11.4",
            "password": "admin1234!",
            "password_wo": null,
            "password_wo_version": null,
            "performance_insights_enabled": false,
            "performance_insights_kms_key_id": "",
            "performance_insights_retention_period": 0,
            "port": 3306,
            "publicly_accessible": false,
            "region": "ap-northeast-2",
            "replica_mode": "",
            "replicas": [
              "mariadb-secondary"
            ],
            "replicate_source_db": "",
            "resource_id": "db-RM7Z4EW5AZQPDWNKCJTV2YTXMA",
            "restore_to_point_in_time": [],
            "s3_import": [],
            "skip_final_snapshot": true,
            "snapshot_identifier": null,
            "status": "available",
            "storage_encrypted": false,
            "storage_throughput": 0,
            "storage_type": "gp2",
            "tags": {
              "Environment": "prod",
              "Name": "RDS-MariaDB-primary"
            },
            "tags_all": {
              "Environment": "prod",
              "Name": "RDS-MariaDB-primary"
            },
            "timeouts": null,
            "timezone": "",
            "upgrade_storage_config": null,
            "username": "admin",
            "vpc_security_group_ids": [
              "sg-05018238cd35c63f2"
            ]
          },
          "sensitive_attributes": [
            [
              {
                "type": "get_attr",
                "value": "password"
              }
            ],
            [
              {
                "type": "get_attr",
                "value": "password_wo"
              }
            ]
          ],
          "private": "eyJlMmJmYjczMC1lY2FhLTExZTYtOGY4OC0zNDM2M2JjN2M0YzAiOnsiY3JlYXRlIjozMDAwMDAwMDAwMDAwLCJkZWxldGUiOjM2MDAwMDAwMDAwMDAsInVwZGF0ZSI6NDgwMDAwMDAwMDAwMH0sInNjaGVtYV92ZXJzaW9uIjoiMiJ9",
          "dependencies": [
            "module.db.aws_db_subnet_group.rds_subnet_group",
            "module.sg.aws_security_group.rds_sg",
            "module.subnet.aws_subnet.private-db",
            "module.vpc.aws_vpc.project"
          ]
        }
      ]
    },
    {
      "module": "module.db",
      "mode": "managed",
      "type": "aws_db_instance",
      "name": "mariadb_secondary",
      "provider": "provider[\"registry.terraform.io/hashicorp/aws\"]",
      "instances": [
        {
          "schema_version": 2,
          "attributes": {
            "address": "mariadb-secondary.c3kkm2iwaeig.ap-northeast-2.rds.amazonaws.com",
            "allocated_storage": 20,
            "allow_major_version_upgrade": null,
            "apply_immediately": true,
            "arn": "arn:aws:rds:ap-northeast-2:390403881443:db:mariadb-secondary",
            "auto_minor_version_upgrade": true,
            "availability_zone": "ap-northeast-2c",
            "backup_retention_period": 0,
            "backup_target": "region",
            "backup_window": "15:16-15:46",
            "blue_green_update": [],
            "ca_cert_identifier": "rds-ca-rsa2048-g1",
            "character_set_name": "",
            "copy_tags_to_snapshot": false,
            "custom_iam_instance_profile": "",
            "customer_owned_ip_enabled": false,
            "database_insights_mode": "standard",
            "db_name": "",
            "db_subnet_group_name": "rds-subnet-group",
            "dedicated_log_volume": false,
            "delete_automated_backups": true,
            "deletion_protection": false,
            "domain": "",
            "domain_auth_secret_arn": "",
            "domain_dns_ips": [],
            "domain_fqdn": "",
            "domain_iam_role_name": "",
            "domain_ou": "",
            "enabled_cloudwatch_logs_exports": [],
            "endpoint": "mariadb-secondary.c3kkm2iwaeig.ap-northeast-2.rds.amazonaws.com:3306",
            "engine": "mariadb",
            "engine_lifecycle_support": "",
            "engine_version": "11.4.5",
            "engine_version_actual": "11.4.5",
            "final_snapshot_identifier": null,
            "hosted_zone_id": "ZLA2NUCOLGUUR",
            "iam_database_authentication_enabled": false,
            "id": "db-I2FDNGINVLVKGBYAYQWFDIY7RU",
            "identifier": "mariadb-secondary",
            "identifier_prefix": "",
            "instance_class": "db.t3.micro",
            "iops": 0,
            "kms_key_id": "",
            "latest_restorable_time": "",
            "license_model": "general-public-license",
            "listener_endpoint": [],
            "maintenance_window": "thu:20:19-thu:20:49",
            "manage_master_user_password": null,
            "master_user_secret": [],
            "master_user_secret_kms_key_id": null,
            "max_allocated_storage": 0,
            "monitoring_interval": 0,
            "monitoring_role_arn": "",
            "multi_az": false,
            "nchar_character_set_name": "",
            "network_type": "IPV4",
            "option_group_name": "default:mariadb-11-4",
            "parameter_group_name": "default.mariadb11.4",
            "password": null,
            "password_wo": null,
            "password_wo_version": null,
            "performance_insights_enabled": false,
            "performance_insights_kms_key_id": "",
            "performance_insights_retention_period": 0,
            "port": 3306,
            "publicly_accessible": false,
            "region": "ap-northeast-2",
            "replica_mode": "",
            "replicas": [],
            "replicate_source_db": "arn:aws:rds:ap-northeast-2:390403881443:db:mariadb-primary",
            "resource_id": "db-I2FDNGINVLVKGBYAYQWFDIY7RU",
            "restore_to_point_in_time": [],
            "s3_import": [],
            "skip_final_snapshot": true,
            "snapshot_identifier": null,
            "status": "available",
            "storage_encrypted": false,
            "storage_throughput": 0,
            "storage_type": "gp2",
            "tags": {
              "Environment": "prod",
              "Name": "RDS-MariaDB-secondary",
              "Role": "read-replica"
            },
            "tags_all": {
              "Environment": "prod",
              "Name": "RDS-MariaDB-secondary",
              "Role": "read-replica"
            },
            "timeouts": null,
            "timezone": "",
            "upgrade_storage_config": null,
            "username": "admin",
            "vpc_security_group_ids": [
              "sg-05018238cd35c63f2"
            ]
          },
          "sensitive_attributes": [
            [
              {
                "type": "get_attr",
                "value": "password"
              }
            ],
            [
              {
                "type": "get_attr",
                "value": "password_wo"
              }
            ]
          ],
          "private": "eyJlMmJmYjczMC1lY2FhLTExZTYtOGY4OC0zNDM2M2JjN2M0YzAiOnsiY3JlYXRlIjozMDAwMDAwMDAwMDAwLCJkZWxldGUiOjM2MDAwMDAwMDAwMDAsInVwZGF0ZSI6NDgwMDAwMDAwMDAwMH0sInNjaGVtYV92ZXJzaW9uIjoiMiJ9",
          "dependencies": [
            "module.db.aws_db_instance.mariadb_primary",
            "module.db.aws_db_subnet_group.rds_subnet_group",
            "module.sg.aws_security_group.rds_sg",
            "module.subnet.aws_subnet.private-db",
            "module.vpc.aws_vpc.project"
          ]
        }
      ]
    },
    {
      "module": "module.db",
      "mode": "managed",
      "type": "aws_db_subnet_group",
      "name": "rds_subnet_group",
      "provider": "provider[\"registry.terraform.io/hashicorp/aws\"]",
      "instances": [
        {
          "schema_version": 0,
          "attributes": {
            "arn": "arn:aws:rds:ap-northeast-2:390403881443:subgrp:rds-subnet-group",
            "description": "Managed by Terraform",
            "id": "rds-subnet-group",
            "name": "rds-subnet-group",
            "name_prefix": "",
            "region": "ap-northeast-2",
            "subnet_ids": [
              "subnet-027d43b26a2edf601",
              "subnet-0f89030dc241fd007"
            ],
            "supported_network_types": [
              "IPV4"
            ],
            "tags": {
              "Name": "RDS subnet group"
            },
            "tags_all": {
              "Name": "RDS subnet group"
            },
            "vpc_id": "vpc-043e909c74bdae9b1"
          },
          "sensitive_attributes": [],
          "private": "bnVsbA==",
          "dependencies": [
            "module.subnet.aws_subnet.private-db",
            "module.vpc.aws_vpc.project"
          ]
        }
      ]
    },
    {
      "module": "module.iam",
      "mode": "managed",
      "type": "aws_iam_instance_profile",
      "name": "bastion_profile",
      "provider": "provider[\"registry.terraform.io/hashicorp/aws\"]",
      "instances": [
        {
          "schema_version": 0,
          "attributes": {
            "arn": "arn:aws:iam::390403881443:instance-profile/bastion-instance-profile",
            "create_date": "2025-08-31T17:10:04Z",
            "id": "bastion-instance-profile",
            "name": "bastion-instance-profile",
            "name_prefix": "",
            "path": "/",
            "role": "bastion-role",
            "tags": {},
            "tags_all": {},
            "unique_id": "AIPAVVZPCPHRYEBEGZEMG"
          },
          "sensitive_attributes": [],
          "private": "bnVsbA==",
          "dependencies": [
            "module.iam.aws_iam_role.bastion_role"
          ]
        }
      ]
    },
    {
      "module": "module.iam",
      "mode": "managed",
      "type": "aws_iam_role",
      "name": "bastion_role",
      "provider": "provider[\"registry.terraform.io/hashicorp/aws\"]",
      "instances": [
        {
          "schema_version": 0,
          "attributes": {
            "arn": "arn:aws:iam::390403881443:role/bastion-role",
            "assume_role_policy": "{\"Statement\":[{\"Action\":\"sts:AssumeRole\",\"Effect\":\"Allow\",\"Principal\":{\"Service\":\"ec2.amazonaws.com\"}}],\"Version\":\"2012-10-17\"}",
            "create_date": "2025-08-31T17:10:03Z",
            "description": "",
            "force_detach_policies": false,
            "id": "bastion-role",
            "inline_policy": [],
            "managed_policy_arns": [
              "arn:aws:iam::aws:policy/AmazonSSMManagedInstanceCore"
            ],
            "max_session_duration": 3600,
            "name": "bastion-role",
            "name_prefix": "",
            "path": "/",
            "permissions_boundary": "",
            "tags": {},
            "tags_all": {},
            "unique_id": "AROAVVZPCPHRYKWOFQXCA"
          },
          "sensitive_attributes": [],
          "private": "bnVsbA=="
        }
      ]
    },
    {
      "module": "module.iam",
      "mode": "managed",
      "type": "aws_iam_role_policy_attachment",
      "name": "bastion_ssm_core",
      "provider": "provider[\"registry.terraform.io/hashicorp/aws\"]",
      "instances": [
        {
          "schema_version": 0,
          "attributes": {
            "id": "bastion-role/arn:aws:iam::aws:policy/AmazonSSMManagedInstanceCore",
            "policy_arn": "arn:aws:iam::aws:policy/AmazonSSMManagedInstanceCore",
            "role": "bastion-role"
          },
          "sensitive_attributes": [],
          "private": "bnVsbA==",
          "dependencies": [
            "module.iam.aws_iam_role.bastion_role"
          ]
        }
      ]
    },
    {
      "module": "module.igw",
      "mode": "managed",
      "type": "aws_internet_gateway",
      "name": "igw",
      "provider": "provider[\"registry.terraform.io/hashicorp/aws\"]",
      "instances": [
        {
          "schema_version": 0,
          "attributes": {
            "arn": "arn:aws:ec2:ap-northeast-2:390403881443:internet-gateway/igw-09f86ee0d0c410808",
            "id": "igw-09f86ee0d0c410808",
            "owner_id": "390403881443",
            "region": "ap-northeast-2",
            "tags": {
              "Name": "p-igw"
            },
            "tags_all": {
              "Name": "p-igw"
            },
            "timeouts": null,
            "vpc_id": "vpc-043e909c74bdae9b1"
          },
          "sensitive_attributes": [],
          "private": "eyJlMmJmYjczMC1lY2FhLTExZTYtOGY4OC0zNDM2M2JjN2M0YzAiOnsiY3JlYXRlIjoxMjAwMDAwMDAwMDAwLCJkZWxldGUiOjEyMDAwMDAwMDAwMDAsInVwZGF0ZSI6MTIwMDAwMDAwMDAwMH19",
          "dependencies": [
            "module.vpc.aws_vpc.project"
          ]
        }
      ]
    },
    {
      "module": "module.instance",
      "mode": "data",
      "type": "aws_ami",
      "name": "ubuntu_2204",
      "provider": "provider[\"registry.terraform.io/hashicorp/aws\"]",
      "instances": [
        {
          "schema_version": 0,
          "attributes": {
            "allow_unsafe_filter": null,
            "architecture": "x86_64",
            "arn": "arn:aws:ec2:ap-northeast-2::image/ami-02835aed2a5cb1d2a",
            "block_device_mappings": [
              {
                "device_name": "/dev/sda1",
                "ebs": {
                  "delete_on_termination": "true",
                  "encrypted": "false",
                  "iops": "0",
                  "snapshot_id": "snap-0a815be39bd468d6d",
                  "throughput": "0",
                  "volume_initialization_rate": "0",
                  "volume_size": "8",
                  "volume_type": "gp2"
                },
                "no_device": "",
                "virtual_name": ""
              },
              {
                "device_name": "/dev/sdb",
                "ebs": {},
                "no_device": "",
                "virtual_name": "ephemeral0"
              },
              {
                "device_name": "/dev/sdc",
                "ebs": {},
                "no_device": "",
                "virtual_name": "ephemeral1"
              }
            ],
            "boot_mode": "uefi-preferred",
            "creation_date": "2025-08-22T06:58:41.000Z",
            "deprecation_time": "2027-08-22T06:58:41.000Z",
            "description": "Canonical, Ubuntu, 22.04, amd64 jammy image",
            "ena_support": true,
            "executable_users": null,
            "filter": [
              {
                "name": "name",
                "values": [
                  "ubuntu/images/hvm-ssd/ubuntu-*-22.04-amd64-server-*"
                ]
              }
            ],
            "hypervisor": "xen",
            "id": "ami-02835aed2a5cb1d2a",
            "image_id": "ami-02835aed2a5cb1d2a",
            "image_location": "amazon/ubuntu/images/hvm-ssd/ubuntu-jammy-22.04-amd64-server-20250822",
            "image_owner_alias": "amazon",
            "image_type": "machine",
            "imds_support": "",
            "include_deprecated": false,
            "kernel_id": "",
            "last_launched_time": "",
            "most_recent": true,
            "name": "ubuntu/images/hvm-ssd/ubuntu-jammy-22.04-amd64-server-20250822",
            "name_regex": null,
            "owner_id": "099720109477",
            "owners": [
              "099720109477"
            ],
            "platform": "",
            "platform_details": "Linux/UNIX",
            "product_codes": [],
            "public": true,
            "ramdisk_id": "",
            "region": "ap-northeast-2",
            "root_device_name": "/dev/sda1",
            "root_device_type": "ebs",
            "root_snapshot_id": "snap-0a815be39bd468d6d",
            "sriov_net_support": "simple",
            "state": "available",
            "state_reason": {
              "code": "UNSET",
              "message": "UNSET"
            },
            "tags": {},
            "timeouts": null,
            "tpm_support": "",
            "uefi_data": null,
            "usage_operation": "RunInstances",
            "virtualization_type": "hvm"
          },
          "sensitive_attributes": []
        }
      ]
    },
    {
      "module": "module.instance",
      "mode": "managed",
      "type": "aws_instance",
      "name": "bastion",
      "provider": "provider[\"registry.terraform.io/hashicorp/aws\"]",
      "instances": [
        {
          "schema_version": 2,
          "attributes": {
            "ami": "ami-02835aed2a5cb1d2a",
            "arn": "arn:aws:ec2:ap-northeast-2:390403881443:instance/i-0158afd45af1f62d2",
            "associate_public_ip_address": true,
            "availability_zone": "ap-northeast-2a",
            "capacity_reservation_specification": [
              {
                "capacity_reservation_preference": "open",
                "capacity_reservation_target": []
              }
            ],
            "cpu_options": [
              {
                "amd_sev_snp": "",
                "core_count": 1,
                "threads_per_core": 2
              }
            ],
            "credit_specification": [
              {
                "cpu_credits": "unlimited"
              }
            ],
            "disable_api_stop": false,
            "disable_api_termination": false,
            "ebs_block_device": [],
            "ebs_optimized": false,
            "enable_primary_ipv6": null,
            "enclave_options": [
              {
                "enabled": false
              }
            ],
            "ephemeral_block_device": [],
            "force_destroy": false,
            "get_password_data": false,
            "hibernation": false,
            "host_id": "",
            "host_resource_group_arn": null,
            "iam_instance_profile": "bastion-instance-profile",
            "id": "i-0158afd45af1f62d2",
            "instance_initiated_shutdown_behavior": "stop",
            "instance_lifecycle": "",
            "instance_market_options": [],
            "instance_state": "running",
            "instance_type": "t3.micro",
            "ipv6_address_count": 0,
            "ipv6_addresses": [],
            "key_name": "",
            "launch_template": [],
            "maintenance_options": [
              {
                "auto_recovery": "default"
              }
            ],
            "metadata_options": [
              {
                "http_endpoint": "enabled",
                "http_protocol_ipv6": "disabled",
                "http_put_response_hop_limit": 1,
                "http_tokens": "optional",
                "instance_metadata_tags": "disabled"
              }
            ],
            "monitoring": false,
            "network_interface": [],
            "outpost_arn": "",
            "password_data": "",
            "placement_group": "",
            "placement_partition_number": 0,
            "primary_network_interface_id": "eni-00e38bbe80c4b0d1b",
            "private_dns": "ip-10-0-1-4.ap-northeast-2.compute.internal",
            "private_dns_name_options": [
              {
                "enable_resource_name_dns_a_record": false,
                "enable_resource_name_dns_aaaa_record": false,
                "hostname_type": "ip-name"
              }
            ],
            "private_ip": "10.0.1.4",
            "public_dns": "",
            "public_ip": "43.201.0.119",
            "region": "ap-northeast-2",
            "root_block_device": [
              {
                "delete_on_termination": true,
                "device_name": "/dev/sda1",
                "encrypted": false,
                "iops": 100,
                "kms_key_id": "",
                "tags": {},
                "tags_all": {},
                "throughput": 0,
                "volume_id": "vol-092473e353971542b",
                "volume_size": 8,
                "volume_type": "gp2"
              }
            ],
            "secondary_private_ips": [],
            "security_groups": [],
            "source_dest_check": true,
            "spot_instance_request_id": "",
            "subnet_id": "subnet-0461823011c090076",
            "tags": {
              "Name": "bastion-host"
            },
            "tags_all": {
              "Name": "bastion-host"
            },
            "tenancy": "default",
            "timeouts": null,
            "user_data": null,
            "user_data_base64": null,
            "user_data_replace_on_change": false,
            "volume_tags": null,
            "vpc_security_group_ids": [
              "sg-0c8dfe4ea60ba7532"
            ]
          },
          "sensitive_attributes": [],
          "private": "eyJlMmJmYjczMC1lY2FhLTExZTYtOGY4OC0zNDM2M2JjN2M0YzAiOnsiY3JlYXRlIjo2MDAwMDAwMDAwMDAsImRlbGV0ZSI6MTIwMDAwMDAwMDAwMCwicmVhZCI6OTAwMDAwMDAwMDAwLCJ1cGRhdGUiOjYwMDAwMDAwMDAwMH0sInNjaGVtYV92ZXJzaW9uIjoiMiJ9",
          "dependencies": [
            "module.iam.aws_iam_instance_profile.bastion_profile",
            "module.iam.aws_iam_role.bastion_role",
            "module.iam.aws_iam_role_policy_attachment.bastion_ssm_core",
            "module.instance.data.aws_ami.ubuntu_2204",
            "module.sg.aws_security_group.bastion_sg",
            "module.subnet.aws_subnet.public",
            "module.vpc.aws_vpc.project"
          ]
        }
      ]
    },
    {
      "module": "module.instance",
      "mode": "managed",
      "type": "aws_instance",
      "name": "kubernetes-master",
      "provider": "provider[\"registry.terraform.io/hashicorp/aws\"]",
      "instances": [
        {
          "schema_version": 2,
          "attributes": {
            "ami": "ami-02835aed2a5cb1d2a",
            "arn": "arn:aws:ec2:ap-northeast-2:390403881443:instance/i-0246697123f5795e7",
            "associate_public_ip_address": false,
            "availability_zone": "ap-northeast-2a",
            "capacity_reservation_specification": [
              {
                "capacity_reservation_preference": "open",
                "capacity_reservation_target": []
              }
            ],
            "cpu_options": [
              {
                "amd_sev_snp": "",
                "core_count": 1,
                "threads_per_core": 2
              }
            ],
            "credit_specification": [
              {
                "cpu_credits": "unlimited"
              }
            ],
            "disable_api_stop": false,
            "disable_api_termination": false,
            "ebs_block_device": [],
            "ebs_optimized": false,
            "enable_primary_ipv6": null,
            "enclave_options": [
              {
                "enabled": false
              }
            ],
            "ephemeral_block_device": [],
            "force_destroy": false,
            "get_password_data": false,
            "hibernation": false,
            "host_id": "",
            "host_resource_group_arn": null,
            "iam_instance_profile": "",
            "id": "i-0246697123f5795e7",
            "instance_initiated_shutdown_behavior": "stop",
            "instance_lifecycle": "",
            "instance_market_options": [],
            "instance_state": "running",
            "instance_type": "t3.micro",
            "ipv6_address_count": 0,
            "ipv6_addresses": [],
            "key_name": "",
            "launch_template": [],
            "maintenance_options": [
              {
                "auto_recovery": "default"
              }
            ],
            "metadata_options": [
              {
                "http_endpoint": "enabled",
                "http_protocol_ipv6": "disabled",
                "http_put_response_hop_limit": 1,
                "http_tokens": "optional",
                "instance_metadata_tags": "disabled"
              }
            ],
            "monitoring": false,
            "network_interface": [],
            "outpost_arn": "",
            "password_data": "",
            "placement_group": "",
            "placement_partition_number": 0,
            "primary_network_interface_id": "eni-0be181e849b97e958",
            "private_dns": "ip-10-0-11-246.ap-northeast-2.compute.internal",
            "private_dns_name_options": [
              {
                "enable_resource_name_dns_a_record": false,
                "enable_resource_name_dns_aaaa_record": false,
                "hostname_type": "ip-name"
              }
            ],
            "private_ip": "10.0.11.246",
            "public_dns": "",
            "public_ip": "",
            "region": "ap-northeast-2",
            "root_block_device": [
              {
                "delete_on_termination": true,
                "device_name": "/dev/sda1",
                "encrypted": false,
                "iops": 100,
                "kms_key_id": "",
                "tags": {},
                "tags_all": {},
                "throughput": 0,
                "volume_id": "vol-0ab0fd8a099dc5264",
                "volume_size": 8,
                "volume_type": "gp2"
              }
            ],
            "secondary_private_ips": [],
            "security_groups": [],
            "source_dest_check": true,
            "spot_instance_request_id": "",
            "subnet_id": "subnet-0a4482522da77117a",
            "tags": {
              "Name": "kubernetes-master"
            },
            "tags_all": {
              "Name": "kubernetes-master"
            },
            "tenancy": "default",
            "timeouts": null,
            "user_data": null,
            "user_data_base64": null,
            "user_data_replace_on_change": false,
            "volume_tags": null,
            "vpc_security_group_ids": [
              "sg-0c7a632808092c89f"
            ]
          },
          "sensitive_attributes": [],
          "private": "eyJlMmJmYjczMC1lY2FhLTExZTYtOGY4OC0zNDM2M2JjN2M0YzAiOnsiY3JlYXRlIjo2MDAwMDAwMDAwMDAsImRlbGV0ZSI6MTIwMDAwMDAwMDAwMCwicmVhZCI6OTAwMDAwMDAwMDAwLCJ1cGRhdGUiOjYwMDAwMDAwMDAwMH0sInNjaGVtYV92ZXJzaW9uIjoiMiJ9",
          "dependencies": [
            "module.iam.aws_iam_instance_profile.bastion_profile",
            "module.iam.aws_iam_role.bastion_role",
            "module.iam.aws_iam_role_policy_attachment.bastion_ssm_core",
            "module.instance.data.aws_ami.ubuntu_2204",
            "module.sg.aws_security_group.master_node_sg",
            "module.subnet.aws_subnet.private",
            "module.vpc.aws_vpc.project"
          ]
        }
      ]
    },
    {
      "module": "module.instance",
      "mode": "managed",
      "type": "aws_instance",
      "name": "kubernetes-worker",
      "provider": "provider[\"registry.terraform.io/hashicorp/aws\"]",
      "instances": [
        {
          "index_key": 0,
          "schema_version": 2,
          "attributes": {
            "ami": "ami-02835aed2a5cb1d2a",
            "arn": "arn:aws:ec2:ap-northeast-2:390403881443:instance/i-026bb2269bf033277",
            "associate_public_ip_address": false,
            "availability_zone": "ap-northeast-2a",
            "capacity_reservation_specification": [
              {
                "capacity_reservation_preference": "open",
                "capacity_reservation_target": []
              }
            ],
            "cpu_options": [
              {
                "amd_sev_snp": "",
                "core_count": 1,
                "threads_per_core": 2
              }
            ],
            "credit_specification": [
              {
                "cpu_credits": "unlimited"
              }
            ],
            "disable_api_stop": false,
            "disable_api_termination": false,
            "ebs_block_device": [],
            "ebs_optimized": false,
            "enable_primary_ipv6": null,
            "enclave_options": [
              {
                "enabled": false
              }
            ],
            "ephemeral_block_device": [],
            "force_destroy": false,
            "get_password_data": false,
            "hibernation": false,
            "host_id": "",
            "host_resource_group_arn": null,
            "iam_instance_profile": "",
            "id": "i-026bb2269bf033277",
            "instance_initiated_shutdown_behavior": "stop",
            "instance_lifecycle": "",
            "instance_market_options": [],
            "instance_state": "running",
            "instance_type": "t3.micro",
            "ipv6_address_count": 0,
            "ipv6_addresses": [],
            "key_name": "",
            "launch_template": [],
            "maintenance_options": [
              {
                "auto_recovery": "default"
              }
            ],
            "metadata_options": [
              {
                "http_endpoint": "enabled",
                "http_protocol_ipv6": "disabled",
                "http_put_response_hop_limit": 1,
                "http_tokens": "optional",
                "instance_metadata_tags": "disabled"
              }
            ],
            "monitoring": false,
            "network_interface": [],
            "outpost_arn": "",
            "password_data": "",
            "placement_group": "",
            "placement_partition_number": 0,
            "primary_network_interface_id": "eni-00435a5018af9cd8d",
            "private_dns": "ip-10-0-11-37.ap-northeast-2.compute.internal",
            "private_dns_name_options": [
              {
                "enable_resource_name_dns_a_record": false,
                "enable_resource_name_dns_aaaa_record": false,
                "hostname_type": "ip-name"
              }
            ],
            "private_ip": "10.0.11.37",
            "public_dns": "",
            "public_ip": "",
            "region": "ap-northeast-2",
            "root_block_device": [
              {
                "delete_on_termination": true,
                "device_name": "/dev/sda1",
                "encrypted": false,
                "iops": 100,
                "kms_key_id": "",
                "tags": {},
                "tags_all": {},
                "throughput": 0,
                "volume_id": "vol-0e1787977a7ce8d42",
                "volume_size": 8,
                "volume_type": "gp2"
              }
            ],
            "secondary_private_ips": [],
            "security_groups": [],
            "source_dest_check": true,
            "spot_instance_request_id": "",
            "subnet_id": "subnet-0a4482522da77117a",
            "tags": {
              "Name": "kubernetes-worker-1"
            },
            "tags_all": {
              "Name": "kubernetes-worker-1"
            },
            "tenancy": "default",
            "timeouts": null,
            "user_data": null,
            "user_data_base64": null,
            "user_data_replace_on_change": false,
            "volume_tags": null,
            "vpc_security_group_ids": [
              "sg-03694ed51f86f59b7"
            ]
          },
          "sensitive_attributes": [],
          "private": "eyJlMmJmYjczMC1lY2FhLTExZTYtOGY4OC0zNDM2M2JjN2M0YzAiOnsiY3JlYXRlIjo2MDAwMDAwMDAwMDAsImRlbGV0ZSI6MTIwMDAwMDAwMDAwMCwicmVhZCI6OTAwMDAwMDAwMDAwLCJ1cGRhdGUiOjYwMDAwMDAwMDAwMH0sInNjaGVtYV92ZXJzaW9uIjoiMiJ9",
          "dependencies": [
            "module.iam.aws_iam_instance_profile.bastion_profile",
            "module.iam.aws_iam_role.bastion_role",
            "module.iam.aws_iam_role_policy_attachment.bastion_ssm_core",
            "module.instance.data.aws_ami.ubuntu_2204",
            "module.sg.aws_security_group.worker_node_sg",
            "module.subnet.aws_subnet.private",
            "module.vpc.aws_vpc.project"
          ]
        },
        {
          "index_key": 1,
          "schema_version": 2,
          "attributes": {
            "ami": "ami-02835aed2a5cb1d2a",
            "arn": "arn:aws:ec2:ap-northeast-2:390403881443:instance/i-02a524341003e955f",
            "associate_public_ip_address": false,
            "availability_zone": "ap-northeast-2a",
            "capacity_reservation_specification": [
              {
                "capacity_reservation_preference": "open",
                "capacity_reservation_target": []
              }
            ],
            "cpu_options": [
              {
                "amd_sev_snp": "",
                "core_count": 1,
                "threads_per_core": 2
              }
            ],
            "credit_specification": [
              {
                "cpu_credits": "unlimited"
              }
            ],
            "disable_api_stop": false,
            "disable_api_termination": false,
            "ebs_block_device": [],
            "ebs_optimized": false,
            "enable_primary_ipv6": null,
            "enclave_options": [
              {
                "enabled": false
              }
            ],
            "ephemeral_block_device": [],
            "force_destroy": false,
            "get_password_data": false,
            "hibernation": false,
            "host_id": "",
            "host_resource_group_arn": null,
            "iam_instance_profile": "",
            "id": "i-02a524341003e955f",
            "instance_initiated_shutdown_behavior": "stop",
            "instance_lifecycle": "",
            "instance_market_options": [],
            "instance_state": "running",
            "instance_type": "t3.micro",
            "ipv6_address_count": 0,
            "ipv6_addresses": [],
            "key_name": "",
            "launch_template": [],
            "maintenance_options": [
              {
                "auto_recovery": "default"
              }
            ],
            "metadata_options": [
              {
                "http_endpoint": "enabled",
                "http_protocol_ipv6": "disabled",
                "http_put_response_hop_limit": 1,
                "http_tokens": "optional",
                "instance_metadata_tags": "disabled"
              }
            ],
            "monitoring": false,
            "network_interface": [],
            "outpost_arn": "",
            "password_data": "",
            "placement_group": "",
            "placement_partition_number": 0,
            "primary_network_interface_id": "eni-064d1bd10b2d996db",
            "private_dns": "ip-10-0-11-127.ap-northeast-2.compute.internal",
            "private_dns_name_options": [
              {
                "enable_resource_name_dns_a_record": false,
                "enable_resource_name_dns_aaaa_record": false,
                "hostname_type": "ip-name"
              }
            ],
            "private_ip": "10.0.11.127",
            "public_dns": "",
            "public_ip": "",
            "region": "ap-northeast-2",
            "root_block_device": [
              {
                "delete_on_termination": true,
                "device_name": "/dev/sda1",
                "encrypted": false,
                "iops": 100,
                "kms_key_id": "",
                "tags": {},
                "tags_all": {},
                "throughput": 0,
                "volume_id": "vol-0bf76fb8f12f7214c",
                "volume_size": 8,
                "volume_type": "gp2"
              }
            ],
            "secondary_private_ips": [],
            "security_groups": [],
            "source_dest_check": true,
            "spot_instance_request_id": "",
            "subnet_id": "subnet-0a4482522da77117a",
            "tags": {
              "Name": "kubernetes-worker-2"
            },
            "tags_all": {
              "Name": "kubernetes-worker-2"
            },
            "tenancy": "default",
            "timeouts": null,
            "user_data": null,
            "user_data_base64": null,
            "user_data_replace_on_change": false,
            "volume_tags": null,
            "vpc_security_group_ids": [
              "sg-03694ed51f86f59b7"
            ]
          },
          "sensitive_attributes": [],
          "private": "eyJlMmJmYjczMC1lY2FhLTExZTYtOGY4OC0zNDM2M2JjN2M0YzAiOnsiY3JlYXRlIjo2MDAwMDAwMDAwMDAsImRlbGV0ZSI6MTIwMDAwMDAwMDAwMCwicmVhZCI6OTAwMDAwMDAwMDAwLCJ1cGRhdGUiOjYwMDAwMDAwMDAwMH0sInNjaGVtYV92ZXJzaW9uIjoiMiJ9",
          "dependencies": [
            "module.iam.aws_iam_instance_profile.bastion_profile",
            "module.iam.aws_iam_role.bastion_role",
            "module.iam.aws_iam_role_policy_attachment.bastion_ssm_core",
            "module.instance.data.aws_ami.ubuntu_2204",
            "module.sg.aws_security_group.worker_node_sg",
            "module.subnet.aws_subnet.private",
            "module.vpc.aws_vpc.project"
          ]
        },
        {
          "index_key": 2,
          "schema_version": 2,
          "attributes": {
            "ami": "ami-02835aed2a5cb1d2a",
            "arn": "arn:aws:ec2:ap-northeast-2:390403881443:instance/i-07412f7ec4016012c",
            "associate_public_ip_address": false,
            "availability_zone": "ap-northeast-2a",
            "capacity_reservation_specification": [
              {
                "capacity_reservation_preference": "open",
                "capacity_reservation_target": []
              }
            ],
            "cpu_options": [
              {
                "amd_sev_snp": "",
                "core_count": 1,
                "threads_per_core": 2
              }
            ],
            "credit_specification": [
              {
                "cpu_credits": "unlimited"
              }
            ],
            "disable_api_stop": false,
            "disable_api_termination": false,
            "ebs_block_device": [],
            "ebs_optimized": false,
            "enable_primary_ipv6": null,
            "enclave_options": [
              {
                "enabled": false
              }
            ],
            "ephemeral_block_device": [],
            "force_destroy": false,
            "get_password_data": false,
            "hibernation": false,
            "host_id": "",
            "host_resource_group_arn": null,
            "iam_instance_profile": "",
            "id": "i-07412f7ec4016012c",
            "instance_initiated_shutdown_behavior": "stop",
            "instance_lifecycle": "",
            "instance_market_options": [],
            "instance_state": "running",
            "instance_type": "t3.micro",
            "ipv6_address_count": 0,
            "ipv6_addresses": [],
            "key_name": "",
            "launch_template": [],
            "maintenance_options": [
              {
                "auto_recovery": "default"
              }
            ],
            "metadata_options": [
              {
                "http_endpoint": "enabled",
                "http_protocol_ipv6": "disabled",
                "http_put_response_hop_limit": 1,
                "http_tokens": "optional",
                "instance_metadata_tags": "disabled"
              }
            ],
            "monitoring": false,
            "network_interface": [],
            "outpost_arn": "",
            "password_data": "",
            "placement_group": "",
            "placement_partition_number": 0,
            "primary_network_interface_id": "eni-0f1b738a6476ab991",
            "private_dns": "ip-10-0-11-58.ap-northeast-2.compute.internal",
            "private_dns_name_options": [
              {
                "enable_resource_name_dns_a_record": false,
                "enable_resource_name_dns_aaaa_record": false,
                "hostname_type": "ip-name"
              }
            ],
            "private_ip": "10.0.11.58",
            "public_dns": "",
            "public_ip": "",
            "region": "ap-northeast-2",
            "root_block_device": [
              {
                "delete_on_termination": true,
                "device_name": "/dev/sda1",
                "encrypted": false,
                "iops": 100,
                "kms_key_id": "",
                "tags": {},
                "tags_all": {},
                "throughput": 0,
                "volume_id": "vol-0f1ad48d50347a33e",
                "volume_size": 8,
                "volume_type": "gp2"
              }
            ],
            "secondary_private_ips": [],
            "security_groups": [],
            "source_dest_check": true,
            "spot_instance_request_id": "",
            "subnet_id": "subnet-0a4482522da77117a",
            "tags": {
              "Name": "kubernetes-worker-3"
            },
            "tags_all": {
              "Name": "kubernetes-worker-3"
            },
            "tenancy": "default",
            "timeouts": null,
            "user_data": null,
            "user_data_base64": null,
            "user_data_replace_on_change": false,
            "volume_tags": null,
            "vpc_security_group_ids": [
              "sg-03694ed51f86f59b7"
            ]
          },
          "sensitive_attributes": [],
          "private": "eyJlMmJmYjczMC1lY2FhLTExZTYtOGY4OC0zNDM2M2JjN2M0YzAiOnsiY3JlYXRlIjo2MDAwMDAwMDAwMDAsImRlbGV0ZSI6MTIwMDAwMDAwMDAwMCwicmVhZCI6OTAwMDAwMDAwMDAwLCJ1cGRhdGUiOjYwMDAwMDAwMDAwMH0sInNjaGVtYV92ZXJzaW9uIjoiMiJ9",
          "dependencies": [
            "module.iam.aws_iam_instance_profile.bastion_profile",
            "module.iam.aws_iam_role.bastion_role",
            "module.iam.aws_iam_role_policy_attachment.bastion_ssm_core",
            "module.instance.data.aws_ami.ubuntu_2204",
            "module.sg.aws_security_group.worker_node_sg",
            "module.subnet.aws_subnet.private",
            "module.vpc.aws_vpc.project"
          ]
        }
      ]
    },
    {
      "module": "module.key",
      "mode": "managed",
      "type": "aws_key_pair",
      "name": "bastion_key",
      "provider": "provider[\"registry.terraform.io/hashicorp/aws\"]",
      "instances": [
        {
          "schema_version": 1,
          "attributes": {
            "arn": "arn:aws:ec2:ap-northeast-2:390403881443:key-pair/bastion-key",
            "fingerprint": "02:50:f5:ff:aa:44:2a:df:53:4b:98:06:3f:11:93:75",
            "id": "bastion-key",
            "key_name": "bastion-key",
            "key_name_prefix": "",
            "key_pair_id": "key-0df65239e8e3ead1b",
            "key_type": "rsa",
            "public_key": "ssh-rsa AAAAB3NzaC1yc2EAAAADAQABAAACAQDap7usfn+46oJQvAxV3YH5FT2ATPvrAgOzInTRG5YGeikSj58kxuN7QL3GIVuAfKWMcxn58uoUkD9RklIFKFMEUaACxYSyuA5ro+AgqJDRh9zAAqwIJJudIAX+AX3XA6jfltUeodrY08Ufnlx2uuTlsmtO8x+m7o5gRIKyCF4s8C8wd0X68DQWsb4DzqIJcy+DDvXuHJ2w3HPHDkCdJwtTW3jbGNZs7RuZGMgqk3+7vvNMSAQDuCQ+33us9f3+WEX/Lnof3xM8nATo5i1SxURRUtTV3smH9ilrNioU9RrhDQwGOJ8kWjFtxgumrcKl/mEVBcYS4NHo7ku38y+TN1aerjvDmRgA0m3rfcDX19XQ34rCcJs0NOIGblLuVdc2rujzLbxWS1wbO1k6LzBPkX7YN0roAluzTxMbOwdsKyZfgRVcmlk9q/qW234d4xG427BOmFPvCDOIKYVL3seqWD/K1ixSaE8eZjXOxhs/6Xnkcz+jlHn1aXSezpZpdAbOTbdfv50QtsHZxN00LCTtkCbN9s6rXYNUHjbeJX2+KxPquuGr5zuZWcJY4J+IyTZw8gZv5O+FehwVYEsnN7R6JKzZnB6Qi/qshMLr9h5vPnKuUxx2A72o7zsF5oUiwZBEbBdaohBUDbU1YoEbOfUGvs5y7lKeJLXiF/R7VH+42KnrFw==",
            "region": "ap-northeast-2",
            "tags": {},
            "tags_all": {}
          },
          "sensitive_attributes": [],
          "private": "eyJzY2hlbWFfdmVyc2lvbiI6IjEifQ==",
          "dependencies": [
            "module.key.tls_private_key.bastion_key"
          ]
        }
      ]
    },
    {
      "module": "module.key",
      "mode": "managed",
      "type": "tls_private_key",
      "name": "bastion_key",
      "provider": "provider[\"registry.terraform.io/hashicorp/tls\"]",
      "instances": [
        {
          "schema_version": 1,
          "attributes": {
            "algorithm": "RSA",
            "ecdsa_curve": "P224",
            "id": "1cab45d1696a89fede6d16eeb6545ca0081004ac",
            "private_key_openssh": "-----BEGIN OPENSSH PRIVATE KEY-----\nb3BlbnNzaC1rZXktdjEAAAAABG5vbmUAAAAEbm9uZQAAAAAAAAABAAACFwAAAAdz\nc2gtcnNhAAAAAwEAAQAAAgEA2qe7rH5/uOqCULwMVd2B+RU9gEz76wIDsyJ00RuW\nBnopEo+fJMbje0C9xiFbgHyljHMZ+fLqFJA/UZJSBShTBFGgAsWEsrgOa6PgIKiQ\n0YfcwAKsCCSbnSAF/gF91wOo35bVHqHa2NPFH55cdrrk5bJrTvMfpu6OYESCsghe\nLPAvMHdF+vA0FrG+A86iCXMvgw717hydsNxzxw5AnScLU1t42xjWbO0bmRjIKpN/\nu77zTEgEA7gkPt97rPX9/lhF/y56H98TPJwE6OYtUsVEUVLU1d7Jh/YpazYqFPUa\n4Q0MBjifJFoxbcYLpq3Cpf5hFQXGEuDR6O5Lt/MvkzdWnq47w5kYANJt633A19fV\n0N+KwnCbNDTiBm5S7lXXNq7o8y28VktcGztZOi8wT5F+2DdK6AJbs08TGzsHbCsm\nX4EVXJpZPav6ltt+HeMRuNuwTphT7wgziCmFS97Hqlg/ytYsUmhPHmY1zsYbP+l5\n5HM/o5R59Wl0ns6WaXQGzk23X7+dELbB2cTdNCwk7ZAmzfbOq12DVB423iV9visT\n6rrhq+c7mVnCWOCfiMk2cPIGb+TvhXocFWBLJze0eiSs2ZwekIv6rITC6/Yebz5y\nrlMcdgO9qO87BeaFIsGQRGwXWqIQVA21NWKBGzn1Br7Ocu5SniS14hf0e1R/uNip\n6xcAAAc46b7dx+m+3ccAAAAHc3NoLXJzYQAAAgEA2qe7rH5/uOqCULwMVd2B+RU9\ngEz76wIDsyJ00RuWBnopEo+fJMbje0C9xiFbgHyljHMZ+fLqFJA/UZJSBShTBFGg\nAsWEsrgOa6PgIKiQ0YfcwAKsCCSbnSAF/gF91wOo35bVHqHa2NPFH55cdrrk5bJr\nTvMfpu6OYESCsgheLPAvMHdF+vA0FrG+A86iCXMvgw717hydsNxzxw5AnScLU1t4\n2xjWbO0bmRjIKpN/u77zTEgEA7gkPt97rPX9/lhF/y56H98TPJwE6OYtUsVEUVLU\n1d7Jh/YpazYqFPUa4Q0MBjifJFoxbcYLpq3Cpf5hFQXGEuDR6O5Lt/MvkzdWnq47\nw5kYANJt633A19fV0N+KwnCbNDTiBm5S7lXXNq7o8y28VktcGztZOi8wT5F+2DdK\n6AJbs08TGzsHbCsmX4EVXJpZPav6ltt+HeMRuNuwTphT7wgziCmFS97Hqlg/ytYs\nUmhPHmY1zsYbP+l55HM/o5R59Wl0ns6WaXQGzk23X7+dELbB2cTdNCwk7ZAmzfbO\nq12DVB423iV9visT6rrhq+c7mVnCWOCfiMk2cPIGb+TvhXocFWBLJze0eiSs2Zwe\nkIv6rITC6/Yebz5yrlMcdgO9qO87BeaFIsGQRGwXWqIQVA21NWKBGzn1Br7Ocu5S\nniS14hf0e1R/uNip6xcAAAADAQABAAACACn/hcDAG3A9OwKe3A+yGEDrn4CBSPH+\n1Q8XUzDHB63+0NzL0VmTCiambM0doyGuz22GvjqQOf3xJvhYDoEHGcr+kql1nuNl\nDwAF3grn1ckpO3F2Ee0OewVXHU+Ioc8m2Mz5f73+gLadFoPYOxJjG4wzFQF5GV9K\n+vXqst/XU592EtpQTpTAhoDFayX4Do+aHEokGYC+5lsOPP7C8g49baN5MmGDB8ys\nTly9sdTbt/Er4DeKrZq5R9z7uBmktkCgW/GDz9lHU76UiSzi6Vm4okKskkzyGeuP\nkK0THkogOiV4CBM51Pd6i3v2Sk6dmYGgtqz/CuidXjRLcSfIAh9Yxb4h7wkvC4kY\nTTBuikAor4tOU6bH8T0ZnUrlLlLXI3wZ+9hAfXUzI4NRpFqxqV1GzzMIVJUBh72H\nQvGR6rBQvIrzova5BrnFvQktzr8Db8C+mF1ojd1tSvTlXKbQUYFBTXhu46uZnwGU\nHzInbL0IE9UXp0B89gR20ZvRpIi44aJmOGIt0DZN3HAv1taKt270pdRzF2L8wB1G\nbhMHtKdp54PPH4Jjwmm8xcPvsbsgzSZGut4dpAANwHHZr5KjUxj2SVN2mlNmmzoA\nS+TZWXyPZBaIY46qgLdYpdKJA99958QY92jdbf3nx0a4w2jUNSqZa8nFXyo8hryZ\nu/ZASMD7Ij6hAAABAA63w4ZBPitf1z5/RAXXvXqWBwuk2MEmON8pNNeonD8GSWW0\nFFoLN54vwpO7qM2RloOxQPNCjtymj2tNN9fGhq3dEdQjBD8rLZwcQ6iiEMhaZjLz\nryUZ/sscRQc+/1Q5NRZxt9jutrY2QfQs9dcOfpkQqFLdAuNvhdp7RKuu3cj4aXd3\np6U2P0t1B/gJZAaFpkid+/am0I4W7kpzb8at1ODe5QbaROI7TwHSA76WAKTCZhAL\nvNAHuWVlhcchsLWRQDaIo3mDluMc2gVF79aa+lc+dCTa3smIs0pss1hFAvaFzP+k\nh4gBUIewQrzg/QdlrromdrUn4QF9q+cfSFb8LUEAAAEBAPU009Y5/D5XUdyw7eCV\nhesm7gmgXKoGksL1J+f76o+K1U5Zjh7CZmLMZcskfeUzricz82IDPP+bErI7Kcuq\n4Z6Rh0Frl2Dj4ujPw+g3kRaNWTAnsYnTsxdwO5QBgZy9O1rdfrX89CqmpB83zwoP\nlAYvH31EBzDUvULbP9H6fI6+QcDwttGu/cZo0OPIQ24wxqHVPLw+FM6b93H7mb5g\nNChhNKNwqfo+OJWh+cruqp5n6ZFFBYuiG9AbB4A3giA5tHlqQRSc1zQ29/2wGGiE\nGY3O0jzw88tlftjW3OI1DVWXwfxgasE0Iq4UruXOIdI6lD7BasTgM8YFhJ3NHsqO\n32MAAAEBAORHtPxyT6pUvAto7zGVTQgY4uPtziEjbxBLJWm98kkEwHqko45It0NI\n0QO60ZaQb0yJ30U4rKu1BuPR/VIfvQG2oKJv1Ghl4Dl0al4e+LQcxrHjZOIEWnlH\n0h99pYsiX2XpVhHusYftui03I1UGo9FHBAuwksURtrDmT1lwOnvOE4mlraPwpt5X\nn7EtsXPHzRGKbqCOgAL9OGtHQ8XMkhM1BrHrsAUmPKdJJ3fOv6iamlPyyHUtb2Rk\n6WYv2IIA5dlK7MXlBSgUGukXGJZOIAcSHNxehpTiElf7tIzNyvZgUliX2JYuSsCV\nEH7Rlc1KrHiOr9eO4seM2/IFJMEqtb0AAAAAAQID\n-----END OPENSSH PRIVATE KEY-----\n",
            "private_key_pem": "-----BEGIN RSA PRIVATE KEY-----\nMIIJKAIBAAKCAgEA2qe7rH5/uOqCULwMVd2B+RU9gEz76wIDsyJ00RuWBnopEo+f\nJMbje0C9xiFbgHyljHMZ+fLqFJA/UZJSBShTBFGgAsWEsrgOa6PgIKiQ0YfcwAKs\nCCSbnSAF/gF91wOo35bVHqHa2NPFH55cdrrk5bJrTvMfpu6OYESCsgheLPAvMHdF\n+vA0FrG+A86iCXMvgw717hydsNxzxw5AnScLU1t42xjWbO0bmRjIKpN/u77zTEgE\nA7gkPt97rPX9/lhF/y56H98TPJwE6OYtUsVEUVLU1d7Jh/YpazYqFPUa4Q0MBjif\nJFoxbcYLpq3Cpf5hFQXGEuDR6O5Lt/MvkzdWnq47w5kYANJt633A19fV0N+KwnCb\nNDTiBm5S7lXXNq7o8y28VktcGztZOi8wT5F+2DdK6AJbs08TGzsHbCsmX4EVXJpZ\nPav6ltt+HeMRuNuwTphT7wgziCmFS97Hqlg/ytYsUmhPHmY1zsYbP+l55HM/o5R5\n9Wl0ns6WaXQGzk23X7+dELbB2cTdNCwk7ZAmzfbOq12DVB423iV9visT6rrhq+c7\nmVnCWOCfiMk2cPIGb+TvhXocFWBLJze0eiSs2ZwekIv6rITC6/Yebz5yrlMcdgO9\nqO87BeaFIsGQRGwXWqIQVA21NWKBGzn1Br7Ocu5SniS14hf0e1R/uNip6xcCAwEA\nAQKCAgAp/4XAwBtwPTsCntwPshhA65+AgUjx/tUPF1Mwxwet/tDcy9FZkwompmzN\nHaMhrs9thr46kDn98Sb4WA6BBxnK/pKpdZ7jZQ8ABd4K59XJKTtxdhHtDnsFVx1P\niKHPJtjM+X+9/oC2nRaD2DsSYxuMMxUBeRlfSvr16rLf11OfdhLaUE6UwIaAxWsl\n+A6PmhxKJBmAvuZbDjz+wvIOPW2jeTJhgwfMrE5cvbHU27fxK+A3iq2auUfc+7gZ\npLZAoFvxg8/ZR1O+lIks4ulZuKJCrJJM8hnrj5CtEx5KIDoleAgTOdT3eot79kpO\nnZmBoLas/wronV40S3EnyAIfWMW+Ie8JLwuJGE0wbopAKK+LTlOmx/E9GZ1K5S5S\n1yN8GfvYQH11MyODUaRasaldRs8zCFSVAYe9h0LxkeqwULyK86L2uQa5xb0JLc6/\nA2/AvphdaI3dbUr05Vym0FGBQU14buOrmZ8BlB8yJ2y9CBPVF6dAfPYEdtGb0aSI\nuOGiZjhiLdA2TdxwL9bWirdu9KXUcxdi/MAdRm4TB7SnaeeDzx+CY8JpvMXD77G7\nIM0mRrreHaQADcBx2a+So1MY9klTdppTZps6AEvk2Vl8j2QWiGOOqoC3WKXSiQPf\nfefEGPdo3W3958dGuMNo1DUqmWvJxV8qPIa8mbv2QEjA+yI+oQKCAQEA9TTT1jn8\nPldR3LDt4JWF6ybuCaBcqgaSwvUn5/vqj4rVTlmOHsJmYsxlyyR95TOuJzPzYgM8\n/5sSsjspy6rhnpGHQWuXYOPi6M/D6DeRFo1ZMCexidOzF3A7lAGBnL07Wt1+tfz0\nKqakHzfPCg+UBi8ffUQHMNS9Qts/0fp8jr5BwPC20a79xmjQ48hDbjDGodU8vD4U\nzpv3cfuZvmA0KGE0o3Cp+j44laH5yu6qnmfpkUUFi6Ib0BsHgDeCIDm0eWpBFJzX\nNDb3/bAYaIQZjc7SPPDzy2V+2Nbc4jUNVZfB/GBqwTQirhSu5c4h0jqUPsFqxOAz\nxgWEnc0eyo7fYwKCAQEA5Ee0/HJPqlS8C2jvMZVNCBji4+3OISNvEEslab3ySQTA\neqSjjki3Q0jRA7rRlpBvTInfRTisq7UG49H9Uh+9Abagom/UaGXgOXRqXh74tBzG\nseNk4gRaeUfSH32liyJfZelWEe6xh+26LTcjVQaj0UcEC7CSxRG2sOZPWXA6e84T\niaWto/Cm3lefsS2xc8fNEYpuoI6AAv04a0dDxcySEzUGseuwBSY8p0knd86/qJqa\nU/LIdS1vZGTpZi/YggDl2UrsxeUFKBQa6RcYlk4gBxIc3F6GlOISV/u0jM3K9mBS\nWJfYli5KwJUQftGVzUqseI6v147ix4zb8gUkwSq1vQKCAQEApZ76/pXH5KvCJVh0\nM9+KxtxSp7njHQy3kGtaevzS4AWcMgGXVvtjgJQipWWOi4Ouu9gBKlCZoOQzaqM/\nhctz/VC6lNuBMfZ6y1maL31oyFzMwxPsfPW637f05fFmhGHkd2loLrAek7he3p8p\nftgq2Up28HtEiB0JgODqaH/SJfAoJZPxSAv0aVFe1pvrv7++SoznKxabozoBlsGk\nhMwiLqwJi+OLS/U+7wKq4AD4yWnSf0apijkCpDu9g0L6551SYzf7oVqWmTQPqRCK\nS/397KSnqHXvlZCGbxwhscC3svqAEmFlef4m9oIN6Dak7YSXoROvdC8jiTss6hEk\nHRkHlQKCAQBjf5G2OsjYcAhqXLls/itOLTKvsBYZQY2GJ4rOFRmGlAilLB+Rw8YF\nELbxjjsOCjRIwwtK65HvYX74S63DXswN9CD9zApj2oup30EBdzRlpOlB3eA51zXs\nCM7gJO7Dvx6fl92JAWXl3ks4rAC9baB3diGgSr0eIkNjxW6uiAklr0O6yjjt7NV+\nseiL3GOtGFgcnh7r4lCPfPlbYPt8OlctAf7CC/1zsR/ctjj6smW9Qm2jy31t/XjA\n5G8KuC4BNAz68fpToyflOSYllIiF8tVo348uyhCU0hi2uqIOgSBG1OLvdHfVtaWl\nXROMgyNtEHAuN9sS9FeKLK4tReqoO0ptAoIBAA63w4ZBPitf1z5/RAXXvXqWBwuk\n2MEmON8pNNeonD8GSWW0FFoLN54vwpO7qM2RloOxQPNCjtymj2tNN9fGhq3dEdQj\nBD8rLZwcQ6iiEMhaZjLzryUZ/sscRQc+/1Q5NRZxt9jutrY2QfQs9dcOfpkQqFLd\nAuNvhdp7RKuu3cj4aXd3p6U2P0t1B/gJZAaFpkid+/am0I4W7kpzb8at1ODe5Qba\nROI7TwHSA76WAKTCZhALvNAHuWVlhcchsLWRQDaIo3mDluMc2gVF79aa+lc+dCTa\n3smIs0pss1hFAvaFzP+kh4gBUIewQrzg/QdlrromdrUn4QF9q+cfSFb8LUE=\n-----END RSA PRIVATE KEY-----\n",
            "private_key_pem_pkcs8": "-----BEGIN PRIVATE KEY-----\nMIIJQgIBADANBgkqhkiG9w0BAQEFAASCCSwwggkoAgEAAoICAQDap7usfn+46oJQ\nvAxV3YH5FT2ATPvrAgOzInTRG5YGeikSj58kxuN7QL3GIVuAfKWMcxn58uoUkD9R\nklIFKFMEUaACxYSyuA5ro+AgqJDRh9zAAqwIJJudIAX+AX3XA6jfltUeodrY08Uf\nnlx2uuTlsmtO8x+m7o5gRIKyCF4s8C8wd0X68DQWsb4DzqIJcy+DDvXuHJ2w3HPH\nDkCdJwtTW3jbGNZs7RuZGMgqk3+7vvNMSAQDuCQ+33us9f3+WEX/Lnof3xM8nATo\n5i1SxURRUtTV3smH9ilrNioU9RrhDQwGOJ8kWjFtxgumrcKl/mEVBcYS4NHo7ku3\n8y+TN1aerjvDmRgA0m3rfcDX19XQ34rCcJs0NOIGblLuVdc2rujzLbxWS1wbO1k6\nLzBPkX7YN0roAluzTxMbOwdsKyZfgRVcmlk9q/qW234d4xG427BOmFPvCDOIKYVL\n3seqWD/K1ixSaE8eZjXOxhs/6Xnkcz+jlHn1aXSezpZpdAbOTbdfv50QtsHZxN00\nLCTtkCbN9s6rXYNUHjbeJX2+KxPquuGr5zuZWcJY4J+IyTZw8gZv5O+FehwVYEsn\nN7R6JKzZnB6Qi/qshMLr9h5vPnKuUxx2A72o7zsF5oUiwZBEbBdaohBUDbU1YoEb\nOfUGvs5y7lKeJLXiF/R7VH+42KnrFwIDAQABAoICACn/hcDAG3A9OwKe3A+yGEDr\nn4CBSPH+1Q8XUzDHB63+0NzL0VmTCiambM0doyGuz22GvjqQOf3xJvhYDoEHGcr+\nkql1nuNlDwAF3grn1ckpO3F2Ee0OewVXHU+Ioc8m2Mz5f73+gLadFoPYOxJjG4wz\nFQF5GV9K+vXqst/XU592EtpQTpTAhoDFayX4Do+aHEokGYC+5lsOPP7C8g49baN5\nMmGDB8ysTly9sdTbt/Er4DeKrZq5R9z7uBmktkCgW/GDz9lHU76UiSzi6Vm4okKs\nkkzyGeuPkK0THkogOiV4CBM51Pd6i3v2Sk6dmYGgtqz/CuidXjRLcSfIAh9Yxb4h\n7wkvC4kYTTBuikAor4tOU6bH8T0ZnUrlLlLXI3wZ+9hAfXUzI4NRpFqxqV1GzzMI\nVJUBh72HQvGR6rBQvIrzova5BrnFvQktzr8Db8C+mF1ojd1tSvTlXKbQUYFBTXhu\n46uZnwGUHzInbL0IE9UXp0B89gR20ZvRpIi44aJmOGIt0DZN3HAv1taKt270pdRz\nF2L8wB1GbhMHtKdp54PPH4Jjwmm8xcPvsbsgzSZGut4dpAANwHHZr5KjUxj2SVN2\nmlNmmzoAS+TZWXyPZBaIY46qgLdYpdKJA99958QY92jdbf3nx0a4w2jUNSqZa8nF\nXyo8hryZu/ZASMD7Ij6hAoIBAQD1NNPWOfw+V1HcsO3glYXrJu4JoFyqBpLC9Sfn\n++qPitVOWY4ewmZizGXLJH3lM64nM/NiAzz/mxKyOynLquGekYdBa5dg4+Loz8Po\nN5EWjVkwJ7GJ07MXcDuUAYGcvTta3X61/PQqpqQfN88KD5QGLx99RAcw1L1C2z/R\n+nyOvkHA8LbRrv3GaNDjyENuMMah1Ty8PhTOm/dx+5m+YDQoYTSjcKn6PjiVofnK\n7qqeZ+mRRQWLohvQGweAN4IgObR5akEUnNc0Nvf9sBhohBmNztI88PPLZX7Y1tzi\nNQ1Vl8H8YGrBNCKuFK7lziHSOpQ+wWrE4DPGBYSdzR7Kjt9jAoIBAQDkR7T8ck+q\nVLwLaO8xlU0IGOLj7c4hI28QSyVpvfJJBMB6pKOOSLdDSNEDutGWkG9Mid9FOKyr\ntQbj0f1SH70BtqCib9RoZeA5dGpeHvi0HMax42TiBFp5R9IffaWLIl9l6VYR7rGH\n7botNyNVBqPRRwQLsJLFEbaw5k9ZcDp7zhOJpa2j8KbeV5+xLbFzx80Rim6gjoAC\n/ThrR0PFzJITNQax67AFJjynSSd3zr+omppT8sh1LW9kZOlmL9iCAOXZSuzF5QUo\nFBrpFxiWTiAHEhzcXoaU4hJX+7SMzcr2YFJYl9iWLkrAlRB+0ZXNSqx4jq/XjuLH\njNvyBSTBKrW9AoIBAQClnvr+lcfkq8IlWHQz34rG3FKnueMdDLeQa1p6/NLgBZwy\nAZdW+2OAlCKlZY6Lg6672AEqUJmg5DNqoz+Fy3P9ULqU24Ex9nrLWZovfWjIXMzD\nE+x89brft/Tl8WaEYeR3aWgusB6TuF7enyl+2CrZSnbwe0SIHQmA4Opof9Il8Cgl\nk/FIC/RpUV7Wm+u/v75KjOcrFpujOgGWwaSEzCIurAmL44tL9T7vAqrgAPjJadJ/\nRqmKOQKkO72DQvrnnVJjN/uhWpaZNA+pEIpL/f3spKeode+VkIZvHCGxwLey+oAS\nYWV5/ib2gg3oNqTthJehE690LyOJOyzqESQdGQeVAoIBAGN/kbY6yNhwCGpcuWz+\nK04tMq+wFhlBjYYnis4VGYaUCKUsH5HDxgUQtvGOOw4KNEjDC0rrke9hfvhLrcNe\nzA30IP3MCmPai6nfQQF3NGWk6UHd4DnXNewIzuAk7sO/Hp+X3YkBZeXeSzisAL1t\noHd2IaBKvR4iQ2PFbq6ICSWvQ7rKOO3s1X6x6IvcY60YWByeHuviUI98+Vtg+3w6\nVy0B/sIL/XOxH9y2OPqyZb1CbaPLfW39eMDkbwq4LgE0DPrx+lOjJ+U5JiWUiIXy\n1Wjfjy7KEJTSGLa6og6BIEbU4u90d9W1paVdE4yDI20QcC432xL0V4osri1F6qg7\nSm0CggEADrfDhkE+K1/XPn9EBde9epYHC6TYwSY43yk016icPwZJZbQUWgs3ni/C\nk7uozZGWg7FA80KO3KaPa00318aGrd0R1CMEPystnBxDqKIQyFpmMvOvJRn+yxxF\nBz7/VDk1FnG32O62tjZB9Cz11w5+mRCoUt0C42+F2ntEq67dyPhpd3enpTY/S3UH\n+AlkBoWmSJ379qbQjhbuSnNvxq3U4N7lBtpE4jtPAdIDvpYApMJmEAu80Ae5ZWWF\nxyGwtZFANoijeYOW4xzaBUXv1pr6Vz50JNreyYizSmyzWEUC9oXM/6SHiAFQh7BC\nvOD9B2WuuiZ2tSfhAX2r5x9IVvwtQQ==\n-----END PRIVATE KEY-----\n",
            "public_key_fingerprint_md5": "92:65:11:37:ab:34:d9:ed:26:6c:59:94:77:b9:ba:54",
            "public_key_fingerprint_sha256": "SHA256:bvfdg2KSe8q60y8drICRmFt0soip+W698lLAZnm3Aho",
            "public_key_openssh": "ssh-rsa AAAAB3NzaC1yc2EAAAADAQABAAACAQDap7usfn+46oJQvAxV3YH5FT2ATPvrAgOzInTRG5YGeikSj58kxuN7QL3GIVuAfKWMcxn58uoUkD9RklIFKFMEUaACxYSyuA5ro+AgqJDRh9zAAqwIJJudIAX+AX3XA6jfltUeodrY08Ufnlx2uuTlsmtO8x+m7o5gRIKyCF4s8C8wd0X68DQWsb4DzqIJcy+DDvXuHJ2w3HPHDkCdJwtTW3jbGNZs7RuZGMgqk3+7vvNMSAQDuCQ+33us9f3+WEX/Lnof3xM8nATo5i1SxURRUtTV3smH9ilrNioU9RrhDQwGOJ8kWjFtxgumrcKl/mEVBcYS4NHo7ku38y+TN1aerjvDmRgA0m3rfcDX19XQ34rCcJs0NOIGblLuVdc2rujzLbxWS1wbO1k6LzBPkX7YN0roAluzTxMbOwdsKyZfgRVcmlk9q/qW234d4xG427BOmFPvCDOIKYVL3seqWD/K1ixSaE8eZjXOxhs/6Xnkcz+jlHn1aXSezpZpdAbOTbdfv50QtsHZxN00LCTtkCbN9s6rXYNUHjbeJX2+KxPquuGr5zuZWcJY4J+IyTZw8gZv5O+FehwVYEsnN7R6JKzZnB6Qi/qshMLr9h5vPnKuUxx2A72o7zsF5oUiwZBEbBdaohBUDbU1YoEbOfUGvs5y7lKeJLXiF/R7VH+42KnrFw==\n",
            "public_key_pem": "-----BEGIN PUBLIC KEY-----\nMIICIjANBgkqhkiG9w0BAQEFAAOCAg8AMIICCgKCAgEA2qe7rH5/uOqCULwMVd2B\n+RU9gEz76wIDsyJ00RuWBnopEo+fJMbje0C9xiFbgHyljHMZ+fLqFJA/UZJSBShT\nBFGgAsWEsrgOa6PgIKiQ0YfcwAKsCCSbnSAF/gF91wOo35bVHqHa2NPFH55cdrrk\n5bJrTvMfpu6OYESCsgheLPAvMHdF+vA0FrG+A86iCXMvgw717hydsNxzxw5AnScL\nU1t42xjWbO0bmRjIKpN/u77zTEgEA7gkPt97rPX9/lhF/y56H98TPJwE6OYtUsVE\nUVLU1d7Jh/YpazYqFPUa4Q0MBjifJFoxbcYLpq3Cpf5hFQXGEuDR6O5Lt/MvkzdW\nnq47w5kYANJt633A19fV0N+KwnCbNDTiBm5S7lXXNq7o8y28VktcGztZOi8wT5F+\n2DdK6AJbs08TGzsHbCsmX4EVXJpZPav6ltt+HeMRuNuwTphT7wgziCmFS97Hqlg/\nytYsUmhPHmY1zsYbP+l55HM/o5R59Wl0ns6WaXQGzk23X7+dELbB2cTdNCwk7ZAm\nzfbOq12DVB423iV9visT6rrhq+c7mVnCWOCfiMk2cPIGb+TvhXocFWBLJze0eiSs\n2ZwekIv6rITC6/Yebz5yrlMcdgO9qO87BeaFIsGQRGwXWqIQVA21NWKBGzn1Br7O\ncu5SniS14hf0e1R/uNip6xcCAwEAAQ==\n-----END PUBLIC KEY-----\n",
            "rsa_bits": 4096
          },
          "sensitive_attributes": [
            [
              {
                "type": "get_attr",
                "value": "private_key_openssh"
              }
            ],
            [
              {
                "type": "get_attr",
                "value": "private_key_pem"
              }
            ],
            [
              {
                "type": "get_attr",
                "value": "private_key_pem_pkcs8"
              }
            ]
          ]
        }
      ]
    },
    {
      "module": "module.nat",
      "mode": "managed",
      "type": "aws_eip",
      "name": "nat_eip",
      "provider": "provider[\"registry.terraform.io/hashicorp/aws\"]",
      "instances": [
        {
          "schema_version": 0,
          "attributes": {
            "address": null,
            "allocation_id": "eipalloc-0d1385cb02ee7e270",
            "arn": "arn:aws:ec2:ap-northeast-2:390403881443:elastic-ip/eipalloc-0d1385cb02ee7e270",
            "associate_with_private_ip": null,
            "association_id": "eipassoc-02ca6dcb0bc7b332e",
            "carrier_ip": "",
            "customer_owned_ip": "",
            "customer_owned_ipv4_pool": "",
            "domain": "vpc",
            "id": "eipalloc-0d1385cb02ee7e270",
            "instance": "i-0cd471a1a48e20fe4",
            "ipam_pool_id": null,
            "network_border_group": "ap-northeast-2",
            "network_interface": "eni-0d6c80a22396c8ef5",
            "private_dns": "ip-10-0-1-183.ap-northeast-2.compute.internal",
            "private_ip": "10.0.1.183",
            "ptr_record": "",
            "public_dns": "ec2-13-209-249-45.ap-northeast-2.compute.amazonaws.com",
            "public_ip": "13.209.249.45",
            "public_ipv4_pool": "amazon",
            "region": "ap-northeast-2",
            "tags": {},
            "tags_all": {},
            "timeouts": null
          },
          "sensitive_attributes": [],
          "private": "eyJlMmJmYjczMC1lY2FhLTExZTYtOGY4OC0zNDM2M2JjN2M0YzAiOnsiZGVsZXRlIjoxODAwMDAwMDAwMDAsInJlYWQiOjkwMDAwMDAwMDAwMCwidXBkYXRlIjozMDAwMDAwMDAwMDB9fQ==",
          "dependencies": [
            "module.nat.aws_instance.nat",
            "module.subnet.aws_subnet.public",
            "module.vpc.aws_vpc.project"
          ]
        }
      ]
    },
    {
      "module": "module.nat",
      "mode": "managed",
      "type": "aws_eip_association",
      "name": "nat_eip_assoc",
      "provider": "provider[\"registry.terraform.io/hashicorp/aws\"]",
      "instances": [
        {
          "schema_version": 0,
          "attributes": {
            "allocation_id": "eipalloc-0d1385cb02ee7e270",
            "allow_reassociation": null,
            "id": "eipassoc-02ca6dcb0bc7b332e",
            "instance_id": "i-0cd471a1a48e20fe4",
            "network_interface_id": "eni-0d6c80a22396c8ef5",
            "private_ip_address": "10.0.1.183",
            "public_ip": "13.209.249.45",
            "region": "ap-northeast-2"
          },
          "sensitive_attributes": [],
          "private": "bnVsbA==",
          "dependencies": [
            "module.nat.aws_eip.nat_eip",
            "module.nat.aws_instance.nat",
            "module.subnet.aws_subnet.public",
            "module.vpc.aws_vpc.project"
          ]
        }
      ]
    },
    {
      "module": "module.nat",
      "mode": "managed",
      "type": "aws_instance",
      "name": "nat",
      "provider": "provider[\"registry.terraform.io/hashicorp/aws\"]",
      "instances": [
        {
          "schema_version": 2,
          "attributes": {
            "ami": "ami-01ad0c7a4930f0e43",
            "arn": "arn:aws:ec2:ap-northeast-2:390403881443:instance/i-0cd471a1a48e20fe4",
            "associate_public_ip_address": false,
            "availability_zone": "ap-northeast-2a",
            "capacity_reservation_specification": [
              {
                "capacity_reservation_preference": "open",
                "capacity_reservation_target": []
              }
            ],
            "cpu_options": [
              {
                "amd_sev_snp": "",
                "core_count": 1,
                "threads_per_core": 2
              }
            ],
            "credit_specification": [
              {
                "cpu_credits": "unlimited"
              }
            ],
            "disable_api_stop": false,
            "disable_api_termination": false,
            "ebs_block_device": [],
            "ebs_optimized": false,
            "enable_primary_ipv6": null,
            "enclave_options": [
              {
                "enabled": false
              }
            ],
            "ephemeral_block_device": [],
            "force_destroy": false,
            "get_password_data": false,
            "hibernation": false,
            "host_id": "",
            "host_resource_group_arn": null,
            "iam_instance_profile": "",
            "id": "i-0cd471a1a48e20fe4",
            "instance_initiated_shutdown_behavior": "stop",
            "instance_lifecycle": "",
            "instance_market_options": [],
            "instance_state": "running",
            "instance_type": "t3.micro",
            "ipv6_address_count": 0,
            "ipv6_addresses": [],
            "key_name": "",
            "launch_template": [],
            "maintenance_options": [
              {
                "auto_recovery": "default"
              }
            ],
            "metadata_options": [
              {
                "http_endpoint": "enabled",
                "http_protocol_ipv6": "disabled",
                "http_put_response_hop_limit": 1,
                "http_tokens": "optional",
                "instance_metadata_tags": "disabled"
              }
            ],
            "monitoring": false,
            "network_interface": [],
            "outpost_arn": "",
            "password_data": "",
            "placement_group": "",
            "placement_partition_number": 0,
            "primary_network_interface_id": "eni-0d6c80a22396c8ef5",
            "private_dns": "ip-10-0-1-183.ap-northeast-2.compute.internal",
            "private_dns_name_options": [
              {
                "enable_resource_name_dns_a_record": false,
                "enable_resource_name_dns_aaaa_record": false,
                "hostname_type": "ip-name"
              }
            ],
            "private_ip": "10.0.1.183",
            "public_dns": "",
            "public_ip": "",
            "region": "ap-northeast-2",
            "root_block_device": [
              {
                "delete_on_termination": true,
                "device_name": "/dev/xvda",
                "encrypted": false,
                "iops": 0,
                "kms_key_id": "",
                "tags": {},
                "tags_all": {},
                "throughput": 0,
                "volume_id": "vol-0ef443e5c88069b52",
                "volume_size": 8,
                "volume_type": "standard"
              }
            ],
            "secondary_private_ips": [],
            "security_groups": [],
            "source_dest_check": false,
            "spot_instance_request_id": "",
            "subnet_id": "subnet-0461823011c090076",
            "tags": {
              "Name": "nat-instance"
            },
            "tags_all": {
              "Name": "nat-instance"
            },
            "tenancy": "default",
            "timeouts": null,
            "user_data": null,
            "user_data_base64": null,
            "user_data_replace_on_change": false,
            "volume_tags": null,
            "vpc_security_group_ids": [
              "sg-0921ef49cbc07042b"
            ]
          },
          "sensitive_attributes": [],
          "private": "eyJlMmJmYjczMC1lY2FhLTExZTYtOGY4OC0zNDM2M2JjN2M0YzAiOnsiY3JlYXRlIjo2MDAwMDAwMDAwMDAsImRlbGV0ZSI6MTIwMDAwMDAwMDAwMCwicmVhZCI6OTAwMDAwMDAwMDAwLCJ1cGRhdGUiOjYwMDAwMDAwMDAwMH0sInNjaGVtYV92ZXJzaW9uIjoiMiJ9",
          "dependencies": [
            "module.subnet.aws_subnet.public",
            "module.vpc.aws_vpc.project"
          ]
        }
      ]
    },
    {
      "module": "module.route",
      "mode": "managed",
      "type": "aws_route",
      "name": "private_nat_route",
      "provider": "provider[\"registry.terraform.io/hashicorp/aws\"]",
      "instances": [
        {
          "schema_version": 0,
          "attributes": {
            "carrier_gateway_id": "",
            "core_network_arn": "",
            "destination_cidr_block": "0.0.0.0/0",
            "destination_ipv6_cidr_block": "",
            "destination_prefix_list_id": "",
            "egress_only_gateway_id": "",
            "gateway_id": "",
            "id": "r-rtb-0e198787a69907d061080289494",
            "instance_id": "i-0cd471a1a48e20fe4",
            "instance_owner_id": "390403881443",
            "local_gateway_id": "",
            "nat_gateway_id": "",
            "network_interface_id": "eni-0d6c80a22396c8ef5",
            "origin": "CreateRoute",
            "region": "ap-northeast-2",
            "route_table_id": "rtb-0e198787a69907d06",
            "state": "active",
            "timeouts": null,
            "transit_gateway_id": "",
            "vpc_endpoint_id": "",
            "vpc_peering_connection_id": ""
          },
          "sensitive_attributes": [],
          "private": "eyJlMmJmYjczMC1lY2FhLTExZTYtOGY4OC0zNDM2M2JjN2M0YzAiOnsiY3JlYXRlIjozMDAwMDAwMDAwMDAsImRlbGV0ZSI6MzAwMDAwMDAwMDAwLCJ1cGRhdGUiOjEyMDAwMDAwMDAwMH19",
          "dependencies": [
            "module.nat.aws_instance.nat",
            "module.route.aws_route_table.private_rt",
            "module.subnet.aws_subnet.public",
            "module.vpc.aws_vpc.project"
          ]
        }
      ]
    },
    {
      "module": "module.route",
      "mode": "managed",
      "type": "aws_route_table",
      "name": "private_rt",
      "provider": "provider[\"registry.terraform.io/hashicorp/aws\"]",
      "instances": [
        {
          "schema_version": 0,
          "attributes": {
            "arn": "arn:aws:ec2:ap-northeast-2:390403881443:route-table/rtb-0e198787a69907d06",
            "id": "rtb-0e198787a69907d06",
            "owner_id": "390403881443",
            "propagating_vgws": [],
            "region": "ap-northeast-2",
            "route": [
              {
                "carrier_gateway_id": "",
                "cidr_block": "0.0.0.0/0",
                "core_network_arn": "",
                "destination_prefix_list_id": "",
                "egress_only_gateway_id": "",
                "gateway_id": "",
                "ipv6_cidr_block": "",
                "local_gateway_id": "",
                "nat_gateway_id": "",
                "network_interface_id": "eni-09b325f9c3fd9e8d5",
                "transit_gateway_id": "",
                "vpc_endpoint_id": "",
                "vpc_peering_connection_id": ""
              }
            ],
            "tags": {
              "Name": "private-rt"
            },
            "tags_all": {
              "Name": "private-rt"
            },
            "timeouts": null,
            "vpc_id": "vpc-043e909c74bdae9b1"
          },
          "sensitive_attributes": [],
          "private": "eyJlMmJmYjczMC1lY2FhLTExZTYtOGY4OC0zNDM2M2JjN2M0YzAiOnsiY3JlYXRlIjozMDAwMDAwMDAwMDAsImRlbGV0ZSI6MzAwMDAwMDAwMDAwLCJ1cGRhdGUiOjEyMDAwMDAwMDAwMH19",
          "dependencies": [
            "module.vpc.aws_vpc.project"
          ]
        }
      ]
    },
    {
      "module": "module.route",
      "mode": "managed",
      "type": "aws_route_table",
      "name": "public_rt",
      "provider": "provider[\"registry.terraform.io/hashicorp/aws\"]",
      "instances": [
        {
          "schema_version": 0,
          "attributes": {
            "arn": "arn:aws:ec2:ap-northeast-2:390403881443:route-table/rtb-0b872b308b950fe0e",
            "id": "rtb-0b872b308b950fe0e",
            "owner_id": "390403881443",
            "propagating_vgws": [],
            "region": "ap-northeast-2",
            "route": [
              {
                "carrier_gateway_id": "",
                "cidr_block": "0.0.0.0/0",
                "core_network_arn": "",
                "destination_prefix_list_id": "",
                "egress_only_gateway_id": "",
                "gateway_id": "igw-09f86ee0d0c410808",
                "ipv6_cidr_block": "",
                "local_gateway_id": "",
                "nat_gateway_id": "",
                "network_interface_id": "",
                "transit_gateway_id": "",
                "vpc_endpoint_id": "",
                "vpc_peering_connection_id": ""
              }
            ],
            "tags": {
              "Name": "public-rt"
            },
            "tags_all": {
              "Name": "public-rt"
            },
            "timeouts": null,
            "vpc_id": "vpc-043e909c74bdae9b1"
          },
          "sensitive_attributes": [],
          "private": "eyJlMmJmYjczMC1lY2FhLTExZTYtOGY4OC0zNDM2M2JjN2M0YzAiOnsiY3JlYXRlIjozMDAwMDAwMDAwMDAsImRlbGV0ZSI6MzAwMDAwMDAwMDAwLCJ1cGRhdGUiOjEyMDAwMDAwMDAwMH19",
          "dependencies": [
            "module.igw.aws_internet_gateway.igw",
            "module.vpc.aws_vpc.project"
          ]
        }
      ]
    },
    {
      "module": "module.route",
      "mode": "managed",
      "type": "aws_route_table_association",
      "name": "private_assoc",
      "provider": "provider[\"registry.terraform.io/hashicorp/aws\"]",
      "instances": [
        {
          "index_key": "private-subnet-a",
          "schema_version": 0,
          "attributes": {
            "gateway_id": "",
            "id": "rtbassoc-0055b065f00af008f",
            "region": "ap-northeast-2",
            "route_table_id": "rtb-0e198787a69907d06",
            "subnet_id": "subnet-0a4482522da77117a",
            "timeouts": null
          },
          "sensitive_attributes": [],
          "private": "eyJlMmJmYjczMC1lY2FhLTExZTYtOGY4OC0zNDM2M2JjN2M0YzAiOnsiY3JlYXRlIjozMDAwMDAwMDAwMDAsImRlbGV0ZSI6MzAwMDAwMDAwMDAwLCJ1cGRhdGUiOjEyMDAwMDAwMDAwMH19",
          "dependencies": [
            "module.route.aws_route_table.private_rt",
            "module.subnet.aws_subnet.private",
            "module.vpc.aws_vpc.project"
          ]
        },
        {
          "index_key": "private-subnet-c",
          "schema_version": 0,
          "attributes": {
            "gateway_id": "",
            "id": "rtbassoc-0a2f69c416a558ae9",
            "region": "ap-northeast-2",
            "route_table_id": "rtb-0e198787a69907d06",
            "subnet_id": "subnet-0bf88f275f92d6222",
            "timeouts": null
          },
          "sensitive_attributes": [],
          "private": "eyJlMmJmYjczMC1lY2FhLTExZTYtOGY4OC0zNDM2M2JjN2M0YzAiOnsiY3JlYXRlIjozMDAwMDAwMDAwMDAsImRlbGV0ZSI6MzAwMDAwMDAwMDAwLCJ1cGRhdGUiOjEyMDAwMDAwMDAwMH19",
          "dependencies": [
            "module.route.aws_route_table.private_rt",
            "module.subnet.aws_subnet.private",
            "module.vpc.aws_vpc.project"
          ]
        }
      ]
    },
    {
      "module": "module.route",
      "mode": "managed",
      "type": "aws_route_table_association",
      "name": "public_assoc",
      "provider": "provider[\"registry.terraform.io/hashicorp/aws\"]",
      "instances": [
        {
          "index_key": "public-subnet-a",
          "schema_version": 0,
          "attributes": {
            "gateway_id": "",
            "id": "rtbassoc-0f325eff4a413d931",
            "region": "ap-northeast-2",
            "route_table_id": "rtb-0b872b308b950fe0e",
            "subnet_id": "subnet-0461823011c090076",
            "timeouts": null
          },
          "sensitive_attributes": [],
          "private": "eyJlMmJmYjczMC1lY2FhLTExZTYtOGY4OC0zNDM2M2JjN2M0YzAiOnsiY3JlYXRlIjozMDAwMDAwMDAwMDAsImRlbGV0ZSI6MzAwMDAwMDAwMDAwLCJ1cGRhdGUiOjEyMDAwMDAwMDAwMH19",
          "dependencies": [
            "module.igw.aws_internet_gateway.igw",
            "module.route.aws_route_table.public_rt",
            "module.subnet.aws_subnet.public",
            "module.vpc.aws_vpc.project"
          ]
        },
        {
          "index_key": "public-subnet-c",
          "schema_version": 0,
          "attributes": {
            "gateway_id": "",
            "id": "rtbassoc-05ba0ca72428bbb24",
            "region": "ap-northeast-2",
            "route_table_id": "rtb-0b872b308b950fe0e",
            "subnet_id": "subnet-0001cd0e49b1902f2",
            "timeouts": null
          },
          "sensitive_attributes": [],
          "private": "eyJlMmJmYjczMC1lY2FhLTExZTYtOGY4OC0zNDM2M2JjN2M0YzAiOnsiY3JlYXRlIjozMDAwMDAwMDAwMDAsImRlbGV0ZSI6MzAwMDAwMDAwMDAwLCJ1cGRhdGUiOjEyMDAwMDAwMDAwMH19",
          "dependencies": [
            "module.igw.aws_internet_gateway.igw",
            "module.route.aws_route_table.public_rt",
            "module.subnet.aws_subnet.public",
            "module.vpc.aws_vpc.project"
          ]
        }
      ]
    },
    {
      "module": "module.s3",
      "mode": "managed",
      "type": "aws_s3_bucket",
      "name": "image_bucket",
      "provider": "provider[\"registry.terraform.io/hashicorp/aws\"]",
      "instances": [
        {
          "schema_version": 0,
          "attributes": {
            "acceleration_status": "",
            "acl": "private",
            "arn": "arn:aws:s3:::gachon-link-image-bucket",
            "bucket": "gachon-link-image-bucket",
            "bucket_domain_name": "gachon-link-image-bucket.s3.amazonaws.com",
            "bucket_prefix": "",
            "bucket_region": "ap-northeast-2",
            "bucket_regional_domain_name": "gachon-link-image-bucket.s3.ap-northeast-2.amazonaws.com",
            "cors_rule": [],
            "force_destroy": false,
            "grant": [
              {
                "id": "f4174f85a3654eeb6dafbecc1ce50192da5503b0bcb356eaeaca5f6c2ce6432c",
                "permissions": [
                  "FULL_CONTROL"
                ],
                "type": "CanonicalUser",
                "uri": ""
              }
            ],
            "hosted_zone_id": "Z3W03O7B5YMIYP",
            "id": "gachon-link-image-bucket",
            "lifecycle_rule": [],
            "logging": [],
            "object_lock_configuration": [],
            "object_lock_enabled": false,
            "policy": "",
            "region": "ap-northeast-2",
            "replication_configuration": [],
            "request_payer": "BucketOwner",
            "server_side_encryption_configuration": [
              {
                "rule": [
                  {
                    "apply_server_side_encryption_by_default": [
                      {
                        "kms_master_key_id": "",
                        "sse_algorithm": "AES256"
                      }
                    ],
                    "bucket_key_enabled": false
                  }
                ]
              }
            ],
            "tags": {
              "Environment": "Dev",
              "Name": "prioject image bucket"
            },
            "tags_all": {
              "Environment": "Dev",
              "Name": "prioject image bucket"
            },
            "timeouts": null,
            "versioning": [
              {
                "enabled": false,
                "mfa_delete": false
              }
            ],
            "website": [],
            "website_domain": null,
            "website_endpoint": null
          },
          "sensitive_attributes": [],
          "private": "eyJlMmJmYjczMC1lY2FhLTExZTYtOGY4OC0zNDM2M2JjN2M0YzAiOnsiY3JlYXRlIjoxMjAwMDAwMDAwMDAwLCJkZWxldGUiOjM2MDAwMDAwMDAwMDAsInJlYWQiOjEyMDAwMDAwMDAwMDAsInVwZGF0ZSI6MTIwMDAwMDAwMDAwMH19"
        }
      ]
    },
    {
      "module": "module.s3",
      "mode": "managed",
      "type": "aws_s3_bucket_public_access_block",
      "name": "access_block",
      "provider": "provider[\"registry.terraform.io/hashicorp/aws\"]",
      "instances": [
        {
          "schema_version": 0,
          "attributes": {
            "block_public_acls": true,
            "block_public_policy": true,
            "bucket": "gachon-link-image-bucket",
            "id": "gachon-link-image-bucket",
            "ignore_public_acls": true,
            "region": "ap-northeast-2",
            "restrict_public_buckets": true,
            "skip_destroy": null
          },
          "sensitive_attributes": [],
          "private": "bnVsbA==",
          "dependencies": [
            "module.s3.aws_s3_bucket.image_bucket"
          ]
        }
      ]
    },
    {
      "module": "module.s3",
      "mode": "managed",
      "type": "aws_s3_bucket_versioning",
      "name": "version",
      "provider": "provider[\"registry.terraform.io/hashicorp/aws\"]",
      "instances": [
        {
          "schema_version": 0,
          "attributes": {
            "bucket": "gachon-link-image-bucket",
            "expected_bucket_owner": "",
            "id": "gachon-link-image-bucket",
            "mfa": null,
            "region": "ap-northeast-2",
            "versioning_configuration": [
              {
                "mfa_delete": "",
                "status": "Enabled"
              }
            ]
          },
          "sensitive_attributes": [],
          "private": "bnVsbA==",
          "dependencies": [
            "module.s3.aws_s3_bucket.image_bucket"
          ]
        }
      ]
    },
    {
      "module": "module.sg",
      "mode": "managed",
      "type": "aws_security_group",
      "name": "bastion_sg",
      "provider": "provider[\"registry.terraform.io/hashicorp/aws\"]",
      "instances": [
        {
          "schema_version": 1,
          "attributes": {
            "arn": "arn:aws:ec2:ap-northeast-2:390403881443:security-group/sg-0c8dfe4ea60ba7532",
            "description": "Managed by Terraform",
            "egress": [
              {
                "cidr_blocks": [
                  "0.0.0.0/0"
                ],
                "description": "Allow all outbound",
                "from_port": 0,
                "ipv6_cidr_blocks": [],
                "prefix_list_ids": [],
                "protocol": "-1",
                "security_groups": [],
                "self": false,
                "to_port": 0
              }
            ],
            "id": "sg-0c8dfe4ea60ba7532",
            "ingress": [
              {
                "cidr_blocks": [
                  "0.0.0.0/0"
                ],
                "description": "SSH access",
                "from_port": 22,
                "ipv6_cidr_blocks": [],
                "prefix_list_ids": [],
                "protocol": "tcp",
                "security_groups": [],
                "self": false,
                "to_port": 22
              }
            ],
            "name": "bastion-sg",
            "name_prefix": "",
            "owner_id": "390403881443",
            "region": "ap-northeast-2",
            "revoke_rules_on_delete": false,
            "tags": {},
            "tags_all": {},
            "timeouts": null,
            "vpc_id": "vpc-043e909c74bdae9b1"
          },
          "sensitive_attributes": [],
          "private": "eyJlMmJmYjczMC1lY2FhLTExZTYtOGY4OC0zNDM2M2JjN2M0YzAiOnsiY3JlYXRlIjo2MDAwMDAwMDAwMDAsImRlbGV0ZSI6OTAwMDAwMDAwMDAwfSwic2NoZW1hX3ZlcnNpb24iOiIxIn0=",
          "dependencies": [
            "module.vpc.aws_vpc.project"
          ]
        }
      ]
    },
    {
      "module": "module.sg",
      "mode": "managed",
      "type": "aws_security_group",
      "name": "master_node_sg",
      "provider": "provider[\"registry.terraform.io/hashicorp/aws\"]",
      "instances": [
        {
          "schema_version": 1,
          "attributes": {
            "arn": "arn:aws:ec2:ap-northeast-2:390403881443:security-group/sg-0c7a632808092c89f",
            "description": "Managed by Terraform",
            "egress": [
              {
                "cidr_blocks": [
                  "0.0.0.0/0"
                ],
                "description": "",
                "from_port": 0,
                "ipv6_cidr_blocks": [],
                "prefix_list_ids": [],
                "protocol": "-1",
                "security_groups": [],
                "self": false,
                "to_port": 0
              }
            ],
            "id": "sg-0c7a632808092c89f",
            "ingress": [
              {
                "cidr_blocks": [],
                "description": "",
                "from_port": 10250,
                "ipv6_cidr_blocks": [],
                "prefix_list_ids": [],
                "protocol": "tcp",
                "security_groups": [
                  "sg-03694ed51f86f59b7"
                ],
                "self": true,
                "to_port": 10250
              },
              {
                "cidr_blocks": [],
                "description": "",
                "from_port": 10257,
                "ipv6_cidr_blocks": [],
                "prefix_list_ids": [],
                "protocol": "tcp",
                "security_groups": [],
                "self": true,
                "to_port": 10257
              },
              {
                "cidr_blocks": [],
                "description": "",
                "from_port": 10259,
                "ipv6_cidr_blocks": [],
                "prefix_list_ids": [],
                "protocol": "tcp",
                "security_groups": [],
                "self": true,
                "to_port": 10259
              },
              {
                "cidr_blocks": [],
                "description": "",
                "from_port": 22,
                "ipv6_cidr_blocks": [],
                "prefix_list_ids": [],
                "protocol": "tcp",
                "security_groups": [
                  "sg-0c8dfe4ea60ba7532"
                ],
                "self": false,
                "to_port": 22
              },
              {
                "cidr_blocks": [],
                "description": "",
                "from_port": 2379,
                "ipv6_cidr_blocks": [],
                "prefix_list_ids": [],
                "protocol": "tcp",
                "security_groups": [],
                "self": true,
                "to_port": 2380
              },
              {
                "cidr_blocks": [],
                "description": "",
                "from_port": 6443,
                "ipv6_cidr_blocks": [],
                "prefix_list_ids": [],
                "protocol": "tcp",
                "security_groups": [
                  "sg-03694ed51f86f59b7"
                ],
                "self": false,
                "to_port": 6443
              }
            ],
            "name": "master-node-sg",
            "name_prefix": "",
            "owner_id": "390403881443",
            "region": "ap-northeast-2",
            "revoke_rules_on_delete": false,
            "tags": {
              "Name": "k8s-master-node-sg"
            },
            "tags_all": {
              "Name": "k8s-master-node-sg"
            },
            "timeouts": null,
            "vpc_id": "vpc-043e909c74bdae9b1"
          },
          "sensitive_attributes": [],
          "private": "eyJlMmJmYjczMC1lY2FhLTExZTYtOGY4OC0zNDM2M2JjN2M0YzAiOnsiY3JlYXRlIjo2MDAwMDAwMDAwMDAsImRlbGV0ZSI6OTAwMDAwMDAwMDAwfSwic2NoZW1hX3ZlcnNpb24iOiIxIn0=",
          "dependencies": [
            "module.vpc.aws_vpc.project"
          ]
        }
      ]
    },
    {
      "module": "module.sg",
      "mode": "managed",
      "type": "aws_security_group",
      "name": "rds_sg",
      "provider": "provider[\"registry.terraform.io/hashicorp/aws\"]",
      "instances": [
        {
          "schema_version": 1,
          "attributes": {
            "arn": "arn:aws:ec2:ap-northeast-2:390403881443:security-group/sg-05018238cd35c63f2",
            "description": "Managed by Terraform",
            "egress": [
              {
                "cidr_blocks": [
                  "0.0.0.0/0"
                ],
                "description": "",
                "from_port": 0,
                "ipv6_cidr_blocks": [],
                "prefix_list_ids": [],
                "protocol": "-1",
                "security_groups": [],
                "self": false,
                "to_port": 0
              }
            ],
            "id": "sg-05018238cd35c63f2",
            "ingress": [
              {
                "cidr_blocks": [
                  "10.0.0.0/16"
                ],
                "description": "Allow MySQL",
                "from_port": 3306,
                "ipv6_cidr_blocks": [],
                "prefix_list_ids": [],
                "protocol": "tcp",
                "security_groups": [],
                "self": false,
                "to_port": 3306
              }
            ],
            "name": "rds-sg",
            "name_prefix": "",
            "owner_id": "390403881443",
            "region": "ap-northeast-2",
            "revoke_rules_on_delete": false,
            "tags": {
              "Name": "rds-sg"
            },
            "tags_all": {
              "Name": "rds-sg"
            },
            "timeouts": null,
            "vpc_id": "vpc-043e909c74bdae9b1"
          },
          "sensitive_attributes": [],
          "private": "eyJlMmJmYjczMC1lY2FhLTExZTYtOGY4OC0zNDM2M2JjN2M0YzAiOnsiY3JlYXRlIjo2MDAwMDAwMDAwMDAsImRlbGV0ZSI6OTAwMDAwMDAwMDAwfSwic2NoZW1hX3ZlcnNpb24iOiIxIn0=",
          "dependencies": [
            "module.vpc.aws_vpc.project"
          ]
        }
      ]
    },
    {
      "module": "module.sg",
      "mode": "managed",
      "type": "aws_security_group",
      "name": "worker_node_sg",
      "provider": "provider[\"registry.terraform.io/hashicorp/aws\"]",
      "instances": [
        {
          "schema_version": 1,
          "attributes": {
            "arn": "arn:aws:ec2:ap-northeast-2:390403881443:security-group/sg-03694ed51f86f59b7",
            "description": "Managed by Terraform",
            "egress": [
              {
                "cidr_blocks": [
                  "0.0.0.0/0"
                ],
                "description": "",
                "from_port": 0,
                "ipv6_cidr_blocks": [],
                "prefix_list_ids": [],
                "protocol": "-1",
                "security_groups": [],
                "self": false,
                "to_port": 0
              }
            ],
            "id": "sg-03694ed51f86f59b7",
            "ingress": [
              {
                "cidr_blocks": [
                  "0.0.0.0/0"
                ],
                "description": "",
                "from_port": 30000,
                "ipv6_cidr_blocks": [],
                "prefix_list_ids": [],
                "protocol": "tcp",
                "security_groups": [],
                "self": false,
                "to_port": 32767
              },
              {
                "cidr_blocks": [],
                "description": "",
                "from_port": 0,
                "ipv6_cidr_blocks": [],
                "prefix_list_ids": [],
                "protocol": "-1",
                "security_groups": [],
                "self": true,
                "to_port": 0
              },
              {
                "cidr_blocks": [],
                "description": "",
                "from_port": 10250,
                "ipv6_cidr_blocks": [],
                "prefix_list_ids": [],
                "protocol": "tcp",
                "security_groups": [
                  "sg-0c7a632808092c89f"
                ],
                "self": false,
                "to_port": 10250
              },
              {
                "cidr_blocks": [],
                "description": "",
                "from_port": 22,
                "ipv6_cidr_blocks": [],
                "prefix_list_ids": [],
                "protocol": "tcp",
                "security_groups": [
                  "sg-0c8dfe4ea60ba7532"
                ],
                "self": false,
                "to_port": 22
              },
              {
                "cidr_blocks": [],
                "description": "",
                "from_port": 6443,
                "ipv6_cidr_blocks": [],
                "prefix_list_ids": [],
                "protocol": "tcp",
                "security_groups": [
                  "sg-0c7a632808092c89f"
                ],
                "self": false,
                "to_port": 6443
              }
            ],
            "name": "worker-node-sg",
            "name_prefix": "",
            "owner_id": "390403881443",
            "region": "ap-northeast-2",
            "revoke_rules_on_delete": false,
            "tags": {
              "Name": "k8s-worker-node-sg"
            },
            "tags_all": {
              "Name": "k8s-worker-node-sg"
            },
            "timeouts": null,
            "vpc_id": "vpc-043e909c74bdae9b1"
          },
          "sensitive_attributes": [],
          "private": "eyJlMmJmYjczMC1lY2FhLTExZTYtOGY4OC0zNDM2M2JjN2M0YzAiOnsiY3JlYXRlIjo2MDAwMDAwMDAwMDAsImRlbGV0ZSI6OTAwMDAwMDAwMDAwfSwic2NoZW1hX3ZlcnNpb24iOiIxIn0=",
          "dependencies": [
            "module.vpc.aws_vpc.project"
          ]
        }
      ]
    },
    {
      "module": "module.sg",
      "mode": "managed",
      "type": "aws_security_group_rule",
      "name": "cp_api_from_worker",
      "provider": "provider[\"registry.terraform.io/hashicorp/aws\"]",
      "instances": [
        {
          "schema_version": 2,
          "attributes": {
            "cidr_blocks": null,
            "description": null,
            "from_port": 6443,
            "id": "sgrule-3274347239",
            "ipv6_cidr_blocks": null,
            "prefix_list_ids": null,
            "protocol": "tcp",
            "region": "ap-northeast-2",
            "security_group_id": "sg-0c7a632808092c89f",
            "security_group_rule_id": "sgr-07914548074c17ac9",
            "self": false,
            "source_security_group_id": "sg-03694ed51f86f59b7",
            "timeouts": null,
            "to_port": 6443,
            "type": "ingress"
          },
          "sensitive_attributes": [],
          "private": "eyJlMmJmYjczMC1lY2FhLTExZTYtOGY4OC0zNDM2M2JjN2M0YzAiOnsiY3JlYXRlIjozMDAwMDAwMDAwMDB9LCJzY2hlbWFfdmVyc2lvbiI6IjIifQ==",
          "dependencies": [
            "module.sg.aws_security_group.master_node_sg",
            "module.sg.aws_security_group.worker_node_sg",
            "module.vpc.aws_vpc.project"
          ]
        }
      ]
    },
    {
      "module": "module.sg",
      "mode": "managed",
      "type": "aws_security_group_rule",
      "name": "cp_controller_mgr",
      "provider": "provider[\"registry.terraform.io/hashicorp/aws\"]",
      "instances": [
        {
          "schema_version": 2,
          "attributes": {
            "cidr_blocks": null,
            "description": null,
            "from_port": 10257,
            "id": "sgrule-2438548655",
            "ipv6_cidr_blocks": null,
            "prefix_list_ids": null,
            "protocol": "tcp",
            "region": "ap-northeast-2",
            "security_group_id": "sg-0c7a632808092c89f",
            "security_group_rule_id": "sgr-02f7502ee017ac8de",
            "self": false,
            "source_security_group_id": "sg-0c7a632808092c89f",
            "timeouts": null,
            "to_port": 10257,
            "type": "ingress"
          },
          "sensitive_attributes": [],
          "private": "eyJlMmJmYjczMC1lY2FhLTExZTYtOGY4OC0zNDM2M2JjN2M0YzAiOnsiY3JlYXRlIjozMDAwMDAwMDAwMDB9LCJzY2hlbWFfdmVyc2lvbiI6IjIifQ==",
          "dependencies": [
            "module.sg.aws_security_group.master_node_sg",
            "module.vpc.aws_vpc.project"
          ]
        }
      ]
    },
    {
      "module": "module.sg",
      "mode": "managed",
      "type": "aws_security_group_rule",
      "name": "cp_egress_all",
      "provider": "provider[\"registry.terraform.io/hashicorp/aws\"]",
      "instances": [
        {
          "schema_version": 2,
          "attributes": {
            "cidr_blocks": [
              "0.0.0.0/0"
            ],
            "description": null,
            "from_port": 0,
            "id": "sgrule-1762006877",
            "ipv6_cidr_blocks": null,
            "prefix_list_ids": null,
            "protocol": "-1",
            "region": "ap-northeast-2",
            "security_group_id": "sg-0c7a632808092c89f",
            "security_group_rule_id": "sgr-0aae6863b7b7520b5",
            "self": false,
            "source_security_group_id": null,
            "timeouts": null,
            "to_port": 0,
            "type": "egress"
          },
          "sensitive_attributes": [],
          "private": "eyJlMmJmYjczMC1lY2FhLTExZTYtOGY4OC0zNDM2M2JjN2M0YzAiOnsiY3JlYXRlIjozMDAwMDAwMDAwMDB9LCJzY2hlbWFfdmVyc2lvbiI6IjIifQ==",
          "dependencies": [
            "module.sg.aws_security_group.master_node_sg",
            "module.vpc.aws_vpc.project"
          ]
        }
      ]
    },
    {
      "module": "module.sg",
      "mode": "managed",
      "type": "aws_security_group_rule",
      "name": "cp_etcd_peer",
      "provider": "provider[\"registry.terraform.io/hashicorp/aws\"]",
      "instances": [
        {
          "schema_version": 2,
          "attributes": {
            "cidr_blocks": null,
            "description": null,
            "from_port": 2379,
            "id": "sgrule-4147946232",
            "ipv6_cidr_blocks": null,
            "prefix_list_ids": null,
            "protocol": "tcp",
            "region": "ap-northeast-2",
            "security_group_id": "sg-0c7a632808092c89f",
            "security_group_rule_id": "sgr-0cb4fa26f3845d343",
            "self": false,
            "source_security_group_id": "sg-0c7a632808092c89f",
            "timeouts": null,
            "to_port": 2380,
            "type": "ingress"
          },
          "sensitive_attributes": [],
          "private": "eyJlMmJmYjczMC1lY2FhLTExZTYtOGY4OC0zNDM2M2JjN2M0YzAiOnsiY3JlYXRlIjozMDAwMDAwMDAwMDB9LCJzY2hlbWFfdmVyc2lvbiI6IjIifQ==",
          "dependencies": [
            "module.sg.aws_security_group.master_node_sg",
            "module.vpc.aws_vpc.project"
          ]
        }
      ]
    },
    {
      "module": "module.sg",
      "mode": "managed",
      "type": "aws_security_group_rule",
      "name": "cp_kubelet_from_worker",
      "provider": "provider[\"registry.terraform.io/hashicorp/aws\"]",
      "instances": [
        {
          "schema_version": 2,
          "attributes": {
            "cidr_blocks": null,
            "description": null,
            "from_port": 10250,
            "id": "sgrule-2971570035",
            "ipv6_cidr_blocks": null,
            "prefix_list_ids": null,
            "protocol": "tcp",
            "region": "ap-northeast-2",
            "security_group_id": "sg-0c7a632808092c89f",
            "security_group_rule_id": "sgr-0d25c9c09402af013",
            "self": false,
            "source_security_group_id": "sg-03694ed51f86f59b7",
            "timeouts": null,
            "to_port": 10250,
            "type": "ingress"
          },
          "sensitive_attributes": [],
          "private": "eyJlMmJmYjczMC1lY2FhLTExZTYtOGY4OC0zNDM2M2JjN2M0YzAiOnsiY3JlYXRlIjozMDAwMDAwMDAwMDB9LCJzY2hlbWFfdmVyc2lvbiI6IjIifQ==",
          "dependencies": [
            "module.sg.aws_security_group.master_node_sg",
            "module.sg.aws_security_group.worker_node_sg",
            "module.vpc.aws_vpc.project"
          ]
        }
      ]
    },
    {
      "module": "module.sg",
      "mode": "managed",
      "type": "aws_security_group_rule",
      "name": "cp_kubelet_self",
      "provider": "provider[\"registry.terraform.io/hashicorp/aws\"]",
      "instances": [
        {
          "schema_version": 2,
          "attributes": {
            "cidr_blocks": null,
            "description": null,
            "from_port": 10250,
            "id": "sgrule-480771534",
            "ipv6_cidr_blocks": null,
            "prefix_list_ids": null,
            "protocol": "tcp",
            "region": "ap-northeast-2",
            "security_group_id": "sg-0c7a632808092c89f",
            "security_group_rule_id": "sgr-0eb9ed316ee1b0912",
            "self": false,
            "source_security_group_id": "sg-0c7a632808092c89f",
            "timeouts": null,
            "to_port": 10250,
            "type": "ingress"
          },
          "sensitive_attributes": [],
          "private": "eyJlMmJmYjczMC1lY2FhLTExZTYtOGY4OC0zNDM2M2JjN2M0YzAiOnsiY3JlYXRlIjozMDAwMDAwMDAwMDB9LCJzY2hlbWFfdmVyc2lvbiI6IjIifQ==",
          "dependencies": [
            "module.sg.aws_security_group.master_node_sg",
            "module.vpc.aws_vpc.project"
          ]
        }
      ]
    },
    {
      "module": "module.sg",
      "mode": "managed",
      "type": "aws_security_group_rule",
      "name": "cp_scheduler",
      "provider": "provider[\"registry.terraform.io/hashicorp/aws\"]",
      "instances": [
        {
          "schema_version": 2,
          "attributes": {
            "cidr_blocks": null,
            "description": null,
            "from_port": 10259,
            "id": "sgrule-1372923948",
            "ipv6_cidr_blocks": null,
            "prefix_list_ids": null,
            "protocol": "tcp",
            "region": "ap-northeast-2",
            "security_group_id": "sg-0c7a632808092c89f",
            "security_group_rule_id": "sgr-07c2e9f6e0923475b",
            "self": false,
            "source_security_group_id": "sg-0c7a632808092c89f",
            "timeouts": null,
            "to_port": 10259,
            "type": "ingress"
          },
          "sensitive_attributes": [],
          "private": "eyJlMmJmYjczMC1lY2FhLTExZTYtOGY4OC0zNDM2M2JjN2M0YzAiOnsiY3JlYXRlIjozMDAwMDAwMDAwMDB9LCJzY2hlbWFfdmVyc2lvbiI6IjIifQ==",
          "dependencies": [
            "module.sg.aws_security_group.master_node_sg",
            "module.vpc.aws_vpc.project"
          ]
        }
      ]
    },
    {
      "module": "module.sg",
      "mode": "managed",
      "type": "aws_security_group_rule",
      "name": "cp_ssh_from_bastion",
      "provider": "provider[\"registry.terraform.io/hashicorp/aws\"]",
      "instances": [
        {
          "schema_version": 2,
          "attributes": {
            "cidr_blocks": null,
            "description": null,
            "from_port": 22,
            "id": "sgrule-3688205736",
            "ipv6_cidr_blocks": null,
            "prefix_list_ids": null,
            "protocol": "tcp",
            "region": "ap-northeast-2",
            "security_group_id": "sg-0c7a632808092c89f",
            "security_group_rule_id": "sgr-0d0216a817e2d54c3",
            "self": false,
            "source_security_group_id": "sg-0c8dfe4ea60ba7532",
            "timeouts": null,
            "to_port": 22,
            "type": "ingress"
          },
          "sensitive_attributes": [],
          "private": "eyJlMmJmYjczMC1lY2FhLTExZTYtOGY4OC0zNDM2M2JjN2M0YzAiOnsiY3JlYXRlIjozMDAwMDAwMDAwMDB9LCJzY2hlbWFfdmVyc2lvbiI6IjIifQ==",
          "dependencies": [
            "module.sg.aws_security_group.bastion_sg",
            "module.sg.aws_security_group.master_node_sg",
            "module.vpc.aws_vpc.project"
          ]
        }
      ]
    },
    {
      "module": "module.sg",
      "mode": "managed",
      "type": "aws_security_group_rule",
      "name": "worker_api_to_master",
      "provider": "provider[\"registry.terraform.io/hashicorp/aws\"]",
      "instances": [
        {
          "schema_version": 2,
          "attributes": {
            "cidr_blocks": null,
            "description": null,
            "from_port": 6443,
            "id": "sgrule-1130820676",
            "ipv6_cidr_blocks": null,
            "prefix_list_ids": null,
            "protocol": "tcp",
            "region": "ap-northeast-2",
            "security_group_id": "sg-03694ed51f86f59b7",
            "security_group_rule_id": "sgr-076e20ccc2c04be7f",
            "self": false,
            "source_security_group_id": "sg-0c7a632808092c89f",
            "timeouts": null,
            "to_port": 6443,
            "type": "ingress"
          },
          "sensitive_attributes": [],
          "private": "eyJlMmJmYjczMC1lY2FhLTExZTYtOGY4OC0zNDM2M2JjN2M0YzAiOnsiY3JlYXRlIjozMDAwMDAwMDAwMDB9LCJzY2hlbWFfdmVyc2lvbiI6IjIifQ==",
          "dependencies": [
            "module.sg.aws_security_group.master_node_sg",
            "module.sg.aws_security_group.worker_node_sg",
            "module.vpc.aws_vpc.project"
          ]
        }
      ]
    },
    {
      "module": "module.sg",
      "mode": "managed",
      "type": "aws_security_group_rule",
      "name": "worker_egress_all",
      "provider": "provider[\"registry.terraform.io/hashicorp/aws\"]",
      "instances": [
        {
          "schema_version": 2,
          "attributes": {
            "cidr_blocks": [
              "0.0.0.0/0"
            ],
            "description": null,
            "from_port": 0,
            "id": "sgrule-2634472837",
            "ipv6_cidr_blocks": null,
            "prefix_list_ids": null,
            "protocol": "-1",
            "region": "ap-northeast-2",
            "security_group_id": "sg-03694ed51f86f59b7",
            "security_group_rule_id": "sgr-0c248b774853d2383",
            "self": false,
            "source_security_group_id": null,
            "timeouts": null,
            "to_port": 0,
            "type": "egress"
          },
          "sensitive_attributes": [],
          "private": "eyJlMmJmYjczMC1lY2FhLTExZTYtOGY4OC0zNDM2M2JjN2M0YzAiOnsiY3JlYXRlIjozMDAwMDAwMDAwMDB9LCJzY2hlbWFfdmVyc2lvbiI6IjIifQ==",
          "dependencies": [
            "module.sg.aws_security_group.worker_node_sg",
            "module.vpc.aws_vpc.project"
          ]
        }
      ]
    },
    {
      "module": "module.sg",
      "mode": "managed",
      "type": "aws_security_group_rule",
      "name": "worker_kubelet_from_master",
      "provider": "provider[\"registry.terraform.io/hashicorp/aws\"]",
      "instances": [
        {
          "schema_version": 2,
          "attributes": {
            "cidr_blocks": null,
            "description": null,
            "from_port": 10250,
            "id": "sgrule-3527162777",
            "ipv6_cidr_blocks": null,
            "prefix_list_ids": null,
            "protocol": "tcp",
            "region": "ap-northeast-2",
            "security_group_id": "sg-03694ed51f86f59b7",
            "security_group_rule_id": "sgr-0ba36033c1ea67c0d",
            "self": false,
            "source_security_group_id": "sg-0c7a632808092c89f",
            "timeouts": null,
            "to_port": 10250,
            "type": "ingress"
          },
          "sensitive_attributes": [],
          "private": "eyJlMmJmYjczMC1lY2FhLTExZTYtOGY4OC0zNDM2M2JjN2M0YzAiOnsiY3JlYXRlIjozMDAwMDAwMDAwMDB9LCJzY2hlbWFfdmVyc2lvbiI6IjIifQ==",
          "dependencies": [
            "module.sg.aws_security_group.master_node_sg",
            "module.sg.aws_security_group.worker_node_sg",
            "module.vpc.aws_vpc.project"
          ]
        }
      ]
    },
    {
      "module": "module.sg",
      "mode": "managed",
      "type": "aws_security_group_rule",
      "name": "worker_nodeport",
      "provider": "provider[\"registry.terraform.io/hashicorp/aws\"]",
      "instances": [
        {
          "schema_version": 2,
          "attributes": {
            "cidr_blocks": [
              "0.0.0.0/0"
            ],
            "description": null,
            "from_port": 30000,
            "id": "sgrule-1899722398",
            "ipv6_cidr_blocks": null,
            "prefix_list_ids": null,
            "protocol": "tcp",
            "region": "ap-northeast-2",
            "security_group_id": "sg-03694ed51f86f59b7",
            "security_group_rule_id": "sgr-0a4691727ba010fd3",
            "self": false,
            "source_security_group_id": null,
            "timeouts": null,
            "to_port": 32767,
            "type": "ingress"
          },
          "sensitive_attributes": [],
          "private": "eyJlMmJmYjczMC1lY2FhLTExZTYtOGY4OC0zNDM2M2JjN2M0YzAiOnsiY3JlYXRlIjozMDAwMDAwMDAwMDB9LCJzY2hlbWFfdmVyc2lvbiI6IjIifQ==",
          "dependencies": [
            "module.sg.aws_security_group.worker_node_sg",
            "module.vpc.aws_vpc.project"
          ]
        }
      ]
    },
    {
      "module": "module.sg",
      "mode": "managed",
      "type": "aws_security_group_rule",
      "name": "worker_self_all",
      "provider": "provider[\"registry.terraform.io/hashicorp/aws\"]",
      "instances": [
        {
          "schema_version": 2,
          "attributes": {
            "cidr_blocks": null,
            "description": null,
            "from_port": 0,
            "id": "sgrule-3073994763",
            "ipv6_cidr_blocks": null,
            "prefix_list_ids": null,
            "protocol": "-1",
            "region": "ap-northeast-2",
            "security_group_id": "sg-03694ed51f86f59b7",
            "security_group_rule_id": "sgr-03baba8906f3fdc13",
            "self": false,
            "source_security_group_id": "sg-03694ed51f86f59b7",
            "timeouts": null,
            "to_port": 0,
            "type": "ingress"
          },
          "sensitive_attributes": [],
          "private": "eyJlMmJmYjczMC1lY2FhLTExZTYtOGY4OC0zNDM2M2JjN2M0YzAiOnsiY3JlYXRlIjozMDAwMDAwMDAwMDB9LCJzY2hlbWFfdmVyc2lvbiI6IjIifQ==",
          "dependencies": [
            "module.sg.aws_security_group.worker_node_sg",
            "module.vpc.aws_vpc.project"
          ]
        }
      ]
    },
    {
      "module": "module.sg",
      "mode": "managed",
      "type": "aws_security_group_rule",
      "name": "worker_ssh_from_bastion",
      "provider": "provider[\"registry.terraform.io/hashicorp/aws\"]",
      "instances": [
        {
          "schema_version": 2,
          "attributes": {
            "cidr_blocks": null,
            "description": null,
            "from_port": 22,
            "id": "sgrule-4294778205",
            "ipv6_cidr_blocks": null,
            "prefix_list_ids": null,
            "protocol": "tcp",
            "region": "ap-northeast-2",
            "security_group_id": "sg-03694ed51f86f59b7",
            "security_group_rule_id": "sgr-05b1da1d08f3799c0",
            "self": false,
            "source_security_group_id": "sg-0c8dfe4ea60ba7532",
            "timeouts": null,
            "to_port": 22,
            "type": "ingress"
          },
          "sensitive_attributes": [],
          "private": "eyJlMmJmYjczMC1lY2FhLTExZTYtOGY4OC0zNDM2M2JjN2M0YzAiOnsiY3JlYXRlIjozMDAwMDAwMDAwMDB9LCJzY2hlbWFfdmVyc2lvbiI6IjIifQ==",
          "dependencies": [
            "module.sg.aws_security_group.bastion_sg",
            "module.sg.aws_security_group.worker_node_sg",
            "module.vpc.aws_vpc.project"
          ]
        }
      ]
    },
    {
      "module": "module.subnet",
      "mode": "managed",
      "type": "aws_subnet",
      "name": "private",
      "provider": "provider[\"registry.terraform.io/hashicorp/aws\"]",
      "instances": [
        {
          "index_key": "private-subnet-a",
          "schema_version": 1,
          "attributes": {
            "arn": "arn:aws:ec2:ap-northeast-2:390403881443:subnet/subnet-0a4482522da77117a",
            "assign_ipv6_address_on_creation": false,
            "availability_zone": "ap-northeast-2a",
            "availability_zone_id": "apne2-az1",
            "cidr_block": "10.0.11.0/24",
            "customer_owned_ipv4_pool": "",
            "enable_dns64": false,
            "enable_lni_at_device_index": 0,
            "enable_resource_name_dns_a_record_on_launch": false,
            "enable_resource_name_dns_aaaa_record_on_launch": false,
            "id": "subnet-0a4482522da77117a",
            "ipv6_cidr_block": "",
            "ipv6_cidr_block_association_id": "",
            "ipv6_native": false,
            "map_customer_owned_ip_on_launch": false,
            "map_public_ip_on_launch": false,
            "outpost_arn": "",
            "owner_id": "390403881443",
            "private_dns_hostname_type_on_launch": "ip-name",
            "region": "ap-northeast-2",
            "tags": {
              "Name": "private-subnet-a"
            },
            "tags_all": {
              "Name": "private-subnet-a"
            },
            "timeouts": null,
            "vpc_id": "vpc-043e909c74bdae9b1"
          },
          "sensitive_attributes": [],
          "private": "eyJlMmJmYjczMC1lY2FhLTExZTYtOGY4OC0zNDM2M2JjN2M0YzAiOnsiY3JlYXRlIjo2MDAwMDAwMDAwMDAsImRlbGV0ZSI6MTIwMDAwMDAwMDAwMH0sInNjaGVtYV92ZXJzaW9uIjoiMSJ9",
          "dependencies": [
            "module.vpc.aws_vpc.project"
          ]
        },
        {
          "index_key": "private-subnet-c",
          "schema_version": 1,
          "attributes": {
            "arn": "arn:aws:ec2:ap-northeast-2:390403881443:subnet/subnet-0bf88f275f92d6222",
            "assign_ipv6_address_on_creation": false,
            "availability_zone": "ap-northeast-2c",
            "availability_zone_id": "apne2-az3",
            "cidr_block": "10.0.12.0/24",
            "customer_owned_ipv4_pool": "",
            "enable_dns64": false,
            "enable_lni_at_device_index": 0,
            "enable_resource_name_dns_a_record_on_launch": false,
            "enable_resource_name_dns_aaaa_record_on_launch": false,
            "id": "subnet-0bf88f275f92d6222",
            "ipv6_cidr_block": "",
            "ipv6_cidr_block_association_id": "",
            "ipv6_native": false,
            "map_customer_owned_ip_on_launch": false,
            "map_public_ip_on_launch": false,
            "outpost_arn": "",
            "owner_id": "390403881443",
            "private_dns_hostname_type_on_launch": "ip-name",
            "region": "ap-northeast-2",
            "tags": {
              "Name": "private-subnet-c"
            },
            "tags_all": {
              "Name": "private-subnet-c"
            },
            "timeouts": null,
            "vpc_id": "vpc-043e909c74bdae9b1"
          },
          "sensitive_attributes": [],
          "private": "eyJlMmJmYjczMC1lY2FhLTExZTYtOGY4OC0zNDM2M2JjN2M0YzAiOnsiY3JlYXRlIjo2MDAwMDAwMDAwMDAsImRlbGV0ZSI6MTIwMDAwMDAwMDAwMH0sInNjaGVtYV92ZXJzaW9uIjoiMSJ9",
          "dependencies": [
            "module.vpc.aws_vpc.project"
          ]
        }
      ]
    },
    {
      "module": "module.subnet",
      "mode": "managed",
      "type": "aws_subnet",
      "name": "private-db",
      "provider": "provider[\"registry.terraform.io/hashicorp/aws\"]",
      "instances": [
        {
          "index_key": "db-subnet-a",
          "schema_version": 1,
          "attributes": {
            "arn": "arn:aws:ec2:ap-northeast-2:390403881443:subnet/subnet-027d43b26a2edf601",
            "assign_ipv6_address_on_creation": false,
            "availability_zone": "ap-northeast-2a",
            "availability_zone_id": "apne2-az1",
            "cidr_block": "10.0.21.0/24",
            "customer_owned_ipv4_pool": "",
            "enable_dns64": false,
            "enable_lni_at_device_index": 0,
            "enable_resource_name_dns_a_record_on_launch": false,
            "enable_resource_name_dns_aaaa_record_on_launch": false,
            "id": "subnet-027d43b26a2edf601",
            "ipv6_cidr_block": "",
            "ipv6_cidr_block_association_id": "",
            "ipv6_native": false,
            "map_customer_owned_ip_on_launch": false,
            "map_public_ip_on_launch": false,
            "outpost_arn": "",
            "owner_id": "390403881443",
            "private_dns_hostname_type_on_launch": "ip-name",
            "region": "ap-northeast-2",
            "tags": {
              "Name": "db-subnet-a"
            },
            "tags_all": {
              "Name": "db-subnet-a"
            },
            "timeouts": null,
            "vpc_id": "vpc-043e909c74bdae9b1"
          },
          "sensitive_attributes": [],
          "private": "eyJlMmJmYjczMC1lY2FhLTExZTYtOGY4OC0zNDM2M2JjN2M0YzAiOnsiY3JlYXRlIjo2MDAwMDAwMDAwMDAsImRlbGV0ZSI6MTIwMDAwMDAwMDAwMH0sInNjaGVtYV92ZXJzaW9uIjoiMSJ9",
          "dependencies": [
            "module.vpc.aws_vpc.project"
          ]
        },
        {
          "index_key": "db-subnet-c",
          "schema_version": 1,
          "attributes": {
            "arn": "arn:aws:ec2:ap-northeast-2:390403881443:subnet/subnet-0f89030dc241fd007",
            "assign_ipv6_address_on_creation": false,
            "availability_zone": "ap-northeast-2c",
            "availability_zone_id": "apne2-az3",
            "cidr_block": "10.0.22.0/24",
            "customer_owned_ipv4_pool": "",
            "enable_dns64": false,
            "enable_lni_at_device_index": 0,
            "enable_resource_name_dns_a_record_on_launch": false,
            "enable_resource_name_dns_aaaa_record_on_launch": false,
            "id": "subnet-0f89030dc241fd007",
            "ipv6_cidr_block": "",
            "ipv6_cidr_block_association_id": "",
            "ipv6_native": false,
            "map_customer_owned_ip_on_launch": false,
            "map_public_ip_on_launch": false,
            "outpost_arn": "",
            "owner_id": "390403881443",
            "private_dns_hostname_type_on_launch": "ip-name",
            "region": "ap-northeast-2",
            "tags": {
              "Name": "db-subnet-c"
            },
            "tags_all": {
              "Name": "db-subnet-c"
            },
            "timeouts": null,
            "vpc_id": "vpc-043e909c74bdae9b1"
          },
          "sensitive_attributes": [],
          "private": "eyJlMmJmYjczMC1lY2FhLTExZTYtOGY4OC0zNDM2M2JjN2M0YzAiOnsiY3JlYXRlIjo2MDAwMDAwMDAwMDAsImRlbGV0ZSI6MTIwMDAwMDAwMDAwMH0sInNjaGVtYV92ZXJzaW9uIjoiMSJ9",
          "dependencies": [
            "module.vpc.aws_vpc.project"
          ]
        }
      ]
    },
    {
      "module": "module.subnet",
      "mode": "managed",
      "type": "aws_subnet",
      "name": "public",
      "provider": "provider[\"registry.terraform.io/hashicorp/aws\"]",
      "instances": [
        {
          "index_key": "public-subnet-a",
          "schema_version": 1,
          "attributes": {
            "arn": "arn:aws:ec2:ap-northeast-2:390403881443:subnet/subnet-0461823011c090076",
            "assign_ipv6_address_on_creation": false,
            "availability_zone": "ap-northeast-2a",
            "availability_zone_id": "apne2-az1",
            "cidr_block": "10.0.1.0/24",
            "customer_owned_ipv4_pool": "",
            "enable_dns64": false,
            "enable_lni_at_device_index": 0,
            "enable_resource_name_dns_a_record_on_launch": false,
            "enable_resource_name_dns_aaaa_record_on_launch": false,
            "id": "subnet-0461823011c090076",
            "ipv6_cidr_block": "",
            "ipv6_cidr_block_association_id": "",
            "ipv6_native": false,
            "map_customer_owned_ip_on_launch": false,
            "map_public_ip_on_launch": true,
            "outpost_arn": "",
            "owner_id": "390403881443",
            "private_dns_hostname_type_on_launch": "ip-name",
            "region": "ap-northeast-2",
            "tags": {
              "Name": "public-subnet-a"
            },
            "tags_all": {
              "Name": "public-subnet-a"
            },
            "timeouts": null,
            "vpc_id": "vpc-043e909c74bdae9b1"
          },
          "sensitive_attributes": [],
          "private": "eyJlMmJmYjczMC1lY2FhLTExZTYtOGY4OC0zNDM2M2JjN2M0YzAiOnsiY3JlYXRlIjo2MDAwMDAwMDAwMDAsImRlbGV0ZSI6MTIwMDAwMDAwMDAwMH0sInNjaGVtYV92ZXJzaW9uIjoiMSJ9",
          "dependencies": [
            "module.vpc.aws_vpc.project"
          ]
        },
        {
          "index_key": "public-subnet-c",
          "schema_version": 1,
          "attributes": {
            "arn": "arn:aws:ec2:ap-northeast-2:390403881443:subnet/subnet-0001cd0e49b1902f2",
            "assign_ipv6_address_on_creation": false,
            "availability_zone": "ap-northeast-2c",
            "availability_zone_id": "apne2-az3",
            "cidr_block": "10.0.2.0/24",
            "customer_owned_ipv4_pool": "",
            "enable_dns64": false,
            "enable_lni_at_device_index": 0,
            "enable_resource_name_dns_a_record_on_launch": false,
            "enable_resource_name_dns_aaaa_record_on_launch": false,
            "id": "subnet-0001cd0e49b1902f2",
            "ipv6_cidr_block": "",
            "ipv6_cidr_block_association_id": "",
            "ipv6_native": false,
            "map_customer_owned_ip_on_launch": false,
            "map_public_ip_on_launch": true,
            "outpost_arn": "",
            "owner_id": "390403881443",
            "private_dns_hostname_type_on_launch": "ip-name",
            "region": "ap-northeast-2",
            "tags": {
              "Name": "public-subnet-c"
            },
            "tags_all": {
              "Name": "public-subnet-c"
            },
            "timeouts": null,
            "vpc_id": "vpc-043e909c74bdae9b1"
          },
          "sensitive_attributes": [],
          "private": "eyJlMmJmYjczMC1lY2FhLTExZTYtOGY4OC0zNDM2M2JjN2M0YzAiOnsiY3JlYXRlIjo2MDAwMDAwMDAwMDAsImRlbGV0ZSI6MTIwMDAwMDAwMDAwMH0sInNjaGVtYV92ZXJzaW9uIjoiMSJ9",
          "dependencies": [
            "module.vpc.aws_vpc.project"
          ]
        }
      ]
    },
    {
      "module": "module.vpc",
      "mode": "managed",
      "type": "aws_vpc",
      "name": "project",
      "provider": "provider[\"registry.terraform.io/hashicorp/aws\"]",
      "instances": [
        {
          "schema_version": 1,
          "attributes": {
            "arn": "arn:aws:ec2:ap-northeast-2:390403881443:vpc/vpc-043e909c74bdae9b1",
            "assign_generated_ipv6_cidr_block": false,
            "cidr_block": "10.0.0.0/16",
            "default_network_acl_id": "acl-0277dc9f52e570540",
            "default_route_table_id": "rtb-0807fe3e39e2f90ac",
            "default_security_group_id": "sg-0921ef49cbc07042b",
            "dhcp_options_id": "dopt-0bb6bf2626d3217a9",
            "enable_dns_hostnames": false,
            "enable_dns_support": true,
            "enable_network_address_usage_metrics": false,
            "id": "vpc-043e909c74bdae9b1",
            "instance_tenancy": "default",
            "ipv4_ipam_pool_id": null,
            "ipv4_netmask_length": null,
            "ipv6_association_id": "",
            "ipv6_cidr_block": "",
            "ipv6_cidr_block_network_border_group": "",
            "ipv6_ipam_pool_id": "",
            "ipv6_netmask_length": 0,
            "main_route_table_id": "rtb-0807fe3e39e2f90ac",
            "owner_id": "390403881443",
            "region": "ap-northeast-2",
            "tags": {
              "Name": "project-vpc"
            },
            "tags_all": {
              "Name": "project-vpc"
            }
          },
          "sensitive_attributes": [],
          "private": "eyJzY2hlbWFfdmVyc2lvbiI6IjEifQ=="
        }
      ]
    }
  ],
  "check_results": null
}
